{
    "version": 3,
    "terraform_version": "0.11.14",
    "serial": 798,
    "lineage": "0d50f4e7-8b07-656d-286d-b95be0493671",
    "modules": [
        {
            "path": [
                "root"
            ],
            "outputs": {},
            "resources": {
                "cloudflare_record.falabella_a_record": {
                    "type": "cloudflare_record",
                    "depends_on": [
                        "google_compute_address.istio_ingress_ip_v2"
                    ],
                    "primary": {
                        "id": "51c9cd289882e60041a1cf1c3963d9f9",
                        "attributes": {
                            "created_on": "2019-10-16T02:09:49.949386Z",
                            "data.%": "0",
                            "domain": "falabella.com",
                            "hostname": "dev.falabella.com",
                            "id": "51c9cd289882e60041a1cf1c3963d9f9",
                            "metadata.%": "4",
                            "metadata.auto_added": "false",
                            "metadata.managed_by_apps": "false",
                            "metadata.managed_by_argo_tunnel": "false",
                            "metadata.source": "primary",
                            "modified_on": "2019-10-16T02:09:49.949386Z",
                            "name": "dev",
                            "priority": "0",
                            "proxiable": "true",
                            "proxied": "true",
                            "ttl": "1",
                            "type": "A",
                            "value": "35.245.8.13",
                            "zone_id": "1762dc161e968a7bfa00a86ddc0a9597"
                        },
                        "meta": {
                            "schema_version": "1"
                        },
                        "tainted": false
                    },
                    "deposed": [],
                    "provider": "provider.cloudflare"
                },
                "cloudflare_record.falabella_a_record_ar": {
                    "type": "cloudflare_record",
                    "depends_on": [
                        "google_compute_address.istio_ingress_ip_v2"
                    ],
                    "primary": {
                        "id": "c43c00b1ab3d58993589746dc9e235c4",
                        "attributes": {
                            "created_on": "2019-11-13T07:53:05.639044Z",
                            "data.%": "0",
                            "domain": "falabella.com.ar",
                            "hostname": "catalyst-dev.falabella.com.ar",
                            "id": "c43c00b1ab3d58993589746dc9e235c4",
                            "metadata.%": "4",
                            "metadata.auto_added": "false",
                            "metadata.managed_by_apps": "false",
                            "metadata.managed_by_argo_tunnel": "false",
                            "metadata.source": "primary",
                            "modified_on": "2019-11-13T07:53:05.639044Z",
                            "name": "catalyst-dev",
                            "priority": "0",
                            "proxiable": "true",
                            "proxied": "true",
                            "ttl": "1",
                            "type": "A",
                            "value": "35.245.8.13",
                            "zone_id": "e2caca8050148f2cc5267cea356b9195"
                        },
                        "meta": {
                            "schema_version": "1"
                        },
                        "tainted": false
                    },
                    "deposed": [],
                    "provider": "provider.cloudflare"
                },
                "cloudflare_record.falabella_a_record_col": {
                    "type": "cloudflare_record",
                    "depends_on": [
                        "google_compute_address.istio_ingress_ip_v2"
                    ],
                    "primary": {
                        "id": "2309f96aa481004013883d120fdb8a6e",
                        "attributes": {
                            "created_on": "2019-10-16T02:09:50.064012Z",
                            "data.%": "0",
                            "domain": "falabella.com.co",
                            "hostname": "dev.falabella.com.co",
                            "id": "2309f96aa481004013883d120fdb8a6e",
                            "metadata.%": "4",
                            "metadata.auto_added": "false",
                            "metadata.managed_by_apps": "false",
                            "metadata.managed_by_argo_tunnel": "false",
                            "metadata.source": "primary",
                            "modified_on": "2019-10-16T02:09:50.064012Z",
                            "name": "dev",
                            "priority": "0",
                            "proxiable": "true",
                            "proxied": "true",
                            "ttl": "1",
                            "type": "A",
                            "value": "35.245.8.13",
                            "zone_id": "6c958b7ac2d9dc634e32b55eef9b9c28"
                        },
                        "meta": {
                            "schema_version": "1"
                        },
                        "tainted": false
                    },
                    "deposed": [],
                    "provider": "provider.cloudflare"
                },
                "cloudflare_record.falabella_a_record_pe": {
                    "type": "cloudflare_record",
                    "depends_on": [
                        "google_compute_address.istio_ingress_ip_v2"
                    ],
                    "primary": {
                        "id": "faa8aa1a1aae1b4b7cea2ae1db7590dc",
                        "attributes": {
                            "created_on": "2019-11-12T10:29:41.146145Z",
                            "data.%": "0",
                            "domain": "falabella.com.pe",
                            "hostname": "catalyst-dev.falabella.com.pe",
                            "id": "faa8aa1a1aae1b4b7cea2ae1db7590dc",
                            "metadata.%": "4",
                            "metadata.auto_added": "false",
                            "metadata.managed_by_apps": "false",
                            "metadata.managed_by_argo_tunnel": "false",
                            "metadata.source": "primary",
                            "modified_on": "2019-11-12T10:29:41.146145Z",
                            "name": "catalyst-dev",
                            "priority": "0",
                            "proxiable": "true",
                            "proxied": "true",
                            "ttl": "1",
                            "type": "A",
                            "value": "35.245.8.13",
                            "zone_id": "bc163403b1b395c643c66d0c9ef0d84e"
                        },
                        "meta": {
                            "schema_version": "1"
                        },
                        "tainted": false
                    },
                    "deposed": [],
                    "provider": "provider.cloudflare"
                },
                "google_compute_address.istio_ingress_ip_v2": {
                    "type": "google_compute_address",
                    "depends_on": [],
                    "primary": {
                        "id": "falabella-catalyst-bu-dev/us-east4/falabella-dev-cluster-v2-ip",
                        "attributes": {
                            "address": "35.245.8.13",
                            "address_type": "EXTERNAL",
                            "creation_timestamp": "2019-09-13T07:50:27.837-07:00",
                            "description": "",
                            "id": "falabella-catalyst-bu-dev/us-east4/falabella-dev-cluster-v2-ip",
                            "name": "falabella-dev-cluster-v2-ip",
                            "network_tier": "PREMIUM",
                            "project": "falabella-catalyst-bu-dev",
                            "purpose": "",
                            "region": "us-east4",
                            "self_link": "https://www.googleapis.com/compute/v1/projects/falabella-catalyst-bu-dev/regions/us-east4/addresses/falabella-dev-cluster-v2-ip",
                            "subnetwork": "",
                            "users.#": "1",
                            "users.0": "https://www.googleapis.com/compute/v1/projects/falabella-catalyst-bu-dev/regions/us-east4/forwardingRules/aa7f37bc9e24811eaa1e442010a09000"
                        },
                        "meta": {
                            "e2bfb730-ecaa-11e6-8f88-34363bc7c4c0": {
                                "create": 240000000000,
                                "delete": 240000000000
                            }
                        },
                        "tainted": false
                    },
                    "deposed": [],
                    "provider": "provider.google"
                },
                "google_compute_firewall.dataflow_internal": {
                    "type": "google_compute_firewall",
                    "depends_on": [
                        "google_compute_network.network"
                    ],
                    "primary": {
                        "id": "falabella-dev-dataflow-instances-internal",
                        "attributes": {
                            "allow.#": "1",
                            "allow.1249999313.ports.#": "1",
                            "allow.1249999313.ports.0": "1-65535",
                            "allow.1249999313.protocol": "tcp",
                            "creation_timestamp": "2019-07-10T14:33:31.378-07:00",
                            "deny.#": "0",
                            "description": "",
                            "destination_ranges.#": "0",
                            "direction": "INGRESS",
                            "disabled": "false",
                            "id": "falabella-dev-dataflow-instances-internal",
                            "name": "falabella-dev-dataflow-instances-internal",
                            "network": "https://www.googleapis.com/compute/v1/projects/falabella-catalyst-bu-dev/global/networks/falabella-dev-network",
                            "priority": "1000",
                            "project": "falabella-catalyst-bu-dev",
                            "self_link": "https://www.googleapis.com/compute/v1/projects/falabella-catalyst-bu-dev/global/firewalls/falabella-dev-dataflow-instances-internal",
                            "source_ranges.#": "1",
                            "source_ranges.2398100704": "10.4.0.0/16",
                            "source_service_accounts.#": "0",
                            "source_tags.#": "0",
                            "target_service_accounts.#": "0",
                            "target_tags.#": "1",
                            "target_tags.1529294399": "dataflow"
                        },
                        "meta": {
                            "e2bfb730-ecaa-11e6-8f88-34363bc7c4c0": {
                                "create": 240000000000,
                                "delete": 240000000000,
                                "update": 240000000000
                            },
                            "schema_version": "1"
                        },
                        "tainted": false
                    },
                    "deposed": [],
                    "provider": "provider.google"
                },
                "google_compute_network.network": {
                    "type": "google_compute_network",
                    "depends_on": [
                        "google_project_service.project_services"
                    ],
                    "primary": {
                        "id": "falabella-dev-network",
                        "attributes": {
                            "auto_create_subnetworks": "false",
                            "delete_default_routes_on_create": "false",
                            "description": "",
                            "gateway_ipv4": "",
                            "id": "falabella-dev-network",
                            "ipv4_range": "",
                            "name": "falabella-dev-network",
                            "project": "falabella-catalyst-bu-dev",
                            "routing_mode": "REGIONAL",
                            "self_link": "https://www.googleapis.com/compute/v1/projects/falabella-catalyst-bu-dev/global/networks/falabella-dev-network"
                        },
                        "meta": {
                            "e2bfb730-ecaa-11e6-8f88-34363bc7c4c0": {
                                "create": 240000000000,
                                "delete": 240000000000,
                                "update": 240000000000
                            }
                        },
                        "tainted": false
                    },
                    "deposed": [],
                    "provider": "provider.google"
                },
                "google_compute_router.router": {
                    "type": "google_compute_router",
                    "depends_on": [
                        "google_compute_network.network"
                    ],
                    "primary": {
                        "id": "us-east4/falabella-dev-router",
                        "attributes": {
                            "bgp.#": "0",
                            "creation_timestamp": "2019-04-15T06:58:54.510-07:00",
                            "description": "",
                            "id": "us-east4/falabella-dev-router",
                            "name": "falabella-dev-router",
                            "network": "https://www.googleapis.com/compute/v1/projects/falabella-catalyst-bu-dev/global/networks/falabella-dev-network",
                            "project": "falabella-catalyst-bu-dev",
                            "region": "us-east4",
                            "self_link": "https://www.googleapis.com/compute/v1/projects/falabella-catalyst-bu-dev/regions/us-east4/routers/falabella-dev-router"
                        },
                        "meta": {
                            "e2bfb730-ecaa-11e6-8f88-34363bc7c4c0": {
                                "create": 240000000000,
                                "delete": 240000000000,
                                "update": 240000000000
                            }
                        },
                        "tainted": false
                    },
                    "deposed": [],
                    "provider": "provider.google"
                },
                "google_compute_router_nat.nat": {
                    "type": "google_compute_router_nat",
                    "depends_on": [
                        "google_compute_router.router"
                    ],
                    "primary": {
                        "id": "us-east4/falabella-dev-router/falabella-dev-nat",
                        "attributes": {
                            "icmp_idle_timeout_sec": "0",
                            "id": "us-east4/falabella-dev-router/falabella-dev-nat",
                            "log_config.#": "0",
                            "min_ports_per_vm": "0",
                            "name": "falabella-dev-nat",
                            "nat_ip_allocate_option": "AUTO_ONLY",
                            "nat_ips.#": "0",
                            "project": "falabella-catalyst-bu-dev",
                            "region": "us-east4",
                            "router": "falabella-dev-router",
                            "source_subnetwork_ip_ranges_to_nat": "ALL_SUBNETWORKS_ALL_IP_RANGES",
                            "subnetwork.#": "0",
                            "tcp_established_idle_timeout_sec": "0",
                            "tcp_transitory_idle_timeout_sec": "0",
                            "udp_idle_timeout_sec": "0"
                        },
                        "meta": {
                            "e2bfb730-ecaa-11e6-8f88-34363bc7c4c0": {
                                "create": 600000000000,
                                "delete": 600000000000
                            }
                        },
                        "tainted": false
                    },
                    "deposed": [],
                    "provider": "provider.google"
                },
                "google_compute_subnetwork.dataflow-subnetwork": {
                    "type": "google_compute_subnetwork",
                    "depends_on": [
                        "google_compute_network.network"
                    ],
                    "primary": {
                        "id": "us-east1/falabella-dev-dataflow-subnetwork",
                        "attributes": {
                            "creation_timestamp": "2019-05-02T07:58:53.002-07:00",
                            "description": "",
                            "enable_flow_logs": "false",
                            "fingerprint": "zs-ZCyD59-Q=",
                            "gateway_address": "10.4.0.1",
                            "id": "us-east1/falabella-dev-dataflow-subnetwork",
                            "ip_cidr_range": "10.4.0.0/16",
                            "log_config.#": "0",
                            "name": "falabella-dev-dataflow-subnetwork",
                            "network": "https://www.googleapis.com/compute/v1/projects/falabella-catalyst-bu-dev/global/networks/falabella-dev-network",
                            "private_ip_google_access": "true",
                            "project": "falabella-catalyst-bu-dev",
                            "region": "us-east1",
                            "secondary_ip_range.#": "0",
                            "self_link": "https://www.googleapis.com/compute/v1/projects/falabella-catalyst-bu-dev/regions/us-east1/subnetworks/falabella-dev-dataflow-subnetwork"
                        },
                        "meta": {
                            "e2bfb730-ecaa-11e6-8f88-34363bc7c4c0": {
                                "create": 360000000000,
                                "delete": 360000000000,
                                "update": 360000000000
                            }
                        },
                        "tainted": false
                    },
                    "deposed": [],
                    "provider": "provider.google"
                },
                "google_compute_subnetwork.subnetwork": {
                    "type": "google_compute_subnetwork",
                    "depends_on": [
                        "google_compute_network.network"
                    ],
                    "primary": {
                        "id": "us-east4/falabella-dev-subnetwork",
                        "attributes": {
                            "creation_timestamp": "2019-04-15T06:58:54.583-07:00",
                            "description": "",
                            "enable_flow_logs": "false",
                            "fingerprint": "qZDd2hRVUOA=",
                            "gateway_address": "10.0.0.1",
                            "id": "us-east4/falabella-dev-subnetwork",
                            "ip_cidr_range": "10.0.0.0/16",
                            "log_config.#": "0",
                            "name": "falabella-dev-subnetwork",
                            "network": "https://www.googleapis.com/compute/v1/projects/falabella-catalyst-bu-dev/global/networks/falabella-dev-network",
                            "private_ip_google_access": "true",
                            "project": "falabella-catalyst-bu-dev",
                            "region": "us-east4",
                            "secondary_ip_range.#": "2",
                            "secondary_ip_range.0.ip_cidr_range": "10.1.0.0/16",
                            "secondary_ip_range.0.range_name": "cluster-pod-ip-range",
                            "secondary_ip_range.1.ip_cidr_range": "10.2.0.0/20",
                            "secondary_ip_range.1.range_name": "service-ip-range",
                            "self_link": "https://www.googleapis.com/compute/v1/projects/falabella-catalyst-bu-dev/regions/us-east4/subnetworks/falabella-dev-subnetwork"
                        },
                        "meta": {
                            "e2bfb730-ecaa-11e6-8f88-34363bc7c4c0": {
                                "create": 360000000000,
                                "delete": 360000000000,
                                "update": 360000000000
                            }
                        },
                        "tainted": false
                    },
                    "deposed": [],
                    "provider": "provider.google"
                },
                "google_compute_subnetwork.subnetwork-v2": {
                    "type": "google_compute_subnetwork",
                    "depends_on": [
                        "google_compute_network.network"
                    ],
                    "primary": {
                        "id": "us-east4/falabella-dev-subnetwork-v2",
                        "attributes": {
                            "creation_timestamp": "2019-09-17T05:16:44.717-07:00",
                            "description": "",
                            "enable_flow_logs": "false",
                            "fingerprint": "sFzDPzp_V74=",
                            "gateway_address": "10.6.0.1",
                            "id": "us-east4/falabella-dev-subnetwork-v2",
                            "ip_cidr_range": "10.6.0.0/16",
                            "log_config.#": "0",
                            "name": "falabella-dev-subnetwork-v2",
                            "network": "https://www.googleapis.com/compute/v1/projects/falabella-catalyst-bu-dev/global/networks/falabella-dev-network",
                            "private_ip_google_access": "true",
                            "project": "falabella-catalyst-bu-dev",
                            "region": "us-east4",
                            "secondary_ip_range.#": "2",
                            "secondary_ip_range.0.ip_cidr_range": "10.7.0.0/16",
                            "secondary_ip_range.0.range_name": "cluster-pod-ip-range-v2",
                            "secondary_ip_range.1.ip_cidr_range": "10.8.0.0/20",
                            "secondary_ip_range.1.range_name": "service-ip-range-v2",
                            "self_link": "https://www.googleapis.com/compute/v1/projects/falabella-catalyst-bu-dev/regions/us-east4/subnetworks/falabella-dev-subnetwork-v2"
                        },
                        "meta": {
                            "e2bfb730-ecaa-11e6-8f88-34363bc7c4c0": {
                                "create": 360000000000,
                                "delete": 360000000000,
                                "update": 360000000000
                            }
                        },
                        "tainted": false
                    },
                    "deposed": [],
                    "provider": "provider.google"
                },
                "google_dataflow_job.pubsub_to_pubsub_job": {
                    "type": "google_dataflow_job",
                    "depends_on": [
                        "google_compute_network.network",
                        "google_compute_subnetwork.dataflow-subnetwork",
                        "google_service_account.pubsub_to_pubsub_dataflow",
                        "google_storage_bucket.bucket_falabella_di_temp",
                        "module.pubsub_falabella_availability"
                    ],
                    "primary": {
                        "id": "2020-10-13_11_41_09-4435549167206503118",
                        "attributes": {
                            "id": "2020-10-13_11_41_09-4435549167206503118",
                            "labels.%": "2",
                            "labels.goog-dataflow-provided-template-name": "cloud_pubsub_to_cloud_pubsub",
                            "labels.goog-dataflow-provided-template-version": "2019-07-03-00_rc00",
                            "machine_type": "n1-standard-1",
                            "max_workers": "3",
                            "name": "oms-event-stream-job",
                            "network": "https://www.googleapis.com/compute/v1/projects/falabella-catalyst-bu-dev/global/networks/falabella-dev-network",
                            "on_delete": "drain",
                            "parameters.%": "2",
                            "parameters.inputSubscription": "projects/scex-imgt-availability-uat/subscriptions/inventory-availability-events",
                            "parameters.outputTopic": "projects/falabella-catalyst-bu-dev/topics/falabella-availability",
                            "project": "falabella-catalyst-bu-dev",
                            "service_account_email": "oms-event-stream-df-service@falabella-catalyst-bu-dev.iam.gserviceaccount.com",
                            "state": "JOB_STATE_RUNNING",
                            "subnetwork": "https://www.googleapis.com/compute/v1/projects/falabella-catalyst-bu-dev/regions/us-east1/subnetworks/falabella-dev-dataflow-subnetwork",
                            "temp_gcs_location": "gs://falabella-catalyst-bu-dev-dataflow-tmp",
                            "template_gcs_path": "gs://dataflow-templates/2019-07-03-00/Cloud_PubSub_to_Cloud_PubSub",
                            "zone": "us-east1-b"
                        },
                        "meta": {},
                        "tainted": false
                    },
                    "deposed": [],
                    "provider": "provider.google"
                },
                "google_dns_managed_zone.private-dns-managed-zone": {
                    "type": "google_dns_managed_zone",
                    "depends_on": [
                        "google_compute_network.network"
                    ],
                    "primary": {
                        "id": "falabella-dev-private-dns-managed-zone",
                        "attributes": {
                            "description": "Private DNS zone for falabella-dev",
                            "dns_name": "falabella.internal.",
                            "dnssec_config.#": "0",
                            "forwarding_config.#": "0",
                            "id": "falabella-dev-private-dns-managed-zone",
                            "labels.%": "0",
                            "name": "falabella-dev-private-dns-managed-zone",
                            "name_servers.#": "1",
                            "name_servers.0": "ns-gcp-private.googledomains.com.",
                            "peering_config.#": "0",
                            "private_visibility_config.#": "1",
                            "private_visibility_config.0.networks.#": "1",
                            "private_visibility_config.0.networks.3331822807.network_url": "https://www.googleapis.com/compute/v1/projects/falabella-catalyst-bu-dev/global/networks/falabella-dev-network",
                            "project": "falabella-catalyst-bu-dev",
                            "visibility": "private"
                        },
                        "meta": {
                            "e2bfb730-ecaa-11e6-8f88-34363bc7c4c0": {
                                "create": 240000000000,
                                "delete": 240000000000,
                                "update": 240000000000
                            }
                        },
                        "tainted": false
                    },
                    "deposed": [],
                    "provider": "provider.google-beta"
                },
                "google_dns_record_set.redis_a_record": {
                    "type": "google_dns_record_set",
                    "depends_on": [
                        "google_dns_managed_zone.private-dns-managed-zone",
                        "google_redis_instance.cache"
                    ],
                    "primary": {
                        "id": "falabella-dev-private-dns-managed-zone/redis.falabella.internal./A",
                        "attributes": {
                            "id": "falabella-dev-private-dns-managed-zone/redis.falabella.internal./A",
                            "managed_zone": "falabella-dev-private-dns-managed-zone",
                            "name": "redis.falabella.internal.",
                            "project": "falabella-catalyst-bu-dev",
                            "rrdatas.#": "1",
                            "rrdatas.0": "10.5.0.3",
                            "ttl": "300",
                            "type": "A"
                        },
                        "meta": {},
                        "tainted": false
                    },
                    "deposed": [],
                    "provider": "provider.google"
                },
                "google_kms_crypto_key.crypto_key": {
                    "type": "google_kms_crypto_key",
                    "depends_on": [
                        "google_kms_key_ring.key_ring"
                    ],
                    "primary": {
                        "id": "projects/falabella-catalyst-bu-dev/locations/us-east4/keyRings/falabella-dev-key-ring/cryptoKeys/falabella-dev-crypto-key",
                        "attributes": {
                            "id": "projects/falabella-catalyst-bu-dev/locations/us-east4/keyRings/falabella-dev-key-ring/cryptoKeys/falabella-dev-crypto-key",
                            "key_ring": "projects/falabella-catalyst-bu-dev/locations/us-east4/keyRings/falabella-dev-key-ring",
                            "labels.%": "0",
                            "name": "falabella-dev-crypto-key",
                            "purpose": "ENCRYPT_DECRYPT",
                            "rotation_period": "100000s",
                            "self_link": "projects/falabella-catalyst-bu-dev/locations/us-east4/keyRings/falabella-dev-key-ring/cryptoKeys/falabella-dev-crypto-key",
                            "version_template.#": "1",
                            "version_template.0.algorithm": "GOOGLE_SYMMETRIC_ENCRYPTION",
                            "version_template.0.protection_level": "SOFTWARE"
                        },
                        "meta": {
                            "schema_version": "1"
                        },
                        "tainted": false
                    },
                    "deposed": [],
                    "provider": "provider.google"
                },
                "google_kms_key_ring.key_ring": {
                    "type": "google_kms_key_ring",
                    "depends_on": [],
                    "primary": {
                        "id": "projects/falabella-catalyst-bu-dev/locations/us-east4/keyRings/falabella-dev-key-ring",
                        "attributes": {
                            "id": "projects/falabella-catalyst-bu-dev/locations/us-east4/keyRings/falabella-dev-key-ring",
                            "location": "us-east4",
                            "name": "falabella-dev-key-ring",
                            "project": "falabella-catalyst-bu-dev",
                            "self_link": "projects/falabella-catalyst-bu-dev/locations/us-east4/keyRings/falabella-dev-key-ring"
                        },
                        "meta": {},
                        "tainted": false
                    },
                    "deposed": [],
                    "provider": "provider.google"
                },
                "google_logging_metric.logging_metric": {
                    "type": "google_logging_metric",
                    "depends_on": [],
                    "primary": {
                        "id": "Audit_log_metrics",
                        "attributes": {
                            "bucket_options.#": "0",
                            "description": "",
                            "filter": "logName=\"projects/falabella-catalyst-bu-dev/logs/cloudaudit.googleapis.com%2Factivity\" protoPayload.authenticationInfo.principalEmail:\"@falabella.cl\"",
                            "id": "Audit_log_metrics",
                            "label_extractors.%": "5",
                            "label_extractors.Activity_Detail": "REGEXP_EXTRACT(protoPayload.request.@type, \"([^/]+$)\")",
                            "label_extractors.Log_Insert_Id": "EXTRACT(insertId)",
                            "label_extractors.Method_Name": "EXTRACT(protoPayload.methodName)",
                            "label_extractors.Service_Name": "EXTRACT(protoPayload.serviceName)",
                            "label_extractors.UserEmail": "EXTRACT(protoPayload.authenticationInfo.principalEmail)",
                            "metric_descriptor.#": "1",
                            "metric_descriptor.0.labels.#": "5",
                            "metric_descriptor.0.labels.0.description": "",
                            "metric_descriptor.0.labels.0.key": "Activity_Detail",
                            "metric_descriptor.0.labels.0.value_type": "STRING",
                            "metric_descriptor.0.labels.1.description": "",
                            "metric_descriptor.0.labels.1.key": "UserEmail",
                            "metric_descriptor.0.labels.1.value_type": "STRING",
                            "metric_descriptor.0.labels.2.description": "",
                            "metric_descriptor.0.labels.2.key": "Log_Insert_Id",
                            "metric_descriptor.0.labels.2.value_type": "STRING",
                            "metric_descriptor.0.labels.3.description": "",
                            "metric_descriptor.0.labels.3.key": "Method_Name",
                            "metric_descriptor.0.labels.3.value_type": "STRING",
                            "metric_descriptor.0.labels.4.description": "",
                            "metric_descriptor.0.labels.4.key": "Service_Name",
                            "metric_descriptor.0.labels.4.value_type": "STRING",
                            "metric_descriptor.0.metric_kind": "DELTA",
                            "metric_descriptor.0.unit": "1",
                            "metric_descriptor.0.value_type": "INT64",
                            "name": "Audit_log_metrics",
                            "project": "falabella-catalyst-bu-dev",
                            "value_extractor": ""
                        },
                        "meta": {
                            "e2bfb730-ecaa-11e6-8f88-34363bc7c4c0": {
                                "create": 240000000000,
                                "delete": 240000000000,
                                "update": 240000000000
                            }
                        },
                        "tainted": false
                    },
                    "deposed": [],
                    "provider": "provider.google"
                },
                "google_monitoring_alert_policy.alert_policy": {
                    "type": "google_monitoring_alert_policy",
                    "depends_on": [
                        "google_monitoring_notification_channel.slack"
                    ],
                    "primary": {
                        "id": "projects/falabella-catalyst-bu-dev/alertPolicies/15282776709115602419",
                        "attributes": {
                            "combiner": "OR",
                            "conditions.#": "1",
                            "conditions.0.condition_absent.#": "0",
                            "conditions.0.condition_threshold.#": "1",
                            "conditions.0.condition_threshold.0.aggregations.#": "1",
                            "conditions.0.condition_threshold.0.aggregations.0.alignment_period": "60s",
                            "conditions.0.condition_threshold.0.aggregations.0.cross_series_reducer": "REDUCE_MAX",
                            "conditions.0.condition_threshold.0.aggregations.0.group_by_fields.#": "1",
                            "conditions.0.condition_threshold.0.aggregations.0.group_by_fields.0": "metadata.system_labels.name",
                            "conditions.0.condition_threshold.0.aggregations.0.per_series_aligner": "ALIGN_MEAN",
                            "conditions.0.condition_threshold.0.comparison": "COMPARISON_GT",
                            "conditions.0.condition_threshold.0.denominator_aggregations.#": "0",
                            "conditions.0.condition_threshold.0.denominator_filter": "",
                            "conditions.0.condition_threshold.0.duration": "60s",
                            "conditions.0.condition_threshold.0.filter": "metric.type=\"compute.googleapis.com/instance/cpu/utilization\" resource.type=\"gce_instance\" metadata.user_labels.\"goog-gke-node\"=\"\"",
                            "conditions.0.condition_threshold.0.threshold_value": "0.8",
                            "conditions.0.condition_threshold.0.trigger.#": "1",
                            "conditions.0.condition_threshold.0.trigger.0.count": "1",
                            "conditions.0.condition_threshold.0.trigger.0.percent": "0",
                            "conditions.0.display_name": "CPU-Utilization-Node",
                            "conditions.0.name": "projects/falabella-catalyst-bu-dev/alertPolicies/15282776709115602419/conditions/15282776709115602924",
                            "creation_record.#": "1",
                            "creation_record.0.mutate_time": "2019-05-28T06:31:14.932690143Z",
                            "creation_record.0.mutated_by": "ci-falabella-catalyst-bu-dev@falabella-catalyst-bu-dev.iam.gserviceaccount.com",
                            "display_name": "CPU-Utilization-Node-falabella",
                            "documentation.#": "1",
                            "documentation.0.content": "CPU Utilization alert for falabella K8-Nodes",
                            "documentation.0.mime_type": "text/markdown",
                            "enabled": "false",
                            "id": "projects/falabella-catalyst-bu-dev/alertPolicies/15282776709115602419",
                            "name": "projects/falabella-catalyst-bu-dev/alertPolicies/15282776709115602419",
                            "notification_channels.#": "1",
                            "notification_channels.0": "projects/falabella-catalyst-bu-dev/notificationChannels/12322853190317848670",
                            "project": "falabella-catalyst-bu-dev",
                            "user_labels.%": "0"
                        },
                        "meta": {
                            "e2bfb730-ecaa-11e6-8f88-34363bc7c4c0": {
                                "create": 240000000000,
                                "delete": 240000000000,
                                "update": 240000000000
                            }
                        },
                        "tainted": false
                    },
                    "deposed": [],
                    "provider": "provider.google"
                },
                "google_monitoring_alert_policy.memory_policy": {
                    "type": "google_monitoring_alert_policy",
                    "depends_on": [
                        "local.slack_channel_only",
                        "local.slack_pagerduty_channel"
                    ],
                    "primary": {
                        "id": "projects/falabella-catalyst-bu-dev/alertPolicies/5459969718091705536",
                        "attributes": {
                            "combiner": "OR",
                            "conditions.#": "1",
                            "conditions.0.condition_absent.#": "0",
                            "conditions.0.condition_threshold.#": "1",
                            "conditions.0.condition_threshold.0.aggregations.#": "1",
                            "conditions.0.condition_threshold.0.aggregations.0.alignment_period": "60s",
                            "conditions.0.condition_threshold.0.aggregations.0.cross_series_reducer": "REDUCE_MAX",
                            "conditions.0.condition_threshold.0.aggregations.0.group_by_fields.#": "1",
                            "conditions.0.condition_threshold.0.aggregations.0.group_by_fields.0": "metadata.system_labels.name",
                            "conditions.0.condition_threshold.0.aggregations.0.per_series_aligner": "ALIGN_MEAN",
                            "conditions.0.condition_threshold.0.comparison": "COMPARISON_GT",
                            "conditions.0.condition_threshold.0.denominator_aggregations.#": "0",
                            "conditions.0.condition_threshold.0.denominator_filter": "",
                            "conditions.0.condition_threshold.0.duration": "180s",
                            "conditions.0.condition_threshold.0.filter": "metric.type=\"kubernetes.io/container/memory/limit_utilization\" resource.type=\"k8s_container\" resource.label.\"namespace_name\"=\"falabella\"",
                            "conditions.0.condition_threshold.0.threshold_value": "0.8",
                            "conditions.0.condition_threshold.0.trigger.#": "1",
                            "conditions.0.condition_threshold.0.trigger.0.count": "2",
                            "conditions.0.condition_threshold.0.trigger.0.percent": "0",
                            "conditions.0.display_name": "Memory-Utilization-Container",
                            "conditions.0.name": "projects/falabella-catalyst-bu-dev/alertPolicies/5459969718091705536/conditions/5459969718091705813",
                            "creation_record.#": "1",
                            "creation_record.0.mutate_time": "2019-05-28T06:31:16.474139390Z",
                            "creation_record.0.mutated_by": "ci-falabella-catalyst-bu-dev@falabella-catalyst-bu-dev.iam.gserviceaccount.com",
                            "display_name": "Memory-Utilization-Container-falabella",
                            "documentation.#": "1",
                            "documentation.0.content": "Memory Utilization for ${metadata.system_labels.name} in project ${project} has reached threshold and is in the state for more than speified duration",
                            "documentation.0.mime_type": "text/markdown",
                            "enabled": "false",
                            "id": "projects/falabella-catalyst-bu-dev/alertPolicies/5459969718091705536",
                            "name": "projects/falabella-catalyst-bu-dev/alertPolicies/5459969718091705536",
                            "notification_channels.#": "1",
                            "notification_channels.0": "projects/falabella-catalyst-bu-dev/notificationChannels/12322853190317848670",
                            "project": "falabella-catalyst-bu-dev",
                            "user_labels.%": "0"
                        },
                        "meta": {
                            "e2bfb730-ecaa-11e6-8f88-34363bc7c4c0": {
                                "create": 240000000000,
                                "delete": 240000000000,
                                "update": 240000000000
                            }
                        },
                        "tainted": false
                    },
                    "deposed": [],
                    "provider": "provider.google"
                },
                "google_monitoring_alert_policy.node_health_policy": {
                    "type": "google_monitoring_alert_policy",
                    "depends_on": [
                        "google_monitoring_notification_channel.slack"
                    ],
                    "primary": {
                        "id": "projects/falabella-catalyst-bu-dev/alertPolicies/10566817308977646260",
                        "attributes": {
                            "combiner": "OR",
                            "conditions.#": "1",
                            "conditions.0.condition_absent.#": "1",
                            "conditions.0.condition_absent.0.aggregations.#": "1",
                            "conditions.0.condition_absent.0.aggregations.0.alignment_period": "60s",
                            "conditions.0.condition_absent.0.aggregations.0.cross_series_reducer": "",
                            "conditions.0.condition_absent.0.aggregations.0.group_by_fields.#": "0",
                            "conditions.0.condition_absent.0.aggregations.0.per_series_aligner": "ALIGN_RATE",
                            "conditions.0.condition_absent.0.duration": "180s",
                            "conditions.0.condition_absent.0.filter": "metric.type=\"kubernetes.io/node/network/sent_bytes_count\" resource.type=\"k8s_node\" resource.label.\"cluster_name\"=\"falabella-dev-cluster\"",
                            "conditions.0.condition_absent.0.trigger.#": "1",
                            "conditions.0.condition_absent.0.trigger.0.count": "1",
                            "conditions.0.condition_absent.0.trigger.0.percent": "0",
                            "conditions.0.condition_threshold.#": "0",
                            "conditions.0.display_name": "k8-Node-Health",
                            "conditions.0.name": "projects/falabella-catalyst-bu-dev/alertPolicies/10566817308977646260/conditions/10566817308977644985",
                            "creation_record.#": "1",
                            "creation_record.0.mutate_time": "2019-06-11T11:53:38.480559260Z",
                            "creation_record.0.mutated_by": "ci-falabella-catalyst-bu-dev@falabella-catalyst-bu-dev.iam.gserviceaccount.com",
                            "display_name": "k8-Node-Health",
                            "documentation.#": "1",
                            "documentation.0.content": "K8 node uptime alert for the project falabella-dev. \nSome node/nodes which belongs to K8 cluster 'falabella-dev-cluster' is not transmitting data for more than specified duration",
                            "documentation.0.mime_type": "text/markdown",
                            "enabled": "false",
                            "id": "projects/falabella-catalyst-bu-dev/alertPolicies/10566817308977646260",
                            "name": "projects/falabella-catalyst-bu-dev/alertPolicies/10566817308977646260",
                            "notification_channels.#": "1",
                            "notification_channels.0": "projects/falabella-catalyst-bu-dev/notificationChannels/12322853190317848670",
                            "project": "falabella-catalyst-bu-dev",
                            "user_labels.%": "0"
                        },
                        "meta": {
                            "e2bfb730-ecaa-11e6-8f88-34363bc7c4c0": {
                                "create": 240000000000,
                                "delete": 240000000000,
                                "update": 240000000000
                            }
                        },
                        "tainted": false
                    },
                    "deposed": [],
                    "provider": "provider.google"
                },
                "google_monitoring_alert_policy.search_cpu_alert_policy": {
                    "type": "google_monitoring_alert_policy",
                    "depends_on": [
                        "local.slack_channel_only",
                        "local.slack_pagerduty_channel"
                    ],
                    "primary": {
                        "id": "projects/falabella-catalyst-bu-dev/alertPolicies/7794350542452822213",
                        "attributes": {
                            "combiner": "OR",
                            "conditions.#": "1",
                            "conditions.0.condition_absent.#": "0",
                            "conditions.0.condition_threshold.#": "1",
                            "conditions.0.condition_threshold.0.aggregations.#": "1",
                            "conditions.0.condition_threshold.0.aggregations.0.alignment_period": "60s",
                            "conditions.0.condition_threshold.0.aggregations.0.cross_series_reducer": "REDUCE_MAX",
                            "conditions.0.condition_threshold.0.aggregations.0.group_by_fields.#": "1",
                            "conditions.0.condition_threshold.0.aggregations.0.group_by_fields.0": "metadata.system_labels.name",
                            "conditions.0.condition_threshold.0.aggregations.0.per_series_aligner": "ALIGN_MEAN",
                            "conditions.0.condition_threshold.0.comparison": "COMPARISON_GT",
                            "conditions.0.condition_threshold.0.denominator_aggregations.#": "0",
                            "conditions.0.condition_threshold.0.denominator_filter": "",
                            "conditions.0.condition_threshold.0.duration": "180s",
                            "conditions.0.condition_threshold.0.filter": "metric.type=\"kubernetes.io/container/cpu/limit_utilization\" resource.type=\"k8s_container\" resource.label.\"namespace_name\"=\"falabella\"",
                            "conditions.0.condition_threshold.0.threshold_value": "0.8",
                            "conditions.0.condition_threshold.0.trigger.#": "1",
                            "conditions.0.condition_threshold.0.trigger.0.count": "2",
                            "conditions.0.condition_threshold.0.trigger.0.percent": "0",
                            "conditions.0.display_name": "CPU-Utilization-Container",
                            "conditions.0.name": "projects/falabella-catalyst-bu-dev/alertPolicies/7794350542452822213/conditions/7794350542452822186",
                            "creation_record.#": "1",
                            "creation_record.0.mutate_time": "2019-06-06T07:09:46.882809518Z",
                            "creation_record.0.mutated_by": "ci-falabella-catalyst-bu-dev@falabella-catalyst-bu-dev.iam.gserviceaccount.com",
                            "display_name": "CPU-Utilization-Container-falabella",
                            "documentation.#": "1",
                            "documentation.0.content": "CPU Utilization for ${metadata.system_labels.name} in project ${project} has reached threshold and is in the state for more than speified duration",
                            "documentation.0.mime_type": "text/markdown",
                            "enabled": "false",
                            "id": "projects/falabella-catalyst-bu-dev/alertPolicies/7794350542452822213",
                            "name": "projects/falabella-catalyst-bu-dev/alertPolicies/7794350542452822213",
                            "notification_channels.#": "1",
                            "notification_channels.0": "projects/falabella-catalyst-bu-dev/notificationChannels/12322853190317848670",
                            "project": "falabella-catalyst-bu-dev",
                            "user_labels.%": "0"
                        },
                        "meta": {
                            "e2bfb730-ecaa-11e6-8f88-34363bc7c4c0": {
                                "create": 240000000000,
                                "delete": 240000000000,
                                "update": 240000000000
                            }
                        },
                        "tainted": false
                    },
                    "deposed": [],
                    "provider": "provider.google"
                },
                "google_monitoring_notification_channel.slack": {
                    "type": "google_monitoring_notification_channel",
                    "depends_on": [],
                    "primary": {
                        "id": "projects/falabella-catalyst-bu-dev/notificationChannels/12322853190317848670",
                        "attributes": {
                            "description": "",
                            "display_name": "#catalyst-fa-alerts",
                            "enabled": "false",
                            "id": "projects/falabella-catalyst-bu-dev/notificationChannels/12322853190317848670",
                            "labels.%": "2",
                            "labels.auth_token": "xoxp-7290647910-376605038022-642213096487-a1da5629968649ab3b15423026eaf948",
                            "labels.channel_name": "#catalyst-fa-alerts",
                            "name": "projects/falabella-catalyst-bu-dev/notificationChannels/12322853190317848670",
                            "project": "falabella-catalyst-bu-dev",
                            "type": "slack",
                            "user_labels.%": "0",
                            "verification_status": ""
                        },
                        "meta": {
                            "e2bfb730-ecaa-11e6-8f88-34363bc7c4c0": {
                                "create": 240000000000,
                                "delete": 240000000000,
                                "update": 240000000000
                            }
                        },
                        "tainted": false
                    },
                    "deposed": [],
                    "provider": "provider.google"
                },
                "google_monitoring_notification_channel.slack_devops": {
                    "type": "google_monitoring_notification_channel",
                    "depends_on": [],
                    "primary": {
                        "id": "projects/falabella-catalyst-bu-dev/notificationChannels/16023648125070147729",
                        "attributes": {
                            "description": "",
                            "display_name": "#ctlyst-devops-alerts",
                            "enabled": "true",
                            "id": "projects/falabella-catalyst-bu-dev/notificationChannels/16023648125070147729",
                            "labels.%": "2",
                            "labels.auth_token": "xoxp-7290647910-376605038022-642213096487-a1da5629968649ab3b15423026eaf948",
                            "labels.channel_name": "#ctlyst-devops-alerts",
                            "name": "projects/falabella-catalyst-bu-dev/notificationChannels/16023648125070147729",
                            "project": "falabella-catalyst-bu-dev",
                            "type": "slack",
                            "user_labels.%": "0",
                            "verification_status": ""
                        },
                        "meta": {
                            "e2bfb730-ecaa-11e6-8f88-34363bc7c4c0": {
                                "create": 240000000000,
                                "delete": 240000000000,
                                "update": 240000000000
                            }
                        },
                        "tainted": false
                    },
                    "deposed": [],
                    "provider": "provider.google"
                },
                "google_project_iam_member.bu_config_service_account_iam.0": {
                    "type": "google_project_iam_member",
                    "depends_on": [
                        "google_service_account.bu_config_service_account"
                    ],
                    "primary": {
                        "id": "falabella-catalyst-bu-dev/roles/clouddebugger.agent/serviceAccount:bu-config-service@falabella-catalyst-bu-dev.iam.gserviceaccount.com",
                        "attributes": {
                            "etag": "BwWyzbwUdOs=",
                            "id": "falabella-catalyst-bu-dev/roles/clouddebugger.agent/serviceAccount:bu-config-service@falabella-catalyst-bu-dev.iam.gserviceaccount.com",
                            "member": "serviceAccount:bu-config-service@falabella-catalyst-bu-dev.iam.gserviceaccount.com",
                            "project": "falabella-catalyst-bu-dev",
                            "role": "roles/clouddebugger.agent"
                        },
                        "meta": {},
                        "tainted": false
                    },
                    "deposed": [],
                    "provider": "provider.google"
                },
                "google_project_iam_member.bu_config_service_account_iam.1": {
                    "type": "google_project_iam_member",
                    "depends_on": [
                        "google_service_account.bu_config_service_account"
                    ],
                    "primary": {
                        "id": "falabella-catalyst-bu-dev/roles/cloudprofiler.agent/serviceAccount:bu-config-service@falabella-catalyst-bu-dev.iam.gserviceaccount.com",
                        "attributes": {
                            "etag": "BwWyzbwUdOs=",
                            "id": "falabella-catalyst-bu-dev/roles/cloudprofiler.agent/serviceAccount:bu-config-service@falabella-catalyst-bu-dev.iam.gserviceaccount.com",
                            "member": "serviceAccount:bu-config-service@falabella-catalyst-bu-dev.iam.gserviceaccount.com",
                            "project": "falabella-catalyst-bu-dev",
                            "role": "roles/cloudprofiler.agent"
                        },
                        "meta": {},
                        "tainted": false
                    },
                    "deposed": [],
                    "provider": "provider.google"
                },
                "google_project_iam_member.bu_config_service_account_iam.2": {
                    "type": "google_project_iam_member",
                    "depends_on": [
                        "google_service_account.bu_config_service_account"
                    ],
                    "primary": {
                        "id": "falabella-catalyst-bu-dev/roles/datastore.user/serviceAccount:bu-config-service@falabella-catalyst-bu-dev.iam.gserviceaccount.com",
                        "attributes": {
                            "etag": "BwWyzbwUdOs=",
                            "id": "falabella-catalyst-bu-dev/roles/datastore.user/serviceAccount:bu-config-service@falabella-catalyst-bu-dev.iam.gserviceaccount.com",
                            "member": "serviceAccount:bu-config-service@falabella-catalyst-bu-dev.iam.gserviceaccount.com",
                            "project": "falabella-catalyst-bu-dev",
                            "role": "roles/datastore.user"
                        },
                        "meta": {},
                        "tainted": false
                    },
                    "deposed": [],
                    "provider": "provider.google"
                },
                "google_project_iam_member.category_warranty_service_account_iam": {
                    "type": "google_project_iam_member",
                    "depends_on": [
                        "google_service_account.category_warranty_service_account"
                    ],
                    "primary": {
                        "id": "falabella-catalyst-bu-dev/roles/datastore.user/serviceAccount:category-warranty@falabella-catalyst-bu-dev.iam.gserviceaccount.com",
                        "attributes": {
                            "etag": "BwWyzbwUdOs=",
                            "id": "falabella-catalyst-bu-dev/roles/datastore.user/serviceAccount:category-warranty@falabella-catalyst-bu-dev.iam.gserviceaccount.com",
                            "member": "serviceAccount:category-warranty@falabella-catalyst-bu-dev.iam.gserviceaccount.com",
                            "project": "falabella-catalyst-bu-dev",
                            "role": "roles/datastore.user"
                        },
                        "meta": {},
                        "tainted": false
                    },
                    "deposed": [],
                    "provider": "provider.google"
                },
                "google_project_iam_member.cloudbuild_editor": {
                    "type": "google_project_iam_member",
                    "depends_on": [
                        "google_project_service.project_services"
                    ],
                    "primary": {
                        "id": "falabella-catalyst-bu-dev/roles/cloudbuild.builds.editor/user:sbasavarajappa@falabella.cl",
                        "attributes": {
                            "etag": "BwWyzbwUdOs=",
                            "id": "falabella-catalyst-bu-dev/roles/cloudbuild.builds.editor/user:sbasavarajappa@falabella.cl",
                            "member": "user:sbasavarajappa@falabella.cl",
                            "project": "falabella-catalyst-bu-dev",
                            "role": "roles/cloudbuild.builds.editor"
                        },
                        "meta": {},
                        "tainted": false
                    },
                    "deposed": [],
                    "provider": "provider.google"
                },
                "google_project_iam_member.cloudfunctions_developer.0": {
                    "type": "google_project_iam_member",
                    "depends_on": [
                        "google_project_service.project_services"
                    ],
                    "primary": {
                        "id": "falabella-catalyst-bu-dev/roles/cloudfunctions.developer/user:rpatel@falabella.cl",
                        "attributes": {
                            "etag": "BwWyzbwUdOs=",
                            "id": "falabella-catalyst-bu-dev/roles/cloudfunctions.developer/user:rpatel@falabella.cl",
                            "member": "user:rpatel@falabella.cl",
                            "project": "falabella-catalyst-bu-dev",
                            "role": "roles/cloudfunctions.developer"
                        },
                        "meta": {},
                        "tainted": false
                    },
                    "deposed": [],
                    "provider": "provider.google"
                },
                "google_project_iam_member.cloudfunctions_developer.1": {
                    "type": "google_project_iam_member",
                    "depends_on": [
                        "google_project_service.project_services"
                    ],
                    "primary": {
                        "id": "falabella-catalyst-bu-dev/roles/cloudfunctions.developer/user:ext_fmoro@falabella.cl",
                        "attributes": {
                            "etag": "BwWyzbwUdOs=",
                            "id": "falabella-catalyst-bu-dev/roles/cloudfunctions.developer/user:ext_fmoro@falabella.cl",
                            "member": "user:ext_fmoro@falabella.cl",
                            "project": "falabella-catalyst-bu-dev",
                            "role": "roles/cloudfunctions.developer"
                        },
                        "meta": {},
                        "tainted": false
                    },
                    "deposed": [],
                    "provider": "provider.google"
                },
                "google_project_iam_member.cloudfunctions_developer.2": {
                    "type": "google_project_iam_member",
                    "depends_on": [
                        "google_project_service.project_services"
                    ],
                    "primary": {
                        "id": "falabella-catalyst-bu-dev/roles/cloudfunctions.developer/user:ext_meliasremedi@falabella.cl",
                        "attributes": {
                            "etag": "BwWyzbwUdOs=",
                            "id": "falabella-catalyst-bu-dev/roles/cloudfunctions.developer/user:ext_meliasremedi@falabella.cl",
                            "member": "user:ext_meliasremedi@falabella.cl",
                            "project": "falabella-catalyst-bu-dev",
                            "role": "roles/cloudfunctions.developer"
                        },
                        "meta": {},
                        "tainted": false
                    },
                    "deposed": [],
                    "provider": "provider.google"
                },
                "google_project_iam_member.cloudfunctions_owner.0": {
                    "type": "google_project_iam_member",
                    "depends_on": [
                        "google_project_service.project_services"
                    ],
                    "primary": {
                        "id": "falabella-catalyst-bu-dev/roles/cloudfunctions.admin/user:sbasavarajappa@falabella.cl",
                        "attributes": {
                            "etag": "BwWyzbwUdOs=",
                            "id": "falabella-catalyst-bu-dev/roles/cloudfunctions.admin/user:sbasavarajappa@falabella.cl",
                            "member": "user:sbasavarajappa@falabella.cl",
                            "project": "falabella-catalyst-bu-dev",
                            "role": "roles/cloudfunctions.admin"
                        },
                        "meta": {},
                        "tainted": false
                    },
                    "deposed": [],
                    "provider": "provider.google"
                },
                "google_project_iam_member.cloudfunctions_owner.1": {
                    "type": "google_project_iam_member",
                    "depends_on": [
                        "google_project_service.project_services"
                    ],
                    "primary": {
                        "id": "falabella-catalyst-bu-dev/roles/cloudfunctions.admin/user:rjesparza@falabella.cl",
                        "attributes": {
                            "etag": "BwWyzbwUdOs=",
                            "id": "falabella-catalyst-bu-dev/roles/cloudfunctions.admin/user:rjesparza@falabella.cl",
                            "member": "user:rjesparza@falabella.cl",
                            "project": "falabella-catalyst-bu-dev",
                            "role": "roles/cloudfunctions.admin"
                        },
                        "meta": {},
                        "tainted": false
                    },
                    "deposed": [],
                    "provider": "provider.google"
                },
                "google_project_iam_member.cloudfunctions_owner.2": {
                    "type": "google_project_iam_member",
                    "depends_on": [
                        "google_project_service.project_services"
                    ],
                    "primary": {
                        "id": "falabella-catalyst-bu-dev/roles/cloudfunctions.admin/user:udhinakar@falabella.cl",
                        "attributes": {
                            "etag": "BwWyzbwUdOs=",
                            "id": "falabella-catalyst-bu-dev/roles/cloudfunctions.admin/user:udhinakar@falabella.cl",
                            "member": "user:udhinakar@falabella.cl",
                            "project": "falabella-catalyst-bu-dev",
                            "role": "roles/cloudfunctions.admin"
                        },
                        "meta": {},
                        "tainted": false
                    },
                    "deposed": [],
                    "provider": "provider.google"
                },
                "google_project_iam_member.cloudfunctions_owner.3": {
                    "type": "google_project_iam_member",
                    "depends_on": [
                        "google_project_service.project_services"
                    ],
                    "primary": {
                        "id": "falabella-catalyst-bu-dev/roles/cloudfunctions.admin/user:sgoel@falabella.cl",
                        "attributes": {
                            "etag": "BwWyzbwUdOs=",
                            "id": "falabella-catalyst-bu-dev/roles/cloudfunctions.admin/user:sgoel@falabella.cl",
                            "member": "user:sgoel@falabella.cl",
                            "project": "falabella-catalyst-bu-dev",
                            "role": "roles/cloudfunctions.admin"
                        },
                        "meta": {},
                        "tainted": false
                    },
                    "deposed": [],
                    "provider": "provider.google"
                },
                "google_project_iam_member.cloudfunctions_owner.4": {
                    "type": "google_project_iam_member",
                    "depends_on": [
                        "google_project_service.project_services"
                    ],
                    "primary": {
                        "id": "falabella-catalyst-bu-dev/roles/cloudfunctions.admin/user:vnete@falabella.cl",
                        "attributes": {
                            "etag": "BwWyzbwUdOs=",
                            "id": "falabella-catalyst-bu-dev/roles/cloudfunctions.admin/user:vnete@falabella.cl",
                            "member": "user:vnete@falabella.cl",
                            "project": "falabella-catalyst-bu-dev",
                            "role": "roles/cloudfunctions.admin"
                        },
                        "meta": {},
                        "tainted": false
                    },
                    "deposed": [],
                    "provider": "provider.google"
                },
                "google_project_iam_member.cloudfunctions_owner.5": {
                    "type": "google_project_iam_member",
                    "depends_on": [
                        "google_project_service.project_services"
                    ],
                    "primary": {
                        "id": "falabella-catalyst-bu-dev/roles/cloudfunctions.admin/user:rpatel@falabella.cl",
                        "attributes": {
                            "etag": "BwWyzbwUdOs=",
                            "id": "falabella-catalyst-bu-dev/roles/cloudfunctions.admin/user:rpatel@falabella.cl",
                            "member": "user:rpatel@falabella.cl",
                            "project": "falabella-catalyst-bu-dev",
                            "role": "roles/cloudfunctions.admin"
                        },
                        "meta": {},
                        "tainted": false
                    },
                    "deposed": [],
                    "provider": "provider.google"
                },
                "google_project_iam_member.cloudscheduler_admin": {
                    "type": "google_project_iam_member",
                    "depends_on": [
                        "google_project_service.project_services"
                    ],
                    "primary": {
                        "id": "falabella-catalyst-bu-dev/roles/cloudscheduler.admin/user:sbasavarajappa@falabella.cl",
                        "attributes": {
                            "etag": "BwWyzbwUdOs=",
                            "id": "falabella-catalyst-bu-dev/roles/cloudscheduler.admin/user:sbasavarajappa@falabella.cl",
                            "member": "user:sbasavarajappa@falabella.cl",
                            "project": "falabella-catalyst-bu-dev",
                            "role": "roles/cloudscheduler.admin"
                        },
                        "meta": {},
                        "tainted": false
                    },
                    "deposed": [],
                    "provider": "provider.google"
                },
                "google_project_iam_member.cloudscheduler_jobRunner": {
                    "type": "google_project_iam_member",
                    "depends_on": [
                        "google_project_service.project_services"
                    ],
                    "primary": {
                        "id": "falabella-catalyst-bu-dev/roles/cloudscheduler.jobRunner/user:pkulkarni@falabella.cl",
                        "attributes": {
                            "etag": "BwWyzbwUdOs=",
                            "id": "falabella-catalyst-bu-dev/roles/cloudscheduler.jobRunner/user:pkulkarni@falabella.cl",
                            "member": "user:pkulkarni@falabella.cl",
                            "project": "falabella-catalyst-bu-dev",
                            "role": "roles/cloudscheduler.jobRunner"
                        },
                        "meta": {},
                        "tainted": false
                    },
                    "deposed": [],
                    "provider": "provider.google"
                },
                "google_project_iam_member.dataflow_admin": {
                    "type": "google_project_iam_member",
                    "depends_on": [
                        "google_project_service.project_services"
                    ],
                    "primary": {
                        "id": "falabella-catalyst-bu-dev/roles/dataflow.admin/user:sbasavarajappa@falabella.cl",
                        "attributes": {
                            "etag": "BwWyzbwUdOs=",
                            "id": "falabella-catalyst-bu-dev/roles/dataflow.admin/user:sbasavarajappa@falabella.cl",
                            "member": "user:sbasavarajappa@falabella.cl",
                            "project": "falabella-catalyst-bu-dev",
                            "role": "roles/dataflow.admin"
                        },
                        "meta": {},
                        "tainted": false
                    },
                    "deposed": [],
                    "provider": "provider.google"
                },
                "google_project_iam_member.deployment_service_account_iam.0": {
                    "type": "google_project_iam_member",
                    "depends_on": [
                        "google_service_account.deployment_service_account"
                    ],
                    "primary": {
                        "id": "falabella-catalyst-bu-dev/roles/container.developer/serviceAccount:app-deployment@falabella-catalyst-bu-dev.iam.gserviceaccount.com",
                        "attributes": {
                            "etag": "BwWyzbwUdOs=",
                            "id": "falabella-catalyst-bu-dev/roles/container.developer/serviceAccount:app-deployment@falabella-catalyst-bu-dev.iam.gserviceaccount.com",
                            "member": "serviceAccount:app-deployment@falabella-catalyst-bu-dev.iam.gserviceaccount.com",
                            "project": "falabella-catalyst-bu-dev",
                            "role": "roles/container.developer"
                        },
                        "meta": {},
                        "tainted": false
                    },
                    "deposed": [],
                    "provider": "provider.google"
                },
                "google_project_iam_member.deployment_service_account_iam.1": {
                    "type": "google_project_iam_member",
                    "depends_on": [
                        "google_service_account.deployment_service_account"
                    ],
                    "primary": {
                        "id": "falabella-catalyst-bu-dev/roles/storage.admin/serviceAccount:app-deployment@falabella-catalyst-bu-dev.iam.gserviceaccount.com",
                        "attributes": {
                            "etag": "BwWyzbwUdOs=",
                            "id": "falabella-catalyst-bu-dev/roles/storage.admin/serviceAccount:app-deployment@falabella-catalyst-bu-dev.iam.gserviceaccount.com",
                            "member": "serviceAccount:app-deployment@falabella-catalyst-bu-dev.iam.gserviceaccount.com",
                            "project": "falabella-catalyst-bu-dev",
                            "role": "roles/storage.admin"
                        },
                        "meta": {},
                        "tainted": false
                    },
                    "deposed": [],
                    "provider": "provider.google"
                },
                "google_project_iam_member.deployment_service_account_iam.2": {
                    "type": "google_project_iam_member",
                    "depends_on": [
                        "google_service_account.deployment_service_account"
                    ],
                    "primary": {
                        "id": "falabella-catalyst-bu-dev/roles/dataflow.admin/serviceAccount:app-deployment@falabella-catalyst-bu-dev.iam.gserviceaccount.com",
                        "attributes": {
                            "etag": "BwWyzbwUdOs=",
                            "id": "falabella-catalyst-bu-dev/roles/dataflow.admin/serviceAccount:app-deployment@falabella-catalyst-bu-dev.iam.gserviceaccount.com",
                            "member": "serviceAccount:app-deployment@falabella-catalyst-bu-dev.iam.gserviceaccount.com",
                            "project": "falabella-catalyst-bu-dev",
                            "role": "roles/dataflow.admin"
                        },
                        "meta": {},
                        "tainted": false
                    },
                    "deposed": [],
                    "provider": "provider.google"
                },
                "google_project_iam_member.di_pubsub_account_iam": {
                    "type": "google_project_iam_member",
                    "depends_on": [
                        "google_service_account.di_pubsub_account"
                    ],
                    "primary": {
                        "id": "falabella-catalyst-bu-dev/roles/iam.serviceAccountTokenCreator/serviceAccount:di-push-pubsub-user@falabella-catalyst-bu-dev.iam.gserviceaccount.com",
                        "attributes": {
                            "etag": "BwWyzbwUdOs=",
                            "id": "falabella-catalyst-bu-dev/roles/iam.serviceAccountTokenCreator/serviceAccount:di-push-pubsub-user@falabella-catalyst-bu-dev.iam.gserviceaccount.com",
                            "member": "serviceAccount:di-push-pubsub-user@falabella-catalyst-bu-dev.iam.gserviceaccount.com",
                            "project": "falabella-catalyst-bu-dev",
                            "role": "roles/iam.serviceAccountTokenCreator"
                        },
                        "meta": {},
                        "tainted": false
                    },
                    "deposed": [],
                    "provider": "provider.google"
                },
                "google_project_iam_member.di_service_account_iam.0": {
                    "type": "google_project_iam_member",
                    "depends_on": [
                        "google_service_account.di_service_account"
                    ],
                    "primary": {
                        "id": "falabella-catalyst-bu-dev/roles/pubsub.editor/serviceAccount:data-ingestion-service@falabella-catalyst-bu-dev.iam.gserviceaccount.com",
                        "attributes": {
                            "etag": "BwWyzbwUdOs=",
                            "id": "falabella-catalyst-bu-dev/roles/pubsub.editor/serviceAccount:data-ingestion-service@falabella-catalyst-bu-dev.iam.gserviceaccount.com",
                            "member": "serviceAccount:data-ingestion-service@falabella-catalyst-bu-dev.iam.gserviceaccount.com",
                            "project": "falabella-catalyst-bu-dev",
                            "role": "roles/pubsub.editor"
                        },
                        "meta": {},
                        "tainted": false
                    },
                    "deposed": [],
                    "provider": "provider.google"
                },
                "google_project_iam_member.di_service_account_iam.1": {
                    "type": "google_project_iam_member",
                    "depends_on": [
                        "google_service_account.di_service_account"
                    ],
                    "primary": {
                        "id": "falabella-catalyst-bu-dev/roles/datastore.owner/serviceAccount:data-ingestion-service@falabella-catalyst-bu-dev.iam.gserviceaccount.com",
                        "attributes": {
                            "etag": "BwWyzbwUdOs=",
                            "id": "falabella-catalyst-bu-dev/roles/datastore.owner/serviceAccount:data-ingestion-service@falabella-catalyst-bu-dev.iam.gserviceaccount.com",
                            "member": "serviceAccount:data-ingestion-service@falabella-catalyst-bu-dev.iam.gserviceaccount.com",
                            "project": "falabella-catalyst-bu-dev",
                            "role": "roles/datastore.owner"
                        },
                        "meta": {},
                        "tainted": false
                    },
                    "deposed": [],
                    "provider": "provider.google"
                },
                "google_project_iam_member.editor.0": {
                    "type": "google_project_iam_member",
                    "depends_on": [
                        "google_project_service.project_services"
                    ],
                    "primary": {
                        "id": "falabella-catalyst-bu-dev/roles/editor/user:akothai@falabella.cl",
                        "attributes": {
                            "etag": "BwWyzbwUdOs=",
                            "id": "falabella-catalyst-bu-dev/roles/editor/user:akothai@falabella.cl",
                            "member": "user:akothai@falabella.cl",
                            "project": "falabella-catalyst-bu-dev",
                            "role": "roles/editor"
                        },
                        "meta": {},
                        "tainted": false
                    },
                    "deposed": [],
                    "provider": "provider.google"
                },
                "google_project_iam_member.editor.1": {
                    "type": "google_project_iam_member",
                    "depends_on": [
                        "google_project_service.project_services"
                    ],
                    "primary": {
                        "id": "falabella-catalyst-bu-dev/roles/editor/user:jmarin@falabella.cl",
                        "attributes": {
                            "etag": "BwWyzbwUdOs=",
                            "id": "falabella-catalyst-bu-dev/roles/editor/user:jmarin@falabella.cl",
                            "member": "user:jmarin@falabella.cl",
                            "project": "falabella-catalyst-bu-dev",
                            "role": "roles/editor"
                        },
                        "meta": {},
                        "tainted": false
                    },
                    "deposed": [],
                    "provider": "provider.google"
                },
                "google_project_iam_member.editor.2": {
                    "type": "google_project_iam_member",
                    "depends_on": [
                        "google_project_service.project_services"
                    ],
                    "primary": {
                        "id": "falabella-catalyst-bu-dev/roles/editor/user:geseriche@falabella.cl",
                        "attributes": {
                            "etag": "BwWyzbwUdOs=",
                            "id": "falabella-catalyst-bu-dev/roles/editor/user:geseriche@falabella.cl",
                            "member": "user:geseriche@falabella.cl",
                            "project": "falabella-catalyst-bu-dev",
                            "role": "roles/editor"
                        },
                        "meta": {},
                        "tainted": false
                    },
                    "deposed": [],
                    "provider": "provider.google"
                },
                "google_project_iam_member.editor.3": {
                    "type": "google_project_iam_member",
                    "depends_on": [
                        "google_project_service.project_services"
                    ],
                    "primary": {
                        "id": "falabella-catalyst-bu-dev/roles/editor/user:cpvasquez@falabella.cl",
                        "attributes": {
                            "etag": "BwWyzbwUdOs=",
                            "id": "falabella-catalyst-bu-dev/roles/editor/user:cpvasquez@falabella.cl",
                            "member": "user:cpvasquez@falabella.cl",
                            "project": "falabella-catalyst-bu-dev",
                            "role": "roles/editor"
                        },
                        "meta": {},
                        "tainted": false
                    },
                    "deposed": [],
                    "provider": "provider.google"
                },
                "google_project_iam_member.editor.4": {
                    "type": "google_project_iam_member",
                    "depends_on": [
                        "google_project_service.project_services"
                    ],
                    "primary": {
                        "id": "falabella-catalyst-bu-dev/roles/editor/user:udhinakar@falabella.cl",
                        "attributes": {
                            "etag": "BwWyzbwUdOs=",
                            "id": "falabella-catalyst-bu-dev/roles/editor/user:udhinakar@falabella.cl",
                            "member": "user:udhinakar@falabella.cl",
                            "project": "falabella-catalyst-bu-dev",
                            "role": "roles/editor"
                        },
                        "meta": {},
                        "tainted": false
                    },
                    "deposed": [],
                    "provider": "provider.google"
                },
                "google_project_iam_member.editor.5": {
                    "type": "google_project_iam_member",
                    "depends_on": [
                        "google_project_service.project_services"
                    ],
                    "primary": {
                        "id": "falabella-catalyst-bu-dev/roles/editor/user:rjesparza@falabella.cl",
                        "attributes": {
                            "etag": "BwWyzbwUdOs=",
                            "id": "falabella-catalyst-bu-dev/roles/editor/user:rjesparza@falabella.cl",
                            "member": "user:rjesparza@falabella.cl",
                            "project": "falabella-catalyst-bu-dev",
                            "role": "roles/editor"
                        },
                        "meta": {},
                        "tainted": false
                    },
                    "deposed": [],
                    "provider": "provider.google"
                },
                "google_project_iam_member.editor.6": {
                    "type": "google_project_iam_member",
                    "depends_on": [
                        "google_project_service.project_services"
                    ],
                    "primary": {
                        "id": "falabella-catalyst-bu-dev/roles/editor/user:ext_iabelmar@falabella.cl",
                        "attributes": {
                            "etag": "BwWyzbwUdOs=",
                            "id": "falabella-catalyst-bu-dev/roles/editor/user:ext_iabelmar@falabella.cl",
                            "member": "user:ext_iabelmar@falabella.cl",
                            "project": "falabella-catalyst-bu-dev",
                            "role": "roles/editor"
                        },
                        "meta": {},
                        "tainted": false
                    },
                    "deposed": [],
                    "provider": "provider.google"
                },
                "google_project_iam_member.falabella_content_service_account_iam.0": {
                    "type": "google_project_iam_member",
                    "depends_on": [
                        "google_service_account.falabella_content_service_account"
                    ],
                    "primary": {
                        "id": "falabella-catalyst-bu-dev/roles/clouddebugger.agent/serviceAccount:falabella-content-service@falabella-catalyst-bu-dev.iam.gserviceaccount.com",
                        "attributes": {
                            "etag": "BwWyzbwUdOs=",
                            "id": "falabella-catalyst-bu-dev/roles/clouddebugger.agent/serviceAccount:falabella-content-service@falabella-catalyst-bu-dev.iam.gserviceaccount.com",
                            "member": "serviceAccount:falabella-content-service@falabella-catalyst-bu-dev.iam.gserviceaccount.com",
                            "project": "falabella-catalyst-bu-dev",
                            "role": "roles/clouddebugger.agent"
                        },
                        "meta": {},
                        "tainted": false
                    },
                    "deposed": [],
                    "provider": "provider.google"
                },
                "google_project_iam_member.falabella_content_service_account_iam.1": {
                    "type": "google_project_iam_member",
                    "depends_on": [
                        "google_service_account.falabella_content_service_account"
                    ],
                    "primary": {
                        "id": "falabella-catalyst-bu-dev/roles/cloudprofiler.agent/serviceAccount:falabella-content-service@falabella-catalyst-bu-dev.iam.gserviceaccount.com",
                        "attributes": {
                            "etag": "BwWyzbwUdOs=",
                            "id": "falabella-catalyst-bu-dev/roles/cloudprofiler.agent/serviceAccount:falabella-content-service@falabella-catalyst-bu-dev.iam.gserviceaccount.com",
                            "member": "serviceAccount:falabella-content-service@falabella-catalyst-bu-dev.iam.gserviceaccount.com",
                            "project": "falabella-catalyst-bu-dev",
                            "role": "roles/cloudprofiler.agent"
                        },
                        "meta": {},
                        "tainted": false
                    },
                    "deposed": [],
                    "provider": "provider.google"
                },
                "google_project_iam_member.firebase_owner.0": {
                    "type": "google_project_iam_member",
                    "depends_on": [
                        "google_project_service.project_services"
                    ],
                    "primary": {
                        "id": "falabella-catalyst-bu-dev/roles/firebase.admin/user:radones@falabella.cl",
                        "attributes": {
                            "etag": "BwWyzbwUdOs=",
                            "id": "falabella-catalyst-bu-dev/roles/firebase.admin/user:radones@falabella.cl",
                            "member": "user:radones@falabella.cl",
                            "project": "falabella-catalyst-bu-dev",
                            "role": "roles/firebase.admin"
                        },
                        "meta": {},
                        "tainted": false
                    },
                    "deposed": [],
                    "provider": "provider.google"
                },
                "google_project_iam_member.firebase_owner.1": {
                    "type": "google_project_iam_member",
                    "depends_on": [
                        "google_project_service.project_services"
                    ],
                    "primary": {
                        "id": "falabella-catalyst-bu-dev/roles/firebase.admin/user:jmarin@falabella.cl",
                        "attributes": {
                            "etag": "BwWyzbwUdOs=",
                            "id": "falabella-catalyst-bu-dev/roles/firebase.admin/user:jmarin@falabella.cl",
                            "member": "user:jmarin@falabella.cl",
                            "project": "falabella-catalyst-bu-dev",
                            "role": "roles/firebase.admin"
                        },
                        "meta": {},
                        "tainted": false
                    },
                    "deposed": [],
                    "provider": "provider.google"
                },
                "google_project_iam_member.firestore_owner.0": {
                    "type": "google_project_iam_member",
                    "depends_on": [
                        "google_project_service.project_services"
                    ],
                    "primary": {
                        "id": "falabella-catalyst-bu-dev/roles/datastore.owner/user:sbasavarajappa@falabella.cl",
                        "attributes": {
                            "etag": "BwWyzbwUdOs=",
                            "id": "falabella-catalyst-bu-dev/roles/datastore.owner/user:sbasavarajappa@falabella.cl",
                            "member": "user:sbasavarajappa@falabella.cl",
                            "project": "falabella-catalyst-bu-dev",
                            "role": "roles/datastore.owner"
                        },
                        "meta": {},
                        "tainted": false
                    },
                    "deposed": [],
                    "provider": "provider.google"
                },
                "google_project_iam_member.firestore_owner.1": {
                    "type": "google_project_iam_member",
                    "depends_on": [
                        "google_project_service.project_services"
                    ],
                    "primary": {
                        "id": "falabella-catalyst-bu-dev/roles/datastore.owner/user:ext_danimartinezn@falabella.cl",
                        "attributes": {
                            "etag": "BwWyzbwUdOs=",
                            "id": "falabella-catalyst-bu-dev/roles/datastore.owner/user:ext_danimartinezn@falabella.cl",
                            "member": "user:ext_danimartinezn@falabella.cl",
                            "project": "falabella-catalyst-bu-dev",
                            "role": "roles/datastore.owner"
                        },
                        "meta": {},
                        "tainted": false
                    },
                    "deposed": [],
                    "provider": "provider.google"
                },
                "google_project_iam_member.firestore_owner.10": {
                    "type": "google_project_iam_member",
                    "depends_on": [
                        "google_project_service.project_services"
                    ],
                    "primary": {
                        "id": "falabella-catalyst-bu-dev/roles/datastore.owner/user:ext_mjjimenez@falabella.cl",
                        "attributes": {
                            "etag": "BwWyzbwUdOs=",
                            "id": "falabella-catalyst-bu-dev/roles/datastore.owner/user:ext_mjjimenez@falabella.cl",
                            "member": "user:ext_mjjimenez@falabella.cl",
                            "project": "falabella-catalyst-bu-dev",
                            "role": "roles/datastore.owner"
                        },
                        "meta": {},
                        "tainted": false
                    },
                    "deposed": [],
                    "provider": "provider.google"
                },
                "google_project_iam_member.firestore_owner.11": {
                    "type": "google_project_iam_member",
                    "depends_on": [
                        "google_project_service.project_services"
                    ],
                    "primary": {
                        "id": "falabella-catalyst-bu-dev/roles/datastore.owner/user:ext_alejserenam@falabella.cl",
                        "attributes": {
                            "etag": "BwWyzbwUdOs=",
                            "id": "falabella-catalyst-bu-dev/roles/datastore.owner/user:ext_alejserenam@falabella.cl",
                            "member": "user:ext_alejserenam@falabella.cl",
                            "project": "falabella-catalyst-bu-dev",
                            "role": "roles/datastore.owner"
                        },
                        "meta": {},
                        "tainted": false
                    },
                    "deposed": [],
                    "provider": "provider.google"
                },
                "google_project_iam_member.firestore_owner.12": {
                    "type": "google_project_iam_member",
                    "depends_on": [
                        "google_project_service.project_services"
                    ],
                    "primary": {
                        "id": "falabella-catalyst-bu-dev/roles/datastore.owner/user:vnete@falabella.cl",
                        "attributes": {
                            "etag": "BwWyzbwUdOs=",
                            "id": "falabella-catalyst-bu-dev/roles/datastore.owner/user:vnete@falabella.cl",
                            "member": "user:vnete@falabella.cl",
                            "project": "falabella-catalyst-bu-dev",
                            "role": "roles/datastore.owner"
                        },
                        "meta": {},
                        "tainted": false
                    },
                    "deposed": [],
                    "provider": "provider.google"
                },
                "google_project_iam_member.firestore_owner.13": {
                    "type": "google_project_iam_member",
                    "depends_on": [
                        "google_project_service.project_services"
                    ],
                    "primary": {
                        "id": "falabella-catalyst-bu-dev/roles/datastore.owner/user:ext_aupadhyay@falabella.cl",
                        "attributes": {
                            "etag": "BwWyzbwUdOs=",
                            "id": "falabella-catalyst-bu-dev/roles/datastore.owner/user:ext_aupadhyay@falabella.cl",
                            "member": "user:ext_aupadhyay@falabella.cl",
                            "project": "falabella-catalyst-bu-dev",
                            "role": "roles/datastore.owner"
                        },
                        "meta": {},
                        "tainted": false
                    },
                    "deposed": [],
                    "provider": "provider.google"
                },
                "google_project_iam_member.firestore_owner.14": {
                    "type": "google_project_iam_member",
                    "depends_on": [
                        "google_project_service.project_services"
                    ],
                    "primary": {
                        "id": "falabella-catalyst-bu-dev/roles/datastore.owner/user:ext_janthernandezm@falabella.cl",
                        "attributes": {
                            "etag": "BwWyzbwUdOs=",
                            "id": "falabella-catalyst-bu-dev/roles/datastore.owner/user:ext_janthernandezm@falabella.cl",
                            "member": "user:ext_janthernandezm@falabella.cl",
                            "project": "falabella-catalyst-bu-dev",
                            "role": "roles/datastore.owner"
                        },
                        "meta": {},
                        "tainted": false
                    },
                    "deposed": [],
                    "provider": "provider.google"
                },
                "google_project_iam_member.firestore_owner.15": {
                    "type": "google_project_iam_member",
                    "depends_on": [
                        "google_project_service.project_services"
                    ],
                    "primary": {
                        "id": "falabella-catalyst-bu-dev/roles/datastore.owner/user:ext_lmsoler@falabella.cl",
                        "attributes": {
                            "etag": "BwWyzbwUdOs=",
                            "id": "falabella-catalyst-bu-dev/roles/datastore.owner/user:ext_lmsoler@falabella.cl",
                            "member": "user:ext_lmsoler@falabella.cl",
                            "project": "falabella-catalyst-bu-dev",
                            "role": "roles/datastore.owner"
                        },
                        "meta": {},
                        "tainted": false
                    },
                    "deposed": [],
                    "provider": "provider.google"
                },
                "google_project_iam_member.firestore_owner.16": {
                    "type": "google_project_iam_member",
                    "depends_on": [
                        "google_project_service.project_services"
                    ],
                    "primary": {
                        "id": "falabella-catalyst-bu-dev/roles/datastore.owner/user:dario.cammertoni@devgurus.io",
                        "attributes": {
                            "etag": "BwWzLJ2YX9g=",
                            "id": "falabella-catalyst-bu-dev/roles/datastore.owner/user:dario.cammertoni@devgurus.io",
                            "member": "user:dario.cammertoni@devgurus.io",
                            "project": "falabella-catalyst-bu-dev",
                            "role": "roles/datastore.owner"
                        },
                        "meta": {},
                        "tainted": false
                    },
                    "deposed": [],
                    "provider": "provider.google"
                },
                "google_project_iam_member.firestore_owner.17": {
                    "type": "google_project_iam_member",
                    "depends_on": [
                        "google_project_service.project_services"
                    ],
                    "primary": {
                        "id": "falabella-catalyst-bu-dev/roles/datastore.owner/user:nico@devgurus.io",
                        "attributes": {
                            "etag": "BwWzLJ2YX9g=",
                            "id": "falabella-catalyst-bu-dev/roles/datastore.owner/user:nico@devgurus.io",
                            "member": "user:nico@devgurus.io",
                            "project": "falabella-catalyst-bu-dev",
                            "role": "roles/datastore.owner"
                        },
                        "meta": {},
                        "tainted": false
                    },
                    "deposed": [],
                    "provider": "provider.google"
                },
                "google_project_iam_member.firestore_owner.18": {
                    "type": "google_project_iam_member",
                    "depends_on": [
                        "google_project_service.project_services"
                    ],
                    "primary": {
                        "id": "falabella-catalyst-bu-dev/roles/datastore.owner/user:ext_jdmancilla@falabella.cl",
                        "attributes": {
                            "etag": "BwWyzbwUdOs=",
                            "id": "falabella-catalyst-bu-dev/roles/datastore.owner/user:ext_jdmancilla@falabella.cl",
                            "member": "user:ext_jdmancilla@falabella.cl",
                            "project": "falabella-catalyst-bu-dev",
                            "role": "roles/datastore.owner"
                        },
                        "meta": {},
                        "tainted": false
                    },
                    "deposed": [],
                    "provider": "provider.google"
                },
                "google_project_iam_member.firestore_owner.2": {
                    "type": "google_project_iam_member",
                    "depends_on": [
                        "google_project_service.project_services"
                    ],
                    "primary": {
                        "id": "falabella-catalyst-bu-dev/roles/datastore.owner/user:ext_igmachadom@falabella.cl",
                        "attributes": {
                            "etag": "BwWyzbwUdOs=",
                            "id": "falabella-catalyst-bu-dev/roles/datastore.owner/user:ext_igmachadom@falabella.cl",
                            "member": "user:ext_igmachadom@falabella.cl",
                            "project": "falabella-catalyst-bu-dev",
                            "role": "roles/datastore.owner"
                        },
                        "meta": {},
                        "tainted": false
                    },
                    "deposed": [],
                    "provider": "provider.google"
                },
                "google_project_iam_member.firestore_owner.3": {
                    "type": "google_project_iam_member",
                    "depends_on": [
                        "google_project_service.project_services"
                    ],
                    "primary": {
                        "id": "falabella-catalyst-bu-dev/roles/datastore.owner/user:ext_fmoro@falabella.cl",
                        "attributes": {
                            "etag": "BwWyzbwUdOs=",
                            "id": "falabella-catalyst-bu-dev/roles/datastore.owner/user:ext_fmoro@falabella.cl",
                            "member": "user:ext_fmoro@falabella.cl",
                            "project": "falabella-catalyst-bu-dev",
                            "role": "roles/datastore.owner"
                        },
                        "meta": {},
                        "tainted": false
                    },
                    "deposed": [],
                    "provider": "provider.google"
                },
                "google_project_iam_member.firestore_owner.4": {
                    "type": "google_project_iam_member",
                    "depends_on": [
                        "google_project_service.project_services"
                    ],
                    "primary": {
                        "id": "falabella-catalyst-bu-dev/roles/datastore.owner/user:ext_fvillagar@falabella.cl",
                        "attributes": {
                            "etag": "BwWyzbwUdOs=",
                            "id": "falabella-catalyst-bu-dev/roles/datastore.owner/user:ext_fvillagar@falabella.cl",
                            "member": "user:ext_fvillagar@falabella.cl",
                            "project": "falabella-catalyst-bu-dev",
                            "role": "roles/datastore.owner"
                        },
                        "meta": {},
                        "tainted": false
                    },
                    "deposed": [],
                    "provider": "provider.google"
                },
                "google_project_iam_member.firestore_owner.5": {
                    "type": "google_project_iam_member",
                    "depends_on": [
                        "google_project_service.project_services"
                    ],
                    "primary": {
                        "id": "falabella-catalyst-bu-dev/roles/datastore.owner/user:ext_sermaragones@falabella.cl",
                        "attributes": {
                            "etag": "BwWyzbwUdOs=",
                            "id": "falabella-catalyst-bu-dev/roles/datastore.owner/user:ext_sermaragones@falabella.cl",
                            "member": "user:ext_sermaragones@falabella.cl",
                            "project": "falabella-catalyst-bu-dev",
                            "role": "roles/datastore.owner"
                        },
                        "meta": {},
                        "tainted": false
                    },
                    "deposed": [],
                    "provider": "provider.google"
                },
                "google_project_iam_member.firestore_owner.6": {
                    "type": "google_project_iam_member",
                    "depends_on": [
                        "google_project_service.project_services"
                    ],
                    "primary": {
                        "id": "falabella-catalyst-bu-dev/roles/datastore.owner/user:ext_rdelriocat@falabella.cl",
                        "attributes": {
                            "etag": "BwWyzbwUdOs=",
                            "id": "falabella-catalyst-bu-dev/roles/datastore.owner/user:ext_rdelriocat@falabella.cl",
                            "member": "user:ext_rdelriocat@falabella.cl",
                            "project": "falabella-catalyst-bu-dev",
                            "role": "roles/datastore.owner"
                        },
                        "meta": {},
                        "tainted": false
                    },
                    "deposed": [],
                    "provider": "provider.google"
                },
                "google_project_iam_member.firestore_owner.7": {
                    "type": "google_project_iam_member",
                    "depends_on": [
                        "google_project_service.project_services"
                    ],
                    "primary": {
                        "id": "falabella-catalyst-bu-dev/roles/datastore.owner/user:ext_nicoberceros@falabella.cl",
                        "attributes": {
                            "etag": "BwWyzbwUdOs=",
                            "id": "falabella-catalyst-bu-dev/roles/datastore.owner/user:ext_nicoberceros@falabella.cl",
                            "member": "user:ext_nicoberceros@falabella.cl",
                            "project": "falabella-catalyst-bu-dev",
                            "role": "roles/datastore.owner"
                        },
                        "meta": {},
                        "tainted": false
                    },
                    "deposed": [],
                    "provider": "provider.google"
                },
                "google_project_iam_member.firestore_owner.8": {
                    "type": "google_project_iam_member",
                    "depends_on": [
                        "google_project_service.project_services"
                    ],
                    "primary": {
                        "id": "falabella-catalyst-bu-dev/roles/datastore.owner/user:ext_meliasremedi@falabella.cl",
                        "attributes": {
                            "etag": "BwWyzbwUdOs=",
                            "id": "falabella-catalyst-bu-dev/roles/datastore.owner/user:ext_meliasremedi@falabella.cl",
                            "member": "user:ext_meliasremedi@falabella.cl",
                            "project": "falabella-catalyst-bu-dev",
                            "role": "roles/datastore.owner"
                        },
                        "meta": {},
                        "tainted": false
                    },
                    "deposed": [],
                    "provider": "provider.google"
                },
                "google_project_iam_member.firestore_owner.9": {
                    "type": "google_project_iam_member",
                    "depends_on": [
                        "google_project_service.project_services"
                    ],
                    "primary": {
                        "id": "falabella-catalyst-bu-dev/roles/datastore.owner/user:ext_fjgomezg@falabella.cl",
                        "attributes": {
                            "etag": "BwWyzbwUdOs=",
                            "id": "falabella-catalyst-bu-dev/roles/datastore.owner/user:ext_fjgomezg@falabella.cl",
                            "member": "user:ext_fjgomezg@falabella.cl",
                            "project": "falabella-catalyst-bu-dev",
                            "role": "roles/datastore.owner"
                        },
                        "meta": {},
                        "tainted": false
                    },
                    "deposed": [],
                    "provider": "provider.google"
                },
                "google_project_iam_member.firestore_user.0": {
                    "type": "google_project_iam_member",
                    "depends_on": [
                        "google_project_service.project_services"
                    ],
                    "primary": {
                        "id": "falabella-catalyst-bu-dev/roles/datastore.user/user:ext_chandhann@falabella.cl",
                        "attributes": {
                            "etag": "BwWyzbwUdOs=",
                            "id": "falabella-catalyst-bu-dev/roles/datastore.user/user:ext_chandhann@falabella.cl",
                            "member": "user:ext_chandhann@falabella.cl",
                            "project": "falabella-catalyst-bu-dev",
                            "role": "roles/datastore.user"
                        },
                        "meta": {},
                        "tainted": false
                    },
                    "deposed": [],
                    "provider": "provider.google"
                },
                "google_project_iam_member.firestore_user.1": {
                    "type": "google_project_iam_member",
                    "depends_on": [
                        "google_project_service.project_services"
                    ],
                    "primary": {
                        "id": "falabella-catalyst-bu-dev/roles/datastore.user/user:pkulkarni@falabella.cl",
                        "attributes": {
                            "etag": "BwWyzbwUdOs=",
                            "id": "falabella-catalyst-bu-dev/roles/datastore.user/user:pkulkarni@falabella.cl",
                            "member": "user:pkulkarni@falabella.cl",
                            "project": "falabella-catalyst-bu-dev",
                            "role": "roles/datastore.user"
                        },
                        "meta": {},
                        "tainted": false
                    },
                    "deposed": [],
                    "provider": "provider.google"
                },
                "google_project_iam_member.firestore_viewer.0": {
                    "type": "google_project_iam_member",
                    "depends_on": [
                        "google_project_service.project_services"
                    ],
                    "primary": {
                        "id": "falabella-catalyst-bu-dev/roles/datastore.viewer/user:ext_aupadhyay@falabella.cl",
                        "attributes": {
                            "etag": "BwWyzbwUdOs=",
                            "id": "falabella-catalyst-bu-dev/roles/datastore.viewer/user:ext_aupadhyay@falabella.cl",
                            "member": "user:ext_aupadhyay@falabella.cl",
                            "project": "falabella-catalyst-bu-dev",
                            "role": "roles/datastore.viewer"
                        },
                        "meta": {},
                        "tainted": false
                    },
                    "deposed": [],
                    "provider": "provider.google"
                },
                "google_project_iam_member.firestore_viewer.1": {
                    "type": "google_project_iam_member",
                    "depends_on": [
                        "google_project_service.project_services"
                    ],
                    "primary": {
                        "id": "falabella-catalyst-bu-dev/roles/datastore.viewer/user:ext_rgangarde@falabella.cl",
                        "attributes": {
                            "etag": "BwWyzbwUdOs=",
                            "id": "falabella-catalyst-bu-dev/roles/datastore.viewer/user:ext_rgangarde@falabella.cl",
                            "member": "user:ext_rgangarde@falabella.cl",
                            "project": "falabella-catalyst-bu-dev",
                            "role": "roles/datastore.viewer"
                        },
                        "meta": {},
                        "tainted": false
                    },
                    "deposed": [],
                    "provider": "provider.google"
                },
                "google_project_iam_member.firestore_viewer.2": {
                    "type": "google_project_iam_member",
                    "depends_on": [
                        "google_project_service.project_services"
                    ],
                    "primary": {
                        "id": "falabella-catalyst-bu-dev/roles/datastore.viewer/user:ext_sgagneja@falabella.cl",
                        "attributes": {
                            "etag": "BwWyzbwUdOs=",
                            "id": "falabella-catalyst-bu-dev/roles/datastore.viewer/user:ext_sgagneja@falabella.cl",
                            "member": "user:ext_sgagneja@falabella.cl",
                            "project": "falabella-catalyst-bu-dev",
                            "role": "roles/datastore.viewer"
                        },
                        "meta": {},
                        "tainted": false
                    },
                    "deposed": [],
                    "provider": "provider.google"
                },
                "google_project_iam_member.firestore_viewer.3": {
                    "type": "google_project_iam_member",
                    "depends_on": [
                        "google_project_service.project_services"
                    ],
                    "primary": {
                        "id": "falabella-catalyst-bu-dev/roles/datastore.viewer/user:ext_rghosh@falabella.cl",
                        "attributes": {
                            "etag": "BwWyzbwUdOs=",
                            "id": "falabella-catalyst-bu-dev/roles/datastore.viewer/user:ext_rghosh@falabella.cl",
                            "member": "user:ext_rghosh@falabella.cl",
                            "project": "falabella-catalyst-bu-dev",
                            "role": "roles/datastore.viewer"
                        },
                        "meta": {},
                        "tainted": false
                    },
                    "deposed": [],
                    "provider": "provider.google"
                },
                "google_project_iam_member.grafana_iam": {
                    "type": "google_project_iam_member",
                    "depends_on": [
                        "google_service_account.grafana"
                    ],
                    "primary": {
                        "id": "falabella-catalyst-bu-dev/roles/monitoring.viewer/serviceaccount:grafana-monitoring@falabella-catalyst-bu-dev.iam.gserviceaccount.com",
                        "attributes": {
                            "etag": "BwWyzbwUdOs=",
                            "id": "falabella-catalyst-bu-dev/roles/monitoring.viewer/serviceaccount:grafana-monitoring@falabella-catalyst-bu-dev.iam.gserviceaccount.com",
                            "member": "serviceAccount:grafana-monitoring@falabella-catalyst-bu-dev.iam.gserviceaccount.com",
                            "project": "falabella-catalyst-bu-dev",
                            "role": "roles/monitoring.viewer"
                        },
                        "meta": {},
                        "tainted": false
                    },
                    "deposed": [],
                    "provider": "provider.google"
                },
                "google_project_iam_member.kubernetes_developer": {
                    "type": "google_project_iam_member",
                    "depends_on": [
                        "google_project_service.project_services"
                    ],
                    "primary": {
                        "id": "falabella-catalyst-bu-dev/roles/container.developer/user:ext_janthernandezm@falabella.cl",
                        "attributes": {
                            "etag": "BwWyzbwUdOs=",
                            "id": "falabella-catalyst-bu-dev/roles/container.developer/user:ext_janthernandezm@falabella.cl",
                            "member": "user:ext_janthernandezm@falabella.cl",
                            "project": "falabella-catalyst-bu-dev",
                            "role": "roles/container.developer"
                        },
                        "meta": {},
                        "tainted": false
                    },
                    "deposed": [],
                    "provider": "provider.google"
                },
                "google_project_iam_member.log_based_dashboard_creator.0": {
                    "type": "google_project_iam_member",
                    "depends_on": [
                        "google_project_service.project_services"
                    ],
                    "primary": {
                        "id": "falabella-catalyst-bu-dev/roles/logging.configWriter/user:ext_nbhat@falabella.cl",
                        "attributes": {
                            "etag": "BwWyzbwUdOs=",
                            "id": "falabella-catalyst-bu-dev/roles/logging.configWriter/user:ext_nbhat@falabella.cl",
                            "member": "user:ext_nbhat@falabella.cl",
                            "project": "falabella-catalyst-bu-dev",
                            "role": "roles/logging.configWriter"
                        },
                        "meta": {},
                        "tainted": false
                    },
                    "deposed": [],
                    "provider": "provider.google"
                },
                "google_project_iam_member.log_based_dashboard_creator.1": {
                    "type": "google_project_iam_member",
                    "depends_on": [
                        "google_project_service.project_services"
                    ],
                    "primary": {
                        "id": "falabella-catalyst-bu-dev/roles/logging.configWriter/user:ext_kranganathan@falabella.cl",
                        "attributes": {
                            "etag": "BwWyzbwUdOs=",
                            "id": "falabella-catalyst-bu-dev/roles/logging.configWriter/user:ext_kranganathan@falabella.cl",
                            "member": "user:ext_kranganathan@falabella.cl",
                            "project": "falabella-catalyst-bu-dev",
                            "role": "roles/logging.configWriter"
                        },
                        "meta": {},
                        "tainted": false
                    },
                    "deposed": [],
                    "provider": "provider.google"
                },
                "google_project_iam_member.log_based_dashboard_creator.10": {
                    "type": "google_project_iam_member",
                    "depends_on": [
                        "google_project_service.project_services"
                    ],
                    "primary": {
                        "id": "falabella-catalyst-bu-dev/roles/logging.configWriter/user:bjose@falabella.cl",
                        "attributes": {
                            "etag": "BwWyzbwUdOs=",
                            "id": "falabella-catalyst-bu-dev/roles/logging.configWriter/user:bjose@falabella.cl",
                            "member": "user:bjose@falabella.cl",
                            "project": "falabella-catalyst-bu-dev",
                            "role": "roles/logging.configWriter"
                        },
                        "meta": {},
                        "tainted": false
                    },
                    "deposed": [],
                    "provider": "provider.google"
                },
                "google_project_iam_member.log_based_dashboard_creator.11": {
                    "type": "google_project_iam_member",
                    "depends_on": [
                        "google_project_service.project_services"
                    ],
                    "primary": {
                        "id": "falabella-catalyst-bu-dev/roles/logging.configWriter/user:jatorresr@falabella.cl",
                        "attributes": {
                            "etag": "BwWyzbwUdOs=",
                            "id": "falabella-catalyst-bu-dev/roles/logging.configWriter/user:jatorresr@falabella.cl",
                            "member": "user:jatorresr@falabella.cl",
                            "project": "falabella-catalyst-bu-dev",
                            "role": "roles/logging.configWriter"
                        },
                        "meta": {},
                        "tainted": false
                    },
                    "deposed": [],
                    "provider": "provider.google"
                },
                "google_project_iam_member.log_based_dashboard_creator.12": {
                    "type": "google_project_iam_member",
                    "depends_on": [
                        "google_project_service.project_services"
                    ],
                    "primary": {
                        "id": "falabella-catalyst-bu-dev/roles/logging.configWriter/user:ext_pladhar@falabella.cl",
                        "attributes": {
                            "etag": "BwWyzbwUdOs=",
                            "id": "falabella-catalyst-bu-dev/roles/logging.configWriter/user:ext_pladhar@falabella.cl",
                            "member": "user:ext_pladhar@falabella.cl",
                            "project": "falabella-catalyst-bu-dev",
                            "role": "roles/logging.configWriter"
                        },
                        "meta": {},
                        "tainted": false
                    },
                    "deposed": [],
                    "provider": "provider.google"
                },
                "google_project_iam_member.log_based_dashboard_creator.13": {
                    "type": "google_project_iam_member",
                    "depends_on": [
                        "google_project_service.project_services"
                    ],
                    "primary": {
                        "id": "falabella-catalyst-bu-dev/roles/logging.configWriter/user:akothai@falabella.cl",
                        "attributes": {
                            "etag": "BwWyzbwUdOs=",
                            "id": "falabella-catalyst-bu-dev/roles/logging.configWriter/user:akothai@falabella.cl",
                            "member": "user:akothai@falabella.cl",
                            "project": "falabella-catalyst-bu-dev",
                            "role": "roles/logging.configWriter"
                        },
                        "meta": {},
                        "tainted": false
                    },
                    "deposed": [],
                    "provider": "provider.google"
                },
                "google_project_iam_member.log_based_dashboard_creator.14": {
                    "type": "google_project_iam_member",
                    "depends_on": [
                        "google_project_service.project_services"
                    ],
                    "primary": {
                        "id": "falabella-catalyst-bu-dev/roles/logging.configWriter/user:hpagadimarri@falabella.cl",
                        "attributes": {
                            "etag": "BwWyzbwUdOs=",
                            "id": "falabella-catalyst-bu-dev/roles/logging.configWriter/user:hpagadimarri@falabella.cl",
                            "member": "user:hpagadimarri@falabella.cl",
                            "project": "falabella-catalyst-bu-dev",
                            "role": "roles/logging.configWriter"
                        },
                        "meta": {},
                        "tainted": false
                    },
                    "deposed": [],
                    "provider": "provider.google"
                },
                "google_project_iam_member.log_based_dashboard_creator.15": {
                    "type": "google_project_iam_member",
                    "depends_on": [
                        "google_project_service.project_services"
                    ],
                    "primary": {
                        "id": "falabella-catalyst-bu-dev/roles/logging.configWriter/user:rmishra@falabella.cl",
                        "attributes": {
                            "etag": "BwWyzbwUdOs=",
                            "id": "falabella-catalyst-bu-dev/roles/logging.configWriter/user:rmishra@falabella.cl",
                            "member": "user:rmishra@falabella.cl",
                            "project": "falabella-catalyst-bu-dev",
                            "role": "roles/logging.configWriter"
                        },
                        "meta": {},
                        "tainted": false
                    },
                    "deposed": [],
                    "provider": "provider.google"
                },
                "google_project_iam_member.log_based_dashboard_creator.16": {
                    "type": "google_project_iam_member",
                    "depends_on": [
                        "google_project_service.project_services"
                    ],
                    "primary": {
                        "id": "falabella-catalyst-bu-dev/roles/logging.configWriter/user:arconejeros@falabella.cl",
                        "attributes": {
                            "etag": "BwWyzbwUdOs=",
                            "id": "falabella-catalyst-bu-dev/roles/logging.configWriter/user:arconejeros@falabella.cl",
                            "member": "user:arconejeros@falabella.cl",
                            "project": "falabella-catalyst-bu-dev",
                            "role": "roles/logging.configWriter"
                        },
                        "meta": {},
                        "tainted": false
                    },
                    "deposed": [],
                    "provider": "provider.google"
                },
                "google_project_iam_member.log_based_dashboard_creator.17": {
                    "type": "google_project_iam_member",
                    "depends_on": [
                        "google_project_service.project_services"
                    ],
                    "primary": {
                        "id": "falabella-catalyst-bu-dev/roles/logging.configWriter/user:ext_sramirezv@falabella.cl",
                        "attributes": {
                            "etag": "BwWyzbwUdOs=",
                            "id": "falabella-catalyst-bu-dev/roles/logging.configWriter/user:ext_sramirezv@falabella.cl",
                            "member": "user:ext_sramirezv@falabella.cl",
                            "project": "falabella-catalyst-bu-dev",
                            "role": "roles/logging.configWriter"
                        },
                        "meta": {},
                        "tainted": false
                    },
                    "deposed": [],
                    "provider": "provider.google"
                },
                "google_project_iam_member.log_based_dashboard_creator.18": {
                    "type": "google_project_iam_member",
                    "depends_on": [
                        "google_project_service.project_services"
                    ],
                    "primary": {
                        "id": "falabella-catalyst-bu-dev/roles/logging.configWriter/user:jmarin@falabella.cl",
                        "attributes": {
                            "etag": "BwWyzbwUdOs=",
                            "id": "falabella-catalyst-bu-dev/roles/logging.configWriter/user:jmarin@falabella.cl",
                            "member": "user:jmarin@falabella.cl",
                            "project": "falabella-catalyst-bu-dev",
                            "role": "roles/logging.configWriter"
                        },
                        "meta": {},
                        "tainted": false
                    },
                    "deposed": [],
                    "provider": "provider.google"
                },
                "google_project_iam_member.log_based_dashboard_creator.19": {
                    "type": "google_project_iam_member",
                    "depends_on": [
                        "google_project_service.project_services"
                    ],
                    "primary": {
                        "id": "falabella-catalyst-bu-dev/roles/logging.configWriter/user:vnete@falabella.cl",
                        "attributes": {
                            "etag": "BwWyzbwUdOs=",
                            "id": "falabella-catalyst-bu-dev/roles/logging.configWriter/user:vnete@falabella.cl",
                            "member": "user:vnete@falabella.cl",
                            "project": "falabella-catalyst-bu-dev",
                            "role": "roles/logging.configWriter"
                        },
                        "meta": {},
                        "tainted": false
                    },
                    "deposed": [],
                    "provider": "provider.google"
                },
                "google_project_iam_member.log_based_dashboard_creator.2": {
                    "type": "google_project_iam_member",
                    "depends_on": [
                        "google_project_service.project_services"
                    ],
                    "primary": {
                        "id": "falabella-catalyst-bu-dev/roles/logging.configWriter/user:ext_krishnarajar@falabella.cl",
                        "attributes": {
                            "etag": "BwWyzbwUdOs=",
                            "id": "falabella-catalyst-bu-dev/roles/logging.configWriter/user:ext_krishnarajar@falabella.cl",
                            "member": "user:ext_krishnarajar@falabella.cl",
                            "project": "falabella-catalyst-bu-dev",
                            "role": "roles/logging.configWriter"
                        },
                        "meta": {},
                        "tainted": false
                    },
                    "deposed": [],
                    "provider": "provider.google"
                },
                "google_project_iam_member.log_based_dashboard_creator.20": {
                    "type": "google_project_iam_member",
                    "depends_on": [
                        "google_project_service.project_services"
                    ],
                    "primary": {
                        "id": "falabella-catalyst-bu-dev/roles/logging.configWriter/user:ext_dquinchavil@falabella.cl",
                        "attributes": {
                            "etag": "BwWyzbwUdOs=",
                            "id": "falabella-catalyst-bu-dev/roles/logging.configWriter/user:ext_dquinchavil@falabella.cl",
                            "member": "user:ext_dquinchavil@falabella.cl",
                            "project": "falabella-catalyst-bu-dev",
                            "role": "roles/logging.configWriter"
                        },
                        "meta": {},
                        "tainted": false
                    },
                    "deposed": [],
                    "provider": "provider.google"
                },
                "google_project_iam_member.log_based_dashboard_creator.21": {
                    "type": "google_project_iam_member",
                    "depends_on": [
                        "google_project_service.project_services"
                    ],
                    "primary": {
                        "id": "falabella-catalyst-bu-dev/roles/logging.configWriter/user:kkumarp@falabella.cl",
                        "attributes": {
                            "etag": "BwWyzbwUdOs=",
                            "id": "falabella-catalyst-bu-dev/roles/logging.configWriter/user:kkumarp@falabella.cl",
                            "member": "user:kkumarp@falabella.cl",
                            "project": "falabella-catalyst-bu-dev",
                            "role": "roles/logging.configWriter"
                        },
                        "meta": {},
                        "tainted": false
                    },
                    "deposed": [],
                    "provider": "provider.google"
                },
                "google_project_iam_member.log_based_dashboard_creator.22": {
                    "type": "google_project_iam_member",
                    "depends_on": [
                        "google_project_service.project_services"
                    ],
                    "primary": {
                        "id": "falabella-catalyst-bu-dev/roles/logging.configWriter/user:ext_fmoro@falabella.cl",
                        "attributes": {
                            "etag": "BwWyzbwUdOs=",
                            "id": "falabella-catalyst-bu-dev/roles/logging.configWriter/user:ext_fmoro@falabella.cl",
                            "member": "user:ext_fmoro@falabella.cl",
                            "project": "falabella-catalyst-bu-dev",
                            "role": "roles/logging.configWriter"
                        },
                        "meta": {},
                        "tainted": false
                    },
                    "deposed": [],
                    "provider": "provider.google"
                },
                "google_project_iam_member.log_based_dashboard_creator.23": {
                    "type": "google_project_iam_member",
                    "depends_on": [
                        "google_project_service.project_services"
                    ],
                    "primary": {
                        "id": "falabella-catalyst-bu-dev/roles/logging.configWriter/user:ext_meliasremedi@falabella.cl",
                        "attributes": {
                            "etag": "BwWyzbwUdOs=",
                            "id": "falabella-catalyst-bu-dev/roles/logging.configWriter/user:ext_meliasremedi@falabella.cl",
                            "member": "user:ext_meliasremedi@falabella.cl",
                            "project": "falabella-catalyst-bu-dev",
                            "role": "roles/logging.configWriter"
                        },
                        "meta": {},
                        "tainted": false
                    },
                    "deposed": [],
                    "provider": "provider.google"
                },
                "google_project_iam_member.log_based_dashboard_creator.24": {
                    "type": "google_project_iam_member",
                    "depends_on": [
                        "google_project_service.project_services"
                    ],
                    "primary": {
                        "id": "falabella-catalyst-bu-dev/roles/logging.configWriter/user:ext_janthernandezm@falabella.cl",
                        "attributes": {
                            "etag": "BwWyzbwUdOs=",
                            "id": "falabella-catalyst-bu-dev/roles/logging.configWriter/user:ext_janthernandezm@falabella.cl",
                            "member": "user:ext_janthernandezm@falabella.cl",
                            "project": "falabella-catalyst-bu-dev",
                            "role": "roles/logging.configWriter"
                        },
                        "meta": {},
                        "tainted": false
                    },
                    "deposed": [],
                    "provider": "provider.google"
                },
                "google_project_iam_member.log_based_dashboard_creator.25": {
                    "type": "google_project_iam_member",
                    "depends_on": [
                        "google_project_service.project_services"
                    ],
                    "primary": {
                        "id": "falabella-catalyst-bu-dev/roles/logging.configWriter/user:ext_lmsoler@falabella.cl",
                        "attributes": {
                            "etag": "BwWyzbwUdOs=",
                            "id": "falabella-catalyst-bu-dev/roles/logging.configWriter/user:ext_lmsoler@falabella.cl",
                            "member": "user:ext_lmsoler@falabella.cl",
                            "project": "falabella-catalyst-bu-dev",
                            "role": "roles/logging.configWriter"
                        },
                        "meta": {},
                        "tainted": false
                    },
                    "deposed": [],
                    "provider": "provider.google"
                },
                "google_project_iam_member.log_based_dashboard_creator.3": {
                    "type": "google_project_iam_member",
                    "depends_on": [
                        "google_project_service.project_services"
                    ],
                    "primary": {
                        "id": "falabella-catalyst-bu-dev/roles/logging.configWriter/user:ext_vdeverakonda@falabella.cl",
                        "attributes": {
                            "etag": "BwWyzbwUdOs=",
                            "id": "falabella-catalyst-bu-dev/roles/logging.configWriter/user:ext_vdeverakonda@falabella.cl",
                            "member": "user:ext_vdeverakonda@falabella.cl",
                            "project": "falabella-catalyst-bu-dev",
                            "role": "roles/logging.configWriter"
                        },
                        "meta": {},
                        "tainted": false
                    },
                    "deposed": [],
                    "provider": "provider.google"
                },
                "google_project_iam_member.log_based_dashboard_creator.4": {
                    "type": "google_project_iam_member",
                    "depends_on": [
                        "google_project_service.project_services"
                    ],
                    "primary": {
                        "id": "falabella-catalyst-bu-dev/roles/logging.configWriter/user:ext_pcharles@falabella.cl",
                        "attributes": {
                            "etag": "BwWyzbwUdOs=",
                            "id": "falabella-catalyst-bu-dev/roles/logging.configWriter/user:ext_pcharles@falabella.cl",
                            "member": "user:ext_pcharles@falabella.cl",
                            "project": "falabella-catalyst-bu-dev",
                            "role": "roles/logging.configWriter"
                        },
                        "meta": {},
                        "tainted": false
                    },
                    "deposed": [],
                    "provider": "provider.google"
                },
                "google_project_iam_member.log_based_dashboard_creator.5": {
                    "type": "google_project_iam_member",
                    "depends_on": [
                        "google_project_service.project_services"
                    ],
                    "primary": {
                        "id": "falabella-catalyst-bu-dev/roles/logging.configWriter/user:ext_draj@falabella.cl",
                        "attributes": {
                            "etag": "BwWyzbwUdOs=",
                            "id": "falabella-catalyst-bu-dev/roles/logging.configWriter/user:ext_draj@falabella.cl",
                            "member": "user:ext_draj@falabella.cl",
                            "project": "falabella-catalyst-bu-dev",
                            "role": "roles/logging.configWriter"
                        },
                        "meta": {},
                        "tainted": false
                    },
                    "deposed": [],
                    "provider": "provider.google"
                },
                "google_project_iam_member.log_based_dashboard_creator.6": {
                    "type": "google_project_iam_member",
                    "depends_on": [
                        "google_project_service.project_services"
                    ],
                    "primary": {
                        "id": "falabella-catalyst-bu-dev/roles/logging.configWriter/user:rpatel@falabella.cl",
                        "attributes": {
                            "etag": "BwWyzbwUdOs=",
                            "id": "falabella-catalyst-bu-dev/roles/logging.configWriter/user:rpatel@falabella.cl",
                            "member": "user:rpatel@falabella.cl",
                            "project": "falabella-catalyst-bu-dev",
                            "role": "roles/logging.configWriter"
                        },
                        "meta": {},
                        "tainted": false
                    },
                    "deposed": [],
                    "provider": "provider.google"
                },
                "google_project_iam_member.log_based_dashboard_creator.7": {
                    "type": "google_project_iam_member",
                    "depends_on": [
                        "google_project_service.project_services"
                    ],
                    "primary": {
                        "id": "falabella-catalyst-bu-dev/roles/logging.configWriter/user:ext_hdavilad@falabella.cl",
                        "attributes": {
                            "etag": "BwWyzbwUdOs=",
                            "id": "falabella-catalyst-bu-dev/roles/logging.configWriter/user:ext_hdavilad@falabella.cl",
                            "member": "user:ext_hdavilad@falabella.cl",
                            "project": "falabella-catalyst-bu-dev",
                            "role": "roles/logging.configWriter"
                        },
                        "meta": {},
                        "tainted": false
                    },
                    "deposed": [],
                    "provider": "provider.google"
                },
                "google_project_iam_member.log_based_dashboard_creator.8": {
                    "type": "google_project_iam_member",
                    "depends_on": [
                        "google_project_service.project_services"
                    ],
                    "primary": {
                        "id": "falabella-catalyst-bu-dev/roles/logging.configWriter/user:ext_sroy@falabella.cl",
                        "attributes": {
                            "etag": "BwWyzbwUdOs=",
                            "id": "falabella-catalyst-bu-dev/roles/logging.configWriter/user:ext_sroy@falabella.cl",
                            "member": "user:ext_sroy@falabella.cl",
                            "project": "falabella-catalyst-bu-dev",
                            "role": "roles/logging.configWriter"
                        },
                        "meta": {},
                        "tainted": false
                    },
                    "deposed": [],
                    "provider": "provider.google"
                },
                "google_project_iam_member.log_based_dashboard_creator.9": {
                    "type": "google_project_iam_member",
                    "depends_on": [
                        "google_project_service.project_services"
                    ],
                    "primary": {
                        "id": "falabella-catalyst-bu-dev/roles/logging.configWriter/user:ext_mshaikh@falabella.cl",
                        "attributes": {
                            "etag": "BwWyzbwUdOs=",
                            "id": "falabella-catalyst-bu-dev/roles/logging.configWriter/user:ext_mshaikh@falabella.cl",
                            "member": "user:ext_mshaikh@falabella.cl",
                            "project": "falabella-catalyst-bu-dev",
                            "role": "roles/logging.configWriter"
                        },
                        "meta": {},
                        "tainted": false
                    },
                    "deposed": [],
                    "provider": "provider.google"
                },
                "google_project_iam_member.monitoring_admin.0": {
                    "type": "google_project_iam_member",
                    "depends_on": [
                        "google_project_service.project_services"
                    ],
                    "primary": {
                        "id": "falabella-catalyst-bu-dev/roles/monitoring.admin/user:lanabalon@falabella.cl",
                        "attributes": {
                            "etag": "BwWyzbwUdOs=",
                            "id": "falabella-catalyst-bu-dev/roles/monitoring.admin/user:lanabalon@falabella.cl",
                            "member": "user:lanabalon@falabella.cl",
                            "project": "falabella-catalyst-bu-dev",
                            "role": "roles/monitoring.admin"
                        },
                        "meta": {},
                        "tainted": false
                    },
                    "deposed": [],
                    "provider": "provider.google"
                },
                "google_project_iam_member.monitoring_admin.1": {
                    "type": "google_project_iam_member",
                    "depends_on": [
                        "google_project_service.project_services"
                    ],
                    "primary": {
                        "id": "falabella-catalyst-bu-dev/roles/monitoring.admin/user:bbalachandran@falabella.cl",
                        "attributes": {
                            "etag": "BwWyzbwUdOs=",
                            "id": "falabella-catalyst-bu-dev/roles/monitoring.admin/user:bbalachandran@falabella.cl",
                            "member": "user:bbalachandran@falabella.cl",
                            "project": "falabella-catalyst-bu-dev",
                            "role": "roles/monitoring.admin"
                        },
                        "meta": {},
                        "tainted": false
                    },
                    "deposed": [],
                    "provider": "provider.google"
                },
                "google_project_iam_member.monitoring_admin.2": {
                    "type": "google_project_iam_member",
                    "depends_on": [
                        "google_project_service.project_services"
                    ],
                    "primary": {
                        "id": "falabella-catalyst-bu-dev/roles/monitoring.admin/user:hkaulase@falabella.cl",
                        "attributes": {
                            "etag": "BwWyzbwUdOs=",
                            "id": "falabella-catalyst-bu-dev/roles/monitoring.admin/user:hkaulase@falabella.cl",
                            "member": "user:hkaulase@falabella.cl",
                            "project": "falabella-catalyst-bu-dev",
                            "role": "roles/monitoring.admin"
                        },
                        "meta": {},
                        "tainted": false
                    },
                    "deposed": [],
                    "provider": "provider.google"
                },
                "google_project_iam_member.monitoring_admin.3": {
                    "type": "google_project_iam_member",
                    "depends_on": [
                        "google_project_service.project_services"
                    ],
                    "primary": {
                        "id": "falabella-catalyst-bu-dev/roles/monitoring.admin/user:ntglaves@falabella.cl",
                        "attributes": {
                            "etag": "BwWyzbwUdOs=",
                            "id": "falabella-catalyst-bu-dev/roles/monitoring.admin/user:ntglaves@falabella.cl",
                            "member": "user:ntglaves@falabella.cl",
                            "project": "falabella-catalyst-bu-dev",
                            "role": "roles/monitoring.admin"
                        },
                        "meta": {},
                        "tainted": false
                    },
                    "deposed": [],
                    "provider": "provider.google"
                },
                "google_project_iam_member.owner.0": {
                    "type": "google_project_iam_member",
                    "depends_on": [
                        "google_project_service.project_services"
                    ],
                    "primary": {
                        "id": "falabella-catalyst-bu-dev/roles/owner/user:ext_kranganathan@falabella.cl",
                        "attributes": {
                            "etag": "BwWyzbwUdOs=",
                            "id": "falabella-catalyst-bu-dev/roles/owner/user:ext_kranganathan@falabella.cl",
                            "member": "user:ext_kranganathan@falabella.cl",
                            "project": "falabella-catalyst-bu-dev",
                            "role": "roles/owner"
                        },
                        "meta": {},
                        "tainted": false
                    },
                    "deposed": [],
                    "provider": "provider.google"
                },
                "google_project_iam_member.owner.1": {
                    "type": "google_project_iam_member",
                    "depends_on": [
                        "google_project_service.project_services"
                    ],
                    "primary": {
                        "id": "falabella-catalyst-bu-dev/roles/owner/user:ext_rsambasivam@falabella.cl",
                        "attributes": {
                            "etag": "BwWyzbwUdOs=",
                            "id": "falabella-catalyst-bu-dev/roles/owner/user:ext_rsambasivam@falabella.cl",
                            "member": "user:ext_rsambasivam@falabella.cl",
                            "project": "falabella-catalyst-bu-dev",
                            "role": "roles/owner"
                        },
                        "meta": {},
                        "tainted": false
                    },
                    "deposed": [],
                    "provider": "provider.google"
                },
                "google_project_iam_member.owner.2": {
                    "type": "google_project_iam_member",
                    "depends_on": [
                        "google_project_service.project_services"
                    ],
                    "primary": {
                        "id": "falabella-catalyst-bu-dev/roles/owner/user:adeshmukh@falabella.cl",
                        "attributes": {
                            "etag": "BwWyzbwUdOs=",
                            "id": "falabella-catalyst-bu-dev/roles/owner/user:adeshmukh@falabella.cl",
                            "member": "user:adeshmukh@falabella.cl",
                            "project": "falabella-catalyst-bu-dev",
                            "role": "roles/owner"
                        },
                        "meta": {},
                        "tainted": false
                    },
                    "deposed": [],
                    "provider": "provider.google"
                },
                "google_project_iam_member.owner.3": {
                    "type": "google_project_iam_member",
                    "depends_on": [
                        "google_project_service.project_services"
                    ],
                    "primary": {
                        "id": "falabella-catalyst-bu-dev/roles/owner/user:sgoel@falabella.cl",
                        "attributes": {
                            "etag": "BwWyzbwUdOs=",
                            "id": "falabella-catalyst-bu-dev/roles/owner/user:sgoel@falabella.cl",
                            "member": "user:sgoel@falabella.cl",
                            "project": "falabella-catalyst-bu-dev",
                            "role": "roles/owner"
                        },
                        "meta": {},
                        "tainted": false
                    },
                    "deposed": [],
                    "provider": "provider.google"
                },
                "google_project_iam_member.owner.4": {
                    "type": "google_project_iam_member",
                    "depends_on": [
                        "google_project_service.project_services"
                    ],
                    "primary": {
                        "id": "falabella-catalyst-bu-dev/roles/owner/user:sgeorge@falabella.cl",
                        "attributes": {
                            "etag": "BwWyzbwUdOs=",
                            "id": "falabella-catalyst-bu-dev/roles/owner/user:sgeorge@falabella.cl",
                            "member": "user:sgeorge@falabella.cl",
                            "project": "falabella-catalyst-bu-dev",
                            "role": "roles/owner"
                        },
                        "meta": {},
                        "tainted": false
                    },
                    "deposed": [],
                    "provider": "provider.google"
                },
                "google_project_iam_member.product_search_service_account_iam.0": {
                    "type": "google_project_iam_member",
                    "depends_on": [
                        "google_service_account.product_search_service_account"
                    ],
                    "primary": {
                        "id": "falabella-catalyst-bu-dev/roles/clouddebugger.agent/serviceAccount:product-search-service@falabella-catalyst-bu-dev.iam.gserviceaccount.com",
                        "attributes": {
                            "etag": "BwWyzbwUdOs=",
                            "id": "falabella-catalyst-bu-dev/roles/clouddebugger.agent/serviceAccount:product-search-service@falabella-catalyst-bu-dev.iam.gserviceaccount.com",
                            "member": "serviceAccount:product-search-service@falabella-catalyst-bu-dev.iam.gserviceaccount.com",
                            "project": "falabella-catalyst-bu-dev",
                            "role": "roles/clouddebugger.agent"
                        },
                        "meta": {},
                        "tainted": false
                    },
                    "deposed": [],
                    "provider": "provider.google"
                },
                "google_project_iam_member.product_search_service_account_iam.1": {
                    "type": "google_project_iam_member",
                    "depends_on": [
                        "google_service_account.product_search_service_account"
                    ],
                    "primary": {
                        "id": "falabella-catalyst-bu-dev/roles/cloudprofiler.agent/serviceAccount:product-search-service@falabella-catalyst-bu-dev.iam.gserviceaccount.com",
                        "attributes": {
                            "etag": "BwWyzbwUdOs=",
                            "id": "falabella-catalyst-bu-dev/roles/cloudprofiler.agent/serviceAccount:product-search-service@falabella-catalyst-bu-dev.iam.gserviceaccount.com",
                            "member": "serviceAccount:product-search-service@falabella-catalyst-bu-dev.iam.gserviceaccount.com",
                            "project": "falabella-catalyst-bu-dev",
                            "role": "roles/cloudprofiler.agent"
                        },
                        "meta": {},
                        "tainted": false
                    },
                    "deposed": [],
                    "provider": "provider.google"
                },
                "google_project_iam_member.pubsub_editor.0": {
                    "type": "google_project_iam_member",
                    "depends_on": [
                        "google_project_service.project_services"
                    ],
                    "primary": {
                        "id": "falabella-catalyst-bu-dev/roles/pubsub.editor/user:sbasavarajappa@falabella.cl",
                        "attributes": {
                            "etag": "BwWyzbwUdOs=",
                            "id": "falabella-catalyst-bu-dev/roles/pubsub.editor/user:sbasavarajappa@falabella.cl",
                            "member": "user:sbasavarajappa@falabella.cl",
                            "project": "falabella-catalyst-bu-dev",
                            "role": "roles/pubsub.editor"
                        },
                        "meta": {},
                        "tainted": false
                    },
                    "deposed": [],
                    "provider": "provider.google"
                },
                "google_project_iam_member.pubsub_editor.1": {
                    "type": "google_project_iam_member",
                    "depends_on": [
                        "google_project_service.project_services"
                    ],
                    "primary": {
                        "id": "falabella-catalyst-bu-dev/roles/pubsub.editor/user:pkulkarni@falabella.cl",
                        "attributes": {
                            "etag": "BwWyzbwUdOs=",
                            "id": "falabella-catalyst-bu-dev/roles/pubsub.editor/user:pkulkarni@falabella.cl",
                            "member": "user:pkulkarni@falabella.cl",
                            "project": "falabella-catalyst-bu-dev",
                            "role": "roles/pubsub.editor"
                        },
                        "meta": {},
                        "tainted": false
                    },
                    "deposed": [],
                    "provider": "provider.google"
                },
                "google_project_iam_member.pubsub_editor.2": {
                    "type": "google_project_iam_member",
                    "depends_on": [
                        "google_project_service.project_services"
                    ],
                    "primary": {
                        "id": "falabella-catalyst-bu-dev/roles/pubsub.editor/user:ext_dquinchavil@falabella.cl",
                        "attributes": {
                            "etag": "BwWyzbwUdOs=",
                            "id": "falabella-catalyst-bu-dev/roles/pubsub.editor/user:ext_dquinchavil@falabella.cl",
                            "member": "user:ext_dquinchavil@falabella.cl",
                            "project": "falabella-catalyst-bu-dev",
                            "role": "roles/pubsub.editor"
                        },
                        "meta": {},
                        "tainted": false
                    },
                    "deposed": [],
                    "provider": "provider.google"
                },
                "google_project_iam_member.pubsub_editor.3": {
                    "type": "google_project_iam_member",
                    "depends_on": [
                        "google_project_service.project_services"
                    ],
                    "primary": {
                        "id": "falabella-catalyst-bu-dev/roles/pubsub.editor/user:ext_chandhann@falabella.cl",
                        "attributes": {
                            "etag": "BwWyzbwUdOs=",
                            "id": "falabella-catalyst-bu-dev/roles/pubsub.editor/user:ext_chandhann@falabella.cl",
                            "member": "user:ext_chandhann@falabella.cl",
                            "project": "falabella-catalyst-bu-dev",
                            "role": "roles/pubsub.editor"
                        },
                        "meta": {},
                        "tainted": false
                    },
                    "deposed": [],
                    "provider": "provider.google"
                },
                "google_project_iam_member.pubsub_editor.4": {
                    "type": "google_project_iam_member",
                    "depends_on": [
                        "google_project_service.project_services"
                    ],
                    "primary": {
                        "id": "falabella-catalyst-bu-dev/roles/pubsub.editor/user:ext_aupadhyay@falabella.cl",
                        "attributes": {
                            "etag": "BwWyzbwUdOs=",
                            "id": "falabella-catalyst-bu-dev/roles/pubsub.editor/user:ext_aupadhyay@falabella.cl",
                            "member": "user:ext_aupadhyay@falabella.cl",
                            "project": "falabella-catalyst-bu-dev",
                            "role": "roles/pubsub.editor"
                        },
                        "meta": {},
                        "tainted": false
                    },
                    "deposed": [],
                    "provider": "provider.google"
                },
                "google_project_iam_member.pubsub_editor.5": {
                    "type": "google_project_iam_member",
                    "depends_on": [
                        "google_project_service.project_services"
                    ],
                    "primary": {
                        "id": "falabella-catalyst-bu-dev/roles/pubsub.editor/user:ext_rgangarde@falabella.cl",
                        "attributes": {
                            "etag": "BwWyzbwUdOs=",
                            "id": "falabella-catalyst-bu-dev/roles/pubsub.editor/user:ext_rgangarde@falabella.cl",
                            "member": "user:ext_rgangarde@falabella.cl",
                            "project": "falabella-catalyst-bu-dev",
                            "role": "roles/pubsub.editor"
                        },
                        "meta": {},
                        "tainted": false
                    },
                    "deposed": [],
                    "provider": "provider.google"
                },
                "google_project_iam_member.pubsub_editor.6": {
                    "type": "google_project_iam_member",
                    "depends_on": [
                        "google_project_service.project_services"
                    ],
                    "primary": {
                        "id": "falabella-catalyst-bu-dev/roles/pubsub.editor/user:ext_rghosh@falabella.cl",
                        "attributes": {
                            "etag": "BwWyzbwUdOs=",
                            "id": "falabella-catalyst-bu-dev/roles/pubsub.editor/user:ext_rghosh@falabella.cl",
                            "member": "user:ext_rghosh@falabella.cl",
                            "project": "falabella-catalyst-bu-dev",
                            "role": "roles/pubsub.editor"
                        },
                        "meta": {},
                        "tainted": false
                    },
                    "deposed": [],
                    "provider": "provider.google"
                },
                "google_project_iam_member.pubsub_editor.7": {
                    "type": "google_project_iam_member",
                    "depends_on": [
                        "google_project_service.project_services"
                    ],
                    "primary": {
                        "id": "falabella-catalyst-bu-dev/roles/pubsub.editor/user:ext_sgagneja@falabella.cl",
                        "attributes": {
                            "etag": "BwWyzbwUdOs=",
                            "id": "falabella-catalyst-bu-dev/roles/pubsub.editor/user:ext_sgagneja@falabella.cl",
                            "member": "user:ext_sgagneja@falabella.cl",
                            "project": "falabella-catalyst-bu-dev",
                            "role": "roles/pubsub.editor"
                        },
                        "meta": {},
                        "tainted": false
                    },
                    "deposed": [],
                    "provider": "provider.google"
                },
                "google_project_iam_member.pubsub_to_pubsub_iam_dataflow_service_agent": {
                    "type": "google_project_iam_member",
                    "depends_on": [
                        "google_service_account.pubsub_to_pubsub_dataflow"
                    ],
                    "primary": {
                        "id": "falabella-catalyst-bu-dev/roles/dataflow.worker/serviceAccount:oms-event-stream-df-service@falabella-catalyst-bu-dev.iam.gserviceaccount.com",
                        "attributes": {
                            "etag": "BwWyzbwUdOs=",
                            "id": "falabella-catalyst-bu-dev/roles/dataflow.worker/serviceAccount:oms-event-stream-df-service@falabella-catalyst-bu-dev.iam.gserviceaccount.com",
                            "member": "serviceAccount:oms-event-stream-df-service@falabella-catalyst-bu-dev.iam.gserviceaccount.com",
                            "project": "falabella-catalyst-bu-dev",
                            "role": "roles/dataflow.worker"
                        },
                        "meta": {},
                        "tainted": false
                    },
                    "deposed": [],
                    "provider": "provider.google"
                },
                "google_project_iam_member.pubsub_to_pubsub_iam_publisher": {
                    "type": "google_project_iam_member",
                    "depends_on": [
                        "google_service_account.pubsub_to_pubsub_dataflow"
                    ],
                    "primary": {
                        "id": "falabella-catalyst-bu-dev/roles/pubsub.publisher/serviceAccount:oms-event-stream-df-service@falabella-catalyst-bu-dev.iam.gserviceaccount.com",
                        "attributes": {
                            "etag": "BwWyzbwUdOs=",
                            "id": "falabella-catalyst-bu-dev/roles/pubsub.publisher/serviceAccount:oms-event-stream-df-service@falabella-catalyst-bu-dev.iam.gserviceaccount.com",
                            "member": "serviceAccount:oms-event-stream-df-service@falabella-catalyst-bu-dev.iam.gserviceaccount.com",
                            "project": "falabella-catalyst-bu-dev",
                            "role": "roles/pubsub.publisher"
                        },
                        "meta": {},
                        "tainted": false
                    },
                    "deposed": [],
                    "provider": "provider.google"
                },
                "google_project_iam_member.pubsub_viewer": {
                    "type": "google_project_iam_member",
                    "depends_on": [
                        "google_project_service.project_services"
                    ],
                    "primary": {
                        "id": "falabella-catalyst-bu-dev/roles/pubsub.viewer/user:ext_aupadhyay@falabella.cl",
                        "attributes": {
                            "etag": "BwWyzbwUdOs=",
                            "id": "falabella-catalyst-bu-dev/roles/pubsub.viewer/user:ext_aupadhyay@falabella.cl",
                            "member": "user:ext_aupadhyay@falabella.cl",
                            "project": "falabella-catalyst-bu-dev",
                            "role": "roles/pubsub.viewer"
                        },
                        "meta": {},
                        "tainted": false
                    },
                    "deposed": [],
                    "provider": "provider.google"
                },
                "google_project_iam_member.serviceAccount_Admin": {
                    "type": "google_project_iam_member",
                    "depends_on": [
                        "google_project_service.project_services"
                    ],
                    "primary": {
                        "id": "falabella-catalyst-bu-dev/roles/iam.serviceAccountAdmin/user:sbasavarajappa@falabella.cl",
                        "attributes": {
                            "etag": "BwWyzbwUdOs=",
                            "id": "falabella-catalyst-bu-dev/roles/iam.serviceAccountAdmin/user:sbasavarajappa@falabella.cl",
                            "member": "user:sbasavarajappa@falabella.cl",
                            "project": "falabella-catalyst-bu-dev",
                            "role": "roles/iam.serviceAccountAdmin"
                        },
                        "meta": {},
                        "tainted": false
                    },
                    "deposed": [],
                    "provider": "provider.google"
                },
                "google_project_iam_member.service_usage.0": {
                    "type": "google_project_iam_member",
                    "depends_on": [
                        "google_project_service.project_services"
                    ],
                    "primary": {
                        "id": "falabella-catalyst-bu-dev/roles/serviceusage.serviceUsageConsumer/user:ext_malejbarrera@falabella.cl",
                        "attributes": {
                            "etag": "BwWyzbwUdOs=",
                            "id": "falabella-catalyst-bu-dev/roles/serviceusage.serviceUsageConsumer/user:ext_malejbarrera@falabella.cl",
                            "member": "user:ext_malejbarrera@falabella.cl",
                            "project": "falabella-catalyst-bu-dev",
                            "role": "roles/serviceusage.serviceUsageConsumer"
                        },
                        "meta": {},
                        "tainted": false
                    },
                    "deposed": [],
                    "provider": "provider.google"
                },
                "google_project_iam_member.service_usage.1": {
                    "type": "google_project_iam_member",
                    "depends_on": [
                        "google_project_service.project_services"
                    ],
                    "primary": {
                        "id": "falabella-catalyst-bu-dev/roles/serviceusage.serviceUsageConsumer/user:ext_ibarreraa@falabella.cl",
                        "attributes": {
                            "etag": "BwWyzbwUdOs=",
                            "id": "falabella-catalyst-bu-dev/roles/serviceusage.serviceUsageConsumer/user:ext_ibarreraa@falabella.cl",
                            "member": "user:ext_ibarreraa@falabella.cl",
                            "project": "falabella-catalyst-bu-dev",
                            "role": "roles/serviceusage.serviceUsageConsumer"
                        },
                        "meta": {},
                        "tainted": false
                    },
                    "deposed": [],
                    "provider": "provider.google"
                },
                "google_project_iam_member.site_config_service_account_iam": {
                    "type": "google_project_iam_member",
                    "depends_on": [
                        "google_service_account.site_config_service_account"
                    ],
                    "primary": {
                        "id": "falabella-catalyst-bu-dev/roles/datastore.user/serviceAccount:site-configuration-service@falabella-catalyst-bu-dev.iam.gserviceaccount.com",
                        "attributes": {
                            "etag": "BwWyzbwUdOs=",
                            "id": "falabella-catalyst-bu-dev/roles/datastore.user/serviceAccount:site-configuration-service@falabella-catalyst-bu-dev.iam.gserviceaccount.com",
                            "member": "serviceAccount:site-configuration-service@falabella-catalyst-bu-dev.iam.gserviceaccount.com",
                            "project": "falabella-catalyst-bu-dev",
                            "role": "roles/datastore.user"
                        },
                        "meta": {},
                        "tainted": false
                    },
                    "deposed": [],
                    "provider": "provider.google"
                },
                "google_project_iam_member.size_group_service_account_iam": {
                    "type": "google_project_iam_member",
                    "depends_on": [
                        "google_service_account.size_group_service_account"
                    ],
                    "primary": {
                        "id": "falabella-catalyst-bu-dev/roles/datastore.user/serviceAccount:size-group@falabella-catalyst-bu-dev.iam.gserviceaccount.com",
                        "attributes": {
                            "etag": "BwWyzbwUdOs=",
                            "id": "falabella-catalyst-bu-dev/roles/datastore.user/serviceAccount:size-group@falabella-catalyst-bu-dev.iam.gserviceaccount.com",
                            "member": "serviceAccount:size-group@falabella-catalyst-bu-dev.iam.gserviceaccount.com",
                            "project": "falabella-catalyst-bu-dev",
                            "role": "roles/datastore.user"
                        },
                        "meta": {},
                        "tainted": false
                    },
                    "deposed": [],
                    "provider": "provider.google"
                },
                "google_project_iam_member.stack_dashboard_creator.0": {
                    "type": "google_project_iam_member",
                    "depends_on": [
                        "google_project_service.project_services"
                    ],
                    "primary": {
                        "id": "falabella-catalyst-bu-dev/roles/monitoring.editor/user:ext_nbhat@falabella.cl",
                        "attributes": {
                            "etag": "BwWyzbwUdOs=",
                            "id": "falabella-catalyst-bu-dev/roles/monitoring.editor/user:ext_nbhat@falabella.cl",
                            "member": "user:ext_nbhat@falabella.cl",
                            "project": "falabella-catalyst-bu-dev",
                            "role": "roles/monitoring.editor"
                        },
                        "meta": {},
                        "tainted": false
                    },
                    "deposed": [],
                    "provider": "provider.google"
                },
                "google_project_iam_member.stack_dashboard_creator.1": {
                    "type": "google_project_iam_member",
                    "depends_on": [
                        "google_project_service.project_services"
                    ],
                    "primary": {
                        "id": "falabella-catalyst-bu-dev/roles/monitoring.editor/user:ext_kranganathan@falabella.cl",
                        "attributes": {
                            "etag": "BwWyzbwUdOs=",
                            "id": "falabella-catalyst-bu-dev/roles/monitoring.editor/user:ext_kranganathan@falabella.cl",
                            "member": "user:ext_kranganathan@falabella.cl",
                            "project": "falabella-catalyst-bu-dev",
                            "role": "roles/monitoring.editor"
                        },
                        "meta": {},
                        "tainted": false
                    },
                    "deposed": [],
                    "provider": "provider.google"
                },
                "google_project_iam_member.stack_dashboard_creator.10": {
                    "type": "google_project_iam_member",
                    "depends_on": [
                        "google_project_service.project_services"
                    ],
                    "primary": {
                        "id": "falabella-catalyst-bu-dev/roles/monitoring.editor/user:bjose@falabella.cl",
                        "attributes": {
                            "etag": "BwWyzbwUdOs=",
                            "id": "falabella-catalyst-bu-dev/roles/monitoring.editor/user:bjose@falabella.cl",
                            "member": "user:bjose@falabella.cl",
                            "project": "falabella-catalyst-bu-dev",
                            "role": "roles/monitoring.editor"
                        },
                        "meta": {},
                        "tainted": false
                    },
                    "deposed": [],
                    "provider": "provider.google"
                },
                "google_project_iam_member.stack_dashboard_creator.11": {
                    "type": "google_project_iam_member",
                    "depends_on": [
                        "google_project_service.project_services"
                    ],
                    "primary": {
                        "id": "falabella-catalyst-bu-dev/roles/monitoring.editor/user:jatorresr@falabella.cl",
                        "attributes": {
                            "etag": "BwWyzbwUdOs=",
                            "id": "falabella-catalyst-bu-dev/roles/monitoring.editor/user:jatorresr@falabella.cl",
                            "member": "user:jatorresr@falabella.cl",
                            "project": "falabella-catalyst-bu-dev",
                            "role": "roles/monitoring.editor"
                        },
                        "meta": {},
                        "tainted": false
                    },
                    "deposed": [],
                    "provider": "provider.google"
                },
                "google_project_iam_member.stack_dashboard_creator.12": {
                    "type": "google_project_iam_member",
                    "depends_on": [
                        "google_project_service.project_services"
                    ],
                    "primary": {
                        "id": "falabella-catalyst-bu-dev/roles/monitoring.editor/user:ext_pladhar@falabella.cl",
                        "attributes": {
                            "etag": "BwWyzbwUdOs=",
                            "id": "falabella-catalyst-bu-dev/roles/monitoring.editor/user:ext_pladhar@falabella.cl",
                            "member": "user:ext_pladhar@falabella.cl",
                            "project": "falabella-catalyst-bu-dev",
                            "role": "roles/monitoring.editor"
                        },
                        "meta": {},
                        "tainted": false
                    },
                    "deposed": [],
                    "provider": "provider.google"
                },
                "google_project_iam_member.stack_dashboard_creator.13": {
                    "type": "google_project_iam_member",
                    "depends_on": [
                        "google_project_service.project_services"
                    ],
                    "primary": {
                        "id": "falabella-catalyst-bu-dev/roles/monitoring.editor/user:akothai@falabella.cl",
                        "attributes": {
                            "etag": "BwWyzbwUdOs=",
                            "id": "falabella-catalyst-bu-dev/roles/monitoring.editor/user:akothai@falabella.cl",
                            "member": "user:akothai@falabella.cl",
                            "project": "falabella-catalyst-bu-dev",
                            "role": "roles/monitoring.editor"
                        },
                        "meta": {},
                        "tainted": false
                    },
                    "deposed": [],
                    "provider": "provider.google"
                },
                "google_project_iam_member.stack_dashboard_creator.14": {
                    "type": "google_project_iam_member",
                    "depends_on": [
                        "google_project_service.project_services"
                    ],
                    "primary": {
                        "id": "falabella-catalyst-bu-dev/roles/monitoring.editor/user:hpagadimarri@falabella.cl",
                        "attributes": {
                            "etag": "BwWyzbwUdOs=",
                            "id": "falabella-catalyst-bu-dev/roles/monitoring.editor/user:hpagadimarri@falabella.cl",
                            "member": "user:hpagadimarri@falabella.cl",
                            "project": "falabella-catalyst-bu-dev",
                            "role": "roles/monitoring.editor"
                        },
                        "meta": {},
                        "tainted": false
                    },
                    "deposed": [],
                    "provider": "provider.google"
                },
                "google_project_iam_member.stack_dashboard_creator.15": {
                    "type": "google_project_iam_member",
                    "depends_on": [
                        "google_project_service.project_services"
                    ],
                    "primary": {
                        "id": "falabella-catalyst-bu-dev/roles/monitoring.editor/user:rmishra@falabella.cl",
                        "attributes": {
                            "etag": "BwWyzbwUdOs=",
                            "id": "falabella-catalyst-bu-dev/roles/monitoring.editor/user:rmishra@falabella.cl",
                            "member": "user:rmishra@falabella.cl",
                            "project": "falabella-catalyst-bu-dev",
                            "role": "roles/monitoring.editor"
                        },
                        "meta": {},
                        "tainted": false
                    },
                    "deposed": [],
                    "provider": "provider.google"
                },
                "google_project_iam_member.stack_dashboard_creator.16": {
                    "type": "google_project_iam_member",
                    "depends_on": [
                        "google_project_service.project_services"
                    ],
                    "primary": {
                        "id": "falabella-catalyst-bu-dev/roles/monitoring.editor/user:arconejeros@falabella.cl",
                        "attributes": {
                            "etag": "BwWyzbwUdOs=",
                            "id": "falabella-catalyst-bu-dev/roles/monitoring.editor/user:arconejeros@falabella.cl",
                            "member": "user:arconejeros@falabella.cl",
                            "project": "falabella-catalyst-bu-dev",
                            "role": "roles/monitoring.editor"
                        },
                        "meta": {},
                        "tainted": false
                    },
                    "deposed": [],
                    "provider": "provider.google"
                },
                "google_project_iam_member.stack_dashboard_creator.17": {
                    "type": "google_project_iam_member",
                    "depends_on": [
                        "google_project_service.project_services"
                    ],
                    "primary": {
                        "id": "falabella-catalyst-bu-dev/roles/monitoring.editor/user:ext_sramirezv@falabella.cl",
                        "attributes": {
                            "etag": "BwWyzbwUdOs=",
                            "id": "falabella-catalyst-bu-dev/roles/monitoring.editor/user:ext_sramirezv@falabella.cl",
                            "member": "user:ext_sramirezv@falabella.cl",
                            "project": "falabella-catalyst-bu-dev",
                            "role": "roles/monitoring.editor"
                        },
                        "meta": {},
                        "tainted": false
                    },
                    "deposed": [],
                    "provider": "provider.google"
                },
                "google_project_iam_member.stack_dashboard_creator.18": {
                    "type": "google_project_iam_member",
                    "depends_on": [
                        "google_project_service.project_services"
                    ],
                    "primary": {
                        "id": "falabella-catalyst-bu-dev/roles/monitoring.editor/user:jmarin@falabella.cl",
                        "attributes": {
                            "etag": "BwWyzbwUdOs=",
                            "id": "falabella-catalyst-bu-dev/roles/monitoring.editor/user:jmarin@falabella.cl",
                            "member": "user:jmarin@falabella.cl",
                            "project": "falabella-catalyst-bu-dev",
                            "role": "roles/monitoring.editor"
                        },
                        "meta": {},
                        "tainted": false
                    },
                    "deposed": [],
                    "provider": "provider.google"
                },
                "google_project_iam_member.stack_dashboard_creator.19": {
                    "type": "google_project_iam_member",
                    "depends_on": [
                        "google_project_service.project_services"
                    ],
                    "primary": {
                        "id": "falabella-catalyst-bu-dev/roles/monitoring.editor/user:vnete@falabella.cl",
                        "attributes": {
                            "etag": "BwWyzbwUdOs=",
                            "id": "falabella-catalyst-bu-dev/roles/monitoring.editor/user:vnete@falabella.cl",
                            "member": "user:vnete@falabella.cl",
                            "project": "falabella-catalyst-bu-dev",
                            "role": "roles/monitoring.editor"
                        },
                        "meta": {},
                        "tainted": false
                    },
                    "deposed": [],
                    "provider": "provider.google"
                },
                "google_project_iam_member.stack_dashboard_creator.2": {
                    "type": "google_project_iam_member",
                    "depends_on": [
                        "google_project_service.project_services"
                    ],
                    "primary": {
                        "id": "falabella-catalyst-bu-dev/roles/monitoring.editor/user:ext_krishnarajar@falabella.cl",
                        "attributes": {
                            "etag": "BwWyzbwUdOs=",
                            "id": "falabella-catalyst-bu-dev/roles/monitoring.editor/user:ext_krishnarajar@falabella.cl",
                            "member": "user:ext_krishnarajar@falabella.cl",
                            "project": "falabella-catalyst-bu-dev",
                            "role": "roles/monitoring.editor"
                        },
                        "meta": {},
                        "tainted": false
                    },
                    "deposed": [],
                    "provider": "provider.google"
                },
                "google_project_iam_member.stack_dashboard_creator.20": {
                    "type": "google_project_iam_member",
                    "depends_on": [
                        "google_project_service.project_services"
                    ],
                    "primary": {
                        "id": "falabella-catalyst-bu-dev/roles/monitoring.editor/user:ext_dquinchavil@falabella.cl",
                        "attributes": {
                            "etag": "BwWyzbwUdOs=",
                            "id": "falabella-catalyst-bu-dev/roles/monitoring.editor/user:ext_dquinchavil@falabella.cl",
                            "member": "user:ext_dquinchavil@falabella.cl",
                            "project": "falabella-catalyst-bu-dev",
                            "role": "roles/monitoring.editor"
                        },
                        "meta": {},
                        "tainted": false
                    },
                    "deposed": [],
                    "provider": "provider.google"
                },
                "google_project_iam_member.stack_dashboard_creator.21": {
                    "type": "google_project_iam_member",
                    "depends_on": [
                        "google_project_service.project_services"
                    ],
                    "primary": {
                        "id": "falabella-catalyst-bu-dev/roles/monitoring.editor/user:kkumarp@falabella.cl",
                        "attributes": {
                            "etag": "BwWyzbwUdOs=",
                            "id": "falabella-catalyst-bu-dev/roles/monitoring.editor/user:kkumarp@falabella.cl",
                            "member": "user:kkumarp@falabella.cl",
                            "project": "falabella-catalyst-bu-dev",
                            "role": "roles/monitoring.editor"
                        },
                        "meta": {},
                        "tainted": false
                    },
                    "deposed": [],
                    "provider": "provider.google"
                },
                "google_project_iam_member.stack_dashboard_creator.22": {
                    "type": "google_project_iam_member",
                    "depends_on": [
                        "google_project_service.project_services"
                    ],
                    "primary": {
                        "id": "falabella-catalyst-bu-dev/roles/monitoring.editor/user:ext_fmoro@falabella.cl",
                        "attributes": {
                            "etag": "BwWyzbwUdOs=",
                            "id": "falabella-catalyst-bu-dev/roles/monitoring.editor/user:ext_fmoro@falabella.cl",
                            "member": "user:ext_fmoro@falabella.cl",
                            "project": "falabella-catalyst-bu-dev",
                            "role": "roles/monitoring.editor"
                        },
                        "meta": {},
                        "tainted": false
                    },
                    "deposed": [],
                    "provider": "provider.google"
                },
                "google_project_iam_member.stack_dashboard_creator.23": {
                    "type": "google_project_iam_member",
                    "depends_on": [
                        "google_project_service.project_services"
                    ],
                    "primary": {
                        "id": "falabella-catalyst-bu-dev/roles/monitoring.editor/user:ext_meliasremedi@falabella.cl",
                        "attributes": {
                            "etag": "BwWyzbwUdOs=",
                            "id": "falabella-catalyst-bu-dev/roles/monitoring.editor/user:ext_meliasremedi@falabella.cl",
                            "member": "user:ext_meliasremedi@falabella.cl",
                            "project": "falabella-catalyst-bu-dev",
                            "role": "roles/monitoring.editor"
                        },
                        "meta": {},
                        "tainted": false
                    },
                    "deposed": [],
                    "provider": "provider.google"
                },
                "google_project_iam_member.stack_dashboard_creator.24": {
                    "type": "google_project_iam_member",
                    "depends_on": [
                        "google_project_service.project_services"
                    ],
                    "primary": {
                        "id": "falabella-catalyst-bu-dev/roles/monitoring.editor/user:ext_janthernandezm@falabella.cl",
                        "attributes": {
                            "etag": "BwWyzbwUdOs=",
                            "id": "falabella-catalyst-bu-dev/roles/monitoring.editor/user:ext_janthernandezm@falabella.cl",
                            "member": "user:ext_janthernandezm@falabella.cl",
                            "project": "falabella-catalyst-bu-dev",
                            "role": "roles/monitoring.editor"
                        },
                        "meta": {},
                        "tainted": false
                    },
                    "deposed": [],
                    "provider": "provider.google"
                },
                "google_project_iam_member.stack_dashboard_creator.25": {
                    "type": "google_project_iam_member",
                    "depends_on": [
                        "google_project_service.project_services"
                    ],
                    "primary": {
                        "id": "falabella-catalyst-bu-dev/roles/monitoring.editor/user:ext_lmsoler@falabella.cl",
                        "attributes": {
                            "etag": "BwWyzbwUdOs=",
                            "id": "falabella-catalyst-bu-dev/roles/monitoring.editor/user:ext_lmsoler@falabella.cl",
                            "member": "user:ext_lmsoler@falabella.cl",
                            "project": "falabella-catalyst-bu-dev",
                            "role": "roles/monitoring.editor"
                        },
                        "meta": {},
                        "tainted": false
                    },
                    "deposed": [],
                    "provider": "provider.google"
                },
                "google_project_iam_member.stack_dashboard_creator.3": {
                    "type": "google_project_iam_member",
                    "depends_on": [
                        "google_project_service.project_services"
                    ],
                    "primary": {
                        "id": "falabella-catalyst-bu-dev/roles/monitoring.editor/user:ext_vdeverakonda@falabella.cl",
                        "attributes": {
                            "etag": "BwWyzbwUdOs=",
                            "id": "falabella-catalyst-bu-dev/roles/monitoring.editor/user:ext_vdeverakonda@falabella.cl",
                            "member": "user:ext_vdeverakonda@falabella.cl",
                            "project": "falabella-catalyst-bu-dev",
                            "role": "roles/monitoring.editor"
                        },
                        "meta": {},
                        "tainted": false
                    },
                    "deposed": [],
                    "provider": "provider.google"
                },
                "google_project_iam_member.stack_dashboard_creator.4": {
                    "type": "google_project_iam_member",
                    "depends_on": [
                        "google_project_service.project_services"
                    ],
                    "primary": {
                        "id": "falabella-catalyst-bu-dev/roles/monitoring.editor/user:ext_pcharles@falabella.cl",
                        "attributes": {
                            "etag": "BwWyzbwUdOs=",
                            "id": "falabella-catalyst-bu-dev/roles/monitoring.editor/user:ext_pcharles@falabella.cl",
                            "member": "user:ext_pcharles@falabella.cl",
                            "project": "falabella-catalyst-bu-dev",
                            "role": "roles/monitoring.editor"
                        },
                        "meta": {},
                        "tainted": false
                    },
                    "deposed": [],
                    "provider": "provider.google"
                },
                "google_project_iam_member.stack_dashboard_creator.5": {
                    "type": "google_project_iam_member",
                    "depends_on": [
                        "google_project_service.project_services"
                    ],
                    "primary": {
                        "id": "falabella-catalyst-bu-dev/roles/monitoring.editor/user:ext_draj@falabella.cl",
                        "attributes": {
                            "etag": "BwWyzbwUdOs=",
                            "id": "falabella-catalyst-bu-dev/roles/monitoring.editor/user:ext_draj@falabella.cl",
                            "member": "user:ext_draj@falabella.cl",
                            "project": "falabella-catalyst-bu-dev",
                            "role": "roles/monitoring.editor"
                        },
                        "meta": {},
                        "tainted": false
                    },
                    "deposed": [],
                    "provider": "provider.google"
                },
                "google_project_iam_member.stack_dashboard_creator.6": {
                    "type": "google_project_iam_member",
                    "depends_on": [
                        "google_project_service.project_services"
                    ],
                    "primary": {
                        "id": "falabella-catalyst-bu-dev/roles/monitoring.editor/user:rpatel@falabella.cl",
                        "attributes": {
                            "etag": "BwWyzbwUdOs=",
                            "id": "falabella-catalyst-bu-dev/roles/monitoring.editor/user:rpatel@falabella.cl",
                            "member": "user:rpatel@falabella.cl",
                            "project": "falabella-catalyst-bu-dev",
                            "role": "roles/monitoring.editor"
                        },
                        "meta": {},
                        "tainted": false
                    },
                    "deposed": [],
                    "provider": "provider.google"
                },
                "google_project_iam_member.stack_dashboard_creator.7": {
                    "type": "google_project_iam_member",
                    "depends_on": [
                        "google_project_service.project_services"
                    ],
                    "primary": {
                        "id": "falabella-catalyst-bu-dev/roles/monitoring.editor/user:ext_hdavilad@falabella.cl",
                        "attributes": {
                            "etag": "BwWyzbwUdOs=",
                            "id": "falabella-catalyst-bu-dev/roles/monitoring.editor/user:ext_hdavilad@falabella.cl",
                            "member": "user:ext_hdavilad@falabella.cl",
                            "project": "falabella-catalyst-bu-dev",
                            "role": "roles/monitoring.editor"
                        },
                        "meta": {},
                        "tainted": false
                    },
                    "deposed": [],
                    "provider": "provider.google"
                },
                "google_project_iam_member.stack_dashboard_creator.8": {
                    "type": "google_project_iam_member",
                    "depends_on": [
                        "google_project_service.project_services"
                    ],
                    "primary": {
                        "id": "falabella-catalyst-bu-dev/roles/monitoring.editor/user:ext_sroy@falabella.cl",
                        "attributes": {
                            "etag": "BwWyzbwUdOs=",
                            "id": "falabella-catalyst-bu-dev/roles/monitoring.editor/user:ext_sroy@falabella.cl",
                            "member": "user:ext_sroy@falabella.cl",
                            "project": "falabella-catalyst-bu-dev",
                            "role": "roles/monitoring.editor"
                        },
                        "meta": {},
                        "tainted": false
                    },
                    "deposed": [],
                    "provider": "provider.google"
                },
                "google_project_iam_member.stack_dashboard_creator.9": {
                    "type": "google_project_iam_member",
                    "depends_on": [
                        "google_project_service.project_services"
                    ],
                    "primary": {
                        "id": "falabella-catalyst-bu-dev/roles/monitoring.editor/user:ext_mshaikh@falabella.cl",
                        "attributes": {
                            "etag": "BwWyzbwUdOs=",
                            "id": "falabella-catalyst-bu-dev/roles/monitoring.editor/user:ext_mshaikh@falabella.cl",
                            "member": "user:ext_mshaikh@falabella.cl",
                            "project": "falabella-catalyst-bu-dev",
                            "role": "roles/monitoring.editor"
                        },
                        "meta": {},
                        "tainted": false
                    },
                    "deposed": [],
                    "provider": "provider.google"
                },
                "google_project_iam_member.storage_admin": {
                    "type": "google_project_iam_member",
                    "depends_on": [
                        "google_project_service.project_services"
                    ],
                    "primary": {
                        "id": "falabella-catalyst-bu-dev/roles/storage.admin/user:sgeorge@falabella.cl",
                        "attributes": {
                            "etag": "BwWyzbwUdOs=",
                            "id": "falabella-catalyst-bu-dev/roles/storage.admin/user:sgeorge@falabella.cl",
                            "member": "user:sgeorge@falabella.cl",
                            "project": "falabella-catalyst-bu-dev",
                            "role": "roles/storage.admin"
                        },
                        "meta": {},
                        "tainted": false
                    },
                    "deposed": [],
                    "provider": "provider.google"
                },
                "google_project_iam_member.ui_service_account_iam": {
                    "type": "google_project_iam_member",
                    "depends_on": [
                        "google_service_account.ui_service_account"
                    ],
                    "primary": {
                        "id": "falabella-catalyst-bu-dev/roles/clouddebugger.agent/serviceAccount:falabella-bu-ui@falabella-catalyst-bu-dev.iam.gserviceaccount.com",
                        "attributes": {
                            "etag": "BwWyzbwUdOs=",
                            "id": "falabella-catalyst-bu-dev/roles/clouddebugger.agent/serviceAccount:falabella-bu-ui@falabella-catalyst-bu-dev.iam.gserviceaccount.com",
                            "member": "serviceAccount:falabella-bu-ui@falabella-catalyst-bu-dev.iam.gserviceaccount.com",
                            "project": "falabella-catalyst-bu-dev",
                            "role": "roles/clouddebugger.agent"
                        },
                        "meta": {},
                        "tainted": false
                    },
                    "deposed": [],
                    "provider": "provider.google"
                },
                "google_project_iam_member.viewer.0": {
                    "type": "google_project_iam_member",
                    "depends_on": [
                        "google_project_service.project_services"
                    ],
                    "primary": {
                        "id": "falabella-catalyst-bu-dev/roles/viewer/user:ext_kranganathan@falabella.cl",
                        "attributes": {
                            "etag": "BwWyzbwUdOs=",
                            "id": "falabella-catalyst-bu-dev/roles/viewer/user:ext_kranganathan@falabella.cl",
                            "member": "user:ext_kranganathan@falabella.cl",
                            "project": "falabella-catalyst-bu-dev",
                            "role": "roles/viewer"
                        },
                        "meta": {},
                        "tainted": false
                    },
                    "deposed": [],
                    "provider": "provider.google"
                },
                "google_project_iam_member.viewer.1": {
                    "type": "google_project_iam_member",
                    "depends_on": [
                        "google_project_service.project_services"
                    ],
                    "primary": {
                        "id": "falabella-catalyst-bu-dev/roles/viewer/user:ext_pladhar@falabella.cl",
                        "attributes": {
                            "etag": "BwWyzbwUdOs=",
                            "id": "falabella-catalyst-bu-dev/roles/viewer/user:ext_pladhar@falabella.cl",
                            "member": "user:ext_pladhar@falabella.cl",
                            "project": "falabella-catalyst-bu-dev",
                            "role": "roles/viewer"
                        },
                        "meta": {},
                        "tainted": false
                    },
                    "deposed": [],
                    "provider": "provider.google"
                },
                "google_project_iam_member.viewer.10": {
                    "type": "google_project_iam_member",
                    "depends_on": [
                        "google_project_service.project_services"
                    ],
                    "primary": {
                        "id": "falabella-catalyst-bu-dev/roles/viewer/user:ext_krishnarajar@falabella.cl",
                        "attributes": {
                            "etag": "BwWyzbwUdOs=",
                            "id": "falabella-catalyst-bu-dev/roles/viewer/user:ext_krishnarajar@falabella.cl",
                            "member": "user:ext_krishnarajar@falabella.cl",
                            "project": "falabella-catalyst-bu-dev",
                            "role": "roles/viewer"
                        },
                        "meta": {},
                        "tainted": false
                    },
                    "deposed": [],
                    "provider": "provider.google"
                },
                "google_project_iam_member.viewer.11": {
                    "type": "google_project_iam_member",
                    "depends_on": [
                        "google_project_service.project_services"
                    ],
                    "primary": {
                        "id": "falabella-catalyst-bu-dev/roles/viewer/user:ext_vdeverakonda@falabella.cl",
                        "attributes": {
                            "etag": "BwWyzbwUdOs=",
                            "id": "falabella-catalyst-bu-dev/roles/viewer/user:ext_vdeverakonda@falabella.cl",
                            "member": "user:ext_vdeverakonda@falabella.cl",
                            "project": "falabella-catalyst-bu-dev",
                            "role": "roles/viewer"
                        },
                        "meta": {},
                        "tainted": false
                    },
                    "deposed": [],
                    "provider": "provider.google"
                },
                "google_project_iam_member.viewer.12": {
                    "type": "google_project_iam_member",
                    "depends_on": [
                        "google_project_service.project_services"
                    ],
                    "primary": {
                        "id": "falabella-catalyst-bu-dev/roles/viewer/user:ext_pcharles@falabella.cl",
                        "attributes": {
                            "etag": "BwWyzbwUdOs=",
                            "id": "falabella-catalyst-bu-dev/roles/viewer/user:ext_pcharles@falabella.cl",
                            "member": "user:ext_pcharles@falabella.cl",
                            "project": "falabella-catalyst-bu-dev",
                            "role": "roles/viewer"
                        },
                        "meta": {},
                        "tainted": false
                    },
                    "deposed": [],
                    "provider": "provider.google"
                },
                "google_project_iam_member.viewer.13": {
                    "type": "google_project_iam_member",
                    "depends_on": [
                        "google_project_service.project_services"
                    ],
                    "primary": {
                        "id": "falabella-catalyst-bu-dev/roles/viewer/user:ext_nbhat@falabella.cl",
                        "attributes": {
                            "etag": "BwWyzbwUdOs=",
                            "id": "falabella-catalyst-bu-dev/roles/viewer/user:ext_nbhat@falabella.cl",
                            "member": "user:ext_nbhat@falabella.cl",
                            "project": "falabella-catalyst-bu-dev",
                            "role": "roles/viewer"
                        },
                        "meta": {},
                        "tainted": false
                    },
                    "deposed": [],
                    "provider": "provider.google"
                },
                "google_project_iam_member.viewer.14": {
                    "type": "google_project_iam_member",
                    "depends_on": [
                        "google_project_service.project_services"
                    ],
                    "primary": {
                        "id": "falabella-catalyst-bu-dev/roles/viewer/user:ext_ydesai@falabella.cl",
                        "attributes": {
                            "etag": "BwWyzbwUdOs=",
                            "id": "falabella-catalyst-bu-dev/roles/viewer/user:ext_ydesai@falabella.cl",
                            "member": "user:ext_ydesai@falabella.cl",
                            "project": "falabella-catalyst-bu-dev",
                            "role": "roles/viewer"
                        },
                        "meta": {},
                        "tainted": false
                    },
                    "deposed": [],
                    "provider": "provider.google"
                },
                "google_project_iam_member.viewer.15": {
                    "type": "google_project_iam_member",
                    "depends_on": [
                        "google_project_service.project_services"
                    ],
                    "primary": {
                        "id": "falabella-catalyst-bu-dev/roles/viewer/user:jatorresr@falabella.cl",
                        "attributes": {
                            "etag": "BwWyzbwUdOs=",
                            "id": "falabella-catalyst-bu-dev/roles/viewer/user:jatorresr@falabella.cl",
                            "member": "user:jatorresr@falabella.cl",
                            "project": "falabella-catalyst-bu-dev",
                            "role": "roles/viewer"
                        },
                        "meta": {},
                        "tainted": false
                    },
                    "deposed": [],
                    "provider": "provider.google"
                },
                "google_project_iam_member.viewer.16": {
                    "type": "google_project_iam_member",
                    "depends_on": [
                        "google_project_service.project_services"
                    ],
                    "primary": {
                        "id": "falabella-catalyst-bu-dev/roles/viewer/user:sathyaku@falabella.cl",
                        "attributes": {
                            "etag": "BwWyzbwUdOs=",
                            "id": "falabella-catalyst-bu-dev/roles/viewer/user:sathyaku@falabella.cl",
                            "member": "user:sathyaku@falabella.cl",
                            "project": "falabella-catalyst-bu-dev",
                            "role": "roles/viewer"
                        },
                        "meta": {},
                        "tainted": false
                    },
                    "deposed": [],
                    "provider": "provider.google"
                },
                "google_project_iam_member.viewer.17": {
                    "type": "google_project_iam_member",
                    "depends_on": [
                        "google_project_service.project_services"
                    ],
                    "primary": {
                        "id": "falabella-catalyst-bu-dev/roles/viewer/user:jmarin@falabella.cl",
                        "attributes": {
                            "etag": "BwWyzbwUdOs=",
                            "id": "falabella-catalyst-bu-dev/roles/viewer/user:jmarin@falabella.cl",
                            "member": "user:jmarin@falabella.cl",
                            "project": "falabella-catalyst-bu-dev",
                            "role": "roles/viewer"
                        },
                        "meta": {},
                        "tainted": false
                    },
                    "deposed": [],
                    "provider": "provider.google"
                },
                "google_project_iam_member.viewer.18": {
                    "type": "google_project_iam_member",
                    "depends_on": [
                        "google_project_service.project_services"
                    ],
                    "primary": {
                        "id": "falabella-catalyst-bu-dev/roles/viewer/user:hpagadimarri@falabella.cl",
                        "attributes": {
                            "etag": "BwWyzbwUdOs=",
                            "id": "falabella-catalyst-bu-dev/roles/viewer/user:hpagadimarri@falabella.cl",
                            "member": "user:hpagadimarri@falabella.cl",
                            "project": "falabella-catalyst-bu-dev",
                            "role": "roles/viewer"
                        },
                        "meta": {},
                        "tainted": false
                    },
                    "deposed": [],
                    "provider": "provider.google"
                },
                "google_project_iam_member.viewer.19": {
                    "type": "google_project_iam_member",
                    "depends_on": [
                        "google_project_service.project_services"
                    ],
                    "primary": {
                        "id": "falabella-catalyst-bu-dev/roles/viewer/user:sbasavarajappa@falabella.cl",
                        "attributes": {
                            "etag": "BwWyzbwUdOs=",
                            "id": "falabella-catalyst-bu-dev/roles/viewer/user:sbasavarajappa@falabella.cl",
                            "member": "user:sbasavarajappa@falabella.cl",
                            "project": "falabella-catalyst-bu-dev",
                            "role": "roles/viewer"
                        },
                        "meta": {},
                        "tainted": false
                    },
                    "deposed": [],
                    "provider": "provider.google"
                },
                "google_project_iam_member.viewer.2": {
                    "type": "google_project_iam_member",
                    "depends_on": [
                        "google_project_service.project_services"
                    ],
                    "primary": {
                        "id": "falabella-catalyst-bu-dev/roles/viewer/user:akothai@falabella.cl",
                        "attributes": {
                            "etag": "BwWyzbwUdOs=",
                            "id": "falabella-catalyst-bu-dev/roles/viewer/user:akothai@falabella.cl",
                            "member": "user:akothai@falabella.cl",
                            "project": "falabella-catalyst-bu-dev",
                            "role": "roles/viewer"
                        },
                        "meta": {},
                        "tainted": false
                    },
                    "deposed": [],
                    "provider": "provider.google"
                },
                "google_project_iam_member.viewer.20": {
                    "type": "google_project_iam_member",
                    "depends_on": [
                        "google_project_service.project_services"
                    ],
                    "primary": {
                        "id": "falabella-catalyst-bu-dev/roles/viewer/user:masantander@falabella.cl",
                        "attributes": {
                            "etag": "BwWyzbwUdOs=",
                            "id": "falabella-catalyst-bu-dev/roles/viewer/user:masantander@falabella.cl",
                            "member": "user:masantander@falabella.cl",
                            "project": "falabella-catalyst-bu-dev",
                            "role": "roles/viewer"
                        },
                        "meta": {},
                        "tainted": false
                    },
                    "deposed": [],
                    "provider": "provider.google"
                },
                "google_project_iam_member.viewer.21": {
                    "type": "google_project_iam_member",
                    "depends_on": [
                        "google_project_service.project_services"
                    ],
                    "primary": {
                        "id": "falabella-catalyst-bu-dev/roles/viewer/user:lanabalon@falabella.cl",
                        "attributes": {
                            "etag": "BwWyzbwUdOs=",
                            "id": "falabella-catalyst-bu-dev/roles/viewer/user:lanabalon@falabella.cl",
                            "member": "user:lanabalon@falabella.cl",
                            "project": "falabella-catalyst-bu-dev",
                            "role": "roles/viewer"
                        },
                        "meta": {},
                        "tainted": false
                    },
                    "deposed": [],
                    "provider": "provider.google"
                },
                "google_project_iam_member.viewer.22": {
                    "type": "google_project_iam_member",
                    "depends_on": [
                        "google_project_service.project_services"
                    ],
                    "primary": {
                        "id": "falabella-catalyst-bu-dev/roles/viewer/user:bbalachandran@falabella.cl",
                        "attributes": {
                            "etag": "BwWyzbwUdOs=",
                            "id": "falabella-catalyst-bu-dev/roles/viewer/user:bbalachandran@falabella.cl",
                            "member": "user:bbalachandran@falabella.cl",
                            "project": "falabella-catalyst-bu-dev",
                            "role": "roles/viewer"
                        },
                        "meta": {},
                        "tainted": false
                    },
                    "deposed": [],
                    "provider": "provider.google"
                },
                "google_project_iam_member.viewer.23": {
                    "type": "google_project_iam_member",
                    "depends_on": [
                        "google_project_service.project_services"
                    ],
                    "primary": {
                        "id": "falabella-catalyst-bu-dev/roles/viewer/user:hkaulase@falabella.cl",
                        "attributes": {
                            "etag": "BwWyzbwUdOs=",
                            "id": "falabella-catalyst-bu-dev/roles/viewer/user:hkaulase@falabella.cl",
                            "member": "user:hkaulase@falabella.cl",
                            "project": "falabella-catalyst-bu-dev",
                            "role": "roles/viewer"
                        },
                        "meta": {},
                        "tainted": false
                    },
                    "deposed": [],
                    "provider": "provider.google"
                },
                "google_project_iam_member.viewer.24": {
                    "type": "google_project_iam_member",
                    "depends_on": [
                        "google_project_service.project_services"
                    ],
                    "primary": {
                        "id": "falabella-catalyst-bu-dev/roles/viewer/user:ntglaves@falabella.cl",
                        "attributes": {
                            "etag": "BwWyzbwUdOs=",
                            "id": "falabella-catalyst-bu-dev/roles/viewer/user:ntglaves@falabella.cl",
                            "member": "user:ntglaves@falabella.cl",
                            "project": "falabella-catalyst-bu-dev",
                            "role": "roles/viewer"
                        },
                        "meta": {},
                        "tainted": false
                    },
                    "deposed": [],
                    "provider": "provider.google"
                },
                "google_project_iam_member.viewer.25": {
                    "type": "google_project_iam_member",
                    "depends_on": [
                        "google_project_service.project_services"
                    ],
                    "primary": {
                        "id": "falabella-catalyst-bu-dev/roles/viewer/user:suchitpuri@google.com",
                        "attributes": {
                            "etag": "BwWyzbwUdOs=",
                            "id": "falabella-catalyst-bu-dev/roles/viewer/user:suchitpuri@google.com",
                            "member": "user:suchitpuri@google.com",
                            "project": "falabella-catalyst-bu-dev",
                            "role": "roles/viewer"
                        },
                        "meta": {},
                        "tainted": false
                    },
                    "deposed": [],
                    "provider": "provider.google"
                },
                "google_project_iam_member.viewer.26": {
                    "type": "google_project_iam_member",
                    "depends_on": [
                        "google_project_service.project_services"
                    ],
                    "primary": {
                        "id": "falabella-catalyst-bu-dev/roles/viewer/user:aagrawal@falabella.cl",
                        "attributes": {
                            "etag": "BwWyzbwUdOs=",
                            "id": "falabella-catalyst-bu-dev/roles/viewer/user:aagrawal@falabella.cl",
                            "member": "user:aagrawal@falabella.cl",
                            "project": "falabella-catalyst-bu-dev",
                            "role": "roles/viewer"
                        },
                        "meta": {},
                        "tainted": false
                    },
                    "deposed": [],
                    "provider": "provider.google"
                },
                "google_project_iam_member.viewer.27": {
                    "type": "google_project_iam_member",
                    "depends_on": [
                        "google_project_service.project_services"
                    ],
                    "primary": {
                        "id": "falabella-catalyst-bu-dev/roles/viewer/user:ext_ksaurabh@falabella.cl",
                        "attributes": {
                            "etag": "BwWyzbwUdOs=",
                            "id": "falabella-catalyst-bu-dev/roles/viewer/user:ext_ksaurabh@falabella.cl",
                            "member": "user:ext_ksaurabh@falabella.cl",
                            "project": "falabella-catalyst-bu-dev",
                            "role": "roles/viewer"
                        },
                        "meta": {},
                        "tainted": false
                    },
                    "deposed": [],
                    "provider": "provider.google"
                },
                "google_project_iam_member.viewer.28": {
                    "type": "google_project_iam_member",
                    "depends_on": [
                        "google_project_service.project_services"
                    ],
                    "primary": {
                        "id": "falabella-catalyst-bu-dev/roles/viewer/user:sgoel@falabella.cl",
                        "attributes": {
                            "etag": "BwWyzbwUdOs=",
                            "id": "falabella-catalyst-bu-dev/roles/viewer/user:sgoel@falabella.cl",
                            "member": "user:sgoel@falabella.cl",
                            "project": "falabella-catalyst-bu-dev",
                            "role": "roles/viewer"
                        },
                        "meta": {},
                        "tainted": false
                    },
                    "deposed": [],
                    "provider": "provider.google"
                },
                "google_project_iam_member.viewer.29": {
                    "type": "google_project_iam_member",
                    "depends_on": [
                        "google_project_service.project_services"
                    ],
                    "primary": {
                        "id": "falabella-catalyst-bu-dev/roles/viewer/user:arconejeros@falabella.cl",
                        "attributes": {
                            "etag": "BwWyzbwUdOs=",
                            "id": "falabella-catalyst-bu-dev/roles/viewer/user:arconejeros@falabella.cl",
                            "member": "user:arconejeros@falabella.cl",
                            "project": "falabella-catalyst-bu-dev",
                            "role": "roles/viewer"
                        },
                        "meta": {},
                        "tainted": false
                    },
                    "deposed": [],
                    "provider": "provider.google"
                },
                "google_project_iam_member.viewer.3": {
                    "type": "google_project_iam_member",
                    "depends_on": [
                        "google_project_service.project_services"
                    ],
                    "primary": {
                        "id": "falabella-catalyst-bu-dev/roles/viewer/user:ext_lgowrishankar@falabella.cl",
                        "attributes": {
                            "etag": "BwWyzbwUdOs=",
                            "id": "falabella-catalyst-bu-dev/roles/viewer/user:ext_lgowrishankar@falabella.cl",
                            "member": "user:ext_lgowrishankar@falabella.cl",
                            "project": "falabella-catalyst-bu-dev",
                            "role": "roles/viewer"
                        },
                        "meta": {},
                        "tainted": false
                    },
                    "deposed": [],
                    "provider": "provider.google"
                },
                "google_project_iam_member.viewer.30": {
                    "type": "google_project_iam_member",
                    "depends_on": [
                        "google_project_service.project_services"
                    ],
                    "primary": {
                        "id": "falabella-catalyst-bu-dev/roles/viewer/user:vbalu@falabella.cl",
                        "attributes": {
                            "etag": "BwWyzbwUdOs=",
                            "id": "falabella-catalyst-bu-dev/roles/viewer/user:vbalu@falabella.cl",
                            "member": "user:vbalu@falabella.cl",
                            "project": "falabella-catalyst-bu-dev",
                            "role": "roles/viewer"
                        },
                        "meta": {},
                        "tainted": false
                    },
                    "deposed": [],
                    "provider": "provider.google"
                },
                "google_project_iam_member.viewer.31": {
                    "type": "google_project_iam_member",
                    "depends_on": [
                        "google_project_service.project_services"
                    ],
                    "primary": {
                        "id": "falabella-catalyst-bu-dev/roles/viewer/user:ext_prkumar@falabella.cl",
                        "attributes": {
                            "etag": "BwWyzbwUdOs=",
                            "id": "falabella-catalyst-bu-dev/roles/viewer/user:ext_prkumar@falabella.cl",
                            "member": "user:ext_prkumar@falabella.cl",
                            "project": "falabella-catalyst-bu-dev",
                            "role": "roles/viewer"
                        },
                        "meta": {},
                        "tainted": false
                    },
                    "deposed": [],
                    "provider": "provider.google"
                },
                "google_project_iam_member.viewer.32": {
                    "type": "google_project_iam_member",
                    "depends_on": [
                        "google_project_service.project_services"
                    ],
                    "primary": {
                        "id": "falabella-catalyst-bu-dev/roles/viewer/user:rmishra@falabella.cl",
                        "attributes": {
                            "etag": "BwWyzbwUdOs=",
                            "id": "falabella-catalyst-bu-dev/roles/viewer/user:rmishra@falabella.cl",
                            "member": "user:rmishra@falabella.cl",
                            "project": "falabella-catalyst-bu-dev",
                            "role": "roles/viewer"
                        },
                        "meta": {},
                        "tainted": false
                    },
                    "deposed": [],
                    "provider": "provider.google"
                },
                "google_project_iam_member.viewer.33": {
                    "type": "google_project_iam_member",
                    "depends_on": [
                        "google_project_service.project_services"
                    ],
                    "primary": {
                        "id": "falabella-catalyst-bu-dev/roles/viewer/user:griffoc@falabella.cl",
                        "attributes": {
                            "etag": "BwWyzbwUdOs=",
                            "id": "falabella-catalyst-bu-dev/roles/viewer/user:griffoc@falabella.cl",
                            "member": "user:griffoc@falabella.cl",
                            "project": "falabella-catalyst-bu-dev",
                            "role": "roles/viewer"
                        },
                        "meta": {},
                        "tainted": false
                    },
                    "deposed": [],
                    "provider": "provider.google"
                },
                "google_project_iam_member.viewer.34": {
                    "type": "google_project_iam_member",
                    "depends_on": [
                        "google_project_service.project_services"
                    ],
                    "primary": {
                        "id": "falabella-catalyst-bu-dev/roles/viewer/user:agtorriani@falabella.cl",
                        "attributes": {
                            "etag": "BwWyzbwUdOs=",
                            "id": "falabella-catalyst-bu-dev/roles/viewer/user:agtorriani@falabella.cl",
                            "member": "user:agtorriani@falabella.cl",
                            "project": "falabella-catalyst-bu-dev",
                            "role": "roles/viewer"
                        },
                        "meta": {},
                        "tainted": false
                    },
                    "deposed": [],
                    "provider": "provider.google"
                },
                "google_project_iam_member.viewer.35": {
                    "type": "google_project_iam_member",
                    "depends_on": [
                        "google_project_service.project_services"
                    ],
                    "primary": {
                        "id": "falabella-catalyst-bu-dev/roles/viewer/user:vnete@falabella.cl",
                        "attributes": {
                            "etag": "BwWyzbwUdOs=",
                            "id": "falabella-catalyst-bu-dev/roles/viewer/user:vnete@falabella.cl",
                            "member": "user:vnete@falabella.cl",
                            "project": "falabella-catalyst-bu-dev",
                            "role": "roles/viewer"
                        },
                        "meta": {},
                        "tainted": false
                    },
                    "deposed": [],
                    "provider": "provider.google"
                },
                "google_project_iam_member.viewer.36": {
                    "type": "google_project_iam_member",
                    "depends_on": [
                        "google_project_service.project_services"
                    ],
                    "primary": {
                        "id": "falabella-catalyst-bu-dev/roles/viewer/user:ext_sramirezv@falabella.cl",
                        "attributes": {
                            "etag": "BwWyzbwUdOs=",
                            "id": "falabella-catalyst-bu-dev/roles/viewer/user:ext_sramirezv@falabella.cl",
                            "member": "user:ext_sramirezv@falabella.cl",
                            "project": "falabella-catalyst-bu-dev",
                            "role": "roles/viewer"
                        },
                        "meta": {},
                        "tainted": false
                    },
                    "deposed": [],
                    "provider": "provider.google"
                },
                "google_project_iam_member.viewer.37": {
                    "type": "google_project_iam_member",
                    "depends_on": [
                        "google_project_service.project_services"
                    ],
                    "primary": {
                        "id": "falabella-catalyst-bu-dev/roles/viewer/user:pkulkarni@falabella.cl",
                        "attributes": {
                            "etag": "BwWyzbwUdOs=",
                            "id": "falabella-catalyst-bu-dev/roles/viewer/user:pkulkarni@falabella.cl",
                            "member": "user:pkulkarni@falabella.cl",
                            "project": "falabella-catalyst-bu-dev",
                            "role": "roles/viewer"
                        },
                        "meta": {},
                        "tainted": false
                    },
                    "deposed": [],
                    "provider": "provider.google"
                },
                "google_project_iam_member.viewer.38": {
                    "type": "google_project_iam_member",
                    "depends_on": [
                        "google_project_service.project_services"
                    ],
                    "primary": {
                        "id": "falabella-catalyst-bu-dev/roles/viewer/user:ext_ssrajendiran@falabella.cl",
                        "attributes": {
                            "etag": "BwWyzbwUdOs=",
                            "id": "falabella-catalyst-bu-dev/roles/viewer/user:ext_ssrajendiran@falabella.cl",
                            "member": "user:ext_ssrajendiran@falabella.cl",
                            "project": "falabella-catalyst-bu-dev",
                            "role": "roles/viewer"
                        },
                        "meta": {},
                        "tainted": false
                    },
                    "deposed": [],
                    "provider": "provider.google"
                },
                "google_project_iam_member.viewer.39": {
                    "type": "google_project_iam_member",
                    "depends_on": [
                        "google_project_service.project_services"
                    ],
                    "primary": {
                        "id": "falabella-catalyst-bu-dev/roles/viewer/user:jeadasme@falabella.cl",
                        "attributes": {
                            "etag": "BwWyzbwUdOs=",
                            "id": "falabella-catalyst-bu-dev/roles/viewer/user:jeadasme@falabella.cl",
                            "member": "user:jeadasme@falabella.cl",
                            "project": "falabella-catalyst-bu-dev",
                            "role": "roles/viewer"
                        },
                        "meta": {},
                        "tainted": false
                    },
                    "deposed": [],
                    "provider": "provider.google"
                },
                "google_project_iam_member.viewer.4": {
                    "type": "google_project_iam_member",
                    "depends_on": [
                        "google_project_service.project_services"
                    ],
                    "primary": {
                        "id": "falabella-catalyst-bu-dev/roles/viewer/user:rpatel@falabella.cl",
                        "attributes": {
                            "etag": "BwWyzbwUdOs=",
                            "id": "falabella-catalyst-bu-dev/roles/viewer/user:rpatel@falabella.cl",
                            "member": "user:rpatel@falabella.cl",
                            "project": "falabella-catalyst-bu-dev",
                            "role": "roles/viewer"
                        },
                        "meta": {},
                        "tainted": false
                    },
                    "deposed": [],
                    "provider": "provider.google"
                },
                "google_project_iam_member.viewer.40": {
                    "type": "google_project_iam_member",
                    "depends_on": [
                        "google_project_service.project_services"
                    ],
                    "primary": {
                        "id": "falabella-catalyst-bu-dev/roles/viewer/user:ext_jrvillegas@falabella.cl",
                        "attributes": {
                            "etag": "BwWyzbwUdOs=",
                            "id": "falabella-catalyst-bu-dev/roles/viewer/user:ext_jrvillegas@falabella.cl",
                            "member": "user:ext_jrvillegas@falabella.cl",
                            "project": "falabella-catalyst-bu-dev",
                            "role": "roles/viewer"
                        },
                        "meta": {},
                        "tainted": false
                    },
                    "deposed": [],
                    "provider": "provider.google"
                },
                "google_project_iam_member.viewer.41": {
                    "type": "google_project_iam_member",
                    "depends_on": [
                        "google_project_service.project_services"
                    ],
                    "primary": {
                        "id": "falabella-catalyst-bu-dev/roles/viewer/user:gbhavani@falabella.cl",
                        "attributes": {
                            "etag": "BwWyzbwUdOs=",
                            "id": "falabella-catalyst-bu-dev/roles/viewer/user:gbhavani@falabella.cl",
                            "member": "user:gbhavani@falabella.cl",
                            "project": "falabella-catalyst-bu-dev",
                            "role": "roles/viewer"
                        },
                        "meta": {},
                        "tainted": false
                    },
                    "deposed": [],
                    "provider": "provider.google"
                },
                "google_project_iam_member.viewer.42": {
                    "type": "google_project_iam_member",
                    "depends_on": [
                        "google_project_service.project_services"
                    ],
                    "primary": {
                        "id": "falabella-catalyst-bu-dev/roles/viewer/user:becruz@falabella.cl",
                        "attributes": {
                            "etag": "BwWyzbwUdOs=",
                            "id": "falabella-catalyst-bu-dev/roles/viewer/user:becruz@falabella.cl",
                            "member": "user:becruz@falabella.cl",
                            "project": "falabella-catalyst-bu-dev",
                            "role": "roles/viewer"
                        },
                        "meta": {},
                        "tainted": false
                    },
                    "deposed": [],
                    "provider": "provider.google"
                },
                "google_project_iam_member.viewer.43": {
                    "type": "google_project_iam_member",
                    "depends_on": [
                        "google_project_service.project_services"
                    ],
                    "primary": {
                        "id": "falabella-catalyst-bu-dev/roles/viewer/user:ext_skethe@falabella.cl",
                        "attributes": {
                            "etag": "BwWyzbwUdOs=",
                            "id": "falabella-catalyst-bu-dev/roles/viewer/user:ext_skethe@falabella.cl",
                            "member": "user:ext_skethe@falabella.cl",
                            "project": "falabella-catalyst-bu-dev",
                            "role": "roles/viewer"
                        },
                        "meta": {},
                        "tainted": false
                    },
                    "deposed": [],
                    "provider": "provider.google"
                },
                "google_project_iam_member.viewer.44": {
                    "type": "google_project_iam_member",
                    "depends_on": [
                        "google_project_service.project_services"
                    ],
                    "primary": {
                        "id": "falabella-catalyst-bu-dev/roles/viewer/user:rbyreddy@falabella.cl",
                        "attributes": {
                            "etag": "BwWyzbwUdOs=",
                            "id": "falabella-catalyst-bu-dev/roles/viewer/user:rbyreddy@falabella.cl",
                            "member": "user:rbyreddy@falabella.cl",
                            "project": "falabella-catalyst-bu-dev",
                            "role": "roles/viewer"
                        },
                        "meta": {},
                        "tainted": false
                    },
                    "deposed": [],
                    "provider": "provider.google"
                },
                "google_project_iam_member.viewer.45": {
                    "type": "google_project_iam_member",
                    "depends_on": [
                        "google_project_service.project_services"
                    ],
                    "primary": {
                        "id": "falabella-catalyst-bu-dev/roles/viewer/user:ext_ktalawai@falabella.cl",
                        "attributes": {
                            "etag": "BwWyzbwUdOs=",
                            "id": "falabella-catalyst-bu-dev/roles/viewer/user:ext_ktalawai@falabella.cl",
                            "member": "user:ext_ktalawai@falabella.cl",
                            "project": "falabella-catalyst-bu-dev",
                            "role": "roles/viewer"
                        },
                        "meta": {},
                        "tainted": false
                    },
                    "deposed": [],
                    "provider": "provider.google"
                },
                "google_project_iam_member.viewer.46": {
                    "type": "google_project_iam_member",
                    "depends_on": [
                        "google_project_service.project_services"
                    ],
                    "primary": {
                        "id": "falabella-catalyst-bu-dev/roles/viewer/user:ext_ashiralkar@falabella.cl",
                        "attributes": {
                            "etag": "BwWyzbwUdOs=",
                            "id": "falabella-catalyst-bu-dev/roles/viewer/user:ext_ashiralkar@falabella.cl",
                            "member": "user:ext_ashiralkar@falabella.cl",
                            "project": "falabella-catalyst-bu-dev",
                            "role": "roles/viewer"
                        },
                        "meta": {},
                        "tainted": false
                    },
                    "deposed": [],
                    "provider": "provider.google"
                },
                "google_project_iam_member.viewer.47": {
                    "type": "google_project_iam_member",
                    "depends_on": [
                        "google_project_service.project_services"
                    ],
                    "primary": {
                        "id": "falabella-catalyst-bu-dev/roles/viewer/user:ext_aupadhyay@falabella.cl",
                        "attributes": {
                            "etag": "BwWyzbwUdOs=",
                            "id": "falabella-catalyst-bu-dev/roles/viewer/user:ext_aupadhyay@falabella.cl",
                            "member": "user:ext_aupadhyay@falabella.cl",
                            "project": "falabella-catalyst-bu-dev",
                            "role": "roles/viewer"
                        },
                        "meta": {},
                        "tainted": false
                    },
                    "deposed": [],
                    "provider": "provider.google"
                },
                "google_project_iam_member.viewer.48": {
                    "type": "google_project_iam_member",
                    "depends_on": [
                        "google_project_service.project_services"
                    ],
                    "primary": {
                        "id": "falabella-catalyst-bu-dev/roles/viewer/user:ext_rgangarde@falabella.cl",
                        "attributes": {
                            "etag": "BwWyzbwUdOs=",
                            "id": "falabella-catalyst-bu-dev/roles/viewer/user:ext_rgangarde@falabella.cl",
                            "member": "user:ext_rgangarde@falabella.cl",
                            "project": "falabella-catalyst-bu-dev",
                            "role": "roles/viewer"
                        },
                        "meta": {},
                        "tainted": false
                    },
                    "deposed": [],
                    "provider": "provider.google"
                },
                "google_project_iam_member.viewer.49": {
                    "type": "google_project_iam_member",
                    "depends_on": [
                        "google_project_service.project_services"
                    ],
                    "primary": {
                        "id": "falabella-catalyst-bu-dev/roles/viewer/user:ext_rghosh@falabella.cl",
                        "attributes": {
                            "etag": "BwWyzbwUdOs=",
                            "id": "falabella-catalyst-bu-dev/roles/viewer/user:ext_rghosh@falabella.cl",
                            "member": "user:ext_rghosh@falabella.cl",
                            "project": "falabella-catalyst-bu-dev",
                            "role": "roles/viewer"
                        },
                        "meta": {},
                        "tainted": false
                    },
                    "deposed": [],
                    "provider": "provider.google"
                },
                "google_project_iam_member.viewer.5": {
                    "type": "google_project_iam_member",
                    "depends_on": [
                        "google_project_service.project_services"
                    ],
                    "primary": {
                        "id": "falabella-catalyst-bu-dev/roles/viewer/user:ext_ksaurabh@falabella.cl",
                        "attributes": {
                            "etag": "BwWyzbwUdOs=",
                            "id": "falabella-catalyst-bu-dev/roles/viewer/user:ext_ksaurabh@falabella.cl",
                            "member": "user:ext_ksaurabh@falabella.cl",
                            "project": "falabella-catalyst-bu-dev",
                            "role": "roles/viewer"
                        },
                        "meta": {},
                        "tainted": false
                    },
                    "deposed": [],
                    "provider": "provider.google"
                },
                "google_project_iam_member.viewer.50": {
                    "type": "google_project_iam_member",
                    "depends_on": [
                        "google_project_service.project_services"
                    ],
                    "primary": {
                        "id": "falabella-catalyst-bu-dev/roles/viewer/user:ext_sgagneja@falabella.cl",
                        "attributes": {
                            "etag": "BwWyzbwUdOs=",
                            "id": "falabella-catalyst-bu-dev/roles/viewer/user:ext_sgagneja@falabella.cl",
                            "member": "user:ext_sgagneja@falabella.cl",
                            "project": "falabella-catalyst-bu-dev",
                            "role": "roles/viewer"
                        },
                        "meta": {},
                        "tainted": false
                    },
                    "deposed": [],
                    "provider": "provider.google"
                },
                "google_project_iam_member.viewer.51": {
                    "type": "google_project_iam_member",
                    "depends_on": [
                        "google_project_service.project_services"
                    ],
                    "primary": {
                        "id": "falabella-catalyst-bu-dev/roles/viewer/user:ext_chandhann@falabella.cl",
                        "attributes": {
                            "etag": "BwWyzbwUdOs=",
                            "id": "falabella-catalyst-bu-dev/roles/viewer/user:ext_chandhann@falabella.cl",
                            "member": "user:ext_chandhann@falabella.cl",
                            "project": "falabella-catalyst-bu-dev",
                            "role": "roles/viewer"
                        },
                        "meta": {},
                        "tainted": false
                    },
                    "deposed": [],
                    "provider": "provider.google"
                },
                "google_project_iam_member.viewer.52": {
                    "type": "google_project_iam_member",
                    "depends_on": [
                        "google_project_service.project_services"
                    ],
                    "primary": {
                        "id": "falabella-catalyst-bu-dev/roles/viewer/user:rjesparza@falabella.cl",
                        "attributes": {
                            "etag": "BwWyzbwUdOs=",
                            "id": "falabella-catalyst-bu-dev/roles/viewer/user:rjesparza@falabella.cl",
                            "member": "user:rjesparza@falabella.cl",
                            "project": "falabella-catalyst-bu-dev",
                            "role": "roles/viewer"
                        },
                        "meta": {},
                        "tainted": false
                    },
                    "deposed": [],
                    "provider": "provider.google"
                },
                "google_project_iam_member.viewer.53": {
                    "type": "google_project_iam_member",
                    "depends_on": [
                        "google_project_service.project_services"
                    ],
                    "primary": {
                        "id": "falabella-catalyst-bu-dev/roles/viewer/user:udhinakar@falabella.cl",
                        "attributes": {
                            "etag": "BwWyzbwUdOs=",
                            "id": "falabella-catalyst-bu-dev/roles/viewer/user:udhinakar@falabella.cl",
                            "member": "user:udhinakar@falabella.cl",
                            "project": "falabella-catalyst-bu-dev",
                            "role": "roles/viewer"
                        },
                        "meta": {},
                        "tainted": false
                    },
                    "deposed": [],
                    "provider": "provider.google"
                },
                "google_project_iam_member.viewer.54": {
                    "type": "google_project_iam_member",
                    "depends_on": [
                        "google_project_service.project_services"
                    ],
                    "primary": {
                        "id": "falabella-catalyst-bu-dev/roles/viewer/user:jtom@falabella.cl",
                        "attributes": {
                            "etag": "BwWyzbwUdOs=",
                            "id": "falabella-catalyst-bu-dev/roles/viewer/user:jtom@falabella.cl",
                            "member": "user:jtom@falabella.cl",
                            "project": "falabella-catalyst-bu-dev",
                            "role": "roles/viewer"
                        },
                        "meta": {},
                        "tainted": false
                    },
                    "deposed": [],
                    "provider": "provider.google"
                },
                "google_project_iam_member.viewer.55": {
                    "type": "google_project_iam_member",
                    "depends_on": [
                        "google_project_service.project_services"
                    ],
                    "primary": {
                        "id": "falabella-catalyst-bu-dev/roles/viewer/user:ext_sakumar@falabella.cl",
                        "attributes": {
                            "etag": "BwWyzbwUdOs=",
                            "id": "falabella-catalyst-bu-dev/roles/viewer/user:ext_sakumar@falabella.cl",
                            "member": "user:ext_sakumar@falabella.cl",
                            "project": "falabella-catalyst-bu-dev",
                            "role": "roles/viewer"
                        },
                        "meta": {},
                        "tainted": false
                    },
                    "deposed": [],
                    "provider": "provider.google"
                },
                "google_project_iam_member.viewer.56": {
                    "type": "google_project_iam_member",
                    "depends_on": [
                        "google_project_service.project_services"
                    ],
                    "primary": {
                        "id": "falabella-catalyst-bu-dev/roles/viewer/user:ext_rakulkarni@falabella.cl",
                        "attributes": {
                            "etag": "BwWyzbwUdOs=",
                            "id": "falabella-catalyst-bu-dev/roles/viewer/user:ext_rakulkarni@falabella.cl",
                            "member": "user:ext_rakulkarni@falabella.cl",
                            "project": "falabella-catalyst-bu-dev",
                            "role": "roles/viewer"
                        },
                        "meta": {},
                        "tainted": false
                    },
                    "deposed": [],
                    "provider": "provider.google"
                },
                "google_project_iam_member.viewer.57": {
                    "type": "google_project_iam_member",
                    "depends_on": [
                        "google_project_service.project_services"
                    ],
                    "primary": {
                        "id": "falabella-catalyst-bu-dev/roles/viewer/user:sbanakar@falabella.cl",
                        "attributes": {
                            "etag": "BwWyzbwUdOs=",
                            "id": "falabella-catalyst-bu-dev/roles/viewer/user:sbanakar@falabella.cl",
                            "member": "user:sbanakar@falabella.cl",
                            "project": "falabella-catalyst-bu-dev",
                            "role": "roles/viewer"
                        },
                        "meta": {},
                        "tainted": false
                    },
                    "deposed": [],
                    "provider": "provider.google"
                },
                "google_project_iam_member.viewer.58": {
                    "type": "google_project_iam_member",
                    "depends_on": [
                        "google_project_service.project_services"
                    ],
                    "primary": {
                        "id": "falabella-catalyst-bu-dev/roles/viewer/user:ext_isingh@falabella.cl",
                        "attributes": {
                            "etag": "BwWyzbwUdOs=",
                            "id": "falabella-catalyst-bu-dev/roles/viewer/user:ext_isingh@falabella.cl",
                            "member": "user:ext_isingh@falabella.cl",
                            "project": "falabella-catalyst-bu-dev",
                            "role": "roles/viewer"
                        },
                        "meta": {},
                        "tainted": false
                    },
                    "deposed": [],
                    "provider": "provider.google"
                },
                "google_project_iam_member.viewer.59": {
                    "type": "google_project_iam_member",
                    "depends_on": [
                        "google_project_service.project_services"
                    ],
                    "primary": {
                        "id": "falabella-catalyst-bu-dev/roles/viewer/user:rkashyap@falabella.cl",
                        "attributes": {
                            "etag": "BwWzLJ5yYNk=",
                            "id": "falabella-catalyst-bu-dev/roles/viewer/user:rkashyap@falabella.cl",
                            "member": "user:rkashyap@falabella.cl",
                            "project": "falabella-catalyst-bu-dev",
                            "role": "roles/viewer"
                        },
                        "meta": {},
                        "tainted": false
                    },
                    "deposed": [],
                    "provider": "provider.google"
                },
                "google_project_iam_member.viewer.6": {
                    "type": "google_project_iam_member",
                    "depends_on": [
                        "google_project_service.project_services"
                    ],
                    "primary": {
                        "id": "falabella-catalyst-bu-dev/roles/viewer/user:ext_hdavilad@falabella.cl",
                        "attributes": {
                            "etag": "BwWyzbwUdOs=",
                            "id": "falabella-catalyst-bu-dev/roles/viewer/user:ext_hdavilad@falabella.cl",
                            "member": "user:ext_hdavilad@falabella.cl",
                            "project": "falabella-catalyst-bu-dev",
                            "role": "roles/viewer"
                        },
                        "meta": {},
                        "tainted": false
                    },
                    "deposed": [],
                    "provider": "provider.google"
                },
                "google_project_iam_member.viewer.60": {
                    "type": "google_project_iam_member",
                    "depends_on": [
                        "google_project_service.project_services"
                    ],
                    "primary": {
                        "id": "falabella-catalyst-bu-dev/roles/viewer/user:ext_janthernandezm@falabella.cl",
                        "attributes": {
                            "etag": "BwWzLJ5yYNk=",
                            "id": "falabella-catalyst-bu-dev/roles/viewer/user:ext_janthernandezm@falabella.cl",
                            "member": "user:ext_janthernandezm@falabella.cl",
                            "project": "falabella-catalyst-bu-dev",
                            "role": "roles/viewer"
                        },
                        "meta": {},
                        "tainted": false
                    },
                    "deposed": [],
                    "provider": "provider.google"
                },
                "google_project_iam_member.viewer.61": {
                    "type": "google_project_iam_member",
                    "depends_on": [
                        "google_project_service.project_services"
                    ],
                    "primary": {
                        "id": "falabella-catalyst-bu-dev/roles/viewer/user:ext_lmsoler@falabella.cl",
                        "attributes": {
                            "etag": "BwWzLJ5yYNk=",
                            "id": "falabella-catalyst-bu-dev/roles/viewer/user:ext_lmsoler@falabella.cl",
                            "member": "user:ext_lmsoler@falabella.cl",
                            "project": "falabella-catalyst-bu-dev",
                            "role": "roles/viewer"
                        },
                        "meta": {},
                        "tainted": false
                    },
                    "deposed": [],
                    "provider": "provider.google"
                },
                "google_project_iam_member.viewer.62": {
                    "type": "google_project_iam_member",
                    "depends_on": [
                        "google_project_service.project_services"
                    ],
                    "primary": {
                        "id": "falabella-catalyst-bu-dev/roles/viewer/user:ext_dquinchavil@falabella.cl",
                        "attributes": {
                            "etag": "BwWzLJ5yYNk=",
                            "id": "falabella-catalyst-bu-dev/roles/viewer/user:ext_dquinchavil@falabella.cl",
                            "member": "user:ext_dquinchavil@falabella.cl",
                            "project": "falabella-catalyst-bu-dev",
                            "role": "roles/viewer"
                        },
                        "meta": {},
                        "tainted": false
                    },
                    "deposed": [],
                    "provider": "provider.google"
                },
                "google_project_iam_member.viewer.63": {
                    "type": "google_project_iam_member",
                    "depends_on": [
                        "google_project_service.project_services"
                    ],
                    "primary": {
                        "id": "falabella-catalyst-bu-dev/roles/viewer/user:kkumarp@falabella.cl",
                        "attributes": {
                            "etag": "BwWzLJ5yYNk=",
                            "id": "falabella-catalyst-bu-dev/roles/viewer/user:kkumarp@falabella.cl",
                            "member": "user:kkumarp@falabella.cl",
                            "project": "falabella-catalyst-bu-dev",
                            "role": "roles/viewer"
                        },
                        "meta": {},
                        "tainted": false
                    },
                    "deposed": [],
                    "provider": "provider.google"
                },
                "google_project_iam_member.viewer.64": {
                    "type": "google_project_iam_member",
                    "depends_on": [
                        "google_project_service.project_services"
                    ],
                    "primary": {
                        "id": "falabella-catalyst-bu-dev/roles/viewer/user:ext_chandhann@falabella.cl",
                        "attributes": {
                            "etag": "BwWzLJ2YX9g=",
                            "id": "falabella-catalyst-bu-dev/roles/viewer/user:ext_chandhann@falabella.cl",
                            "member": "user:ext_chandhann@falabella.cl",
                            "project": "falabella-catalyst-bu-dev",
                            "role": "roles/viewer"
                        },
                        "meta": {},
                        "tainted": false
                    },
                    "deposed": [],
                    "provider": "provider.google"
                },
                "google_project_iam_member.viewer.7": {
                    "type": "google_project_iam_member",
                    "depends_on": [
                        "google_project_service.project_services"
                    ],
                    "primary": {
                        "id": "falabella-catalyst-bu-dev/roles/viewer/user:ext_sroy@falabella.cl",
                        "attributes": {
                            "etag": "BwWyzbwUdOs=",
                            "id": "falabella-catalyst-bu-dev/roles/viewer/user:ext_sroy@falabella.cl",
                            "member": "user:ext_sroy@falabella.cl",
                            "project": "falabella-catalyst-bu-dev",
                            "role": "roles/viewer"
                        },
                        "meta": {},
                        "tainted": false
                    },
                    "deposed": [],
                    "provider": "provider.google"
                },
                "google_project_iam_member.viewer.8": {
                    "type": "google_project_iam_member",
                    "depends_on": [
                        "google_project_service.project_services"
                    ],
                    "primary": {
                        "id": "falabella-catalyst-bu-dev/roles/viewer/user:ext_draj@falabella.cl",
                        "attributes": {
                            "etag": "BwWyzbwUdOs=",
                            "id": "falabella-catalyst-bu-dev/roles/viewer/user:ext_draj@falabella.cl",
                            "member": "user:ext_draj@falabella.cl",
                            "project": "falabella-catalyst-bu-dev",
                            "role": "roles/viewer"
                        },
                        "meta": {},
                        "tainted": false
                    },
                    "deposed": [],
                    "provider": "provider.google"
                },
                "google_project_iam_member.viewer.9": {
                    "type": "google_project_iam_member",
                    "depends_on": [
                        "google_project_service.project_services"
                    ],
                    "primary": {
                        "id": "falabella-catalyst-bu-dev/roles/viewer/user:bjose@falabella.cl",
                        "attributes": {
                            "etag": "BwWyzbwUdOs=",
                            "id": "falabella-catalyst-bu-dev/roles/viewer/user:bjose@falabella.cl",
                            "member": "user:bjose@falabella.cl",
                            "project": "falabella-catalyst-bu-dev",
                            "role": "roles/viewer"
                        },
                        "meta": {},
                        "tainted": false
                    },
                    "deposed": [],
                    "provider": "provider.google"
                },
                "google_project_service.project_services.0": {
                    "type": "google_project_service",
                    "depends_on": [],
                    "primary": {
                        "id": "falabella-catalyst-bu-dev/clouddebugger.googleapis.com",
                        "attributes": {
                            "disable_dependent_services": "true",
                            "disable_on_destroy": "true",
                            "id": "falabella-catalyst-bu-dev/clouddebugger.googleapis.com",
                            "project": "falabella-catalyst-bu-dev",
                            "service": "clouddebugger.googleapis.com"
                        },
                        "meta": {},
                        "tainted": false
                    },
                    "deposed": [],
                    "provider": "provider.google"
                },
                "google_project_service.project_services.1": {
                    "type": "google_project_service",
                    "depends_on": [],
                    "primary": {
                        "id": "falabella-catalyst-bu-dev/cloudtrace.googleapis.com",
                        "attributes": {
                            "disable_dependent_services": "true",
                            "disable_on_destroy": "true",
                            "id": "falabella-catalyst-bu-dev/cloudtrace.googleapis.com",
                            "project": "falabella-catalyst-bu-dev",
                            "service": "cloudtrace.googleapis.com"
                        },
                        "meta": {},
                        "tainted": false
                    },
                    "deposed": [],
                    "provider": "provider.google"
                },
                "google_project_service.project_services.10": {
                    "type": "google_project_service",
                    "depends_on": [],
                    "primary": {
                        "id": "falabella-catalyst-bu-dev/servicecontrol.googleapis.com",
                        "attributes": {
                            "disable_dependent_services": "true",
                            "disable_on_destroy": "true",
                            "id": "falabella-catalyst-bu-dev/servicecontrol.googleapis.com",
                            "project": "falabella-catalyst-bu-dev",
                            "service": "servicecontrol.googleapis.com"
                        },
                        "meta": {},
                        "tainted": false
                    },
                    "deposed": [],
                    "provider": "provider.google"
                },
                "google_project_service.project_services.11": {
                    "type": "google_project_service",
                    "depends_on": [],
                    "primary": {
                        "id": "falabella-catalyst-bu-dev/servicemanagement.googleapis.com",
                        "attributes": {
                            "disable_dependent_services": "true",
                            "disable_on_destroy": "true",
                            "id": "falabella-catalyst-bu-dev/servicemanagement.googleapis.com",
                            "project": "falabella-catalyst-bu-dev",
                            "service": "servicemanagement.googleapis.com"
                        },
                        "meta": {},
                        "tainted": false
                    },
                    "deposed": [],
                    "provider": "provider.google"
                },
                "google_project_service.project_services.12": {
                    "type": "google_project_service",
                    "depends_on": [],
                    "primary": {
                        "id": "falabella-catalyst-bu-dev/servicenetworking.googleapis.com",
                        "attributes": {
                            "disable_dependent_services": "true",
                            "disable_on_destroy": "true",
                            "id": "falabella-catalyst-bu-dev/servicenetworking.googleapis.com",
                            "project": "falabella-catalyst-bu-dev",
                            "service": "servicenetworking.googleapis.com"
                        },
                        "meta": {},
                        "tainted": false
                    },
                    "deposed": [],
                    "provider": "provider.google"
                },
                "google_project_service.project_services.13": {
                    "type": "google_project_service",
                    "depends_on": [],
                    "primary": {
                        "id": "falabella-catalyst-bu-dev/sqladmin.googleapis.com",
                        "attributes": {
                            "disable_dependent_services": "true",
                            "disable_on_destroy": "true",
                            "id": "falabella-catalyst-bu-dev/sqladmin.googleapis.com",
                            "project": "falabella-catalyst-bu-dev",
                            "service": "sqladmin.googleapis.com"
                        },
                        "meta": {},
                        "tainted": false
                    },
                    "deposed": [],
                    "provider": "provider.google"
                },
                "google_project_service.project_services.14": {
                    "type": "google_project_service",
                    "depends_on": [],
                    "primary": {
                        "id": "falabella-catalyst-bu-dev/appengine.googleapis.com",
                        "attributes": {
                            "disable_dependent_services": "true",
                            "disable_on_destroy": "true",
                            "id": "falabella-catalyst-bu-dev/appengine.googleapis.com",
                            "project": "falabella-catalyst-bu-dev",
                            "service": "appengine.googleapis.com"
                        },
                        "meta": {},
                        "tainted": false
                    },
                    "deposed": [],
                    "provider": "provider.google"
                },
                "google_project_service.project_services.15": {
                    "type": "google_project_service",
                    "depends_on": [],
                    "primary": {
                        "id": "falabella-catalyst-bu-dev/firestore.googleapis.com",
                        "attributes": {
                            "disable_dependent_services": "true",
                            "disable_on_destroy": "true",
                            "id": "falabella-catalyst-bu-dev/firestore.googleapis.com",
                            "project": "falabella-catalyst-bu-dev",
                            "service": "firestore.googleapis.com"
                        },
                        "meta": {},
                        "tainted": false
                    },
                    "deposed": [],
                    "provider": "provider.google"
                },
                "google_project_service.project_services.16": {
                    "type": "google_project_service",
                    "depends_on": [],
                    "primary": {
                        "id": "falabella-catalyst-bu-dev/cloudkms.googleapis.com",
                        "attributes": {
                            "disable_dependent_services": "true",
                            "disable_on_destroy": "true",
                            "id": "falabella-catalyst-bu-dev/cloudkms.googleapis.com",
                            "project": "falabella-catalyst-bu-dev",
                            "service": "cloudkms.googleapis.com"
                        },
                        "meta": {},
                        "tainted": false
                    },
                    "deposed": [],
                    "provider": "provider.google"
                },
                "google_project_service.project_services.17": {
                    "type": "google_project_service",
                    "depends_on": [],
                    "primary": {
                        "id": "falabella-catalyst-bu-dev/redis.googleapis.com",
                        "attributes": {
                            "disable_dependent_services": "true",
                            "disable_on_destroy": "true",
                            "id": "falabella-catalyst-bu-dev/redis.googleapis.com",
                            "project": "falabella-catalyst-bu-dev",
                            "service": "redis.googleapis.com"
                        },
                        "meta": {},
                        "tainted": false
                    },
                    "deposed": [],
                    "provider": "provider.google"
                },
                "google_project_service.project_services.2": {
                    "type": "google_project_service",
                    "depends_on": [],
                    "primary": {
                        "id": "falabella-catalyst-bu-dev/compute.googleapis.com",
                        "attributes": {
                            "disable_dependent_services": "true",
                            "disable_on_destroy": "true",
                            "id": "falabella-catalyst-bu-dev/compute.googleapis.com",
                            "project": "falabella-catalyst-bu-dev",
                            "service": "compute.googleapis.com"
                        },
                        "meta": {},
                        "tainted": false
                    },
                    "deposed": [],
                    "provider": "provider.google"
                },
                "google_project_service.project_services.3": {
                    "type": "google_project_service",
                    "depends_on": [],
                    "primary": {
                        "id": "falabella-catalyst-bu-dev/container.googleapis.com",
                        "attributes": {
                            "disable_dependent_services": "true",
                            "disable_on_destroy": "true",
                            "id": "falabella-catalyst-bu-dev/container.googleapis.com",
                            "project": "falabella-catalyst-bu-dev",
                            "service": "container.googleapis.com"
                        },
                        "meta": {},
                        "tainted": false
                    },
                    "deposed": [],
                    "provider": "provider.google"
                },
                "google_project_service.project_services.4": {
                    "type": "google_project_service",
                    "depends_on": [],
                    "primary": {
                        "id": "falabella-catalyst-bu-dev/dataflow.googleapis.com",
                        "attributes": {
                            "disable_dependent_services": "true",
                            "disable_on_destroy": "true",
                            "id": "falabella-catalyst-bu-dev/dataflow.googleapis.com",
                            "project": "falabella-catalyst-bu-dev",
                            "service": "dataflow.googleapis.com"
                        },
                        "meta": {},
                        "tainted": false
                    },
                    "deposed": [],
                    "provider": "provider.google"
                },
                "google_project_service.project_services.5": {
                    "type": "google_project_service",
                    "depends_on": [],
                    "primary": {
                        "id": "falabella-catalyst-bu-dev/dns.googleapis.com",
                        "attributes": {
                            "disable_dependent_services": "true",
                            "disable_on_destroy": "true",
                            "id": "falabella-catalyst-bu-dev/dns.googleapis.com",
                            "project": "falabella-catalyst-bu-dev",
                            "service": "dns.googleapis.com"
                        },
                        "meta": {},
                        "tainted": false
                    },
                    "deposed": [],
                    "provider": "provider.google"
                },
                "google_project_service.project_services.6": {
                    "type": "google_project_service",
                    "depends_on": [],
                    "primary": {
                        "id": "falabella-catalyst-bu-dev/iam.googleapis.com",
                        "attributes": {
                            "disable_dependent_services": "true",
                            "disable_on_destroy": "true",
                            "id": "falabella-catalyst-bu-dev/iam.googleapis.com",
                            "project": "falabella-catalyst-bu-dev",
                            "service": "iam.googleapis.com"
                        },
                        "meta": {},
                        "tainted": false
                    },
                    "deposed": [],
                    "provider": "provider.google"
                },
                "google_project_service.project_services.7": {
                    "type": "google_project_service",
                    "depends_on": [],
                    "primary": {
                        "id": "falabella-catalyst-bu-dev/logging.googleapis.com",
                        "attributes": {
                            "disable_dependent_services": "true",
                            "disable_on_destroy": "true",
                            "id": "falabella-catalyst-bu-dev/logging.googleapis.com",
                            "project": "falabella-catalyst-bu-dev",
                            "service": "logging.googleapis.com"
                        },
                        "meta": {},
                        "tainted": false
                    },
                    "deposed": [],
                    "provider": "provider.google"
                },
                "google_project_service.project_services.8": {
                    "type": "google_project_service",
                    "depends_on": [],
                    "primary": {
                        "id": "falabella-catalyst-bu-dev/monitoring.googleapis.com",
                        "attributes": {
                            "disable_dependent_services": "true",
                            "disable_on_destroy": "true",
                            "id": "falabella-catalyst-bu-dev/monitoring.googleapis.com",
                            "project": "falabella-catalyst-bu-dev",
                            "service": "monitoring.googleapis.com"
                        },
                        "meta": {},
                        "tainted": false
                    },
                    "deposed": [],
                    "provider": "provider.google"
                },
                "google_project_service.project_services.9": {
                    "type": "google_project_service",
                    "depends_on": [],
                    "primary": {
                        "id": "falabella-catalyst-bu-dev/pubsub.googleapis.com",
                        "attributes": {
                            "disable_dependent_services": "true",
                            "disable_on_destroy": "true",
                            "id": "falabella-catalyst-bu-dev/pubsub.googleapis.com",
                            "project": "falabella-catalyst-bu-dev",
                            "service": "pubsub.googleapis.com"
                        },
                        "meta": {},
                        "tainted": false
                    },
                    "deposed": [],
                    "provider": "provider.google"
                },
                "google_pubsub_subscription.falabella_price_domain_push_subscription": {
                    "type": "google_pubsub_subscription",
                    "depends_on": [
                        "google_service_account.di_pubsub_account"
                    ],
                    "primary": {
                        "id": "projects/falabella-catalyst-bu-dev/subscriptions/falabella-price-domain-di",
                        "attributes": {
                            "ack_deadline_seconds": "600",
                            "expiration_policy.#": "1",
                            "expiration_policy.0.ttl": "2678400s",
                            "id": "projects/falabella-catalyst-bu-dev/subscriptions/falabella-price-domain-di",
                            "labels.%": "0",
                            "message_retention_duration": "604800s",
                            "name": "falabella-price-domain-di",
                            "path": "projects/falabella-catalyst-bu-dev/subscriptions/falabella-price-domain-di",
                            "project": "falabella-catalyst-bu-dev",
                            "push_config.#": "1",
                            "push_config.0.attributes.%": "0",
                            "push_config.0.oidc_token.#": "1",
                            "push_config.0.oidc_token.0.audience": "",
                            "push_config.0.oidc_token.0.service_account_email": "di-push-pubsub-user@falabella-catalyst-bu-dev.iam.gserviceaccount.com",
                            "push_config.0.push_endpoint": "https://dev.falabella.com/fa-data-ingestion/pubsub-price-message",
                            "retain_acked_messages": "false",
                            "topic": "projects/txd-merchandising-int-dev/topics/price-outbound-topic"
                        },
                        "meta": {
                            "e2bfb730-ecaa-11e6-8f88-34363bc7c4c0": {
                                "create": 240000000000,
                                "delete": 240000000000,
                                "update": 240000000000
                            }
                        },
                        "tainted": false
                    },
                    "deposed": [],
                    "provider": "provider.google"
                },
                "google_pubsub_topic_iam_member.availability_publisher": {
                    "type": "google_pubsub_topic_iam_member",
                    "depends_on": [
                        "google_service_account.kafka_connect_service_account",
                        "module.pubsub_falabella_availability"
                    ],
                    "primary": {
                        "id": "projects/falabella-catalyst-bu-dev/topics/falabella-availability",
                        "attributes": {
                            "etag": "BwWNfYoJm6Y=",
                            "id": "projects/falabella-catalyst-bu-dev/topics/falabella-availability",
                            "member": "serviceAccount:kafka-connect@falabella-catalyst-bu-dev.iam.gserviceaccount.com",
                            "project": "falabella-catalyst-bu-dev",
                            "role": "roles/pubsub.publisher",
                            "topic": "projects/falabella-catalyst-bu-dev/topics/falabella-availability"
                        },
                        "meta": {},
                        "tainted": false
                    },
                    "deposed": [],
                    "provider": "provider.google"
                },
                "google_pubsub_topic_iam_member.catalog_publisher": {
                    "type": "google_pubsub_topic_iam_member",
                    "depends_on": [
                        "google_service_account.kafka_connect_service_account",
                        "module.pubsub_falabella_catalog"
                    ],
                    "primary": {
                        "id": "projects/falabella-catalyst-bu-dev/topics/falabella-catalog",
                        "attributes": {
                            "etag": "BwWRQW8YHZs=",
                            "id": "projects/falabella-catalyst-bu-dev/topics/falabella-catalog",
                            "member": "serviceAccount:kafka-connect@falabella-catalyst-bu-dev.iam.gserviceaccount.com",
                            "project": "falabella-catalyst-bu-dev",
                            "role": "roles/pubsub.publisher",
                            "topic": "projects/falabella-catalyst-bu-dev/topics/falabella-catalog"
                        },
                        "meta": {},
                        "tainted": false
                    },
                    "deposed": [],
                    "provider": "provider.google"
                },
                "google_pubsub_topic_iam_member.catalog_publisher_isa": {
                    "type": "google_pubsub_topic_iam_member",
                    "depends_on": [
                        "google_service_account.isa_connect_service_account",
                        "module.pubsub_falabella_catalog"
                    ],
                    "primary": {
                        "id": "projects/falabella-catalyst-bu-dev/topics/falabella-catalog",
                        "attributes": {
                            "etag": "BwWRQW8YHZs=",
                            "id": "projects/falabella-catalyst-bu-dev/topics/falabella-catalog",
                            "member": "serviceAccount:isa-connect@falabella-catalyst-bu-dev.iam.gserviceaccount.com",
                            "project": "falabella-catalyst-bu-dev",
                            "role": "roles/pubsub.publisher",
                            "topic": "projects/falabella-catalyst-bu-dev/topics/falabella-catalog"
                        },
                        "meta": {},
                        "tainted": false
                    },
                    "deposed": [],
                    "provider": "provider.google"
                },
                "google_pubsub_topic_iam_member.price_publisher": {
                    "type": "google_pubsub_topic_iam_member",
                    "depends_on": [
                        "google_service_account.kafka_connect_service_account",
                        "module.pubsub_falabella_price"
                    ],
                    "primary": {
                        "id": "projects/falabella-catalyst-bu-dev/topics/falabella-price",
                        "attributes": {
                            "etag": "BwWkQDiaKr4=",
                            "id": "projects/falabella-catalyst-bu-dev/topics/falabella-price",
                            "member": "serviceAccount:kafka-connect@falabella-catalyst-bu-dev.iam.gserviceaccount.com",
                            "project": "falabella-catalyst-bu-dev",
                            "role": "roles/pubsub.publisher",
                            "topic": "projects/falabella-catalyst-bu-dev/topics/falabella-price"
                        },
                        "meta": {},
                        "tainted": false
                    },
                    "deposed": [],
                    "provider": "provider.google"
                },
                "google_pubsub_topic_iam_member.price_publisher_isa": {
                    "type": "google_pubsub_topic_iam_member",
                    "depends_on": [
                        "google_service_account.isa_connect_service_account",
                        "module.pubsub_falabella_price"
                    ],
                    "primary": {
                        "id": "projects/falabella-catalyst-bu-dev/topics/falabella-price",
                        "attributes": {
                            "etag": "BwWkQDiaKr4=",
                            "id": "projects/falabella-catalyst-bu-dev/topics/falabella-price",
                            "member": "serviceAccount:isa-connect@falabella-catalyst-bu-dev.iam.gserviceaccount.com",
                            "project": "falabella-catalyst-bu-dev",
                            "role": "roles/pubsub.publisher",
                            "topic": "projects/falabella-catalyst-bu-dev/topics/falabella-price"
                        },
                        "meta": {},
                        "tainted": false
                    },
                    "deposed": [],
                    "provider": "provider.google"
                },
                "google_redis_instance.cache": {
                    "type": "google_redis_instance",
                    "depends_on": [
                        "google_compute_network.network",
                        "google_project_service.project_services"
                    ],
                    "primary": {
                        "id": "falabella-catalyst-bu-dev/us-east4/falabella-memory-cache",
                        "attributes": {
                            "alternative_location_id": "",
                            "authorized_network": "projects/falabella-catalyst-bu-dev/global/networks/falabella-dev-network",
                            "create_time": "2020-02-18T12:13:20.852472998Z",
                            "current_location_id": "us-east4-c",
                            "display_name": "",
                            "host": "10.5.0.3",
                            "id": "falabella-catalyst-bu-dev/us-east4/falabella-memory-cache",
                            "labels.%": "0",
                            "location_id": "us-east4-c",
                            "memory_size_gb": "1",
                            "name": "falabella-memory-cache",
                            "port": "6379",
                            "project": "falabella-catalyst-bu-dev",
                            "redis_configs.%": "0",
                            "redis_version": "REDIS_3_2",
                            "region": "us-east4",
                            "reserved_ip_range": "10.5.0.0/16",
                            "tier": "BASIC"
                        },
                        "meta": {
                            "e2bfb730-ecaa-11e6-8f88-34363bc7c4c0": {
                                "create": 600000000000,
                                "delete": 600000000000,
                                "update": 600000000000
                            }
                        },
                        "tainted": false
                    },
                    "deposed": [],
                    "provider": "provider.google"
                },
                "google_service_account.bu_config_service_account": {
                    "type": "google_service_account",
                    "depends_on": [],
                    "primary": {
                        "id": "projects/falabella-catalyst-bu-dev/serviceAccounts/bu-config-service@falabella-catalyst-bu-dev.iam.gserviceaccount.com",
                        "attributes": {
                            "account_id": "bu-config-service",
                            "description": "",
                            "display_name": "Service account for bu config application",
                            "email": "bu-config-service@falabella-catalyst-bu-dev.iam.gserviceaccount.com",
                            "id": "projects/falabella-catalyst-bu-dev/serviceAccounts/bu-config-service@falabella-catalyst-bu-dev.iam.gserviceaccount.com",
                            "name": "projects/falabella-catalyst-bu-dev/serviceAccounts/bu-config-service@falabella-catalyst-bu-dev.iam.gserviceaccount.com",
                            "project": "falabella-catalyst-bu-dev",
                            "unique_id": "109717160359147997139"
                        },
                        "meta": {},
                        "tainted": false
                    },
                    "deposed": [],
                    "provider": "provider.google"
                },
                "google_service_account.category_warranty_service_account": {
                    "type": "google_service_account",
                    "depends_on": [],
                    "primary": {
                        "id": "projects/falabella-catalyst-bu-dev/serviceAccounts/category-warranty@falabella-catalyst-bu-dev.iam.gserviceaccount.com",
                        "attributes": {
                            "account_id": "category-warranty",
                            "description": "",
                            "display_name": "Service account for category warranty",
                            "email": "category-warranty@falabella-catalyst-bu-dev.iam.gserviceaccount.com",
                            "id": "projects/falabella-catalyst-bu-dev/serviceAccounts/category-warranty@falabella-catalyst-bu-dev.iam.gserviceaccount.com",
                            "name": "projects/falabella-catalyst-bu-dev/serviceAccounts/category-warranty@falabella-catalyst-bu-dev.iam.gserviceaccount.com",
                            "project": "falabella-catalyst-bu-dev",
                            "unique_id": "112253972611811598789"
                        },
                        "meta": {},
                        "tainted": false
                    },
                    "deposed": [],
                    "provider": "provider.google"
                },
                "google_service_account.cloudfunction-pub": {
                    "type": "google_service_account",
                    "depends_on": [],
                    "primary": {
                        "id": "projects/falabella-catalyst-bu-dev/serviceAccounts/cloudfunction-pub@falabella-catalyst-bu-dev.iam.gserviceaccount.com",
                        "attributes": {
                            "account_id": "cloudfunction-pub",
                            "description": "",
                            "display_name": "cloudfunction-pub",
                            "email": "cloudfunction-pub@falabella-catalyst-bu-dev.iam.gserviceaccount.com",
                            "id": "projects/falabella-catalyst-bu-dev/serviceAccounts/cloudfunction-pub@falabella-catalyst-bu-dev.iam.gserviceaccount.com",
                            "name": "projects/falabella-catalyst-bu-dev/serviceAccounts/cloudfunction-pub@falabella-catalyst-bu-dev.iam.gserviceaccount.com",
                            "project": "falabella-catalyst-bu-dev",
                            "unique_id": "100969819390042867156"
                        },
                        "meta": {},
                        "tainted": false
                    },
                    "deposed": [],
                    "provider": "provider.google"
                },
                "google_service_account.deployment_service_account": {
                    "type": "google_service_account",
                    "depends_on": [],
                    "primary": {
                        "id": "projects/falabella-catalyst-bu-dev/serviceAccounts/app-deployment@falabella-catalyst-bu-dev.iam.gserviceaccount.com",
                        "attributes": {
                            "account_id": "app-deployment",
                            "description": "",
                            "display_name": "Service account for application deployment",
                            "email": "app-deployment@falabella-catalyst-bu-dev.iam.gserviceaccount.com",
                            "id": "projects/falabella-catalyst-bu-dev/serviceAccounts/app-deployment@falabella-catalyst-bu-dev.iam.gserviceaccount.com",
                            "name": "projects/falabella-catalyst-bu-dev/serviceAccounts/app-deployment@falabella-catalyst-bu-dev.iam.gserviceaccount.com",
                            "project": "falabella-catalyst-bu-dev",
                            "unique_id": "110572220002843540255"
                        },
                        "meta": {},
                        "tainted": false
                    },
                    "deposed": [],
                    "provider": "provider.google"
                },
                "google_service_account.di_pubsub_account": {
                    "type": "google_service_account",
                    "depends_on": [],
                    "primary": {
                        "id": "projects/falabella-catalyst-bu-dev/serviceAccounts/di-push-pubsub-user@falabella-catalyst-bu-dev.iam.gserviceaccount.com",
                        "attributes": {
                            "account_id": "di-push-pubsub-user",
                            "description": "",
                            "display_name": "Service account for pubsub push subscription",
                            "email": "di-push-pubsub-user@falabella-catalyst-bu-dev.iam.gserviceaccount.com",
                            "id": "projects/falabella-catalyst-bu-dev/serviceAccounts/di-push-pubsub-user@falabella-catalyst-bu-dev.iam.gserviceaccount.com",
                            "name": "projects/falabella-catalyst-bu-dev/serviceAccounts/di-push-pubsub-user@falabella-catalyst-bu-dev.iam.gserviceaccount.com",
                            "project": "falabella-catalyst-bu-dev",
                            "unique_id": "105188762382759524217"
                        },
                        "meta": {},
                        "tainted": false
                    },
                    "deposed": [],
                    "provider": "provider.google"
                },
                "google_service_account.di_service_account": {
                    "type": "google_service_account",
                    "depends_on": [],
                    "primary": {
                        "id": "projects/falabella-catalyst-bu-dev/serviceAccounts/data-ingestion-service@falabella-catalyst-bu-dev.iam.gserviceaccount.com",
                        "attributes": {
                            "account_id": "data-ingestion-service",
                            "description": "",
                            "display_name": "Service account for data ingestion application",
                            "email": "data-ingestion-service@falabella-catalyst-bu-dev.iam.gserviceaccount.com",
                            "id": "projects/falabella-catalyst-bu-dev/serviceAccounts/data-ingestion-service@falabella-catalyst-bu-dev.iam.gserviceaccount.com",
                            "name": "projects/falabella-catalyst-bu-dev/serviceAccounts/data-ingestion-service@falabella-catalyst-bu-dev.iam.gserviceaccount.com",
                            "project": "falabella-catalyst-bu-dev",
                            "unique_id": "100844128538506408866"
                        },
                        "meta": {},
                        "tainted": false
                    },
                    "deposed": [],
                    "provider": "provider.google"
                },
                "google_service_account.falabella_content_service_account": {
                    "type": "google_service_account",
                    "depends_on": [],
                    "primary": {
                        "id": "projects/falabella-catalyst-bu-dev/serviceAccounts/falabella-content-service@falabella-catalyst-bu-dev.iam.gserviceaccount.com",
                        "attributes": {
                            "account_id": "falabella-content-service",
                            "description": "",
                            "display_name": "Service account for falabella content application",
                            "email": "falabella-content-service@falabella-catalyst-bu-dev.iam.gserviceaccount.com",
                            "id": "projects/falabella-catalyst-bu-dev/serviceAccounts/falabella-content-service@falabella-catalyst-bu-dev.iam.gserviceaccount.com",
                            "name": "projects/falabella-catalyst-bu-dev/serviceAccounts/falabella-content-service@falabella-catalyst-bu-dev.iam.gserviceaccount.com",
                            "project": "falabella-catalyst-bu-dev",
                            "unique_id": "105019336951106171609"
                        },
                        "meta": {},
                        "tainted": false
                    },
                    "deposed": [],
                    "provider": "provider.google"
                },
                "google_service_account.grafana": {
                    "type": "google_service_account",
                    "depends_on": [],
                    "primary": {
                        "id": "projects/falabella-catalyst-bu-dev/serviceAccounts/grafana-monitoring@falabella-catalyst-bu-dev.iam.gserviceaccount.com",
                        "attributes": {
                            "account_id": "grafana-monitoring",
                            "description": "",
                            "display_name": "Monitoring account for Grafana",
                            "email": "grafana-monitoring@falabella-catalyst-bu-dev.iam.gserviceaccount.com",
                            "id": "projects/falabella-catalyst-bu-dev/serviceAccounts/grafana-monitoring@falabella-catalyst-bu-dev.iam.gserviceaccount.com",
                            "name": "projects/falabella-catalyst-bu-dev/serviceAccounts/grafana-monitoring@falabella-catalyst-bu-dev.iam.gserviceaccount.com",
                            "project": "falabella-catalyst-bu-dev",
                            "unique_id": "101829253457315697237"
                        },
                        "meta": {},
                        "tainted": false
                    },
                    "deposed": [],
                    "provider": "provider.google"
                },
                "google_service_account.isa_connect_service_account": {
                    "type": "google_service_account",
                    "depends_on": [
                        "google_project_service.project_services"
                    ],
                    "primary": {
                        "id": "projects/falabella-catalyst-bu-dev/serviceAccounts/isa-connect@falabella-catalyst-bu-dev.iam.gserviceaccount.com",
                        "attributes": {
                            "account_id": "isa-connect",
                            "description": "",
                            "display_name": "Service Account For ISA Connect",
                            "email": "isa-connect@falabella-catalyst-bu-dev.iam.gserviceaccount.com",
                            "id": "projects/falabella-catalyst-bu-dev/serviceAccounts/isa-connect@falabella-catalyst-bu-dev.iam.gserviceaccount.com",
                            "name": "projects/falabella-catalyst-bu-dev/serviceAccounts/isa-connect@falabella-catalyst-bu-dev.iam.gserviceaccount.com",
                            "project": "falabella-catalyst-bu-dev",
                            "unique_id": "103776526677436647539"
                        },
                        "meta": {},
                        "tainted": false
                    },
                    "deposed": [],
                    "provider": "provider.google"
                },
                "google_service_account.kafka_connect_service_account": {
                    "type": "google_service_account",
                    "depends_on": [
                        "google_project_service.project_services"
                    ],
                    "primary": {
                        "id": "projects/falabella-catalyst-bu-dev/serviceAccounts/kafka-connect@falabella-catalyst-bu-dev.iam.gserviceaccount.com",
                        "attributes": {
                            "account_id": "kafka-connect",
                            "description": "",
                            "display_name": "Service Account For Kafka Connect",
                            "email": "kafka-connect@falabella-catalyst-bu-dev.iam.gserviceaccount.com",
                            "id": "projects/falabella-catalyst-bu-dev/serviceAccounts/kafka-connect@falabella-catalyst-bu-dev.iam.gserviceaccount.com",
                            "name": "projects/falabella-catalyst-bu-dev/serviceAccounts/kafka-connect@falabella-catalyst-bu-dev.iam.gserviceaccount.com",
                            "project": "falabella-catalyst-bu-dev",
                            "unique_id": "114879373734707746328"
                        },
                        "meta": {},
                        "tainted": false
                    },
                    "deposed": [],
                    "provider": "provider.google"
                },
                "google_service_account.product_search_service_account": {
                    "type": "google_service_account",
                    "depends_on": [],
                    "primary": {
                        "id": "projects/falabella-catalyst-bu-dev/serviceAccounts/product-search-service@falabella-catalyst-bu-dev.iam.gserviceaccount.com",
                        "attributes": {
                            "account_id": "product-search-service",
                            "description": "",
                            "display_name": "Service account for product search application",
                            "email": "product-search-service@falabella-catalyst-bu-dev.iam.gserviceaccount.com",
                            "id": "projects/falabella-catalyst-bu-dev/serviceAccounts/product-search-service@falabella-catalyst-bu-dev.iam.gserviceaccount.com",
                            "name": "projects/falabella-catalyst-bu-dev/serviceAccounts/product-search-service@falabella-catalyst-bu-dev.iam.gserviceaccount.com",
                            "project": "falabella-catalyst-bu-dev",
                            "unique_id": "105799257188818297583"
                        },
                        "meta": {},
                        "tainted": false
                    },
                    "deposed": [],
                    "provider": "provider.google"
                },
                "google_service_account.pubsub_to_pubsub_dataflow": {
                    "type": "google_service_account",
                    "depends_on": [],
                    "primary": {
                        "id": "projects/falabella-catalyst-bu-dev/serviceAccounts/oms-event-stream-df-service@falabella-catalyst-bu-dev.iam.gserviceaccount.com",
                        "attributes": {
                            "account_id": "oms-event-stream-df-service",
                            "description": "",
                            "display_name": "Service account for Pub/Sub to Pub/Sub dataflow pipeline",
                            "email": "oms-event-stream-df-service@falabella-catalyst-bu-dev.iam.gserviceaccount.com",
                            "id": "projects/falabella-catalyst-bu-dev/serviceAccounts/oms-event-stream-df-service@falabella-catalyst-bu-dev.iam.gserviceaccount.com",
                            "name": "projects/falabella-catalyst-bu-dev/serviceAccounts/oms-event-stream-df-service@falabella-catalyst-bu-dev.iam.gserviceaccount.com",
                            "project": "falabella-catalyst-bu-dev",
                            "unique_id": "103889664983374027377"
                        },
                        "meta": {},
                        "tainted": false
                    },
                    "deposed": [],
                    "provider": "provider.google"
                },
                "google_service_account.service_ai_team": {
                    "type": "google_service_account",
                    "depends_on": [],
                    "primary": {
                        "id": "projects/falabella-catalyst-bu-dev/serviceAccounts/ai-team-service@falabella-catalyst-bu-dev.iam.gserviceaccount.com",
                        "attributes": {
                            "account_id": "ai-team-service",
                            "description": "",
                            "display_name": "ServiceAccount for Retail AI team",
                            "email": "ai-team-service@falabella-catalyst-bu-dev.iam.gserviceaccount.com",
                            "id": "projects/falabella-catalyst-bu-dev/serviceAccounts/ai-team-service@falabella-catalyst-bu-dev.iam.gserviceaccount.com",
                            "name": "projects/falabella-catalyst-bu-dev/serviceAccounts/ai-team-service@falabella-catalyst-bu-dev.iam.gserviceaccount.com",
                            "project": "falabella-catalyst-bu-dev",
                            "unique_id": "108742166256067657933"
                        },
                        "meta": {},
                        "tainted": false
                    },
                    "deposed": [],
                    "provider": "provider.google"
                },
                "google_service_account.service_di_backoffice": {
                    "type": "google_service_account",
                    "depends_on": [],
                    "primary": {
                        "id": "projects/falabella-catalyst-bu-dev/serviceAccounts/di-backoffice-service@falabella-catalyst-bu-dev.iam.gserviceaccount.com",
                        "attributes": {
                            "account_id": "di-backoffice-service",
                            "description": "",
                            "display_name": "ServiceAccount for DI backoffice system",
                            "email": "di-backoffice-service@falabella-catalyst-bu-dev.iam.gserviceaccount.com",
                            "id": "projects/falabella-catalyst-bu-dev/serviceAccounts/di-backoffice-service@falabella-catalyst-bu-dev.iam.gserviceaccount.com",
                            "name": "projects/falabella-catalyst-bu-dev/serviceAccounts/di-backoffice-service@falabella-catalyst-bu-dev.iam.gserviceaccount.com",
                            "project": "falabella-catalyst-bu-dev",
                            "unique_id": "107579563601149429510"
                        },
                        "meta": {},
                        "tainted": false
                    },
                    "deposed": [],
                    "provider": "provider.google"
                },
                "google_service_account.site_config_service_account": {
                    "type": "google_service_account",
                    "depends_on": [],
                    "primary": {
                        "id": "projects/falabella-catalyst-bu-dev/serviceAccounts/site-configuration-service@falabella-catalyst-bu-dev.iam.gserviceaccount.com",
                        "attributes": {
                            "account_id": "site-configuration-service",
                            "description": "",
                            "display_name": "Service account for site configuration application",
                            "email": "site-configuration-service@falabella-catalyst-bu-dev.iam.gserviceaccount.com",
                            "id": "projects/falabella-catalyst-bu-dev/serviceAccounts/site-configuration-service@falabella-catalyst-bu-dev.iam.gserviceaccount.com",
                            "name": "projects/falabella-catalyst-bu-dev/serviceAccounts/site-configuration-service@falabella-catalyst-bu-dev.iam.gserviceaccount.com",
                            "project": "falabella-catalyst-bu-dev",
                            "unique_id": "111858715917939759683"
                        },
                        "meta": {},
                        "tainted": false
                    },
                    "deposed": [],
                    "provider": "provider.google"
                },
                "google_service_account.size_group_service_account": {
                    "type": "google_service_account",
                    "depends_on": [],
                    "primary": {
                        "id": "projects/falabella-catalyst-bu-dev/serviceAccounts/size-group@falabella-catalyst-bu-dev.iam.gserviceaccount.com",
                        "attributes": {
                            "account_id": "size-group",
                            "description": "",
                            "display_name": "Service account for size group",
                            "email": "size-group@falabella-catalyst-bu-dev.iam.gserviceaccount.com",
                            "id": "projects/falabella-catalyst-bu-dev/serviceAccounts/size-group@falabella-catalyst-bu-dev.iam.gserviceaccount.com",
                            "name": "projects/falabella-catalyst-bu-dev/serviceAccounts/size-group@falabella-catalyst-bu-dev.iam.gserviceaccount.com",
                            "project": "falabella-catalyst-bu-dev",
                            "unique_id": "117969273495638940632"
                        },
                        "meta": {},
                        "tainted": false
                    },
                    "deposed": [],
                    "provider": "provider.google"
                },
                "google_service_account.ui_service_account": {
                    "type": "google_service_account",
                    "depends_on": [],
                    "primary": {
                        "id": "projects/falabella-catalyst-bu-dev/serviceAccounts/falabella-bu-ui@falabella-catalyst-bu-dev.iam.gserviceaccount.com",
                        "attributes": {
                            "account_id": "falabella-bu-ui",
                            "description": "",
                            "display_name": "Service account for  UI ",
                            "email": "falabella-bu-ui@falabella-catalyst-bu-dev.iam.gserviceaccount.com",
                            "id": "projects/falabella-catalyst-bu-dev/serviceAccounts/falabella-bu-ui@falabella-catalyst-bu-dev.iam.gserviceaccount.com",
                            "name": "projects/falabella-catalyst-bu-dev/serviceAccounts/falabella-bu-ui@falabella-catalyst-bu-dev.iam.gserviceaccount.com",
                            "project": "falabella-catalyst-bu-dev",
                            "unique_id": "106576759747021774097"
                        },
                        "meta": {},
                        "tainted": false
                    },
                    "deposed": [],
                    "provider": "provider.google"
                },
                "google_service_account_key.bu_config_service_account_key": {
                    "type": "google_service_account_key",
                    "depends_on": [
                        "google_service_account.bu_config_service_account"
                    ],
                    "primary": {
                        "id": "projects/falabella-catalyst-bu-dev/serviceAccounts/bu-config-service@falabella-catalyst-bu-dev.iam.gserviceaccount.com/keys/acb014a7e507f644040dc05e2e046afc2108daee",
                        "attributes": {
                            "id": "projects/falabella-catalyst-bu-dev/serviceAccounts/bu-config-service@falabella-catalyst-bu-dev.iam.gserviceaccount.com/keys/acb014a7e507f644040dc05e2e046afc2108daee",
                            "key_algorithm": "KEY_ALG_RSA_2048",
                            "name": "projects/falabella-catalyst-bu-dev/serviceAccounts/bu-config-service@falabella-catalyst-bu-dev.iam.gserviceaccount.com/keys/acb014a7e507f644040dc05e2e046afc2108daee",
                            "private_key": "ewogICJ0eXBlIjogInNlcnZpY2VfYWNjb3VudCIsCiAgInByb2plY3RfaWQiOiAiZmFsYWJlbGxhLWNhdGFseXN0LWJ1LWRldiIsCiAgInByaXZhdGVfa2V5X2lkIjogImFjYjAxNGE3ZTUwN2Y2NDQwNDBkYzA1ZTJlMDQ2YWZjMjEwOGRhZWUiLAogICJwcml2YXRlX2tleSI6ICItLS0tLUJFR0lOIFBSSVZBVEUgS0VZLS0tLS1cbk1JSUV2UUlCQURBTkJna3Foa2lHOXcwQkFRRUZBQVNDQktjd2dnU2pBZ0VBQW9JQkFRQ2hzcGxpRXlZanR6WllcbmdNNkowMmI0Zy93VCtQUmdqa1ZMcGYvNnVjQ01IbGZaa2pHdlpNSTQ0WCtadzdmMG9aR3Y0ZDlIenZrVEUyYlRcbmhSMG1uY0VDYmpQM0IxYjF3cmJ3VExOV20yMDhNL0w4Rit6U0RPVlRKMEt4NXFaTHVXTzhVbUpNZ0JaZWV5N1BcbnpOS1BhYVc4L3l0SXNMRWNmRkVCQUdwdFBnVVVDZVQxYWRQUlFIUjlycWx2MTJJNUViZGdia0d2SHlJckVQL3Bcbld5d0g3dk40S284V09Nd1cvWGY4QWtXU3dZRzZsWFdscVdnQ1VNY25lMkFDenZTMFFLTklOV29qOGZUc21kd21cbmJ3QmdsemFrQXJwNXJ0a1JvdDFmZkNSRzJYVjVJZ2JzUWVnenpqdFlNSi9aZGNzLzc2d1lQMVE3OGpGamNlc3FcbjNUbmorekVaQWdNQkFBRUNnZ0VBRVY3YXZpZlZPQzlEaS9LcmJYQTd6cno4Q0tlOUZmM1dxU09vT2dhNExmMUlcbi9mY245Z0grb09adG95YTh4VytSYzJueUJ2aHZ0cnBGK0xsak9pMm1pVVN1T2E2TXk1bzdOWm1oeHU4cnh4VEVcbkdNdVhyZkdEZGNGQkY1UXgvMjdITFhrU3RRbnFEVVNSc1BKZG1OazJQRFZUMEt0bG5Xd245aEgxdk81VmxKTTNcbkZVY2NpRWZyUlNzTkgveVEvNloyMjV3NUtLdFZxaWZzUFV0S1VFa2c5NHMyTVJHOHRCSkZwZHNRbk5iMU5jY1JcbmJ4WC82cUtrUkNSYkZVZnJNbUR1SXNibElwT2FOMld0NmFwR1BKSktVYTJ6SmhQajdPL2VUaHdnaTlnSUMzNGFcbjNKcmFrbHZrb0NCbHJ3dTdmeGVKcDBHVWFjcVNzR1QwbitpbUR1Wlg4UUtCZ1FEaDBCRXJjS3F5QTRsc3ZIcHVcbkgxN2tSZ2lTN3dESFNLTnpncFJ6cDFoNFpCbmpnT2hxQlAwMVViZjNwcG9CQXhTS0lGZTlmOGJUYWNTVkdNUUhcbmQ3UE00Z3JUU0IzZEhXd2h3VEEvdU00a1RweURSd3FQeUo3SDR1cUN4ZHZtL0Vsb09DL1BpUGUwY3NMZkxsbk5cbnpxTzBOZE1aK1ZBNFpUazFHTEJHRjJ5TXlRS0JnUUMzVUZaQ25TZ0JLNjNKa0lJTUt5S2tIditnMWtFRjJUUFhcbmVLM0RXZW01NnpPakdLSGZsWkFtT2NlSDJzeFJ5YnZCTDRSVHI5a1ZVdzA0Z3pQZ0ZlTjBnRllwczdDdktqV2FcblQ5dU9qeVBydHN4R2lwem5uRDhNbkUrQVhzMlhLTGowUmVWZngwNVNOUmVDY2s1cTZDRk5kS0VWRGFaUVk3dk1cbml2eUs0Q2U1MFFLQmdFbDVOZHo0ajlIVUxNYmduTVZ3RjZRVzFYdFpvTnMyMjFnZVNNZEkwQlI4SGFCVXRVcXBcbnpPbW9hVDkvU2VUQ1o5QjVyWkxQSEpaMWQ2MDduYTBBV2RSMFNDbHU4YWljaGk2RmVYbUNYRENjRTNqemlKQTRcbkt0SEhGNTd0V2h2U1F1QlNSOXd6S01YaUFWNDA2cXQ0YlBPWi85SVh1TzVnb1RpUmkrbUNmYU5oQW9HQVgwQ3BcbmNmZkRmOGc0aDVKRllSbFE2TU1LeFlKUFMwQ3Z4WGo1b1phbzhtaWE3bGF3VmtPYklhSElZbmw0emM3cmR0akFcbkE5Uk9FdHlTOUJpSTdobXhsU25TbTl5NUpHdmthb2l3WjRWTmZ2Ly9hWEJCVThCR3FzRFdOcmdNVUUxaXZkdExcbjh0YlhoYlA4d1ZXd0ZiRUZEUUJiYTFzcVhuOVVhRmFZSDNtV2F1RUNnWUVBcU1HU2pZUVFKQUtVakJTVG9SVE9cbm4ycVRzcXQ4d3JIUmQ0aldGUWw3YkN4RTRjYjVnWEI5TkxNZGVaREo0QUpIOUhra0JTdEljL2dMZ3dSTEtrRHZcbkdHMmMwellvbWw5L014emlwRXpidVZ0V2VHcXJKV3BtNVVmM0Jjcm9GTDNnTFZIV3k4VDI2UXc4YU9nbTdNRXBcbi9wRWtnam83WmNOUysxWCtBQTJHZHljPVxuLS0tLS1FTkQgUFJJVkFURSBLRVktLS0tLVxuIiwKICAiY2xpZW50X2VtYWlsIjogImJ1LWNvbmZpZy1zZXJ2aWNlQGZhbGFiZWxsYS1jYXRhbHlzdC1idS1kZXYuaWFtLmdzZXJ2aWNlYWNjb3VudC5jb20iLAogICJjbGllbnRfaWQiOiAiMTA5NzE3MTYwMzU5MTQ3OTk3MTM5IiwKICAiYXV0aF91cmkiOiAiaHR0cHM6Ly9hY2NvdW50cy5nb29nbGUuY29tL28vb2F1dGgyL2F1dGgiLAogICJ0b2tlbl91cmkiOiAiaHR0cHM6Ly9vYXV0aDIuZ29vZ2xlYXBpcy5jb20vdG9rZW4iLAogICJhdXRoX3Byb3ZpZGVyX3g1MDlfY2VydF91cmwiOiAiaHR0cHM6Ly93d3cuZ29vZ2xlYXBpcy5jb20vb2F1dGgyL3YxL2NlcnRzIiwKICAiY2xpZW50X3g1MDlfY2VydF91cmwiOiAiaHR0cHM6Ly93d3cuZ29vZ2xlYXBpcy5jb20vcm9ib3QvdjEvbWV0YWRhdGEveDUwOS9idS1jb25maWctc2VydmljZSU0MGZhbGFiZWxsYS1jYXRhbHlzdC1idS1kZXYuaWFtLmdzZXJ2aWNlYWNjb3VudC5jb20iCn0K",
                            "private_key_type": "TYPE_GOOGLE_CREDENTIALS_FILE",
                            "public_key": "LS0tLS1CRUdJTiBDRVJUSUZJQ0FURS0tLS0tCk1JSUMvRENDQWVTZ0F3SUJBZ0lJS3NncFNHb0lFL0l3RFFZSktvWklodmNOQVFFRkJRQXdJREVlTUJ3R0ExVUUKQXhNVk1UQTVOekUzTVRZd016VTVNVFEzT1RrM01UTTVNQ0FYRFRFNU1URXlNREV4TURVek9Gb1lEems1T1RreApNak14TWpNMU9UVTVXakFnTVI0d0hBWURWUVFERXhVeE1EazNNVGN4TmpBek5Ua3hORGM1T1RjeE16a3dnZ0VpCk1BMEdDU3FHU0liM0RRRUJBUVVBQTRJQkR3QXdnZ0VLQW9JQkFRQ2hzcGxpRXlZanR6WllnTTZKMDJiNGcvd1QKK1BSZ2prVkxwZi82dWNDTUhsZlprakd2Wk1JNDRYK1p3N2Ywb1pHdjRkOUh6dmtURTJiVGhSMG1uY0VDYmpQMwpCMWIxd3Jid1RMTldtMjA4TS9MOEYrelNET1ZUSjBLeDVxWkx1V084VW1KTWdCWmVleTdQek5LUGFhVzgveXRJCnNMRWNmRkVCQUdwdFBnVVVDZVQxYWRQUlFIUjlycWx2MTJJNUViZGdia0d2SHlJckVQL3BXeXdIN3ZONEtvOFcKT013Vy9YZjhBa1dTd1lHNmxYV2xxV2dDVU1jbmUyQUN6dlMwUUtOSU5Xb2o4ZlRzbWR3bWJ3QmdsemFrQXJwNQpydGtSb3QxZmZDUkcyWFY1SWdic1FlZ3p6anRZTUovWmRjcy83NndZUDFRNzhqRmpjZXNxM1Ruait6RVpBZ01CCkFBR2pPREEyTUF3R0ExVWRFd0VCL3dRQ01BQXdEZ1lEVlIwUEFRSC9CQVFEQWdlQU1CWUdBMVVkSlFFQi93UU0KTUFvR0NDc0dBUVVGQndNQ01BMEdDU3FHU0liM0RRRUJCUVVBQTRJQkFRQS9HRkR1dVp4dW01NXV6bm9VVDN2egpmdlVSYkVLZzJEOUxyVENobHVReUM2UFZqcWhjNzJlVW95RllCUHdWZlFJTzdWVEhpQ1hiR0ZWT1F2R1l2R0pjCnE1WFE1MVBaSkFRMGRVc2I0cEVOWjBGN3g2dXp4NDdrVHFTUXFQR09yaGtJV2JLRVM0a0Fpc29oZGJhYWJkSXgKcjhlRmF1elRTN1ZxSGhsR1VDdVh3aUxKKzg5UEc1WE92cS9xRUEwUDVPZUtDVFV5T1dNdnRmN0t2cW9KSzlyYQpVVDhmV29lTmVjVklhL2hYZHZaQzNDY2UvdVE3QWphQ1pwcHB1eGFrWkNPc1kwanllb2plVm42SU5QZmRFcFdBCk42T2VFM2ZEUERkanFUMEJ5dmlneFB1RWxwNVBHNHFxOTJuWlQ3MWlnaVZZOC8xVWxSZFlLL3M3QXpDRlFrb0YKLS0tLS1FTkQgQ0VSVElGSUNBVEUtLS0tLQo=",
                            "public_key_type": "TYPE_X509_PEM_FILE",
                            "service_account_id": "projects/falabella-catalyst-bu-dev/serviceAccounts/bu-config-service@falabella-catalyst-bu-dev.iam.gserviceaccount.com",
                            "valid_after": "2019-11-20T11:05:38Z",
                            "valid_before": "9999-12-31T23:59:59Z"
                        },
                        "meta": {},
                        "tainted": false
                    },
                    "deposed": [],
                    "provider": "provider.google"
                },
                "google_service_account_key.category_warranty_service_account_key": {
                    "type": "google_service_account_key",
                    "depends_on": [
                        "google_service_account.category_warranty_service_account"
                    ],
                    "primary": {
                        "id": "projects/falabella-catalyst-bu-dev/serviceAccounts/category-warranty@falabella-catalyst-bu-dev.iam.gserviceaccount.com/keys/d04efb19561cff7fa18ee1bf739eabe08fd7a105",
                        "attributes": {
                            "id": "projects/falabella-catalyst-bu-dev/serviceAccounts/category-warranty@falabella-catalyst-bu-dev.iam.gserviceaccount.com/keys/d04efb19561cff7fa18ee1bf739eabe08fd7a105",
                            "key_algorithm": "KEY_ALG_RSA_2048",
                            "name": "projects/falabella-catalyst-bu-dev/serviceAccounts/category-warranty@falabella-catalyst-bu-dev.iam.gserviceaccount.com/keys/d04efb19561cff7fa18ee1bf739eabe08fd7a105",
                            "private_key": "ewogICJ0eXBlIjogInNlcnZpY2VfYWNjb3VudCIsCiAgInByb2plY3RfaWQiOiAiZmFsYWJlbGxhLWNhdGFseXN0LWJ1LWRldiIsCiAgInByaXZhdGVfa2V5X2lkIjogImQwNGVmYjE5NTYxY2ZmN2ZhMThlZTFiZjczOWVhYmUwOGZkN2ExMDUiLAogICJwcml2YXRlX2tleSI6ICItLS0tLUJFR0lOIFBSSVZBVEUgS0VZLS0tLS1cbk1JSUV2Z0lCQURBTkJna3Foa2lHOXcwQkFRRUZBQVNDQktnd2dnU2tBZ0VBQW9JQkFRREVjRUVOdGIySkJudXNcbjVQRGRMbXc4Mm1adTFoQ2ZVWnhQMW1YTnVWRmZBdEFMbXF0ZnU0K0gxblJqOUplblBqb1hsZ2RaOU9XZ0ljUXdcbk9lRms4K3Q2KzFQellPTFgzaDdMSnloQXZGOVNpallraHlhYkVtbG1uZmRxU2tMVURVdkUxNUpRVmNCbUJwbVVcbjF3cGE3TXU5czRwWXJhODJuU25ScmxUdUpMTkFVZTJCQW9oKytJUDBzeUhDMm5mUGRnTHdUN2FWaVpsaEN1TW9cblVRMlVNWkdCUTRkMDRMOFlEZTFuZXNlWTN0YVIyYzI0WGxkckhxRyt2Zk1jQzNabFJwUE54NTRiVjQzdW41MkZcbnpEeVFWZXNpU2kzNWFDUjV4dzhzUjlCTDhxYk9GVlRHVW1jOCt3ZWVwYmNKdmNyVkhsYjRLaXBRVXprOEpiTVhcblZBNWZVK0FqQWdNQkFBRUNnZ0VBQkhNWWZpT0NQaExZQlZRUVFxcFZDRkhZSlNXVExkQ3U3ajRJZzA3eDBXbWlcblpjamtuZUFGUWNueFMveFQzUlZ6UW1xREV4NFJmMzJVVUpWWERpN2FSQ2hpUCs2UFpOMWlyQzVnWW9zQnk4QldcbnRxQWJGME1sQVE2Tjlxbms5cUd3ZUM1NzRYYjN5emZXRGNHTE9nRUlJbTFwTWxZSTFIOWQzYUtKeVBVcTNFZVVcbm5aWHc4NEtJWkhHUUpPUFYrbDhjbHIvVS9uMWFwUHVDRUtsNWhrNUQ3NlVYUnNHNXF2bEJKNFQrSHBDbUV3YjVcbm9IaEdtcGJ2R3p1YWtwY2hMaEZrejhEY2JJaGZpSjh4THNhdHNYTDlYMTdURnZMZVdIMUNxbXpSK04vNDhVN01cbi9lRTB4RGEzWTU0NjhZY3Zsa1p6SVRWOW1LZlExUGZJN2lFVmF1dklXUUtCZ1FEeVRYQVA5NjZLMDdnSmd2TjRcbmJwN0lrOEVPZ2xYbmMzVTF5bEpqUDc3T2ZDbUpwMlQ0S21QdmNRSmJHVll4cXphK0hNdGdBZGZyNEtxbm9oa3pcbjV6UDcvaG81V0tteG9iSHZFREZDZERjRVNuUDdKYnRPYm92Y1B4ZmRpVWVQRnE4V0pjR3N5OEhlSlhKNEJDa3dcbnBGNUFTbDdCMlhTVDN2ZnFUcVFiVzREcCt3S0JnUURQaXhSOW44ZUlXZnVZMFhQVEhBU3N6aURaMjNEa0k0am9cblpzaGw1OWVFTFlrNy95WC9NdFJPWE9FcGxBSklXaFV5QlUxSTFJaGhLcHMzeUtKZWtVbTJEUFA3RVZuSHg2eEZcblc0RGJPRExEbWZyWnk5WUFKVmJEbERUTGFKTFBFVFFDcTVGa2s2RTNqbm9jcVBRSVpFNWdCMFpQc1ZoUGhaa1Fcbm42UmpHeEh4K1FLQmdIbnYySVpnbWZrSlpTTjhRRFNLVHVRWDMxOEMzbUpVNjFaL2xBaVlhdGlWQ1g1WnZHbGJcblErR2EySm1wM1lPdmF5UXZiM1hJVjdZLzRRSHRoSXRuUGZVQndvYTdoT0o4d2dQUi9VZzVIZnJOMFNKQnNjcGRcbnZZckFRYTFlU2FITHc1NzhyMFBiWXB2OThtWk5pY0VONXRTcDJKZnJiRXlDTi9jMVRrYnFQSzBEQW9HQkFLU01cbktGclJhMmwzcmpxakZhbXk5U0hzNjY3T2hOcmNNWmZRcGVIbHhzRk5PUmtRV2hmVFBQQkVRMkNyc0lPY3FHRllcblFzWVRlMjFPVW5JUDZHd0IxT2M1cmRiSkV0MktPZE5qa080OXlFRzh1MTRpZGpEM2FhcjJ2a1RuVEQ1UDdXU1FcbmtsMmpqcFoxcCt0QktQbmVUU1ZsbnlGZ0FoeEtWK2tPS1U5S0R4aEJBb0dCQU1zUUI2MThUdUpEempBZm5JOGxcbndZS0ozT3pRNEFCSXQ4ZnV5OUEwZ0N3ZGNaQUVvY0FsVGw4MjA4VVJtc2VvTE00cUd1akFGdkFvS0tMZS9PalNcbnJKRExZQUhDYkpaT2NaM2J5K3kwOEYyWHBFb1hic3RBSEl3VHJUcjNxb1FCbU0ySHVvdXFyWXVRNkNrOTFUTnRcbjgvelFIWlRXV0FzdnlUVllKV2dQQVRReVxuLS0tLS1FTkQgUFJJVkFURSBLRVktLS0tLVxuIiwKICAiY2xpZW50X2VtYWlsIjogImNhdGVnb3J5LXdhcnJhbnR5QGZhbGFiZWxsYS1jYXRhbHlzdC1idS1kZXYuaWFtLmdzZXJ2aWNlYWNjb3VudC5jb20iLAogICJjbGllbnRfaWQiOiAiMTEyMjUzOTcyNjExODExNTk4Nzg5IiwKICAiYXV0aF91cmkiOiAiaHR0cHM6Ly9hY2NvdW50cy5nb29nbGUuY29tL28vb2F1dGgyL2F1dGgiLAogICJ0b2tlbl91cmkiOiAiaHR0cHM6Ly9vYXV0aDIuZ29vZ2xlYXBpcy5jb20vdG9rZW4iLAogICJhdXRoX3Byb3ZpZGVyX3g1MDlfY2VydF91cmwiOiAiaHR0cHM6Ly93d3cuZ29vZ2xlYXBpcy5jb20vb2F1dGgyL3YxL2NlcnRzIiwKICAiY2xpZW50X3g1MDlfY2VydF91cmwiOiAiaHR0cHM6Ly93d3cuZ29vZ2xlYXBpcy5jb20vcm9ib3QvdjEvbWV0YWRhdGEveDUwOS9jYXRlZ29yeS13YXJyYW50eSU0MGZhbGFiZWxsYS1jYXRhbHlzdC1idS1kZXYuaWFtLmdzZXJ2aWNlYWNjb3VudC5jb20iCn0K",
                            "private_key_type": "TYPE_GOOGLE_CREDENTIALS_FILE",
                            "public_key": "LS0tLS1CRUdJTiBDRVJUSUZJQ0FURS0tLS0tCk1JSUMrakNDQWVLZ0F3SUJBZ0lJWHlJc3FCemNQR2d3RFFZSktvWklodmNOQVFFRkJRQXdJREVlTUJ3R0ExVUUKQXhNVk1URXlNalV6T1RjeU5qRXhPREV4TlRrNE56ZzVNQjRYRFRFNU1USXlOREV4TVRFME1Wb1hEVEk1TVRJeQpNVEV4TVRFME1Wb3dJREVlTUJ3R0ExVUVBeE1WTVRFeU1qVXpPVGN5TmpFeE9ERXhOVGs0TnpnNU1JSUJJakFOCkJna3Foa2lHOXcwQkFRRUZBQU9DQVE4QU1JSUJDZ0tDQVFFQXhIQkJEYlc5aVFaN3JPVHczUzVzUE5wbWJ0WVEKbjFHY1Q5Wmx6YmxSWHdMUUM1cXJYN3VQaDlaMFkvU1hwejQ2RjVZSFdmVGxvQ0hFTURuaFpQUHJldnRUODJEaQoxOTRleXljb1FMeGZVb28ySkljbW14SnBacDMzYWtwQzFBMUx4TmVTVUZYQVpnYVpsTmNLV3V6THZiT0tXSzJ2Ck5wMHAwYTVVN2lTelFGSHRnUUtJZnZpRDlMTWh3dHAzejNZQzhFKzJsWW1aWVFyaktGRU5sREdSZ1VPSGRPQy8KR0EzdFozckhtTjdXa2RuTnVGNVhheDZodnIzekhBdDJaVWFUemNlZUcxZU43cCtkaGN3OGtGWHJJa290K1dnawplY2NQTEVmUVMvS216aFZVeGxKblBQc0hucVczQ2IzSzFSNVcrQ29xVUZNNVBDV3pGMVFPWDFQZ0l3SURBUUFCCm96Z3dOakFNQmdOVkhSTUJBZjhFQWpBQU1BNEdBMVVkRHdFQi93UUVBd0lIZ0RBV0JnTlZIU1VCQWY4RUREQUsKQmdnckJnRUZCUWNEQWpBTkJna3Foa2lHOXcwQkFRVUZBQU9DQVFFQXQxamxpVngwckxGMWgyWG9pQ2RYZmxJbQphUVZnRjdsdjBWVExzYXhXZlhuMGVXbG1pL1hKeDhML2pQTVVNbUlJTjdSaUlIckZCY0duMHF5VTZ2Z2ZwZGVKCjg1T0JydkxuajJqVHoxUnFUdWhESWxLUi92d1BHdzlVZUlkQ0d0ZThZR1BHK05HZG9WS0QzQ3Y4Sm9pM2MzaTcKRWZOKzI0WnZIVTZVMStkaytXbm81YjZydEMwTTdDbFlIZTB5RUkwMFR1cDlNN0htaU0xYzVJNjNtSVo0SUpPago4VXduZGZYYkJ0NHRNZys5VForWG54dEJ3dFRxSGU2NEJ3S21hcFZrRkFlQnpTc28xb1NGa3lqVmRPNGMvWWpEClhuQ1VtZmNlWFJJS2htVUUyNXpGZndLUXd3YUNBSmg0K0hCclIyd1VrOEdrenI2MW5oWThRRGpoWnNmQ3V3PT0KLS0tLS1FTkQgQ0VSVElGSUNBVEUtLS0tLQo=",
                            "public_key_type": "TYPE_X509_PEM_FILE",
                            "service_account_id": "projects/falabella-catalyst-bu-dev/serviceAccounts/category-warranty@falabella-catalyst-bu-dev.iam.gserviceaccount.com",
                            "valid_after": "2019-12-24T11:11:41Z",
                            "valid_before": "2029-12-21T11:11:41Z"
                        },
                        "meta": {},
                        "tainted": false
                    },
                    "deposed": [],
                    "provider": "provider.google"
                },
                "google_service_account_key.cloudfunction_pub_service_account_key": {
                    "type": "google_service_account_key",
                    "depends_on": [
                        "google_service_account.cloudfunction-pub"
                    ],
                    "primary": {
                        "id": "projects/falabella-catalyst-bu-dev/serviceAccounts/cloudfunction-pub@falabella-catalyst-bu-dev.iam.gserviceaccount.com/keys/6ed685007fee4ed759344954497e5cb48ed4b5ac",
                        "attributes": {
                            "id": "projects/falabella-catalyst-bu-dev/serviceAccounts/cloudfunction-pub@falabella-catalyst-bu-dev.iam.gserviceaccount.com/keys/6ed685007fee4ed759344954497e5cb48ed4b5ac",
                            "key_algorithm": "KEY_ALG_RSA_2048",
                            "name": "projects/falabella-catalyst-bu-dev/serviceAccounts/cloudfunction-pub@falabella-catalyst-bu-dev.iam.gserviceaccount.com/keys/6ed685007fee4ed759344954497e5cb48ed4b5ac",
                            "private_key": "ewogICJ0eXBlIjogInNlcnZpY2VfYWNjb3VudCIsCiAgInByb2plY3RfaWQiOiAiZmFsYWJlbGxhLWNhdGFseXN0LWJ1LWRldiIsCiAgInByaXZhdGVfa2V5X2lkIjogIjZlZDY4NTAwN2ZlZTRlZDc1OTM0NDk1NDQ5N2U1Y2I0OGVkNGI1YWMiLAogICJwcml2YXRlX2tleSI6ICItLS0tLUJFR0lOIFBSSVZBVEUgS0VZLS0tLS1cbk1JSUV2UUlCQURBTkJna3Foa2lHOXcwQkFRRUZBQVNDQktjd2dnU2pBZ0VBQW9JQkFRQ2JKbFNnbTJzOGdvM0Rcbk9QQjN3b1E3MERrenFLY0M0bjg1TWlTeGpYQ0xqVmgrZVZ5eFlseDhVQkc4SGU1bUFScmxlNWIyL0JwMmUxa0tcbmlVYnFLdkljTnlGWFZ1WGtGbndoQXZIb254WWw3WWpVWms3QkNzYVdCaUdhRWE1dUZ3b2hGVlJENXIvOHJPQnJcbm5EWVgycTRkYTF3eWxQOTl6UVhNMkg0dFpNMzMyUlBtSzdLSUdBbkwxK3FXa3B6d0xwdk52cThTNWJUcnFkNDdcbkRMakZTckZwSlAxVVdGb0hPT0hHV2U4T0t3Sk9BYW5zN2V4TFlFYnl0V0NJMnF6bHczcU13d3NZT21YS2RROGNcbnBBeEZLdk9oVXpoU0tsM1ByWEw0NWYyeXFXUmkzYlZxc3A3bmwxQnVFMWhhblc5YURzVE4wU29vVnl4eU1vWHVcbjJOZ3d1c2RyQWdNQkFBRUNnZ0VBTEQ0UGR1Y3Erc3ZkNGhROEdtS1pNN2RLZ0kwdzV2VXd3MTRsc1kzOFVJZERcbmUzbGZNZVF6TEczbXlNYWVRMjlBUEwxMERNVlNSSVFqSFlxTTh0ekJRc09EMmZTWlJPUVdqSkZhNjNObUxQV2lcbkJiT1E5S0orZzZ5RzYzanNUVTk3bjNpR0dZRFZNWmdZdlFjRU0rUXpyNGI4ZVI0ZEIwSXVTNzVXcU5vc2srYmNcbnNBcWhPS3ZJdTBSREZDMk1nUXdSOVNrd01rNVJrVk5nZlA4ZEtaRmk0c2ZRYmlWeUZabmd6b2NkYldwQWtJL0VcbllySGJzMG5IVW5QTVU4Umk4QzN2MXhGRUFFeHMvUDdqYnBjVnBpeFVqbGRvZDcyNlhwYjFENTdLbDhNc1JlSm5cblpCUVR2SlFuTEoyVk8yNTZNbkRpTXNvTHNhT3BXZXF0T0R5MjN4Nk4yUUtCZ1FEWGRGbUlQZlZ4SkVBbGlMaHZcbkg5cWI4T3NkUW1sYUZzZ3VRZ0VBQmtEamJkWDFSUUtmWnZTQTFRbWpERVJFc0t4dXhIeXRtQVhqK3FzY2sxV0xcbkJyQnRpc041Uk5vckZLMStsZmlHazJmVFduZlZhSi9pTnlld3pCV2VDbGp0bXBnMyt0aXhraDNmWGNoZEZxdTFcbkNyamdtMVBFWm9sSHVMYjJTZXdETUxqMll3S0JnUUM0V01NeVBNQjZHMW1oTXlGZHlLWXo0cXh4UkhSK1phcUlcbnJKdXE3ZFoyMHYzeTFjR0VlZVlXZzdBQjNYdG12K1ZkYkxtUSsrdC9aWUJUdEU1NU1talYvdHBtQVFwQlRvN1hcblRpYVhUTXJuVDJsN0ovbVdnRzM3ckNYdjI3MmxRTDBIN1RZY3NZajZseTBaei9WTFhtakxCL2xUYnQ2LzBnSlBcbkhxZlltUjBWV1FLQmdCV3c2d3FpWWtGL3lzMThsRVRyeWhDRkVzYWhWd1h3NFRwMi9xN0g4bVJ6UEdVekMyNk1cbjZQVEhmZTdpWDBVakhGa1NneExmQ1VqSWhjMmNyN0lOZkZtcTdMOGF4WFFzNHNLcHlwbVI0WlFQdVp6TXFid1dcbm5YSlpPWnZ0b3NKWkhCWVd0Ulk3aGJKbE9MVFdnWGI2bTE1UmhQOXk2ME5EUDNoUVBPaWRVU0hOQW9HQkFJRjZcbm5zZFhVbDJ4ZmhleUFQcU5KdWVFaTFnWEc3ZDNrdnJpT1lncCt4dUVnS2VpS1lUeDFZRDB4NWZYeDRmWXVySU9cbjNwdU54Yys2TEJNZXJvdURzNHl5cnhVOEg4YlU5WkVXTEJiUzhpVGJheHY4Yk5xZnBDQkR2bldsSXFQQ1A4TWtcbmdvQk8xZ1lrVHFJMXBYVmxmemN6aDVScFovelU5Wmc2ME90YVI4b3BBb0dBZUN3MlJoVWtnZG15TDRNdmJ2VjZcbmZlNFdJNjdkRG5tMWFBVDVUcitoTG9wMHVXMTJ2bDJQSHFOUC9JUm12eFdnQmNoY0I1MjhKUmJ4V0g4T0NxcGRcbi9VT2lrZ2NjeWJlZkZ4Vjh4Vng1YzJ0b292cFpxZ25JYUk2MEhRdWZ4eHJadUpwR2lJVEkzdmV1S3JoTXdqRXlcbktaaVFUUGVBK1RmZmcxUXBpR1ZmWFdzPVxuLS0tLS1FTkQgUFJJVkFURSBLRVktLS0tLVxuIiwKICAiY2xpZW50X2VtYWlsIjogImNsb3VkZnVuY3Rpb24tcHViQGZhbGFiZWxsYS1jYXRhbHlzdC1idS1kZXYuaWFtLmdzZXJ2aWNlYWNjb3VudC5jb20iLAogICJjbGllbnRfaWQiOiAiMTAwOTY5ODE5MzkwMDQyODY3MTU2IiwKICAiYXV0aF91cmkiOiAiaHR0cHM6Ly9hY2NvdW50cy5nb29nbGUuY29tL28vb2F1dGgyL2F1dGgiLAogICJ0b2tlbl91cmkiOiAiaHR0cHM6Ly9vYXV0aDIuZ29vZ2xlYXBpcy5jb20vdG9rZW4iLAogICJhdXRoX3Byb3ZpZGVyX3g1MDlfY2VydF91cmwiOiAiaHR0cHM6Ly93d3cuZ29vZ2xlYXBpcy5jb20vb2F1dGgyL3YxL2NlcnRzIiwKICAiY2xpZW50X3g1MDlfY2VydF91cmwiOiAiaHR0cHM6Ly93d3cuZ29vZ2xlYXBpcy5jb20vcm9ib3QvdjEvbWV0YWRhdGEveDUwOS9jbG91ZGZ1bmN0aW9uLXB1YiU0MGZhbGFiZWxsYS1jYXRhbHlzdC1idS1kZXYuaWFtLmdzZXJ2aWNlYWNjb3VudC5jb20iCn0K",
                            "private_key_type": "TYPE_GOOGLE_CREDENTIALS_FILE",
                            "public_key": "LS0tLS1CRUdJTiBDRVJUSUZJQ0FURS0tLS0tCk1JSUMvRENDQWVTZ0F3SUJBZ0lJTFVmNlI4cDc4OE13RFFZSktvWklodmNOQVFFRkJRQXdJREVlTUJ3R0ExVUUKQXhNVk1UQXdPVFk1T0RFNU16a3dNRFF5T0RZM01UVTJNQ0FYRFRJd01EZ3lOekUwTlRFd01Gb1lEems1T1RreApNak14TWpNMU9UVTVXakFnTVI0d0hBWURWUVFERXhVeE1EQTVOams0TVRrek9UQXdOREk0TmpjeE5UWXdnZ0VpCk1BMEdDU3FHU0liM0RRRUJBUVVBQTRJQkR3QXdnZ0VLQW9JQkFRQ2JKbFNnbTJzOGdvM0RPUEIzd29RNzBEa3oKcUtjQzRuODVNaVN4alhDTGpWaCtlVnl4WWx4OFVCRzhIZTVtQVJybGU1YjIvQnAyZTFrS2lVYnFLdkljTnlGWApWdVhrRm53aEF2SG9ueFlsN1lqVVprN0JDc2FXQmlHYUVhNXVGd29oRlZSRDVyLzhyT0JybkRZWDJxNGRhMXd5CmxQOTl6UVhNMkg0dFpNMzMyUlBtSzdLSUdBbkwxK3FXa3B6d0xwdk52cThTNWJUcnFkNDdETGpGU3JGcEpQMVUKV0ZvSE9PSEdXZThPS3dKT0FhbnM3ZXhMWUVieXRXQ0kycXpsdzNxTXd3c1lPbVhLZFE4Y3BBeEZLdk9oVXpoUwpLbDNQclhMNDVmMnlxV1JpM2JWcXNwN25sMUJ1RTFoYW5XOWFEc1ROMFNvb1Z5eHlNb1h1Mk5nd3VzZHJBZ01CCkFBR2pPREEyTUF3R0ExVWRFd0VCL3dRQ01BQXdEZ1lEVlIwUEFRSC9CQVFEQWdlQU1CWUdBMVVkSlFFQi93UU0KTUFvR0NDc0dBUVVGQndNQ01BMEdDU3FHU0liM0RRRUJCUVVBQTRJQkFRQm1EdERxMTgzYlFEZDRpbVJUaThBOQo4V0pTNUNJcCt6SldoMWdpbTMzTnYrczhJc1hOdko0S1FYV3FibklhTVhnVW82aHdQSVkrUzV5cFVaM2dIOGRmCmNLRFU3djFpYmdPYzVMYlVla1JEUDdMa3VsdlhaS1NBMlpROC83aE9qaU9UZ2RPdC9ZamhZeTBHTHhsbmN6RDEKaUtxWFBwRHZJRE9POUxmbFpLODlhOEs0YVF1QlZlb3dhNSszd3M1WDY0blBnKytOZFpGMFhyWGNTVTF3WlZIbgp6T3c1OTgwYkVMdjdRNkc4a1dqQXFab0FnNzlpL2ZObVFwejdnTzlURTBnd01qWW1Gc29lK1Rsd2l5eTlnZ0k3CnVJZGVLblJ4Z3dLRnpIYXEwM3N1SGpKOFRmejNLWmFMOFI1R29IcTZlbDd3VlF0WmMwRUZ5N1J1K2Irb2Q0ZXoKLS0tLS1FTkQgQ0VSVElGSUNBVEUtLS0tLQo=",
                            "public_key_type": "TYPE_X509_PEM_FILE",
                            "service_account_id": "projects/falabella-catalyst-bu-dev/serviceAccounts/cloudfunction-pub@falabella-catalyst-bu-dev.iam.gserviceaccount.com",
                            "valid_after": "2020-08-27T14:51:00Z",
                            "valid_before": "9999-12-31T23:59:59Z"
                        },
                        "meta": {},
                        "tainted": false
                    },
                    "deposed": [],
                    "provider": "provider.google"
                },
                "google_service_account_key.deployment_service_account_key": {
                    "type": "google_service_account_key",
                    "depends_on": [
                        "google_service_account.deployment_service_account"
                    ],
                    "primary": {
                        "id": "projects/falabella-catalyst-bu-dev/serviceAccounts/app-deployment@falabella-catalyst-bu-dev.iam.gserviceaccount.com/keys/6b2df1bd5f4a4e4843bf28ba012b0f3af2f960b9",
                        "attributes": {
                            "id": "projects/falabella-catalyst-bu-dev/serviceAccounts/app-deployment@falabella-catalyst-bu-dev.iam.gserviceaccount.com/keys/6b2df1bd5f4a4e4843bf28ba012b0f3af2f960b9",
                            "key_algorithm": "KEY_ALG_RSA_2048",
                            "name": "projects/falabella-catalyst-bu-dev/serviceAccounts/app-deployment@falabella-catalyst-bu-dev.iam.gserviceaccount.com/keys/6b2df1bd5f4a4e4843bf28ba012b0f3af2f960b9",
                            "private_key": "ewogICJ0eXBlIjogInNlcnZpY2VfYWNjb3VudCIsCiAgInByb2plY3RfaWQiOiAiZmFsYWJlbGxhLWNhdGFseXN0LWJ1LWRldiIsCiAgInByaXZhdGVfa2V5X2lkIjogIjZiMmRmMWJkNWY0YTRlNDg0M2JmMjhiYTAxMmIwZjNhZjJmOTYwYjkiLAogICJwcml2YXRlX2tleSI6ICItLS0tLUJFR0lOIFBSSVZBVEUgS0VZLS0tLS1cbk1JSUV2QUlCQURBTkJna3Foa2lHOXcwQkFRRUZBQVNDQktZd2dnU2lBZ0VBQW9JQkFRREJheFczdFZCZnc4Y0Rcbkt6eEd4QmlZQVJmMjk3MlEyMGEvbkpqYmVuWVBqOHo4RVljZVlSODBaeVRCRlMxN0JsZnlwRUE1d1FFV1krcHJcbk9PUXJVdDVDNlNKZTg4SUQycHBqN1F4ZmErL2VvTCs1eTJ3N2NFakZpY2dzT21DWkUzMklLWGE5Vmd4aTZoQzRcbkdHTy9xQ0d4MVcxeW5BZEFPOHVVZExocjF2dVhFbU5XOTR1Yk5mNXQrWU5uZmIwWk9aS0dPWHRLVlduazVXM3FcbjEzMk8zTGR1VlRXUEk0SHNnQlcvTzMrdEZ4NlJhOXBHODlXdFBGWWMvUUhnM3N2T0t2YkhLZVRDSldBT1JXaEJcbkR0cS9iR3MwVGRURDZwa2d6VWJDTDZ4ZUVCbjFOc1JQOUY2QzRlQ1B6OXBzYnNTaEQ1OXRHQVRSSmFvUlAxWFhcblp0MzM3N2pSQWdNQkFBRUNnZ0VBRXZVMjFicG9QRnEySVBISklLNkx6Q3BTZWM0VnZ1L1NZd01yalNla0VGelFcblQrWTh0aStTMEo3amVpZktjRGRTanE1QVZVODlNSEtoMnd5VnJYc0NRNTE0b2l1R1A0bW5zU0xlaG1QUC9EM1dcbkdjaEs4TENCS3hoTUo2elN2VzVHYk10Z2JIV2lTRjRZQ3dhQ2tHYnNZMWx5MEc3OUR2UG5DbHpZQWVPSFRKNE5cbmJOV3IrNHczcStSNXpHb2thUWVkWnE0MUtzTXNmajYyZHA0dTN1aXM3NGd2aU9Ua0RYNzgyVzhuc0NIbzRua21cbk9SVGVNL2NEWHBlS0Exd1BxVytyVkJJOFlwZmIwb09DZ3hxeUJneTZTVy9ncUpDa3d6bHlObzdyNDRjNTlFTDlcbnlDUGV5Mnd4aWR2QVh2c1lnb2R6OVUrRG05cDE3ZWRyaG44Y0ZoMkhtUUtCZ1FEd2p5MFkzaHNzdCt5NzFTbEhcbk16TXJoM0hXakszekl3dHUvM0ExdnFjaHVtMDdscC9IZDhWNVhLS0xraHl4ZGYvSkR0emUxbGNJM2xFR0ZLa1pcbjVTNzdaM0tLZVI2NTNOM2JqdDVkTjN2eFR0YjYya29IRmpPUXFsYS9PU2wwdk5oTm5nSW1ZaTVuVnJ2U1A4N09cbnhET1c1Z1M1S0QvSU9JSnJKZkRaKzErZWd3S0JnUUROMVV3UXgzVmxlMWsyemttR0hLTjhZR2ROQm9ZWXdsUmRcblBROTdFWklJdWU5ZzVGMGxEaTk2WmNrWlgxbW1md1dCYjZJY21sV2FMVXFqYW1oTXEraUU1S2JGaFVvOVJOMExcbkZkNmFheTd2dGhpcXJWVmU1Q3g5RWowWlhQUWk1N3VHMktZODhETk11cHp0QzRsRHMrUmQrVmpidHIrRk5yQ0ZcbmREQ0ZRTDRyR3dLQmdHRXhpQWdISFRXcExsWUozdjZzZWgwNVFVNXRVbzdzOXQ2bkNFQSt3cXBHOTRGZTd6bVpcbmM4a0FHNUNHdlY4YURQbkFMbzgrVExZQmxQeis5Zi9IY0g4Vklkcys2cUl2MGRlMjFyTVZDdGZKZ2VTaXM4dy9cbk5TQmJJbWRxZ2d4dmpIbDN3T2lmUEo1MkZiYnlIdTI5cWhacTR6ZW9RblQwR0FXUXM4cHUzUWhmQW9HQU9aTmNcbmY2VUxkYU9YUlBsWEg2aUxJcE5rMGVydFA2ZThLWWlXOS9ubU80S25MeGN4NXRlYytFUFlpTHhmTzI5MGZzeFhcbk1HRUxhT0VhYTdPc0VTWlZHRGROWHhyMXRVVzUvd3ZUQktiT3JrYmxoM2lNMU1wR2w0V3VpWld5eE1ERmQrYktcbk9XbUhNQU5UT2d0c0RnQVg5U0YyZFo4YzI0cDh2aGZPS3JmOWVka0NnWUIyK04rNEhtL0p5YmhObEZlTVFZNXhcbks3dFF6YnFsZW1hdVpiVk5pQzVoTndPM3pXZjBUWnFqa0tkelZ3eit5eVNFMXlXeFUzNzd0VVppallYVHhuMzlcbnJZYkxKYnNpZXNXdUl0NGRVdVJIQmlLUUlTWW9wdWc1cHdZL0dMdllKWFZubzFkWGVhaERKVGRpT1JIVjJDbFdcbk9hSklUVlF4WG1GZW5acTVEZnFmMlE9PVxuLS0tLS1FTkQgUFJJVkFURSBLRVktLS0tLVxuIiwKICAiY2xpZW50X2VtYWlsIjogImFwcC1kZXBsb3ltZW50QGZhbGFiZWxsYS1jYXRhbHlzdC1idS1kZXYuaWFtLmdzZXJ2aWNlYWNjb3VudC5jb20iLAogICJjbGllbnRfaWQiOiAiMTEwNTcyMjIwMDAyODQzNTQwMjU1IiwKICAiYXV0aF91cmkiOiAiaHR0cHM6Ly9hY2NvdW50cy5nb29nbGUuY29tL28vb2F1dGgyL2F1dGgiLAogICJ0b2tlbl91cmkiOiAiaHR0cHM6Ly9vYXV0aDIuZ29vZ2xlYXBpcy5jb20vdG9rZW4iLAogICJhdXRoX3Byb3ZpZGVyX3g1MDlfY2VydF91cmwiOiAiaHR0cHM6Ly93d3cuZ29vZ2xlYXBpcy5jb20vb2F1dGgyL3YxL2NlcnRzIiwKICAiY2xpZW50X3g1MDlfY2VydF91cmwiOiAiaHR0cHM6Ly93d3cuZ29vZ2xlYXBpcy5jb20vcm9ib3QvdjEvbWV0YWRhdGEveDUwOS9hcHAtZGVwbG95bWVudCU0MGZhbGFiZWxsYS1jYXRhbHlzdC1idS1kZXYuaWFtLmdzZXJ2aWNlYWNjb3VudC5jb20iCn0K",
                            "private_key_type": "TYPE_GOOGLE_CREDENTIALS_FILE",
                            "public_key": "LS0tLS1CRUdJTiBDRVJUSUZJQ0FURS0tLS0tCk1JSUMrakNDQWVLZ0F3SUJBZ0lJZVVPVUJFWXpNejB3RFFZSktvWklodmNOQVFFRkJRQXdJREVlTUJ3R0ExVUUKQXhNVk1URXdOVGN5TWpJd01EQXlPRFF6TlRRd01qVTFNQjRYRFRFNU1EUXlOakV5TWpNeE4xb1hEVEk1TURReQpNekV5TWpNeE4xb3dJREVlTUJ3R0ExVUVBeE1WTVRFd05UY3lNakl3TURBeU9EUXpOVFF3TWpVMU1JSUJJakFOCkJna3Foa2lHOXcwQkFRRUZBQU9DQVE4QU1JSUJDZ0tDQVFFQXdXc1Z0N1ZRWDhQSEF5czhSc1FZbUFFWDl2ZTkKa050R3Y1eVkyM3AyRDQvTS9CR0hIbUVmTkdja3dSVXRld1pYOHFSQU9jRUJGbVBxYXpqa0sxTGVRdWtpWHZQQwpBOXFhWSswTVgydnYzcUMvdWN0c08zQkl4WW5JTERwZ21STjlpQ2wydlZZTVl1b1F1QmhqdjZnaHNkVnRjcHdIClFEdkxsSFM0YTliN2x4SmpWdmVMbXpYK2JmbURaMzI5R1RtU2hqbDdTbFZwNU9WdDZ0ZDlqdHkzYmxVMWp5T0IKN0lBVnZ6dC9yUmNla1d2YVJ2UFZyVHhXSFAwQjRON0x6aXIyeHlua3dpVmdEa1ZvUVE3YXYyeHJORTNVdytxWgpJTTFHd2krc1hoQVo5VGJFVC9SZWd1SGdqOC9hYkc3RW9RK2ZiUmdFMFNXcUVUOVYxMmJkOSsrNDBRSURBUUFCCm96Z3dOakFNQmdOVkhSTUJBZjhFQWpBQU1BNEdBMVVkRHdFQi93UUVBd0lIZ0RBV0JnTlZIU1VCQWY4RUREQUsKQmdnckJnRUZCUWNEQWpBTkJna3Foa2lHOXcwQkFRVUZBQU9DQVFFQVV5QlBEV3ZlV1R5WmNnSTBhUTRFS1BidApBMTZLUVNaUXBMVEhTcXVsR0ZYTERrd2RubW5HUWJTMFNPM1hwdHBpNlFBVmVLMVpJT1FSZ2o2OXVvZWtkczRXClkvbzdlVGN1Z2QrVStQNWhlVzg4LzV6RGZBN1hsWlkxa1hxQUhnSDNUQnFtODNxVitJVkNRWWdGV1J4eTQ2MEwKOWxReTNNdEQ5NVlvNWUzK2lCc0NKeXNKaDdKOWcxOTJvL3ZsMnJSTzJIdzNQQWRNamhPblNvTzZVNUh6Yy9OVApFMktJYzhGdHBBeVdaOWVDVmJWM1ZGMGNCeUswbkU2THFRb3pLdndmWFh6WGt6aWdKclppQ2xVSElkeXloK1UxClV1SHhlbjN1L1FUQTRSUXRta0R0MXM5MWw3OHBoUEZDRk5WYjRIK015MkJNcUIwTHd3QUtQZW5lNDR2cVVnPT0KLS0tLS1FTkQgQ0VSVElGSUNBVEUtLS0tLQo=",
                            "public_key_type": "TYPE_X509_PEM_FILE",
                            "service_account_id": "projects/falabella-catalyst-bu-dev/serviceAccounts/app-deployment@falabella-catalyst-bu-dev.iam.gserviceaccount.com",
                            "valid_after": "2019-04-26T12:23:17Z",
                            "valid_before": "2029-04-23T12:23:17Z"
                        },
                        "meta": {},
                        "tainted": false
                    },
                    "deposed": [],
                    "provider": "provider.google"
                },
                "google_service_account_key.di_backoffice_account_key": {
                    "type": "google_service_account_key",
                    "depends_on": [
                        "google_service_account.service_di_backoffice"
                    ],
                    "primary": {
                        "id": "projects/falabella-catalyst-bu-dev/serviceAccounts/di-backoffice-service@falabella-catalyst-bu-dev.iam.gserviceaccount.com/keys/388b7b5d3f88abe8889146e1ad795a2a2f49eadd",
                        "attributes": {
                            "id": "projects/falabella-catalyst-bu-dev/serviceAccounts/di-backoffice-service@falabella-catalyst-bu-dev.iam.gserviceaccount.com/keys/388b7b5d3f88abe8889146e1ad795a2a2f49eadd",
                            "key_algorithm": "KEY_ALG_RSA_2048",
                            "name": "projects/falabella-catalyst-bu-dev/serviceAccounts/di-backoffice-service@falabella-catalyst-bu-dev.iam.gserviceaccount.com/keys/388b7b5d3f88abe8889146e1ad795a2a2f49eadd",
                            "private_key": "ewogICJ0eXBlIjogInNlcnZpY2VfYWNjb3VudCIsCiAgInByb2plY3RfaWQiOiAiZmFsYWJlbGxhLWNhdGFseXN0LWJ1LWRldiIsCiAgInByaXZhdGVfa2V5X2lkIjogIjM4OGI3YjVkM2Y4OGFiZTg4ODkxNDZlMWFkNzk1YTJhMmY0OWVhZGQiLAogICJwcml2YXRlX2tleSI6ICItLS0tLUJFR0lOIFBSSVZBVEUgS0VZLS0tLS1cbk1JSUV2UUlCQURBTkJna3Foa2lHOXcwQkFRRUZBQVNDQktjd2dnU2pBZ0VBQW9JQkFRQzJOWnpNRkY3RzVsZGJcblpTb0dIS1pSUjdzT3ZXaWdUM1RsLy9sMy9rR3JBNXNCZzNVQjhjYi9salAvanpPSjQrS0dSTUZ6UlV4djF1djBcbmtZZ0hoOERzNGhCaVYyV0s3dGp5TzNiaGJJZysxTytqOWpKOUg4MXFBZm1iQ2FwRG1yb0hmK05TOGF1TzMvMUFcbm9nU21naWZkREs5MWMraTRrQ2dtSlJZSTJZL0ZmZ2xEc3hxenRiYkJxZWx4YmNyenY1djhUNjVQa1h5bjBnSy9cbkQ0ejBNT21tTWVqMitvaUVIR0tZTXM1Y2NGdktXQU4zU0JrMDQwN3ZBYUdrMUcwUE10L0FGSXppTVZmOU9oUVdcbldkVi9yTFRGT0pSc1JnK0Y3TmRyMUt0aFJPQ1BDOWo5dFBHV1VnMmV5V0pJWUUyL2JzUDdFU1RPa3NBNVllMnhcbkdsZjZHQm1kQWdNQkFBRUNnZ0VBVnUrTGlWK3F2TkhJR21aUlA2dEp1M3d6QnR4ZVlDYXBDdGd3Q2cxNC9ZUnhcbjM2MytGTmhyN3lTV1dMZlZpbFA5ajd5Y1pFaExLUTF0ZFRvK29nRW1qcDlwMjlJQk0rRzBCeGRTS0VvbFUzMDdcbmZZcUpHbVFqR1JJcUtzdll2ZnJFQ2JIK0gyUUpTOWtaTjA1V1U2L0VIMWJmSEhZYU1uMHRlczIxRHJIblEvMkpcbmY2NDFEWnFTUmkxcmZFUDVodWkwZC9maXdKWVNQR1VSamNhOFRBWlIrVHdIcnVTUkRYOHl6cHM0NGxiaGJqZGpcbnh3cW54Y1JFMU8rdXIvamY3RWtzYnJ6dk5mWlo0aUFWMktIUCswMEV4c0hGV25VdkpDT2pVanlDemk5WktLbmFcbnFTUWx5QVl6WkRhWDhQTUdGTmh3QUtpOXl4ODdWK3hzbG9ZVnltNExqUUtCZ1FEY21MVmJBKzlUaUFOTXlSREdcbkVlbzFRRmpmSlEycHBTVWdUTDVqTmc5bEkybzJhQ3hlSFkrWGVmMzNZWHNGbnFEcmFkMi9nYWsrcVN4Mm11blJcbllyaFp1RTVtdHRIV3IwTllmRE1kZlUzZEZFNW9KcDFiT2JZRlpGV0xRZUZvcUNlbGE0REd3UnBGbmhDWDRyQ3dcblBKUEpIQ1ZCallyVGp5azZSSFVGVW5CRWR3S0JnUURUYzhGNlpLbC9JTzJ6M3RZR1k3Z0Qxbkk3RzZ4ZUsyMkdcbmpvTENhbytacjZjeUdJekkxZGVnNWl5WFowcDd4L2xrZTZBbUdoNzN3bGhMWjZVaVJuZXZXZHFtV3I4cjlZazVcbk01cDRWbjM4UDNxajVpVVJoVXUrSUs1bG9nY1JHd2E1TlRtdm5lWDVIeDdRNXNWa2V6N1Nhdnl6UFA2YWxLQkRcbk5JOG1XK0M3aXdLQmdER20wWk1WMUtWcGhNeWdxUHpjQldwTS9IUGxaQ2pkK2ZoR0xjZ28zOWcwMjNBNWpGcjJcbnJsNDY0Qlh4US81azBQV0wwNVNLTzZ6VjZTTWRCU25TM1ltY09WRlhMdTN5YnVjWXRXeWF5bzdMUmthZEFtZ0pcbkdsWW1XamJJOGxKYkh1bFZ4QnQ0VlZCOEhtSUJiU0dOMFBuQU13YUpORWtmL1BpWGRmdG5yY3RMQW9HQkFLcUJcblZ1eElxMXgxd3ZjZG90dDRJWFFHd2duam9MUTJ0SlNoNmRLM2RwL293aHRsTEhEdDduZ3g0cGNibFRZRzVKVWdcbkV0MW1ocjRtR21pRFpPY2toM0lBTkkyYjh6ZVJRRnU5dnJ0Mmt4U0tZMnd5TW9YVVJHVkZtUnNlOGkvYTZTc0RcblBrYmNQZ3NLQ3lGTVZMTlhwaXFxVnFaNWNweFhhSHVJc0Qyd0xLRk5Bb0dBUFV2WDVJenByTTdDcXJpMnBPbllcbjY0SE9zcW9Qb2tRY3pGbG9FendJQzg5RHJDQnJSdVgxVHNDRDh5L3Z2N0tyRm9RUisraDF6Uy8yODQ2dUhjVWdcbkZWUWM4ZnM0WWJGdGovZTh6eHJHNWI0bll2cDJueDFEelUyd1lIaVJWWXNWQ25PQlM5R0hqQnMrTXg0TFpoKzFcblRRbnRuNnVQZ05ibU9jZ0NyRlppTy9BPVxuLS0tLS1FTkQgUFJJVkFURSBLRVktLS0tLVxuIiwKICAiY2xpZW50X2VtYWlsIjogImRpLWJhY2tvZmZpY2Utc2VydmljZUBmYWxhYmVsbGEtY2F0YWx5c3QtYnUtZGV2LmlhbS5nc2VydmljZWFjY291bnQuY29tIiwKICAiY2xpZW50X2lkIjogIjEwNzU3OTU2MzYwMTE0OTQyOTUxMCIsCiAgImF1dGhfdXJpIjogImh0dHBzOi8vYWNjb3VudHMuZ29vZ2xlLmNvbS9vL29hdXRoMi9hdXRoIiwKICAidG9rZW5fdXJpIjogImh0dHBzOi8vb2F1dGgyLmdvb2dsZWFwaXMuY29tL3Rva2VuIiwKICAiYXV0aF9wcm92aWRlcl94NTA5X2NlcnRfdXJsIjogImh0dHBzOi8vd3d3Lmdvb2dsZWFwaXMuY29tL29hdXRoMi92MS9jZXJ0cyIsCiAgImNsaWVudF94NTA5X2NlcnRfdXJsIjogImh0dHBzOi8vd3d3Lmdvb2dsZWFwaXMuY29tL3JvYm90L3YxL21ldGFkYXRhL3g1MDkvZGktYmFja29mZmljZS1zZXJ2aWNlJTQwZmFsYWJlbGxhLWNhdGFseXN0LWJ1LWRldi5pYW0uZ3NlcnZpY2VhY2NvdW50LmNvbSIKfQo=",
                            "private_key_type": "TYPE_GOOGLE_CREDENTIALS_FILE",
                            "public_key": "LS0tLS1CRUdJTiBDRVJUSUZJQ0FURS0tLS0tCk1JSUMrakNDQWVLZ0F3SUJBZ0lJZnh6cG0xSldLZEV3RFFZSktvWklodmNOQVFFRkJRQXdJREVlTUJ3R0ExVUUKQXhNVk1UQTNOVGM1TlRZek5qQXhNVFE1TkRJNU5URXdNQjRYRFRFNU1EVXdOekEyTWpNeE9Wb1hEVEk1TURVdwpOREEyTWpNeE9Wb3dJREVlTUJ3R0ExVUVBeE1WTVRBM05UYzVOVFl6TmpBeE1UUTVOREk1TlRFd01JSUJJakFOCkJna3Foa2lHOXcwQkFRRUZBQU9DQVE4QU1JSUJDZ0tDQVFFQXRqV2N6QlJleHVaWFcyVXFCaHltVVVlN0RyMW8Kb0U5MDVmLzVkLzVCcXdPYkFZTjFBZkhHLzVZei80OHppZVBpaGtUQmMwVk1iOWJyOUpHSUI0ZkE3T0lRWWxkbAppdTdZOGp0MjRXeUlQdFR2by9ZeWZSL05hZ0g1bXdtcVE1cTZCMy9qVXZHcmp0LzlRS0lFcG9JbjNReXZkWFBvCnVKQW9KaVVXQ05tUHhYNEpRN01hczdXMndhbnBjVzNLODcrYi9FK3VUNUY4cDlJQ3Z3K005RERwcGpIbzl2cUkKaEJ4aW1ETE9YSEJieWxnRGQwZ1pOT05PN3dHaHBOUnREekxmd0JTTTRqRlgvVG9VRmxuVmY2eTB4VGlVYkVZUApoZXpYYTlTcllVVGdqd3ZZL2JUeGxsSU5uc2xpU0dCTnYyN0QreEVrenBMQU9XSHRzUnBYK2hnWm5RSURBUUFCCm96Z3dOakFNQmdOVkhSTUJBZjhFQWpBQU1BNEdBMVVkRHdFQi93UUVBd0lIZ0RBV0JnTlZIU1VCQWY4RUREQUsKQmdnckJnRUZCUWNEQWpBTkJna3Foa2lHOXcwQkFRVUZBQU9DQVFFQUo3RGh4NDZMaWJaMTB4UDM0bzdkTnpCawpRNDhNT28yVjh5NGNZWUxnbFlMVGNNT3VxWDF3VER0Sk9ybkltanFiOWN4eFd6SFhpc1RKZUxjNlU4TFArc1lMCkpOOVROSEZkZGtYV3hYN04vWjRWcEdBM25yWUNWRUhsb2FrVkM3V1A5empwSzJGTTVXTGxpTXhkb1NiNXltam0KamZZZ2o0Rm5FdXFEK0xsVWV4NzF2MnB6eWdET0R1Q01HSjY2Vm4xa0hITFdRcWtoRVJPaW9UWTNURkJFNVVRQgpCUEZ6ZU1WbTdIWDkremt4TExJOXZMOFRmSDA3eWpidTJMN1dpNUhNekUrekEzNjIralJlSUlZK3ErUzNqZUVmCjVKcW5IZzZnRHV1cHZJL3ZjZVdlTmhFZEF1ZzNsbWJkdFB1VnFoWmcvdklGTkVkZVJNbTRIN3NENXliYWdRPT0KLS0tLS1FTkQgQ0VSVElGSUNBVEUtLS0tLQo=",
                            "public_key_type": "TYPE_X509_PEM_FILE",
                            "service_account_id": "projects/falabella-catalyst-bu-dev/serviceAccounts/di-backoffice-service@falabella-catalyst-bu-dev.iam.gserviceaccount.com",
                            "valid_after": "2019-05-07T06:23:19Z",
                            "valid_before": "2029-05-04T06:23:19Z"
                        },
                        "meta": {},
                        "tainted": false
                    },
                    "deposed": [],
                    "provider": "provider.google"
                },
                "google_service_account_key.di_pubsub_account_key": {
                    "type": "google_service_account_key",
                    "depends_on": [
                        "google_service_account.di_pubsub_account"
                    ],
                    "primary": {
                        "id": "projects/falabella-catalyst-bu-dev/serviceAccounts/di-push-pubsub-user@falabella-catalyst-bu-dev.iam.gserviceaccount.com/keys/7723a5339a6efa4d232f25c24f8610618eac7fea",
                        "attributes": {
                            "id": "projects/falabella-catalyst-bu-dev/serviceAccounts/di-push-pubsub-user@falabella-catalyst-bu-dev.iam.gserviceaccount.com/keys/7723a5339a6efa4d232f25c24f8610618eac7fea",
                            "key_algorithm": "KEY_ALG_RSA_2048",
                            "name": "projects/falabella-catalyst-bu-dev/serviceAccounts/di-push-pubsub-user@falabella-catalyst-bu-dev.iam.gserviceaccount.com/keys/7723a5339a6efa4d232f25c24f8610618eac7fea",
                            "private_key": "ewogICJ0eXBlIjogInNlcnZpY2VfYWNjb3VudCIsCiAgInByb2plY3RfaWQiOiAiZmFsYWJlbGxhLWNhdGFseXN0LWJ1LWRldiIsCiAgInByaXZhdGVfa2V5X2lkIjogIjc3MjNhNTMzOWE2ZWZhNGQyMzJmMjVjMjRmODYxMDYxOGVhYzdmZWEiLAogICJwcml2YXRlX2tleSI6ICItLS0tLUJFR0lOIFBSSVZBVEUgS0VZLS0tLS1cbk1JSUV2QUlCQURBTkJna3Foa2lHOXcwQkFRRUZBQVNDQktZd2dnU2lBZ0VBQW9JQkFRRE0zUlFUbDlqdjhIMVBcbkZBajZhQXdGemJkQmU3QmRzWm03Y0c5REt4aGo1Mjh1ZzJMdHhaS1k4NHpQQlhxZDhPNjZGTmdXWnZBSlBLWFpcbmx4b1BaYUl0K0RkWWZZWlZtcWsrZUVtLzk2amtOendiVkFlVHY5aHZNZU1mNHljL2dpTmdOZFgxTjM2bEtZSUVcbmwwQ3BLc3VoYUhHMDE5VkRVckxCczdkeWNIa2ZSRytDcW5WSzNId0VCeHlndVFMR2JOU0RFT2lETTlGWmt3c1Bcbm9FcEJ4SmxhSWtjWG9sQmRxb1pYMXlBbmNidmlaQVArTzBEc29NSFh2aXB1YlJXbitBQko3QmtDOUpMcGhCdmVcbkFJblFTUStrMHp2aHV3aG1CSG8rVHBZZTZiK3RGTW10b2U1R25IdFkwNzltM2RUek1NdHlUVjhzWkIxWnozZzFcbmsxaENTZDhoQWdNQkFBRUNnZ0VBQ0VBWEM1QktvazhkeDNqWHdRM28vZ3JYaUlHWFlXUHMvRjdUZkVjRFhSMU5cbm5hS1k4Z1BLUloxT3NiK3N2U2p6ZnZiNzc0V3h3UTE2T0dzY3dqdFE3cjBDV0VQN052NEZqRE10U29LS0syRmdcbndGRUFCUjZZSHRKSmdxMCtsV1l1VDkrYkt2R29pTFR2NXQ0WWgrSTdWUzF1OXQ0dEErQnBab3o2K2F3M1B6VUxcbkoyNmw1c3M1M0FDMGwyVXkrMlBueFBqMFdmeUNXbnJWa25lTTVJVTBmRkg4MzY1NUxBczd1YUNPRGJCVGR1Z0RcbkNGc0JCYjNiTUQwZzdBMG9HMnBZZk5KbHQ1d1FabXZhM2lPd2RYTFliOXloeGVWK3JkM2prY3RudkRiL0ZNNHlcbjJXNjREZm85dS9ncVBhcUdtVTN1V0VUUmF1Wmg5R01EVk5EbGlnMVc2UUtCZ1FEOHlzUnF4STg1MjB0N2FzRXVcblZNaEtIVHJVS0dXZVcxeGgzSE1OSGV5WERZdWorUTdzWWI4SnlqblFXQlVieUEzUVg4dC9xYUYzTUNQRFdpcW9cbmpJVUFnZ0dNYk11NTVId3ArNlE3ZTdjeWJZdWtEUFpYbklEbWhNaVI0cTVMTmc3dk9iZ0IvdTJqNFNQODBXeFNcblZmcGpSTHFZQWhUWU4vZUIwNkNaVUx2Vlp3S0JnUURQZHB1K1YyQm1ZV010bFg3UEppanNGVEk1a3VuNG9zdGhcblhOY0tjQUhRR2l1UnNVdFdqSGR3Y1VQWmRCWDNhRTVpSS9ZdlB0YVgybFVxWUNwOFQrbFhha05vZ1FrNkNBdWlcbml5UWU0d1pWT2VST2M4Zk5uOEJabjZEbHI4ZENiMlhZclpIM2RycVMxd0pnOVpaWG9Ud2huSTBlT284MERSOVFcbkZpUXRydjhLTndLQmdEbHBRNXFMOFl0T1JxSk02SHJCUG91MmY3blhRdHpvR3Q4TzFnSlFuWDdnMEtuNDBtN1VcbjlESWcvMmhWMk5WcVpkakJLTkpoa0E0bG5MbXRMS3NDM3VIeXBLOWp0aEVOMXpVaHRYYmM3Z3BCM3Nqdk9MTkZcbkUvRkdqdGF6Q0txRUtIZ2tQNm9VWDV3c2NhUGxYQmlHOWtxOVBUTndwWk5GZ3F5MWgyL0thaDVaQW9HQUcxUWJcbmRmcGFsNEh5cDVtT3g4aldFU3RGbjNIcjRqWEhwcjZ0RVJIcUd6aW5UcHpWT01SdUkyQzRPRmZqWU9EYm1tLzBcblNRcjFCN0hhRUNmMDBNVlNEcExQNkY4L0VPYm9hWFA4d1JqVXg3dEZpTlFWbU0rWGJmYnFJZmVDdnd5ZmxPaGdcblZ3SEwxL1g4dVRzQW4vQjhWRTBrQmJ4ZkN0TkRzYkFJK2YrWVZ3Y0NnWUFzN0xYYVF2NmNhelBsL0NVMkJjYW9cbmthc1NQTHpidERTZkpRN2RjNE9xWXcvcVlGOHVVTmU3eHVsWU02OEtSeGhnRTFBUytxWDhLMVB0M2RKZW81QTdcblI1OGtHVHpOVjh6WXdxaHhzdEhhQUs1YnM1ak40OXc2ZVNiT09WbzUzdER6dVRPcU1rekYxcnZHOHZ1aW14R1hcblY0aENLR044Q1FoVHRFU0lYS2wxbGc9PVxuLS0tLS1FTkQgUFJJVkFURSBLRVktLS0tLVxuIiwKICAiY2xpZW50X2VtYWlsIjogImRpLXB1c2gtcHVic3ViLXVzZXJAZmFsYWJlbGxhLWNhdGFseXN0LWJ1LWRldi5pYW0uZ3NlcnZpY2VhY2NvdW50LmNvbSIsCiAgImNsaWVudF9pZCI6ICIxMDUxODg3NjIzODI3NTk1MjQyMTciLAogICJhdXRoX3VyaSI6ICJodHRwczovL2FjY291bnRzLmdvb2dsZS5jb20vby9vYXV0aDIvYXV0aCIsCiAgInRva2VuX3VyaSI6ICJodHRwczovL29hdXRoMi5nb29nbGVhcGlzLmNvbS90b2tlbiIsCiAgImF1dGhfcHJvdmlkZXJfeDUwOV9jZXJ0X3VybCI6ICJodHRwczovL3d3dy5nb29nbGVhcGlzLmNvbS9vYXV0aDIvdjEvY2VydHMiLAogICJjbGllbnRfeDUwOV9jZXJ0X3VybCI6ICJodHRwczovL3d3dy5nb29nbGVhcGlzLmNvbS9yb2JvdC92MS9tZXRhZGF0YS94NTA5L2RpLXB1c2gtcHVic3ViLXVzZXIlNDBmYWxhYmVsbGEtY2F0YWx5c3QtYnUtZGV2LmlhbS5nc2VydmljZWFjY291bnQuY29tIgp9Cg==",
                            "private_key_type": "TYPE_GOOGLE_CREDENTIALS_FILE",
                            "public_key": "LS0tLS1CRUdJTiBDRVJUSUZJQ0FURS0tLS0tCk1JSUMrakNDQWVLZ0F3SUJBZ0lJUUp5eTdZTHpXdGd3RFFZSktvWklodmNOQVFFRkJRQXdJREVlTUJ3R0ExVUUKQXhNVk1UQTFNVGc0TnpZeU16Z3lOelU1TlRJME1qRTNNQjRYRFRFNU1EWXdOREExTkRFeU0xb1hEVEk1TURZdwpNVEExTkRFeU0xb3dJREVlTUJ3R0ExVUVBeE1WTVRBMU1UZzROell5TXpneU56VTVOVEkwTWpFM01JSUJJakFOCkJna3Foa2lHOXcwQkFRRUZBQU9DQVE4QU1JSUJDZ0tDQVFFQXpOMFVFNWZZNy9COVR4UUkrbWdNQmMyM1FYdXcKWGJHWnUzQnZReXNZWStkdkxvTmk3Y1dTbVBPTXp3VjZuZkR1dWhUWUZtYndDVHlsMlpjYUQyV2lMZmczV0gyRwpWWnFwUG5oSnYvZW81RGM4RzFRSGs3L1liekhqSCtNblA0SWpZRFhWOVRkK3BTbUNCSmRBcVNyTG9XaHh0TmZWClExS3l3Yk8zY25CNUgwUnZncXAxU3R4OEJBY2NvTGtDeG16VWd4RG9nelBSV1pNTEQ2QktRY1NaV2lKSEY2SlEKWGFxR1Y5Y2dKM0c3NG1RRC9qdEE3S0RCMTc0cWJtMFZwL2dBU2V3WkF2U1M2WVFiM2dDSjBFa1BwTk03NGJzSQpaZ1I2UGs2V0h1bS9yUlRKcmFIdVJweDdXTk8vWnQzVTh6RExjazFmTEdRZFdjOTROWk5ZUWtuZklRSURBUUFCCm96Z3dOakFNQmdOVkhSTUJBZjhFQWpBQU1BNEdBMVVkRHdFQi93UUVBd0lIZ0RBV0JnTlZIU1VCQWY4RUREQUsKQmdnckJnRUZCUWNEQWpBTkJna3Foa2lHOXcwQkFRVUZBQU9DQVFFQXk5UG8yNTlMbVI4aDd2eDZQRG44K3diLwpWRVBoZTVZanVNSElydG85ZkY4eTl4bVdoT0x3TXZvejBXdEd6aXN3cnAzbmdpbUFCZFR1OHFCR21od2VYTEk2CkRCYythWUFNZEVZMUhIWlN2U3dvUFd0b1huSzg4SjlKQ3pCcjkyRFlXTm13L1BVWUhtNGxMazhTaHNac2gvcDQKV0RVZTJocFNQYlpzTE9tNUxDbGE4YmdMWXF6RFNoRk4zY3J5OWpxekl5UG5jRU5kTEl3a0ExcDM4bDJyMTJneApvbHc4OG9mKzhERldLc3g4azdndlprbjFYVzMvMUpXQ1R2NW5rWjI3ODFQcnpOL1FBOXdzMUpiTDA2bm8wdHVPCnFCRWlsVmo4bEFnamMvTU84aHBXZUV3am1BQ3ZJR3RKYXVRYWZFWmU4ZzdiVnpVK0Q2cjNzY2hBUlRLcVh3PT0KLS0tLS1FTkQgQ0VSVElGSUNBVEUtLS0tLQo=",
                            "public_key_type": "TYPE_X509_PEM_FILE",
                            "service_account_id": "projects/falabella-catalyst-bu-dev/serviceAccounts/di-push-pubsub-user@falabella-catalyst-bu-dev.iam.gserviceaccount.com",
                            "valid_after": "2019-06-04T05:41:23Z",
                            "valid_before": "2029-06-01T05:41:23Z"
                        },
                        "meta": {},
                        "tainted": false
                    },
                    "deposed": [],
                    "provider": "provider.google"
                },
                "google_service_account_key.di_service_account_key": {
                    "type": "google_service_account_key",
                    "depends_on": [
                        "google_service_account.di_service_account"
                    ],
                    "primary": {
                        "id": "projects/falabella-catalyst-bu-dev/serviceAccounts/data-ingestion-service@falabella-catalyst-bu-dev.iam.gserviceaccount.com/keys/7f7ecc7b1fb2c951208d4b4f4f97b001b715417e",
                        "attributes": {
                            "id": "projects/falabella-catalyst-bu-dev/serviceAccounts/data-ingestion-service@falabella-catalyst-bu-dev.iam.gserviceaccount.com/keys/7f7ecc7b1fb2c951208d4b4f4f97b001b715417e",
                            "key_algorithm": "KEY_ALG_RSA_2048",
                            "name": "projects/falabella-catalyst-bu-dev/serviceAccounts/data-ingestion-service@falabella-catalyst-bu-dev.iam.gserviceaccount.com/keys/7f7ecc7b1fb2c951208d4b4f4f97b001b715417e",
                            "private_key": "ewogICJ0eXBlIjogInNlcnZpY2VfYWNjb3VudCIsCiAgInByb2plY3RfaWQiOiAiZmFsYWJlbGxhLWNhdGFseXN0LWJ1LWRldiIsCiAgInByaXZhdGVfa2V5X2lkIjogIjdmN2VjYzdiMWZiMmM5NTEyMDhkNGI0ZjRmOTdiMDAxYjcxNTQxN2UiLAogICJwcml2YXRlX2tleSI6ICItLS0tLUJFR0lOIFBSSVZBVEUgS0VZLS0tLS1cbk1JSUV2UUlCQURBTkJna3Foa2lHOXcwQkFRRUZBQVNDQktjd2dnU2pBZ0VBQW9JQkFRQ1RpOUR2NnhMYm5hZlRcbmdTNnJ5NXNhc2ZhaUNnMzViZXhzazhwbTRudlB1cWJiYktCTm1WcEZQalBCeFZrNCtlRkhnaU9FK2VzOCtSUjBcblI1M2NxMFdQZjhoZFQvdU9MNnBRb2praDVIVzRtUWRENXJLSER2allGOVBHM2tkYVZZdGI2SjE3WGsrTHFKcE9cblMxckd1TlVCbTlSNnU1dUp1TzNwakJNc3F3NnV2UVM1dGZRZUtsS0xJODA3VzhxYXFWMFQ3MnV0dzFZWGFpclNcbkNubHoxbFg5NXp0QkJmcUFSdUgzaVZDcnJleGdzeFFSaExFYUw1ODNZU25TRGlrL2lJN2lqbERZRmZIc25rWFhcbkVpenJEVmZkeVlqQnplRkYyb3RFU1VTeUpFMHNyNFh4bHduTHVXNnNPdnpVakhGa3V6REpvcUFwOTdjZEc3bCtcblJ1UEtwdUNUQWdNQkFBRUNnZ0VBQWRFRFYxTjVZeUJ3Ni83WHBjQWh5VFdFQXFFRlpMQTdRYnp5RFhhS3JWY3dcbkdGeDJmc05vRHBrczhaenQzbkNKR3ZuRVdTM3JKNldEWUhQRW1FTzRNcTQ3NG11S2ZuTjNjU1d3ekFvd0tYL01cbnpKa0pwL1dzWlBDcUovVWRtTVJHZ25EOTIxZkx1cEx1cExuSWIzdUt0OG5hTEZGUFRCQ1lScENnYUhqZlVKRzRcbnRDS0VtaDJCMGp3ZmR2RzhlUjE3UFdKYjRNTG82aXRWQzNTWnlieVJjZUNTUFBxK0h0OFFHQ0xmTXcvdVB6ZjVcbnZ4Tmt2K1lsT2g3LzdMVG83VWMwVHFmYWhXRHA1QmFoa3VNQk16dzNuYVVoNWU4UE42d1RqNnptaW9HVWMwQUxcbk1BaHN6VkZ6WVUxYjd3SXdSalJpbktucXJBYmtzQVhCY2x5SDE2QnBRUUtCZ1FESmlyR1J3dG5QTVViTmVIQnVcbml2UDM5MnZWSHI5ckdXMzhQWDR5MGg2OVBFc3cxenN4VytuYzE4eXZDSHA2L1E5QzFFR0xHYTd4NXplNU1DbEpcbjdxdVh1WGJ6QzNXT2E3MmM3WmlNdk1hL3pvTFlOSGVTbnUwWnpaNWswUU9xMWM1UDR6cFB1Slo3Yk5jQ09QbGtcbm00bDlIVkZ1QTFsM1BZc04rVGpVQ2hNbFV3S0JnUUM3YWhHSGl3Z3c4QU1RUFRsSHpVMjlkMkxnZ0h5LzNsWWVcblhDN1BSczV2MTk0YktSKzhHTlJ3Q2xTY3l4WFdQWEVQNDBRbjNhSlNsdVlBV2lJZXFVcmhHYlJlYWNJelJsU2hcbmN6VDFNUEl3ZEpKTDgwRGxJZkZWMVJMRmFsRWo5QXUvYXhTem1WS2pyN0FvMEx3TW03ZmVMS2JkQjRESGZSQ01cbkxUbklhdnl2d1FLQmdFZWFrd1BxYW1BR2JkVktXUWV0TG9pR3l6VG91N0ZkVTRvdWZzdW5nMnhRSTVheW9VRWtcbkdxNXZyVFR5bWpGZi96QUxJVTQrVGIxOEhId2E5RkJrRDJyVVpjSnI2OVF4eXlnWjhmenVoTjVZakh3c0I5OTdcbnYxbFBpRnJoTjZCV1hmcGNETGVPS1Vpb25xc1hldU9YcnYxWWtUbTR6dXhpWFNrVnhtN3ZOV1lwQW9HQkFJRitcbm1ad2hLY2krbmk5RFRtZlphS1RJY0E2VldSMHQ0QzFjSG8vajZkSUh3eFRiUm0wdWJ1TDNrRjFDU2RWZFlOak1cbmZKUmJKTVNTTlZ2NjYyWnFMUzM2RjlIQW00bllSN1BDcWMzZFF3ck9FU1BmY1hDaEVtTHZOZWdvUE9adHd3eEJcblRlMkd2RDRUcjlHVDRNdUpjUE5Yd1BncUxnWW8yUjB5UnFHL290ZEJBb0dBT0xUckRmbUV2ODVTRjFtUHhKdHpcbmR6TkxmNTdmU2pJeUlteng1cjRNOU5yMDVJdEVNek81Sm93MEVqblVGZ1VCR2F3T2VHMEtNM3V3NG1YZHpEWVRcbnI5UlkrdG8vdkYzejhzSFFCakc4UzU0NlA2Y3A2dk1MRHhOcWQ5cEllc3lvN0VwYU5lcWpvN2pkd3J5NnVvdW9cbkRUWHBuM0lyUWJBMXZjUWx6UDRoTlBvPVxuLS0tLS1FTkQgUFJJVkFURSBLRVktLS0tLVxuIiwKICAiY2xpZW50X2VtYWlsIjogImRhdGEtaW5nZXN0aW9uLXNlcnZpY2VAZmFsYWJlbGxhLWNhdGFseXN0LWJ1LWRldi5pYW0uZ3NlcnZpY2VhY2NvdW50LmNvbSIsCiAgImNsaWVudF9pZCI6ICIxMDA4NDQxMjg1Mzg1MDY0MDg4NjYiLAogICJhdXRoX3VyaSI6ICJodHRwczovL2FjY291bnRzLmdvb2dsZS5jb20vby9vYXV0aDIvYXV0aCIsCiAgInRva2VuX3VyaSI6ICJodHRwczovL29hdXRoMi5nb29nbGVhcGlzLmNvbS90b2tlbiIsCiAgImF1dGhfcHJvdmlkZXJfeDUwOV9jZXJ0X3VybCI6ICJodHRwczovL3d3dy5nb29nbGVhcGlzLmNvbS9vYXV0aDIvdjEvY2VydHMiLAogICJjbGllbnRfeDUwOV9jZXJ0X3VybCI6ICJodHRwczovL3d3dy5nb29nbGVhcGlzLmNvbS9yb2JvdC92MS9tZXRhZGF0YS94NTA5L2RhdGEtaW5nZXN0aW9uLXNlcnZpY2UlNDBmYWxhYmVsbGEtY2F0YWx5c3QtYnUtZGV2LmlhbS5nc2VydmljZWFjY291bnQuY29tIgp9Cg==",
                            "private_key_type": "TYPE_GOOGLE_CREDENTIALS_FILE",
                            "public_key": "LS0tLS1CRUdJTiBDRVJUSUZJQ0FURS0tLS0tCk1JSUMrakNDQWVLZ0F3SUJBZ0lJZm1JMFVQNEorYWt3RFFZSktvWklodmNOQVFFRkJRQXdJREVlTUJ3R0ExVUUKQXhNVk1UQXdPRFEwTVRJNE5UTTROVEEyTkRBNE9EWTJNQjRYRFRFNU1EUXlOakV5TWpNeE4xb1hEVEk1TURReQpNekV5TWpNeE4xb3dJREVlTUJ3R0ExVUVBeE1WTVRBd09EUTBNVEk0TlRNNE5UQTJOREE0T0RZMk1JSUJJakFOCkJna3Foa2lHOXcwQkFRRUZBQU9DQVE4QU1JSUJDZ0tDQVFFQWs0dlE3K3NTMjUybjA0RXVxOHViR3JIMm9nb04KK1czc2JKUEtadUo3ejdxbTIyeWdUWmxhUlQ0endjVlpPUG5oUjRJamhQbnJQUGtVZEVlZDNLdEZqMy9JWFUvNwpqaStxVUtJNUllUjF1SmtIUStheWh3NzQyQmZUeHQ1SFdsV0xXK2lkZTE1UGk2aWFUa3RheHJqVkFadlVlcnViCmlianQ2WXdUTEtzT3JyMEV1YlgwSGlwU2l5UE5PMXZLbXFsZEUrOXJyY05XRjJvcTBncDVjOVpWL2VjN1FRWDYKZ0ViaDk0bFFxNjNzWUxNVUVZU3hHaStmTjJFcDBnNHBQNGlPNG81UTJCWHg3SjVGMXhJczZ3MVgzY21Jd2MzaApSZHFMUkVsRXNpUk5MSytGOFpjSnk3bHVyRHI4MUl4eFpMc3d5YUtnS2ZlM0hSdTVma2JqeXFiZ2t3SURBUUFCCm96Z3dOakFNQmdOVkhSTUJBZjhFQWpBQU1BNEdBMVVkRHdFQi93UUVBd0lIZ0RBV0JnTlZIU1VCQWY4RUREQUsKQmdnckJnRUZCUWNEQWpBTkJna3Foa2lHOXcwQkFRVUZBQU9DQVFFQU91elMwc2dYQkdOZ3FhcUM4MGUzZFZBVApPanBRdmFvdUJqa0RIS2dyUWxMeFJqNzFYVVNuaFJnSWY3aW9XM3BRZ1RIWWdZZ3lnaFhPVUhPdFRCSGNOeHBrCi9pTTJzU1dSclE0aDd6ZDFzUVd2WHN3Rk16eVo0ZEdjZXFhejFGWE5FSVZwSDhnRjhycitlQVUySFRUODczeGQKd3VLYnBpNldUV21VS3FqcGhEcXhzQ2drN0NpL3hTYWJoKzh0aEhKYjBNcWFrSmUwUytWWW84VDhVcmcrU1RnUgowT21UaVVtaE9WeGpCUjErM1JJTGpTRHhwbTBrWDlWcmxLSTJuZHMzUUN6alVnWXJ1R0dpcnJzbXgxb0Q5UzY0CnRiV3dZZGwxMVBmQ0F2bjVxdzBCckI3cFRsMHljZ0IrK01NckNLSk9mbmlGTlBEaG1UTWdaNkhvVmkzNHl3PT0KLS0tLS1FTkQgQ0VSVElGSUNBVEUtLS0tLQo=",
                            "public_key_type": "TYPE_X509_PEM_FILE",
                            "service_account_id": "projects/falabella-catalyst-bu-dev/serviceAccounts/data-ingestion-service@falabella-catalyst-bu-dev.iam.gserviceaccount.com",
                            "valid_after": "2019-04-26T12:23:17Z",
                            "valid_before": "2029-04-23T12:23:17Z"
                        },
                        "meta": {},
                        "tainted": false
                    },
                    "deposed": [],
                    "provider": "provider.google"
                },
                "google_service_account_key.falabella_content_service_account_key": {
                    "type": "google_service_account_key",
                    "depends_on": [
                        "google_service_account.falabella_content_service_account"
                    ],
                    "primary": {
                        "id": "projects/falabella-catalyst-bu-dev/serviceAccounts/falabella-content-service@falabella-catalyst-bu-dev.iam.gserviceaccount.com/keys/d71643c2e8d579b8dd58bd069f3696c38143f316",
                        "attributes": {
                            "id": "projects/falabella-catalyst-bu-dev/serviceAccounts/falabella-content-service@falabella-catalyst-bu-dev.iam.gserviceaccount.com/keys/d71643c2e8d579b8dd58bd069f3696c38143f316",
                            "key_algorithm": "KEY_ALG_RSA_2048",
                            "name": "projects/falabella-catalyst-bu-dev/serviceAccounts/falabella-content-service@falabella-catalyst-bu-dev.iam.gserviceaccount.com/keys/d71643c2e8d579b8dd58bd069f3696c38143f316",
                            "private_key": "ewogICJ0eXBlIjogInNlcnZpY2VfYWNjb3VudCIsCiAgInByb2plY3RfaWQiOiAiZmFsYWJlbGxhLWNhdGFseXN0LWJ1LWRldiIsCiAgInByaXZhdGVfa2V5X2lkIjogImQ3MTY0M2MyZThkNTc5YjhkZDU4YmQwNjlmMzY5NmMzODE0M2YzMTYiLAogICJwcml2YXRlX2tleSI6ICItLS0tLUJFR0lOIFBSSVZBVEUgS0VZLS0tLS1cbk1JSUV2QUlCQURBTkJna3Foa2lHOXcwQkFRRUZBQVNDQktZd2dnU2lBZ0VBQW9JQkFRRFY5RFh6eExFTnhwcVdcbnFqeHM4c0YxNTlYdE1ZK2ozcW5XSlM5QktEdGcyUjFFNFRTdDBoUThaMFRIdGlTejZmMUdlQzhQNndtN29XSnlcbnQ5c3k1N3ozYWRPeEJsa3ZXanhOZG9KdkRSVGZycG8rYVpFN05pL2F1YnZkZERGNFJHaU1FQnpCaTZJV2YvcmpcbjBrMDhsL3ZTY3N4VVk0RjBrR3ZNZG9zYTVRam52YlNOckh6THByMjZBRlVoMVVqMHBPS2tFWGNBeWUvMTBGZkJcbllndUJ2akMzNUo4UlV4ODlLMm01VmZiejlqUVNFakNmT3lueHlYd3RGTWEyRWlBMnJGdytMUnpTUWR0NVU2OUNcblM0STVRMnNpejltNGp0MHhXUmlsQnZ0ZG1YZVoxaitSRzRLTzAzdWpTSWhqZm1uM1Y3ZVpuUFdrcDhnT2JRT01cbmtwM3J1T1pkQWdNQkFBRUNnZ0VBQ1doRXVWeHRZdHRDbFB2VXVYOUlyQzFwVXdCOHlKb3VmUWVOc1pvazF1VmlcblVQMlc5NS9zVUZ0RHVLL3ZUVjJDaTZkQlV5YnZrQWxiU2JYVnBKZHdaVm96bXVNYUo1MGFndGNYdFVMTnZMMFJcbnMvWDlLRmhCclR3V2xpT09Wa2ovRU00czVDeXhKVGRJMmR5M2FvSGpQOEJZOEIvMDdmZGpWSzQ1Lzd0N2ZnR2Rcbkt4QUtGYnlSTGdqcDhyTDY5a1hscnM1NVVmYU42MGhCbkNnNkFxNkF1blBqU0dkUld1N0dpdVpBYXdqeWJDSXhcbnh2aEhBQW54Q24zRk5KbCttcEljZWhGcy91clN5K1NKNlVRanBLMlQySlpnOXRsYUhrN2s0ZmpUVWpCWlBqWmpcbmdUMjhhVWR1U0s5eFJTajhDb2JKYXVXUTNIVm1hQllVZ3VKWFF2RGpFUUtCZ1FEMFczRkJHR1dwM2V2bVUyTCtcbjVKVUY3L1VrdG9hcUxBOEdRL1Z0RmR0Rk5udzhDNlpTU3JrMHJDdG9LZTByRTI1NzJqN2VQY0Yyb0JNcU0wZmdcbmQvamJNdXFZbFY1cG96YlFicFFtK0lnRllHSHlUR1NzRVgxVjMveWI0YTdwdjNVTEhac1BsZUxBT29BWC9HbWdcbkU3ZU1Oa0FQRVJpSCtwWkh3T0ZZY0JXdk1RS0JnUURnSmV4anJRbGxxRko1YlhZdy9NSllmN1h2MU5BRlFMK0xcbkx6Y1Q2NmpQem1DWmkwZ1FCWEJaNTQycEJmd1ZSUWpxN05OUVFnQyttSVU3amJUOW9uMThMNjk4N2cwejVVb1pcbm1zbVpVdWpwUEVwZEJzajNmWE5JWTczL0Q4d3hFYW5kT0k2a2Y5bkJBTm1BRk1ydUM4dnhaMWpzcFJ5azBPQjFcbjFsb0NtUytXN1FLQmdEVHZIakNnelYwbjh2TlpPd2ZHa3JYUGpvWmVkL3VqUWJuMHZOVGR1RHRkR3pxU3QzdjZcbkxmYklHVHNlWWY5RDNWbzlKQU5XMDNNVUtES3JHelg0SjFPc3l2ODAxRmdFQUZyVXFZbHJxMk9teG5FTHRYOUVcbjVxYlV0ODg0NjRBOWRtaHJDRzB1NWdrSVl6bE85NzZ5cHI5Yi9US0dYSThRYkwrc2UrU0JtMkR4QW9HQUhMdWZcbnh0TTZuaVpxbEJnOUMyQ0xSUzd4MHBHVUxPZzA1WkdpM05IYnJPL0dvRWdqYjdKU3lhT09IRG1oSzlUU3BOTEFcbjc4dldMcGg4azdyQmxiWExvaXkyc1N3TzB6VTBQMzRCRTc5MkRkZmxySEVmTitLRDhhYWZoMSt1RENnNGZ4d3RcbjVOWml3b1BxWGFuTXJhRWpmb21CODZ2aXRSbjFmQVdET2t3S3RxMENnWUJoTVdaVjNrRlNRcFJ4VWZqNit2aDNcbjh5Q1Z3OUtSbk4yM3h6RlRXN3AwbEZiamVycDdCMGZaaHRPaEUrUlE0RnZDUWN0QmIzZ2lEQjhhYkl2ZVJyVWlcbm54VUthR2pIYWFudFVla1ZqR3V3VlB3aC91bHd1cnk2blh2am02TGJVa2JLNW9OZ2E5Qmo5R1FpR3FVTGIvU2Zcbmh2ZFA3UkhPY0RaNGNPSmc5eGRRNUE9PVxuLS0tLS1FTkQgUFJJVkFURSBLRVktLS0tLVxuIiwKICAiY2xpZW50X2VtYWlsIjogImZhbGFiZWxsYS1jb250ZW50LXNlcnZpY2VAZmFsYWJlbGxhLWNhdGFseXN0LWJ1LWRldi5pYW0uZ3NlcnZpY2VhY2NvdW50LmNvbSIsCiAgImNsaWVudF9pZCI6ICIxMDUwMTkzMzY5NTExMDYxNzE2MDkiLAogICJhdXRoX3VyaSI6ICJodHRwczovL2FjY291bnRzLmdvb2dsZS5jb20vby9vYXV0aDIvYXV0aCIsCiAgInRva2VuX3VyaSI6ICJodHRwczovL29hdXRoMi5nb29nbGVhcGlzLmNvbS90b2tlbiIsCiAgImF1dGhfcHJvdmlkZXJfeDUwOV9jZXJ0X3VybCI6ICJodHRwczovL3d3dy5nb29nbGVhcGlzLmNvbS9vYXV0aDIvdjEvY2VydHMiLAogICJjbGllbnRfeDUwOV9jZXJ0X3VybCI6ICJodHRwczovL3d3dy5nb29nbGVhcGlzLmNvbS9yb2JvdC92MS9tZXRhZGF0YS94NTA5L2ZhbGFiZWxsYS1jb250ZW50LXNlcnZpY2UlNDBmYWxhYmVsbGEtY2F0YWx5c3QtYnUtZGV2LmlhbS5nc2VydmljZWFjY291bnQuY29tIgp9Cg==",
                            "private_key_type": "TYPE_GOOGLE_CREDENTIALS_FILE",
                            "public_key": "LS0tLS1CRUdJTiBDRVJUSUZJQ0FURS0tLS0tCk1JSUMrakNDQWVLZ0F3SUJBZ0lJRE5FYzVvbnBnS2t3RFFZSktvWklodmNOQVFFRkJRQXdJREVlTUJ3R0ExVUUKQXhNVk1UQTFNREU1TXpNMk9UVXhNVEEyTVRjeE5qQTVNQjRYRFRFNU1EZ3lNVEV5TWpZd01Wb1hEVEk1TURneApPREV5TWpZd01Wb3dJREVlTUJ3R0ExVUVBeE1WTVRBMU1ERTVNek0yT1RVeE1UQTJNVGN4TmpBNU1JSUJJakFOCkJna3Foa2lHOXcwQkFRRUZBQU9DQVE4QU1JSUJDZ0tDQVFFQTFmUTE4OFN4RGNhYWxxbzhiUExCZGVmVjdUR1AKbzk2cDFpVXZRU2c3WU5rZFJPRTByZElVUEdkRXg3WWtzK245Um5ndkQrc0p1NkZpY3JmYk11ZTg5Mm5Uc1FaWgpMMW84VFhhQ2J3MFUzNjZhUG1tUk96WXYycm03M1hReGVFUm9qQkFjd1l1aUZuLzY0OUpOUEpmNzBuTE1WR09CCmRKQnJ6SGFMR3VVSTU3MjBqYXg4eTZhOXVnQlZJZFZJOUtUaXBCRjNBTW52OWRCWHdXSUxnYjR3dCtTZkVWTWYKUFN0cHVWWDI4L1kwRWhJd256c3A4Y2w4TFJUR3RoSWdOcXhjUGkwYzBrSGJlVk92UWt1Q09VTnJJcy9adUk3ZApNVmtZcFFiN1habDNtZFkva1J1Q2p0TjdvMGlJWTM1cDkxZTNtWnoxcEtmSURtMERqSktkNjdqbVhRSURBUUFCCm96Z3dOakFNQmdOVkhSTUJBZjhFQWpBQU1BNEdBMVVkRHdFQi93UUVBd0lIZ0RBV0JnTlZIU1VCQWY4RUREQUsKQmdnckJnRUZCUWNEQWpBTkJna3Foa2lHOXcwQkFRVUZBQU9DQVFFQUwwbDNpQWdtNlIvajhwUmwvbHB1UWlyVApTVEN6cUdrWXRDSjlRQW1hVDVXN3pMc2YxZjR1czhpcy9nUFlRVTdmcjk5ekJrVVRPTUNQSEZZWVg0RVpqTzExClBKd0dzZWxueWlhRGxqMDFvU3hPcW1LeGF2QVJsQWhFYVJFM0t4M2tSTXlXcW51dXYzbnVhcVFnUzZPMDZ2K2cKYXIwYUNzUGl1SmdqUmZiN2Z1djJteG9VUDM0bW81c3U5M3h4Q1UvQkxFODh2SDYvdjlNSnZWUzNXd29BWUllRwpqK0J2R2t0ZEpUWStJam1aRlFrakJLVVhyaXpaMWpsYUgxdTNyL01LYXREdVBKTTA1NVhVWU5ORytrTUZrbnNtCkxIS2YwN2pRV3RGdVZseFp2SEQ0TWs0Q250ZGROK0tkMUtZSHVLMFZzVy9uaSt4Szd6NkkxanVJOGlpc3hnPT0KLS0tLS1FTkQgQ0VSVElGSUNBVEUtLS0tLQo=",
                            "public_key_type": "TYPE_X509_PEM_FILE",
                            "service_account_id": "projects/falabella-catalyst-bu-dev/serviceAccounts/falabella-content-service@falabella-catalyst-bu-dev.iam.gserviceaccount.com",
                            "valid_after": "2019-08-21T12:26:01Z",
                            "valid_before": "2029-08-18T12:26:01Z"
                        },
                        "meta": {},
                        "tainted": false
                    },
                    "deposed": [],
                    "provider": "provider.google"
                },
                "google_service_account_key.isa_connect_account_key": {
                    "type": "google_service_account_key",
                    "depends_on": [
                        "google_service_account.isa_connect_service_account"
                    ],
                    "primary": {
                        "id": "projects/falabella-catalyst-bu-dev/serviceAccounts/isa-connect@falabella-catalyst-bu-dev.iam.gserviceaccount.com/keys/72a342018d588e34e9769e4bec1adf788e5c4102",
                        "attributes": {
                            "id": "projects/falabella-catalyst-bu-dev/serviceAccounts/isa-connect@falabella-catalyst-bu-dev.iam.gserviceaccount.com/keys/72a342018d588e34e9769e4bec1adf788e5c4102",
                            "key_algorithm": "KEY_ALG_RSA_2048",
                            "name": "projects/falabella-catalyst-bu-dev/serviceAccounts/isa-connect@falabella-catalyst-bu-dev.iam.gserviceaccount.com/keys/72a342018d588e34e9769e4bec1adf788e5c4102",
                            "private_key": "ewogICJ0eXBlIjogInNlcnZpY2VfYWNjb3VudCIsCiAgInByb2plY3RfaWQiOiAiZmFsYWJlbGxhLWNhdGFseXN0LWJ1LWRldiIsCiAgInByaXZhdGVfa2V5X2lkIjogIjcyYTM0MjAxOGQ1ODhlMzRlOTc2OWU0YmVjMWFkZjc4OGU1YzQxMDIiLAogICJwcml2YXRlX2tleSI6ICItLS0tLUJFR0lOIFBSSVZBVEUgS0VZLS0tLS1cbk1JSUV2UUlCQURBTkJna3Foa2lHOXcwQkFRRUZBQVNDQktjd2dnU2pBZ0VBQW9JQkFRRGFvZ0FHMkU4NURlWEZcblpWZDl6QWZMMitLU0oza1g0MFB6bkN2clpZWTRuc29abDh6SmZQYWRDMnRzdUx6SWxqY2VHUzdQWUhjbTBjRlBcbjRSZlRUM25OMzBkU0xsQ0NrY2x1dXlsVEMvMmF2VXNkQkUyR1VYQTIwRUlWaTFqUGVab3N1Z2lXRlhtRERrUzlcbk9Gc2plYWRRZGowVFIvb2RQRTZJb3l3WStuMU5oNG1UYncwKzdSeG56ejJ6ZlpSMUprOWpDcmhOTmwxbGF6MTZcbmZza2JvUlY1TlUwMTBtNnZhWDBsSVJzV3d1dFl0cjZmSm9PVnVEbFFBc29EMmpyd0RtbjFYNEM2dzlIRFo2aitcbmtPZ3dPR0t6eEtmOXB0dTVKc2JyZytlMWZiNnJZKy9CM3k1Y1RyYUE2aVRpUXlCWkZGd1F2QWpiUGMvZzRTWnpcbld4eXRLZFNSQWdNQkFBRUNnZ0VBSWMzTWZVSnl0VnFkdlRDWEgzOHRjV3ExRkczLy9oNklnaUVTZFZvRUw3cjFcbmVwR0srMWhUOVNJdjRPYUxZZVEvNzJwclgyc0Y0VDJyU3dOOW9KRjRQc21ZQ0cvYXlPVnJwTEJSaW1LZk9vNnNcbkQzZDcyUm04Wk8wOFdvSnFIK0lvWVdQK01kNXVKRUpQaElZektVQUZDNTdNZ0srdlQxZmt1S0dxRHM2a0V4bHBcbms3emszeGV4a0YyUWx0Zms1bzRiczIyOXRpaUhhdjRNb0J0c0FCVG42ZklwV2czVDNhR1pkS0lTSUY5UFZRRjBcbm51c0VFZ0tLbnFCZVRmZ2R2Vjc2NlMySEdQamlTcW1aeThpVElZYUREWXdWYnVNMlRhTXpSUkx0TmFNMkZVT3Zcbk5lSE9aczgwbGJzemZteDUyUHRaMXN4MEcyaDNVNE0vYkN3SHFOcmtSUUtCZ1FEd3JrN25laE5wZGUzeURnQWlcblpObVJKTXZzSzRPUWcwTldwc3VobDEvRmJOVmhhMVZmWm55ZTRJOEk0cUVBYVY4bXBsbEZ5M2xYQ1B5V29naFZcbkN1cFRNWU1OZWFvN20zSXRqOHFWODFTb3JIdjN5WTRhcVZvaTBCU3ZuRW1KOUMwTDF0M3ljc1J1dGkvd05PUXJcbkpqbjlkUHJhWHRzbVhqak5hMDI2WkpEODZ3S0JnUURvakcvaisxc1ZwbFpsTFpNdDF1elBMb1VhZ01rNFhsZUNcbk9NZWtCN1MrZEttYnpMdURxaHFrOXBlMkI0ZlFtaFRoZ1lPc1JNK2hjaC80d3RrbitTNnhVNEJIdkxFZEFGOTZcbmNBM0ZIRlZUQUJzQzhaeGY3T3dmVUEzcm5DL2trUGg1NjlhT1ZVYVdsNFhOZFVLbndNRjlNd2NxUzZsMVpDeTdcbmsxOHE3dDdsY3dLQmdRQzVsRjNvNUZzMWRTWXMveGloYkl2Sis4cDFaelFCNlFTeU90aEcxL2FUdnhCbEZxTDBcbmRZemY0SnpKcUIybXVKa1NyeStrdm5qb1lGaUxPWk1kSjlaNG9YUEFuekJnMThKWldVZEhDaUljRVN0aGEzdDBcbkdXTVQ5c2dNaElDN3E1aFVTYkJIY3JEK0FPTEQzN1NUaE4wd0R0UWlMd1BoK01McHViUnNaWURhVXdLQmdGUnRcbkQvNHo5aWlSQUJLeGpocDVTZllaekljSHRJWDdja2U3dDNjc3VRamdMK2Q1VjZhQWJqWHZ0THFJVjExN1l4TlBcbnd1OGErRXFEdFduSnk2OEFmMXd2bFlYMTBsTldIRlBHTkttWUZMNFNicndOM1pqUjJoT3dLNjJiUWFQNG9jMFpcbnV3Wm5uVDMwK3NYUnlZWS9xNzk1ZENOOTNxTFk0SWlsQTBzQjkvaFRBb0dBZmh6Nlk4RFg3WndGVG1GVWdyRERcbnd6TENLdmJSaTJSY3lUQkVMWDZxN3lZTUttV1VwYVpwem1LdzRaZkxxUEsvcVUvamxYL3N1TW9aM1hXdDBZR1hcbmdrSkFXNFNpMFhxdXIvUjNRUGd6ZlpQa2JCVkZsdlNaeDFHUkgrMG5UMGZJanRVYVRsZy9TVll3d2d0RFRmcENcbjlNKzBKY0xCaEwwUDVsaEV1TzZkV29NPVxuLS0tLS1FTkQgUFJJVkFURSBLRVktLS0tLVxuIiwKICAiY2xpZW50X2VtYWlsIjogImlzYS1jb25uZWN0QGZhbGFiZWxsYS1jYXRhbHlzdC1idS1kZXYuaWFtLmdzZXJ2aWNlYWNjb3VudC5jb20iLAogICJjbGllbnRfaWQiOiAiMTAzNzc2NTI2Njc3NDM2NjQ3NTM5IiwKICAiYXV0aF91cmkiOiAiaHR0cHM6Ly9hY2NvdW50cy5nb29nbGUuY29tL28vb2F1dGgyL2F1dGgiLAogICJ0b2tlbl91cmkiOiAiaHR0cHM6Ly9vYXV0aDIuZ29vZ2xlYXBpcy5jb20vdG9rZW4iLAogICJhdXRoX3Byb3ZpZGVyX3g1MDlfY2VydF91cmwiOiAiaHR0cHM6Ly93d3cuZ29vZ2xlYXBpcy5jb20vb2F1dGgyL3YxL2NlcnRzIiwKICAiY2xpZW50X3g1MDlfY2VydF91cmwiOiAiaHR0cHM6Ly93d3cuZ29vZ2xlYXBpcy5jb20vcm9ib3QvdjEvbWV0YWRhdGEveDUwOS9pc2EtY29ubmVjdCU0MGZhbGFiZWxsYS1jYXRhbHlzdC1idS1kZXYuaWFtLmdzZXJ2aWNlYWNjb3VudC5jb20iCn0K",
                            "private_key_type": "TYPE_GOOGLE_CREDENTIALS_FILE",
                            "public_key": "LS0tLS1CRUdJTiBDRVJUSUZJQ0FURS0tLS0tCk1JSUMrakNDQWVLZ0F3SUJBZ0lJVzZKVGVFTDQvUzR3RFFZSktvWklodmNOQVFFRkJRQXdJREVlTUJ3R0ExVUUKQXhNVk1UQXpOemMyTlRJMk5qYzNORE0yTmpRM05UTTVNQjRYRFRFNU1EZ3lPVEV6TWpVd05sb1hEVEk1TURneQpOakV6TWpVd05sb3dJREVlTUJ3R0ExVUVBeE1WTVRBek56YzJOVEkyTmpjM05ETTJOalEzTlRNNU1JSUJJakFOCkJna3Foa2lHOXcwQkFRRUZBQU9DQVE4QU1JSUJDZ0tDQVFFQTJxSUFCdGhQT1EzbHhXVlhmY3dIeTl2aWtpZDUKRitORDg1d3I2MldHT0o3S0daZk15WHoyblF0cmJMaTh5SlkzSGhrdXoyQjNKdEhCVCtFWDAwOTV6ZDlIVWk1UQpncEhKYnJzcFV3djltcjFMSFFSTmhsRndOdEJDRll0WXozbWFMTG9JbGhWNWd3NUV2VGhiSTNtblVIWTlFMGY2CkhUeE9pS01zR1BwOVRZZUprMjhOUHUwY1o4ODlzMzJVZFNaUFl3cTRUVFpkWldzOWVuN0pHNkVWZVRWTk5kSnUKcjJsOUpTRWJGc0xyV0xhK255YURsYmc1VUFMS0E5bzY4QTVwOVYrQXVzUFJ3MmVvL3BEb01EaGlzOFNuL2FiYgp1U2JHNjRQbnRYMitxMlB2d2Q4dVhFNjJnT29rNGtNZ1dSUmNFTHdJMnozUDRPRW1jMXNjclNuVWtRSURBUUFCCm96Z3dOakFNQmdOVkhSTUJBZjhFQWpBQU1BNEdBMVVkRHdFQi93UUVBd0lIZ0RBV0JnTlZIU1VCQWY4RUREQUsKQmdnckJnRUZCUWNEQWpBTkJna3Foa2lHOXcwQkFRVUZBQU9DQVFFQWxNcmpjNkRpTmlsN0VGMnd1UlhmSzFkVQpWY1U4YmhuSWNwanNnUlJoeDRvME5jYXVLU1lQM2poY3IrT0oxdFlzdG5maFRteTVUOGdzc1dxbDBtVVJIOWpsCkNFbEFPbzJka0Z1ZFJlMk5nRkRxSHE5eStseUo0WnJVQm9jam1QY0cvOVc5V1VyQUtkekdYeWhyQ1k4eUxONUUKZ2ZVY1hvczluMjRRYUtnZTFCdklyMW84WFNvMEk0aXFObkQvWi9mcHpVclViZERmc3djYzIrRW5FVVhlZHJRdwptTjM3WURyUzljekpRR3ZoQlBZWStwR0g5NVhtRk5IVFpWRTFzVUJ1NHQxNVZJM0xlZzRZNFByZXVTb0Rield3CmdoZ2ZSYk43dFFFL2licFNUSFFFREhWZkVaU3kvOUlqS0tBa0V3OEpodkhxdFpLVFd3Tzl2Z3dMVjdMWWhBPT0KLS0tLS1FTkQgQ0VSVElGSUNBVEUtLS0tLQo=",
                            "public_key_type": "TYPE_X509_PEM_FILE",
                            "service_account_id": "projects/falabella-catalyst-bu-dev/serviceAccounts/isa-connect@falabella-catalyst-bu-dev.iam.gserviceaccount.com",
                            "valid_after": "2019-08-29T13:25:06Z",
                            "valid_before": "2029-08-26T13:25:06Z"
                        },
                        "meta": {},
                        "tainted": false
                    },
                    "deposed": [],
                    "provider": "provider.google"
                },
                "google_service_account_key.kafka_connect_account_key": {
                    "type": "google_service_account_key",
                    "depends_on": [
                        "google_service_account.kafka_connect_service_account"
                    ],
                    "primary": {
                        "id": "projects/falabella-catalyst-bu-dev/serviceAccounts/kafka-connect@falabella-catalyst-bu-dev.iam.gserviceaccount.com/keys/4d156d13904d766097d634799484df726c15bcf3",
                        "attributes": {
                            "id": "projects/falabella-catalyst-bu-dev/serviceAccounts/kafka-connect@falabella-catalyst-bu-dev.iam.gserviceaccount.com/keys/4d156d13904d766097d634799484df726c15bcf3",
                            "key_algorithm": "KEY_ALG_RSA_2048",
                            "name": "projects/falabella-catalyst-bu-dev/serviceAccounts/kafka-connect@falabella-catalyst-bu-dev.iam.gserviceaccount.com/keys/4d156d13904d766097d634799484df726c15bcf3",
                            "private_key": "ewogICJ0eXBlIjogInNlcnZpY2VfYWNjb3VudCIsCiAgInByb2plY3RfaWQiOiAiZmFsYWJlbGxhLWNhdGFseXN0LWJ1LWRldiIsCiAgInByaXZhdGVfa2V5X2lkIjogIjRkMTU2ZDEzOTA0ZDc2NjA5N2Q2MzQ3OTk0ODRkZjcyNmMxNWJjZjMiLAogICJwcml2YXRlX2tleSI6ICItLS0tLUJFR0lOIFBSSVZBVEUgS0VZLS0tLS1cbk1JSUV2UUlCQURBTkJna3Foa2lHOXcwQkFRRUZBQVNDQktjd2dnU2pBZ0VBQW9JQkFRQ3VZSVQxL1o0S0F0RG1cbkw5NDJhSW1RNSthTTNpUUVranRCR0orK2xIb2I4ZCtnQ2hqdDNqMHNNNnNEYmtYSjdHaXQwVWZaQU11YnZLdXlcbk0wenpiWVBaZCs2VUdrWUFPc0dBVWFhTEM0anBHdzI5QW54QXlEVnZTMXorcndRZHpMTlIzU0tlbEZHSnR3RGFcbnVRVFlCdlJZSzNrRkd3T1VHZ0xHTnpoYUtXMEhXMkFsc01YVlp0bFIrY1FaUVhUL0dTYXVYRmZSbVlIUFZpQVlcblBoSUJsZTBqT1FJZUNVS01qZVZmKzZDZWpZVWhDK0xpNDlaQloxMmNRc0hyU3FneUNENlhmaFpSVXNpcnBPSlhcbmVrT3ljdDl4ZzQ4c3dXS0lqcmNHMXRNelRGSnhYREg4dlo3UllndEF6N1RGM3ltSEtyMTgva2w2aXEzT0tNOXFcbkEzUGJiRThKQWdNQkFBRUNnZ0VBRzVUcHd3MFpkOW85TFFPL29XOHZQMEU4WkR0bzRBNDU4Q1hUSFZrdFBWNm9cbm5BOENKWEhQSkQ3aDhHOTdVTXY0NTNGMXdnWFFXWWhpSEw3azVPWXdMUEE5blBzbVBRMWplUWF4UEp6Q1RFNGxcblYxTUlKZjVsQnFuRUxRYXdOSDhoNkFqVE1TNTRVcEQ1N01seUo0ZG1FOHpWM2hzSlJGNUpqUTBaVFVMd2hodnpcbk56M3pSZHFSMGdFZVNHUG9sdzd6MG5VUzBLYTFHWklEZGNJUlVSK1BRaTRKNDFxdDR0S1dTKzJ5MzNtL3NTUnBcbmVDdjl3ajF4eXE5ZGgxeGtNaFVyMWVHL1ZrQm03TVFKQURiL0RhcjIxdVhjZ3lVR3ZkM2JjSU11VFFFSmd2OEdcbk0zS1J6eldmMmtWOVJGQzRVRDZIcm14WTNDODZEWjVRWHNldDVOQTFSd0tCZ1FEcmNDR1BTTGRVWmpSZGxGVDBcbi9SeUl5TkVhWnR0ZGc2Vm0vRUdMNW42MjdCQlFkV0o0bGw2SFVUTFl1WStONGxUSVREVkZQK0kxWk5ITmx2ZVpcblNPaDNuTGpIK0ZISko4cWJ6MktrTGhQK0F1c3hrQmY2Z284MG0vbHVURU1lWCswd002Y1U2cUpaNE1kdEhyc1dcbkk3M2hUNjY1Wk41dmF3ZTZGSmVtZlB0SEJ3S0JnUUM5bXpOc1BpNktuN1cwRHpvK0h0Rm9CV016ajlzU0c4K05cbkF6UWR2c1hheVRYYTZWcEhuUXZsdFBVMGdwNGthb2tGNHl4N3dQQ2VxSDZQZ3dGbGRSdGQ4b1V5NHRRMlVKai9cbmhXZVYybFlFemNhWktWUGdJUzU0RXJvWGxHaDJiK0dzTHIzR29TWlBjRVlRUStTcm56ZXExUHhmVmFNQWFzaTRcbjZXYVpkNGVsYndLQmdRQ3JkT0tMeFduMVplVDJ6V0k5YytNRzNqQWhxUXhTQXVBK3FyQlZZTXVoRFRNb1ZRUWNcblMyMlY0QlZHYllSVTBLSHJxRXdYSFZud2huYWY0VFI1aGZYOXZiMTNxNmhyOUxXQldMcytVMnd0elJSWTZOWDlcbmtuMFYxQTBIUFRTWDkwWDFsM2d6TEZpRldjUUIvS0pFa2t6aXU3UER3ZWlYZlh1SUVSMExtdk1ubXdLQmdBdStcbi9hU0xCWjhZM2N6VjFLbmNodVNHME9wMDB3R0FMNDl3ejEyNFg5RjUvWmdlTkxXVENSV2w3RHJnaktOODVoZ3pcblJxSTBCYlFPaENpbjJRSk1Ddkg3QUQxeXgrckZlM1Q0OHIzWjFOSmZYUnBIOFNaRlovZVFVVzc4aHF3dnFpOWNcbmhlMDBOb2RkVVRuWXV1WFc2ei91Q2VSdURiY001bnB1R3lrT3VweUpBb0dBQUorUHBzcFZudGtsaTZBK3dGMTRcbkdTYzVGRjRSUjlpcCtZUVVPekxtMXZyQUFEemVyZG1Xd080c2JJK2FKOUNUSHR0ZHJBdTNjL3E1UTZrSzN1dEFcblZ1M29saHVOYytQR24xRTRHTVNYWmFla0dVVXd2VjIxYmd1alhzKzBTdHc3NnI3aXlDU1UrMW16a3hpSWZwaDhcbmpDNUk0dkFJekpDa1BFbzZNQURlN3lNPVxuLS0tLS1FTkQgUFJJVkFURSBLRVktLS0tLVxuIiwKICAiY2xpZW50X2VtYWlsIjogImthZmthLWNvbm5lY3RAZmFsYWJlbGxhLWNhdGFseXN0LWJ1LWRldi5pYW0uZ3NlcnZpY2VhY2NvdW50LmNvbSIsCiAgImNsaWVudF9pZCI6ICIxMTQ4NzkzNzM3MzQ3MDc3NDYzMjgiLAogICJhdXRoX3VyaSI6ICJodHRwczovL2FjY291bnRzLmdvb2dsZS5jb20vby9vYXV0aDIvYXV0aCIsCiAgInRva2VuX3VyaSI6ICJodHRwczovL29hdXRoMi5nb29nbGVhcGlzLmNvbS90b2tlbiIsCiAgImF1dGhfcHJvdmlkZXJfeDUwOV9jZXJ0X3VybCI6ICJodHRwczovL3d3dy5nb29nbGVhcGlzLmNvbS9vYXV0aDIvdjEvY2VydHMiLAogICJjbGllbnRfeDUwOV9jZXJ0X3VybCI6ICJodHRwczovL3d3dy5nb29nbGVhcGlzLmNvbS9yb2JvdC92MS9tZXRhZGF0YS94NTA5L2thZmthLWNvbm5lY3QlNDBmYWxhYmVsbGEtY2F0YWx5c3QtYnUtZGV2LmlhbS5nc2VydmljZWFjY291bnQuY29tIgp9Cg==",
                            "private_key_type": "TYPE_GOOGLE_CREDENTIALS_FILE",
                            "public_key": "LS0tLS1CRUdJTiBDRVJUSUZJQ0FURS0tLS0tCk1JSUMrakNDQWVLZ0F3SUJBZ0lJQ25BYStEY3R1VmN3RFFZSktvWklodmNOQVFFRkJRQXdJREVlTUJ3R0ExVUUKQXhNVk1URTBPRGM1TXpjek56TTBOekEzTnpRMk16STRNQjRYRFRFNU1EWXdOVEU1TVRjeU1sb1hEVEk1TURZdwpNakU1TVRjeU1sb3dJREVlTUJ3R0ExVUVBeE1WTVRFME9EYzVNemN6TnpNME56QTNOelEyTXpJNE1JSUJJakFOCkJna3Foa2lHOXcwQkFRRUZBQU9DQVE4QU1JSUJDZ0tDQVFFQXJtQ0U5ZjJlQ2dMUTVpL2VObWlKa09mbWpONGsKQkpJN1FSaWZ2cFI2Ry9IZm9Bb1k3ZDQ5TERPckEyNUZ5ZXhvcmRGSDJRRExtN3lyc2pOTTgyMkQyWGZ1bEJwRwpBRHJCZ0ZHbWl3dUk2UnNOdlFKOFFNZzFiMHRjL3E4RUhjeXpVZDBpbnBSUmliY0EycmtFMkFiMFdDdDVCUnNECmxCb0N4amM0V2lsdEIxdGdKYkRGMVdiWlVmbkVHVUYwL3hrbXJseFgwWm1CejFZZ0dENFNBWlh0SXprQ0hnbEMKakkzbFgvdWdubzJGSVF2aTR1UFdRV2RkbkVMQjYwcW9NZ2crbDM0V1VWTElxNlRpVjNwRHNuTGZjWU9QTE1GaQppSTYzQnRiVE0weFNjVnd4L0wyZTBXSUxRTSsweGQ4cGh5cTlmUDVKZW9xdHppalBhZ056MjJ4UENRSURBUUFCCm96Z3dOakFNQmdOVkhSTUJBZjhFQWpBQU1BNEdBMVVkRHdFQi93UUVBd0lIZ0RBV0JnTlZIU1VCQWY4RUREQUsKQmdnckJnRUZCUWNEQWpBTkJna3Foa2lHOXcwQkFRVUZBQU9DQVFFQVgwbFJhck5FK0JWY05KSHpTRWpXTWduMwppMnFDUG12OC9XNEREZll0SU5kTDZpODhjdFF0eVpZS1dSU3IxeW1OQ254TWR5L2U2eGUwQXV6amhuZ01WczJoCkgyU0FMNEM3cG5JMmNnVmFJRVIrbjdMV3laVzg5dHRPamZQR3RRdkRmbE9lR1lEWHRkNGx5dGRlQzBSdkRjSmsKWWtTLzY2eERQQ1UzdXJ3TFVOZXJZVVFlZDlRT1JYU3JFYWl5eUR3T3puTGMvWllEK0VTbExNeFpiOUVveXBUdQpPM1RJWWo3aUFGd2hQempNdzNVbk1sVi9yaVdEQ2oxUnlRNk5hdmY4TXAyTGFubkhDYmk0cDJwVVBBa01oTjczCnNMbXUxSFZFK1lJcFJaMVpiTU9rNXZyUVlWdHQ2K0dzbnRCMTBEcndldm5pOHRMdEJTOGlkbkJsYWpRcER3PT0KLS0tLS1FTkQgQ0VSVElGSUNBVEUtLS0tLQo=",
                            "public_key_type": "TYPE_X509_PEM_FILE",
                            "service_account_id": "projects/falabella-catalyst-bu-dev/serviceAccounts/kafka-connect@falabella-catalyst-bu-dev.iam.gserviceaccount.com",
                            "valid_after": "2019-06-05T19:17:22Z",
                            "valid_before": "2029-06-02T19:17:22Z"
                        },
                        "meta": {},
                        "tainted": false
                    },
                    "deposed": [],
                    "provider": "provider.google"
                },
                "google_service_account_key.product_search_service_account_key": {
                    "type": "google_service_account_key",
                    "depends_on": [
                        "google_service_account.product_search_service_account"
                    ],
                    "primary": {
                        "id": "projects/falabella-catalyst-bu-dev/serviceAccounts/product-search-service@falabella-catalyst-bu-dev.iam.gserviceaccount.com/keys/b2ab57ce25d3a94ef44a5120371f30785873c505",
                        "attributes": {
                            "id": "projects/falabella-catalyst-bu-dev/serviceAccounts/product-search-service@falabella-catalyst-bu-dev.iam.gserviceaccount.com/keys/b2ab57ce25d3a94ef44a5120371f30785873c505",
                            "key_algorithm": "KEY_ALG_RSA_2048",
                            "name": "projects/falabella-catalyst-bu-dev/serviceAccounts/product-search-service@falabella-catalyst-bu-dev.iam.gserviceaccount.com/keys/b2ab57ce25d3a94ef44a5120371f30785873c505",
                            "private_key": "ewogICJ0eXBlIjogInNlcnZpY2VfYWNjb3VudCIsCiAgInByb2plY3RfaWQiOiAiZmFsYWJlbGxhLWNhdGFseXN0LWJ1LWRldiIsCiAgInByaXZhdGVfa2V5X2lkIjogImIyYWI1N2NlMjVkM2E5NGVmNDRhNTEyMDM3MWYzMDc4NTg3M2M1MDUiLAogICJwcml2YXRlX2tleSI6ICItLS0tLUJFR0lOIFBSSVZBVEUgS0VZLS0tLS1cbk1JSUV2QUlCQURBTkJna3Foa2lHOXcwQkFRRUZBQVNDQktZd2dnU2lBZ0VBQW9JQkFRQyt2Ykg2anN6Y3g0NktcbmFhSnJvTFlQNUpZS1liczF1MHJuZHNwMnN2bHZraW03WkJSdmUvbFB2dU9laXN2OEdlSnpiWEk1dlZJUnRkWXhcbmQrb1huL1FNWUpnRVRiSmVlZVBqdDJlUC9OdGp4ZVdtMmMwdnpLWDk1OUdBNzlBVWhnOGZkb0xmelNDWFMyWCtcbk5yOEVBRWppZ0c2R1BacVlqN29HU05acG1ETUVTeUdwOEhmbU01ZThyUVZxSDRjT1ZWaHJJZU01WTdUNm0vVEhcbmRyaU94cDhZQWFLOGw3bjhMbk52NlhjcGZYSVpIb0txeEFhOWQwNlRDTFhnRVFJMkRYVDJxeTFQR2tlY2w5QlJcbnNEdmErby9qbWZORnI5dnJ5cmxmQndxUDJNTHIxRXM1cGhPZjRLeFFvRmJoRitKZ0YxYksrR3J3dUxRZ2t2Y1dcbjYreU9CZWQxQWdNQkFBRUNnZ0VBQmUrU1U5bFF6OGdZQy8rb2tjL2hDcEtUQnNTdTFrZTdWNE92WGsxSWpPdlFcbkI2aGdLRzREdnJNU2sxTC9jUnQvSEJkNldBaW52cXhaZTVXZlA5ZjIrTkdpdVhPUGl2Z2hHdXVRdWY3azl2Qm9cbktxNlpmNVRQVDUwQXZKSDUrRUdKdy9Ga3RrRkVjK0RoVGkxMitWRm04MEdLN3Z1SXpabWZjT1dnWW8zZGZKTXFcbk9LSmV3SW81Tk0ybXNkOTN6eGR2UlFsQWVHeVBCVGRqYXg4UGZxa29vaERRaHhlYjhoUi9jZVJqcnRqWjB2dWVcblBySG1lUWdpWHB3MStKWFdXWm1DMHZ3WG9YUndzRW1IdDNEVE4yNHFvK1A4NmdhNy9QelRpRWh5UjVzeFJBMnRcbk9NTXcvMFEwVmREN1VOSTZVVmlrNFhoSElpMkhEcWpZVkY3YXFIWjVZUUtCZ1FEa2dUSTI5M1RiYnVYbGh3TGdcblFvL1pKVmpnc2FzdDRvcTFlcmZmQWF1a1J6eGpPbzRwWUZnRzFibFF4aWZsR1lQZXBRTGZsZnRnbWcrbG8xNERcbm8yK2pPLy90L1E2YWpmaFpWU2RoKzlmZWVxMm5La3BYelc5TUdGY0V0Y2hzSmdPekRvanlpRi93MFh6VFc5V01cblNVb2w0TUlzaTF6Y2hKK3o2UGtScGsrdTBRS0JnUURWc1R4YWpOZCt1NEJFcVdvalRpZzhuK2dUVS9DVWJXN2VcbmRZcmVtMlZBVTNIRDBabTRrRHZub0d3VHA5MUh1MVB4bmk1MTdWcTkzZ25mZjNBSmdENi9KeEVYMXBZN3J1SytcbldVb1NJcjVFYzFNL3ZjMVI4ZklzenJFMUdwWElwdkdpZUFHYml2VHp1amdsTjE0dk95VUcrZ0h6aHpxczJJYkFcbk8rdlNoS2kvWlFLQmdBQ3d1endiUjBrYWJxdGcyd3RlYUJ6WjFnam53SUtrK3BKTnlweHIzdDdpTURhRWlNVnJcbk94amFNSE1rQmg3VkV1YnJUTFRzT1JRem92UjNKK09PN05sclp2eUxGUzQyVzVlNWdDTDFwZE5RUDVJUHVLWEhcblF4elJ2Z0dQb3dsZ25BWkFkdjEwbUFXY1BHcFBEcmdieUpPUXVFVjJMbE9rT3U5S051WnN3RFRoQW9HQUtwalJcbjl4cnNPZzhXV3BtSzFzN1Zwb0FadXdDWWpIM2tBK1JhY2xWM3NZTHd3cUFkakhUei9CQTJleFNUUDZGUDhuSWRcbndOUTNxbkdBZGxUbytIdmdCaXE3ZFkwSkZZeWZGbUttS1VkVHRrRm03dVhlNzk3Uzc2dWtGM25kTWNwVmtKVnJcbmZKNE9oaWN3MmZwWGhBSytOczNQWmNRbkpoMWpmeDV5dTl4RjV5RUNnWUFQYmZPeWdmQUFuREdsZXlnNkk3TkFcbjVhU01xSzlsTlJ4a1lJQUw1YnVTTkZIVTFGU1czM0ZDbTNJMDNPckJzdDNHeHhRUHBBU0F1K3FkQkl5VDVrQXdcbnJDcUpRSFl6U1ZYSTlUZFoydUZnQ2daa3g2NFI2cW9VQ1YwVVZsNmRQRmZHaGk1d3B5Y29KdWJzd050bU5NZTBcbnZRcS9vK3BWUzNTZWRWZTEwN3lCcVE9PVxuLS0tLS1FTkQgUFJJVkFURSBLRVktLS0tLVxuIiwKICAiY2xpZW50X2VtYWlsIjogInByb2R1Y3Qtc2VhcmNoLXNlcnZpY2VAZmFsYWJlbGxhLWNhdGFseXN0LWJ1LWRldi5pYW0uZ3NlcnZpY2VhY2NvdW50LmNvbSIsCiAgImNsaWVudF9pZCI6ICIxMDU3OTkyNTcxODg4MTgyOTc1ODMiLAogICJhdXRoX3VyaSI6ICJodHRwczovL2FjY291bnRzLmdvb2dsZS5jb20vby9vYXV0aDIvYXV0aCIsCiAgInRva2VuX3VyaSI6ICJodHRwczovL29hdXRoMi5nb29nbGVhcGlzLmNvbS90b2tlbiIsCiAgImF1dGhfcHJvdmlkZXJfeDUwOV9jZXJ0X3VybCI6ICJodHRwczovL3d3dy5nb29nbGVhcGlzLmNvbS9vYXV0aDIvdjEvY2VydHMiLAogICJjbGllbnRfeDUwOV9jZXJ0X3VybCI6ICJodHRwczovL3d3dy5nb29nbGVhcGlzLmNvbS9yb2JvdC92MS9tZXRhZGF0YS94NTA5L3Byb2R1Y3Qtc2VhcmNoLXNlcnZpY2UlNDBmYWxhYmVsbGEtY2F0YWx5c3QtYnUtZGV2LmlhbS5nc2VydmljZWFjY291bnQuY29tIgp9Cg==",
                            "private_key_type": "TYPE_GOOGLE_CREDENTIALS_FILE",
                            "public_key": "LS0tLS1CRUdJTiBDRVJUSUZJQ0FURS0tLS0tCk1JSUMrakNDQWVLZ0F3SUJBZ0lJWTh3OXgrMkxxVmt3RFFZSktvWklodmNOQVFFRkJRQXdJREVlTUJ3R0ExVUUKQXhNVk1UQTFOems1TWpVM01UZzRPREU0TWprM05UZ3pNQjRYRFRFNU1EWXlOekU1TlRBek0xb1hEVEk1TURZeQpOREU1TlRBek0xb3dJREVlTUJ3R0ExVUVBeE1WTVRBMU56azVNalUzTVRnNE9ERTRNamszTlRnek1JSUJJakFOCkJna3Foa2lHOXcwQkFRRUZBQU9DQVE4QU1JSUJDZ0tDQVFFQXZyMngrbzdNM01lT2ltbWlhNkMyRCtTV0NtRzcKTmJ0SzUzYktkckw1YjVJcHUyUVViM3Y1VDc3am5vckwvQm5pYzIxeU9iMVNFYlhXTVhmcUY1LzBER0NZQkUyeQpYbm5qNDdkbmovemJZOFhscHRuTkw4eWwvZWZSZ08vUUZJWVBIM2FDMzgwZ2wwdGwvamEvQkFCSTRvQnVoajJhCm1JKzZCa2pXYVpnekJFc2hxZkIzNWpPWHZLMEZhaCtIRGxWWWF5SGpPV08wK3B2MHgzYTRqc2FmR0FHaXZKZTUKL0M1emIrbDNLWDF5R1I2Q3FzUUd2WGRPa3dpMTRCRUNOZzEwOXFzdFR4cEhuSmZRVWJBNzJ2cVA0NW56UmEvYgo2OHE1WHdjS2o5akM2OVJMT2FZVG4rQ3NVS0JXNFJmaVlCZFd5dmhxOExpMElKTDNGdXZzamdYbmRRSURBUUFCCm96Z3dOakFNQmdOVkhSTUJBZjhFQWpBQU1BNEdBMVVkRHdFQi93UUVBd0lIZ0RBV0JnTlZIU1VCQWY4RUREQUsKQmdnckJnRUZCUWNEQWpBTkJna3Foa2lHOXcwQkFRVUZBQU9DQVFFQWkzOWh0cVVPcXZyRnRmUXpKLytFekdSSQp3RE1aR1hSYVlhbDZSSGlsVGZSMU94UHBOT2xZZ09QRDkxcDBnS1FTTkROMGFqQklkeVU4dWpaaW01bU02QURqCnJudW56akJ0Szc5YXRBV0xzQ252ODdNQTQ0MzhFT0kxVmEwZzB4TVFudWt0aWJWcXNCTXJDZnJTSFRqTk0wd0sKUXEyMmo4UzYxbU1IRWdRdzJZelFvMVM3dlgrdFNmSURLSlNrVUZhVmNiTzlSSUUzUk00VVNFVFJjY0x2WGZ1OAp5ZUdDczcvSHdlWnZnZTVhbFN4dkpPalZCZDZaWE1uVWZGQzlrZlV6ZG9qSmp1cm1vSnJIZCtwMkZ5c01kUTM0CkthTERERnIvQVE4akFnS0FacFArMWVaa3FsY1ZkZjRoNVROLzZNdGdIcHJGVWQ1VlU4TG5nRnFuZ0Z5OFJnPT0KLS0tLS1FTkQgQ0VSVElGSUNBVEUtLS0tLQo=",
                            "public_key_type": "TYPE_X509_PEM_FILE",
                            "service_account_id": "projects/falabella-catalyst-bu-dev/serviceAccounts/product-search-service@falabella-catalyst-bu-dev.iam.gserviceaccount.com",
                            "valid_after": "2019-06-27T19:50:33Z",
                            "valid_before": "2029-06-24T19:50:33Z"
                        },
                        "meta": {},
                        "tainted": false
                    },
                    "deposed": [],
                    "provider": "provider.google"
                },
                "google_service_account_key.site_config_service_account_key": {
                    "type": "google_service_account_key",
                    "depends_on": [
                        "google_service_account.site_config_service_account"
                    ],
                    "primary": {
                        "id": "projects/falabella-catalyst-bu-dev/serviceAccounts/site-configuration-service@falabella-catalyst-bu-dev.iam.gserviceaccount.com/keys/3eea7ed712cdf47f6e1f121c2281f20adb2b8195",
                        "attributes": {
                            "id": "projects/falabella-catalyst-bu-dev/serviceAccounts/site-configuration-service@falabella-catalyst-bu-dev.iam.gserviceaccount.com/keys/3eea7ed712cdf47f6e1f121c2281f20adb2b8195",
                            "key_algorithm": "KEY_ALG_RSA_2048",
                            "name": "projects/falabella-catalyst-bu-dev/serviceAccounts/site-configuration-service@falabella-catalyst-bu-dev.iam.gserviceaccount.com/keys/3eea7ed712cdf47f6e1f121c2281f20adb2b8195",
                            "private_key": "ewogICJ0eXBlIjogInNlcnZpY2VfYWNjb3VudCIsCiAgInByb2plY3RfaWQiOiAiZmFsYWJlbGxhLWNhdGFseXN0LWJ1LWRldiIsCiAgInByaXZhdGVfa2V5X2lkIjogIjNlZWE3ZWQ3MTJjZGY0N2Y2ZTFmMTIxYzIyODFmMjBhZGIyYjgxOTUiLAogICJwcml2YXRlX2tleSI6ICItLS0tLUJFR0lOIFBSSVZBVEUgS0VZLS0tLS1cbk1JSUV2UUlCQURBTkJna3Foa2lHOXcwQkFRRUZBQVNDQktjd2dnU2pBZ0VBQW9JQkFRQzNZZFJaMWZCeTBPTFlcbjFRNnNhWnZNQ3hFdUdtT2txY1dCNVQ3YVZEQVRkZys4dXlsWm1zU0pYTGNFdGxuTVE2aldub3RzWUluOGV4aGRcbmhib0RoQUpGMGZadGJOL3RFMmhlL2tFM3RLV1lOWVdmaWoxVkd0akhWTGh6eUIyMkZvVkdYbWtZM3o5dkltS3VcbnZ1ajZhU0grQ3RYaVNPTjdISEVNN2tXWEl1VnZzNng1NzdOYzlZcmlXNUNiYnI1N2Juc3k2UEZBeFpTQUNTSUxcbnRJRWRwQ1ZPbk9PamZtMExRa2wyUXduWWRSOGYxMzlLbHpaTXpROTVhZnpvemhnU3BTaWRsV09Rb1VvOXY2RnFcbkk3b0I5Z2xsenNzWXlaNXhLZ0xhZGcwSXFrZmJaR3BNRU11bjRHRC9zYldickIxeWUxQndGN29WL1JjSUlYMU5cbm0rcGl1enNsQWdNQkFBRUNnZ0VBR1VjTDZBSXh3d2NyYmNERE9yTFNxSktSOWdLVWlrVzRsWW9qQlhkUXFvTm9cbm5KYno2OTBGNEUvK1k2WTdHZDZZV2FwckJOcGR5dHdHT2h0Tkk3VHJsMGVLS2YvZ1IwNllqQmVNcDlWbnlnNVRcbjhwb3g1V3hEbTE1VjVUMGRhS204Q2Vkem9kdTJ1UkZLcHY4UklEWDVCZC9sSnV4REp3ZCs4YzJ2bkFDbkV2bG1cbll2d1VhYUNPUFZCcGY1emRXQzluK25rV2RDRkk1a1hpRXJzbndDb3hvd2U3MGN5NjM1V1BpVit4eStZWVZCditcbjhwc3RqYkVYdWZ4d01WVnFuR0xiWUFMQWp6d2x2QjFzTTJHa2dXVW9YY2hSNXIvYzJKb096aC8yVjJZSGpSdnNcbllqVVBmcTI4MXF6TlluK0FNU3JjTlBaelNPV1lYLzFzd1pGMWVUY2ZkUUtCZ1FEcXFLbHNyZmR1b2pWbXo2YUJcbk1EQ0VCVWU5VEFYL2hnTVk5dkhuOUJEWVc4UjFZUUdYWHFUT3dPVVJZeGxSN3YzaGFFTmYwY0RrYVNZOHNtM0lcbmdONmZmWHA2WWk4Qzg2cC9mL2s2ejRTUjI0bDNiM1F4ZURKb0RaSzJoQXA0RFF2M2tRTkEwQ0k5Q2QzUVMycmpcbklueTdhNmM3d1NvZ1RNaE1BdTdvMTBHemF3S0JnUURJRDFka0JhdmQxWXBSRGJKUTdsaWxjYlRKY2RBMDBXYmdcbmd1b2xKU3pReGM0ZXFTdXA2NWI2R2Q0VmMyTXVsWkNzQnR5VFlRRk5nSC9FUGpDWEtHMmxEVTIrU1c3U2NVeHBcbmJYWmhobyt1dDMwc0E1YS9id1Mydnc1WHJkMTFia3NIdGlxRnFna2pQWGZRSXR3Z0FVSmxFdCtYajhWOFl6Mk5cbkJmOEpBYzcvcndLQmdINS9WMzNudGlma3Q0YnB6NmQ2MDl5SGdDblNqclUxaC92d08yM0FDMGluQjV3REpEbDJcbllyKzJDb1k1OXM5TlYzMG9tSkZSNEhzQkdBVEdaeG9jSm1heDNOR1dsaU13T2F3cno2M2RhbWk2Z1R0cVVLZk9cblZOWDA0eThTdFJZTWFuUVZyenhFTndEU2pjbVlybEV0S1RKYmtUWk1KaXB0V2Rob0NHUnFqZGRyQW9HQUNrQXVcbi9DTUdRV0dWcXIyRzYzcXE5QjgxWWpVQXRCUWVyMVpGNVExWWxJSHVJOGdMUXJPZGtzY01pQkRYZmlXUHVpREhcbjRJMVI0Y1M1eHpaZ2l2NDVVQUcwZ0JHSEtpVkFBdzdteCt4N0pEcW1vVUMxMHEwL2twV0xpSmFTQ0ZoVVk5ckRcbnB3R2xZamJlRXI0V2hWVkxMNTZkOGtnZG1GZ0ZhVnByVE96WXpHVUNnWUVBb1JtZThYbUdXWGNWbHJyQ0Z1bGZcbm8ybmQ2Vllnd0xFb29oMHpMU3Y1aXZkRnprNlhRUjJLeVpncVduaStsbm8xMS93U2xkWmRrK2Z1eFFMWjNaR1VcblpFaDhOWmhOZzd2OWFQUkViVHNVMnhIblFwRWY4ZTVjS3hGdjd6aXpzOC9YaHhNZ05UYUxrZ2FqUms5c3hBbDdcbnY4N3ZIN0tDNFR0TjBGSkNHbUFKalVFPVxuLS0tLS1FTkQgUFJJVkFURSBLRVktLS0tLVxuIiwKICAiY2xpZW50X2VtYWlsIjogInNpdGUtY29uZmlndXJhdGlvbi1zZXJ2aWNlQGZhbGFiZWxsYS1jYXRhbHlzdC1idS1kZXYuaWFtLmdzZXJ2aWNlYWNjb3VudC5jb20iLAogICJjbGllbnRfaWQiOiAiMTExODU4NzE1OTE3OTM5NzU5NjgzIiwKICAiYXV0aF91cmkiOiAiaHR0cHM6Ly9hY2NvdW50cy5nb29nbGUuY29tL28vb2F1dGgyL2F1dGgiLAogICJ0b2tlbl91cmkiOiAiaHR0cHM6Ly9vYXV0aDIuZ29vZ2xlYXBpcy5jb20vdG9rZW4iLAogICJhdXRoX3Byb3ZpZGVyX3g1MDlfY2VydF91cmwiOiAiaHR0cHM6Ly93d3cuZ29vZ2xlYXBpcy5jb20vb2F1dGgyL3YxL2NlcnRzIiwKICAiY2xpZW50X3g1MDlfY2VydF91cmwiOiAiaHR0cHM6Ly93d3cuZ29vZ2xlYXBpcy5jb20vcm9ib3QvdjEvbWV0YWRhdGEveDUwOS9zaXRlLWNvbmZpZ3VyYXRpb24tc2VydmljZSU0MGZhbGFiZWxsYS1jYXRhbHlzdC1idS1kZXYuaWFtLmdzZXJ2aWNlYWNjb3VudC5jb20iCn0K",
                            "private_key_type": "TYPE_GOOGLE_CREDENTIALS_FILE",
                            "public_key": "LS0tLS1CRUdJTiBDRVJUSUZJQ0FURS0tLS0tCk1JSUMrakNDQWVLZ0F3SUJBZ0lJYWF5RWkrNEVydHN3RFFZSktvWklodmNOQVFFRkJRQXdJREVlTUJ3R0ExVUUKQXhNVk1URXhPRFU0TnpFMU9URTNPVE01TnpVNU5qZ3pNQjRYRFRFNU1EWXhOekl6TkRrME9Gb1hEVEk1TURZeApOREl6TkRrME9Gb3dJREVlTUJ3R0ExVUVBeE1WTVRFeE9EVTROekUxT1RFM09UTTVOelU1Tmpnek1JSUJJakFOCkJna3Foa2lHOXcwQkFRRUZBQU9DQVE4QU1JSUJDZ0tDQVFFQXQySFVXZFh3Y3REaTJOVU9yR21iekFzUkxocGoKcEtuRmdlVSsybFF3RTNZUHZMc3BXWnJFaVZ5M0JMWlp6RU9vMXA2TGJHQ0ovSHNZWFlXNkE0UUNSZEgyYld6Zgo3Uk5vWHY1Qk43U2xtRFdGbjRvOVZScll4MVM0YzhnZHRoYUZSbDVwR044L2J5SmlycjdvK21raC9nclY0a2pqCmV4eHhETzVGbHlMbGI3T3NlZSt6WFBXSzRsdVFtMjYrZTI1N011anhRTVdVZ0FraUM3U0JIYVFsVHB6am8zNXQKQzBKSmRrTUoySFVmSDlkL1NwYzJUTTBQZVduODZNNFlFcVVvblpWamtLRktQYitoYWlPNkFmWUpaYzdMR01tZQpjU29DMm5ZTkNLcEgyMlJxVEJETHArQmcvN0cxbTZ3ZGNudFFjQmU2RmYwWENDRjlUWnZxWXJzN0pRSURBUUFCCm96Z3dOakFNQmdOVkhSTUJBZjhFQWpBQU1BNEdBMVVkRHdFQi93UUVBd0lIZ0RBV0JnTlZIU1VCQWY4RUREQUsKQmdnckJnRUZCUWNEQWpBTkJna3Foa2lHOXcwQkFRVUZBQU9DQVFFQWhXODdrUThYYlc5THo3OG03NFFhS1RacApsdTdsWi9DSmQ1WG9zV0RLL1Aza2tRYUFFT1dWZUkrL0dvN050STh1c2lWUm9pbmU0MlZNZ21WSGtvRUFvemNhCm1YMXErc0FsZDZSd3dTcVZwTVhjRTBXcGlkMVlBWG9XVFk3SGhMMFlmb1pWeW5jbjZwd2JjWlJKaXc4NlQ4STAKaXJuZURFakRiWGU3RVpIK3laRGk2Rjc5YzZyVklPaGFwd090QWdCbm5QUFJOUFc5RDVYZktCMTNDS3FDTXd5UwpjSFhWMnFoK3kvTEQ3S3BQcHhjWGlPQkZ0WGJNbEpjWXZoT2Q5Wi9uOERKdy9LVDd0bGY4a09HQWRHT00rRFpmCmdLbDRaWitNYUFTZ3l6bjN4LzdQZFcySHA3NWJCM3RJYTVFaVd2SmZKb3hlUG83bDhDRXpjSDh3MUJ0dFdnPT0KLS0tLS1FTkQgQ0VSVElGSUNBVEUtLS0tLQo=",
                            "public_key_type": "TYPE_X509_PEM_FILE",
                            "service_account_id": "projects/falabella-catalyst-bu-dev/serviceAccounts/site-configuration-service@falabella-catalyst-bu-dev.iam.gserviceaccount.com",
                            "valid_after": "2019-06-17T23:49:48Z",
                            "valid_before": "2029-06-14T23:49:48Z"
                        },
                        "meta": {},
                        "tainted": false
                    },
                    "deposed": [],
                    "provider": "provider.google"
                },
                "google_service_account_key.size_group_service_account_key": {
                    "type": "google_service_account_key",
                    "depends_on": [
                        "google_service_account.size_group_service_account"
                    ],
                    "primary": {
                        "id": "projects/falabella-catalyst-bu-dev/serviceAccounts/size-group@falabella-catalyst-bu-dev.iam.gserviceaccount.com/keys/cd30df5a016028fbe270a0c45917fb0e518b6885",
                        "attributes": {
                            "id": "projects/falabella-catalyst-bu-dev/serviceAccounts/size-group@falabella-catalyst-bu-dev.iam.gserviceaccount.com/keys/cd30df5a016028fbe270a0c45917fb0e518b6885",
                            "key_algorithm": "KEY_ALG_RSA_2048",
                            "name": "projects/falabella-catalyst-bu-dev/serviceAccounts/size-group@falabella-catalyst-bu-dev.iam.gserviceaccount.com/keys/cd30df5a016028fbe270a0c45917fb0e518b6885",
                            "private_key": "ewogICJ0eXBlIjogInNlcnZpY2VfYWNjb3VudCIsCiAgInByb2plY3RfaWQiOiAiZmFsYWJlbGxhLWNhdGFseXN0LWJ1LWRldiIsCiAgInByaXZhdGVfa2V5X2lkIjogImNkMzBkZjVhMDE2MDI4ZmJlMjcwYTBjNDU5MTdmYjBlNTE4YjY4ODUiLAogICJwcml2YXRlX2tleSI6ICItLS0tLUJFR0lOIFBSSVZBVEUgS0VZLS0tLS1cbk1JSUV2QUlCQURBTkJna3Foa2lHOXcwQkFRRUZBQVNDQktZd2dnU2lBZ0VBQW9JQkFRQzlaWU1YRkFTS2FOaFFcbmFqWG5HSHpieVAzOTVGeU91YzRQaE9XTFNDTUlGMHdxQUxXQzUvTVJILy9jcUFOZ0IycXpUYllvN0s4amtIdVhcbmthSG10SzIrZXpSeWNVWHhOMFZ3TWViMUJqU1BMOHFtVHAzcDdQVTF5eTBEem1CNkxsOFl6SzZETWlDZXozUTVcbkpXVmV2RWZxVEs5U0xXQTR2WlBQeHJHK21ZUEplVWFtZkNmZjZXdWtvQ1FQcUtsdUo3M096eVZXWlgrcVlqUEFcbnhkb2drTEFRMGE0MktHV3I4SjhQNllIRTZHdkROZDh6YXUvbmhZeitRdnVxNVZlYU11MXFhK1hTNUpuTmFtS0VcbjAxL25seHNLTXIrbWZ5M05EanIwTDVPSXZBeWxVd1doa2UzbXo0QlcyNWxvZ2VnYmNIWFFWWFJTdkxoejFqRnlcbjRNbHFQa1R2QWdNQkFBRUNnZ0VBU2pobU0xeU9YUGt5VCswWFc0MHVuT2k2bEV6eDhxS2d2RmN0cHpQcE9vbjZcbnVIa1hxSW1pS09OYjNzcGVyRHFyMTBGTWNlUXl6Q0thTkc4SFBjUXZWRGF1K213bVp4MXNVa2ZVQk5CZU40Q1lcbmp5eSsySVdhSUc4VElHczNScG8yZlI3MUFvZlozYkpaanUxM09MVmJEMWZtMnJMYWd0SFVBM2dQZnF4bFIwWFlcbklZRmZBS2FSU3pqZXRPME50NWxXS29NOUdQVzBEMnZPYnNCMUhHOVlUNTE1NW1QUEZveDRKU1pHdWVBYmJwTWdcbmZvQzhQU3lRWG1MMXdpUHJkdVhxcFFCc3lpbUoweHFENEF1WWtRclBIYWdHV1NmTXEyUWkveXM5NGhLMVlXL1VcbnVDanRIQ2pTMWpmOUlhUlY5RnZ4ZW45M3VmLzJ3bHZya1grVHVkdHk4UUtCZ1FEM3NENkU1T3VkMUJsWkpCbzdcbmNYVWU5RStCd3ZPaUg5SGxTeWl2T3pVOEZNZlJnRXpYWllRMng2NHFKRlN3ZFNZcUxYRzNrVWNKUEEvU3FGVXpcblVkQ0NJalNodDJ5TkF3TzZRNHdnZG00U0poSmFHVkhHTVBzME1CWm5TcEdUMnpJT29ZVlExbmxrUWhmQVVIUW1cbjRuYzk3OUk4TmdlSVZSSzQ1Ti9MMEVPQ3Z3S0JnUUREd0lPT1pZUjE1NnVaaVV6bmhOZnNNMlNmK3dYaUdHaHRcbkxNUEtHcHNud3JTV09VL1o2R1FUeHo1SGNXRisxOHdCTG4yYkk2OGhucytEem5CeXBGMDlobjZXbWIrclZwaUdcbjJOaGI2enV1M0pIS2pKZS9yeFhDUFNHQ3E5RU9NbFg0OHZIdWk1MWdCRW8wM3pQSUFQWEZZR2ZzeG5hN1RhdXNcblg1ODBHZnc1MFFLQmdFUURkV2R3cFBKMTUyLys1ZVVreHBCMWJjK29CTmFqL2pNRWJHdVJ5cEJ3OUYybTZYTE1cblFYMzVYdTNiaEJYZ1ZWYUhuQTVZS2pWeTlMVlgyKzEzcmRYT0pyMnhiSEZjUG8zTE5wTkRjZjR4emlCSGk1anNcbm9rNDJWakNPM1dMSWNmcHFoLzBtcDdiTUgxR0R4aUZYVm43L2Q2OW85ckNOQzlNUnBoS0ZZY1JwQW9HQWY4L29cblZnYVUyWU05dVE4OEJvTG5sUkx0WmNPNlVLa05MaE9uZHdPdVFPVFJrckN6SVoycUVudnFmeTFac2o5bXRYTE1cbmtvcFhKRVdVU3dSMHlYWG1aM0Mwb05LY29sdjFWVDZxN2tHR2c2TURFbFNBRktsV05MQkRmQldCZDVxSUpmZENcbjNqV011USswQUJlb3NMTm54Y3N2c0JyWmxXeWVaZnM5Y1FCeWZyRUNnWUFlQTFYUGVGQXBEbm9UV0xBR1VQbG9cbnFRMlpFUThQZExZOGhKZTZjaWV6QzNaVVl2RlU5OVF0SUVQb2JyVEdsQ1RmTmloRktyQk9qb0NiaTBuWnJpSEtcbkNDZkI0RzVodUQzaGUycnF3QWdtRlN0OW8wdkFJVWZCMEFDSS9mZ3VwNHRrMHFZcC8zcDU4eUIvT3JtNHpJaUpcbjhrT084M0NROG1hVWxaRU50eGs5Z0E9PVxuLS0tLS1FTkQgUFJJVkFURSBLRVktLS0tLVxuIiwKICAiY2xpZW50X2VtYWlsIjogInNpemUtZ3JvdXBAZmFsYWJlbGxhLWNhdGFseXN0LWJ1LWRldi5pYW0uZ3NlcnZpY2VhY2NvdW50LmNvbSIsCiAgImNsaWVudF9pZCI6ICIxMTc5NjkyNzM0OTU2Mzg5NDA2MzIiLAogICJhdXRoX3VyaSI6ICJodHRwczovL2FjY291bnRzLmdvb2dsZS5jb20vby9vYXV0aDIvYXV0aCIsCiAgInRva2VuX3VyaSI6ICJodHRwczovL29hdXRoMi5nb29nbGVhcGlzLmNvbS90b2tlbiIsCiAgImF1dGhfcHJvdmlkZXJfeDUwOV9jZXJ0X3VybCI6ICJodHRwczovL3d3dy5nb29nbGVhcGlzLmNvbS9vYXV0aDIvdjEvY2VydHMiLAogICJjbGllbnRfeDUwOV9jZXJ0X3VybCI6ICJodHRwczovL3d3dy5nb29nbGVhcGlzLmNvbS9yb2JvdC92MS9tZXRhZGF0YS94NTA5L3NpemUtZ3JvdXAlNDBmYWxhYmVsbGEtY2F0YWx5c3QtYnUtZGV2LmlhbS5nc2VydmljZWFjY291bnQuY29tIgp9Cg==",
                            "private_key_type": "TYPE_GOOGLE_CREDENTIALS_FILE",
                            "public_key": "LS0tLS1CRUdJTiBDRVJUSUZJQ0FURS0tLS0tCk1JSUMrakNDQWVLZ0F3SUJBZ0lJSUx6YTV5TmVlb013RFFZSktvWklodmNOQVFFRkJRQXdJREVlTUJ3R0ExVUUKQXhNVk1URTNPVFk1TWpjek5EazFOak00T1RRd05qTXlNQjRYRFRFNU1URXhNVEE1TXpZeE1Wb1hEVEk1TVRFdwpPREE1TXpZeE1Wb3dJREVlTUJ3R0ExVUVBeE1WTVRFM09UWTVNamN6TkRrMU5qTTRPVFF3TmpNeU1JSUJJakFOCkJna3Foa2lHOXcwQkFRRUZBQU9DQVE4QU1JSUJDZ0tDQVFFQXZXV0RGeFFFaW1qWVVHbzE1eGg4MjhqOS9lUmMKanJuT0Q0VGxpMGdqQ0JkTUtnQzFndWZ6RVIvLzNLZ0RZQWRxczAyMktPeXZJNUI3bDVHaDVyU3R2bnMwY25GRgo4VGRGY0RIbTlRWTBqeS9LcGs2ZDZlejFOY3N0QTg1Z2VpNWZHTXl1Z3pJZ25zOTBPU1ZsWHJ4SDZreXZVaTFnCk9MMlR6OGF4dnBtRHlYbEdwbnduMytscnBLQWtENmlwYmllOXpzOGxWbVYvcW1JendNWGFJSkN3RU5HdU5paGwKcS9DZkQrbUJ4T2hyd3pYZk0ycnY1NFdNL2tMN3F1Vlhtakx0YW12bDB1U1p6V3BpaE5OZjU1Y2JDaksvcG44dAp6UTQ2OUMrVGlMd01wVk1Gb1pIdDVzK0FWdHVaYUlIb0czQjEwRlYwVXJ5NGM5WXhjdURKYWo1RTd3SURBUUFCCm96Z3dOakFNQmdOVkhSTUJBZjhFQWpBQU1BNEdBMVVkRHdFQi93UUVBd0lIZ0RBV0JnTlZIU1VCQWY4RUREQUsKQmdnckJnRUZCUWNEQWpBTkJna3Foa2lHOXcwQkFRVUZBQU9DQVFFQWFmVkxXTXhMUFZBeS9HSEVwbWRzeFpQcAp3RVZUWmlWTXYwWUhrR2k1VXZOUmZmZjRUajVpRXRGNnUrSWM4UEFSaURrZDY0S0RLWXdHenpLU1FrQ3ZTWDdOCmRGakF5K2NWT2RLWG9OTTBWWlFWWTdMUWQyeFMzVGRBWkZ4NGgvWnBUY2tGMzlKbmpnK1ZJOGwyWTNQU3ZVUXIKaUdsMGpnNlZ4TXZtMlRnR2xPTU5OMUlneDVwejQ0T29UQ2I0SGNicFg4TkJ4SFp3dU8yNlRjVTZhNmNDNjRTbwpyREczVVNvVFVrWGhVR012UzF2NjJmbmhTZjFnL1ZMSk11MGNxUlByR2JjZGhEb044ejBNNHFreHZ3ZGZ5cG9MCm9sNzhsWmJ6L3R6WlVpNXhmd0h5cTNZdG5VS1p2VUlic1IxL0wzb0JYaC9PNm9BMkNieWl3a210L0JTbDh3PT0KLS0tLS1FTkQgQ0VSVElGSUNBVEUtLS0tLQo=",
                            "public_key_type": "TYPE_X509_PEM_FILE",
                            "service_account_id": "projects/falabella-catalyst-bu-dev/serviceAccounts/size-group@falabella-catalyst-bu-dev.iam.gserviceaccount.com",
                            "valid_after": "2019-11-11T09:36:11Z",
                            "valid_before": "2029-11-08T09:36:11Z"
                        },
                        "meta": {},
                        "tainted": false
                    },
                    "deposed": [],
                    "provider": "provider.google"
                },
                "google_service_account_key.ui_service_account_key": {
                    "type": "google_service_account_key",
                    "depends_on": [
                        "google_service_account.ui_service_account"
                    ],
                    "primary": {
                        "id": "projects/falabella-catalyst-bu-dev/serviceAccounts/falabella-bu-ui@falabella-catalyst-bu-dev.iam.gserviceaccount.com/keys/8ad190bbf132eb1ee4edd751899697fd91117c24",
                        "attributes": {
                            "id": "projects/falabella-catalyst-bu-dev/serviceAccounts/falabella-bu-ui@falabella-catalyst-bu-dev.iam.gserviceaccount.com/keys/8ad190bbf132eb1ee4edd751899697fd91117c24",
                            "key_algorithm": "KEY_ALG_RSA_2048",
                            "name": "projects/falabella-catalyst-bu-dev/serviceAccounts/falabella-bu-ui@falabella-catalyst-bu-dev.iam.gserviceaccount.com/keys/8ad190bbf132eb1ee4edd751899697fd91117c24",
                            "private_key": "ewogICJ0eXBlIjogInNlcnZpY2VfYWNjb3VudCIsCiAgInByb2plY3RfaWQiOiAiZmFsYWJlbGxhLWNhdGFseXN0LWJ1LWRldiIsCiAgInByaXZhdGVfa2V5X2lkIjogIjhhZDE5MGJiZjEzMmViMWVlNGVkZDc1MTg5OTY5N2ZkOTExMTdjMjQiLAogICJwcml2YXRlX2tleSI6ICItLS0tLUJFR0lOIFBSSVZBVEUgS0VZLS0tLS1cbk1JSUV2d0lCQURBTkJna3Foa2lHOXcwQkFRRUZBQVNDQktrd2dnU2xBZ0VBQW9JQkFRQzRMaEc0dDR1cDhUaDlcbk9xUnIxeWJwNVZIQW1sZHBaaHRqM0pvNStDaUhIK01jcDhLdmxlZC84aUFXemdrRyt2MjhJeTBTTzdZZlB4Q1BcbmtZVmtaMWJMbXRVblJUNWhGRGJrR25wOU54TFFEQVFJOFZYUVRMdHRUR0ZCTkpaMmo1NWJIenc5WTMrQ2hBU3lcbjVjZVJUUE5CZktVNUM3RDFWQ082TU52THhTamhKNWZVcVpmZUF4UTNTU0xHakVoeWpXOGUrS0d2YnVOTkllRTRcbnZZVS85aCtCN3FNbGJEVVd1czRlZDA1SmtxTFQxUEhWMW1ZM2ZPRC9kOFdKNWwwZnNSQUtwZGRUdzU4eVowUWdcbk9ucDhCN3ZSYWd4WitkdzVQZzU3b3VmMkF6WnRZTUxrUjJiV01ieEgwT3pTeDdFeDQ5R1dBYm16azk4VkdQWFRcbkc1c1hxUmY3QWdNQkFBRUNnZ0VBQlVJVGNYR1VCQ3NGME5WdXdrRm5OQUEvQUQrbnhUT01EcUxLcUdNRVRTOUVcbjNabVFmbERLUmlYVWNySTVJY0RpbzQ5aGh3YTdZVkw4bHd5eGdUZE9EQXdFajlWelBYUkZTT2ZVbldTSUhmWnBcbjJ4T0F2cXlpSVRHd0NSdUdQQ1pIZ0JSNU5NdDFaWFY5YU5vVWczcHQ2MjJ5amRsZW1QSm8vclRNWVpua1crRW9cbkYxOTFmQmNibVdDcEJsV0JOQjhFRUhJbUtqTzZBbEV5NUhDbmhxQzFXeWJrR0xHQzlkbWpMZWtXV05wVXg5ZCtcbm1HVlBsS0JYdEh2c3VySjRVb1hWcVFHdGc4dnI1SkR1NjJWR0UxQVdzZjFTU1hVenZ1dkF5YXJWa2tLblZhcFlcbithS3FPK1NFZ1pLQjhJR3V4RGdUdVlodmNmK05UU1hQWEJtY3NtNUxHUUtCZ1FEYlNiS3FWWE9XSnBlY1BGeHRcbjlibXA5SGliNFBBTmorVmUrT21VV0N2K3NxSkdHZ3B2dkRSMFlOS2lmaTFlSnBrcDQ3Mmt0clBFOTQ3eWhDK3NcbnNKSnJUQ0wxK05lSFdEY2xMR1FEVVZweGFlRUZNVXJlRFIrSk1PL3NLenRHdHVUTTlPQlRiR1k1Y3JUN0RvTkVcbmhDSkc1bjZ2Rk1RYVRGblhOQktieEJ1dE53S0JnUURYQTdTNVUvQkZOMkVuY25HWHhLRmtwQnZJZGZ3QVNTNGRcbkRFNktoWVJaZVhtZVhmRHYvbHdSU1FnYmxzTUxMN29sMHFQR0J1S0RmcFp0STZhdGo4eXBBZXQ2OGVybmZIeUtcbkxiQTZEL2s2UDVSN3c2Tyt6akJaQ2l0YmE0VVZrZHZKbXlyai90VGx2cXIrV2tlSXZjazJMbE96ODE2MXhrUzZcbmVqdW1oVnV0WFFLQmdRQ1E1eEFpc2ppZzNYdU5oKzFqMDk0TnlqZndlU0RuTlZEU0F4VUdLNFZXMWwrWWh4aWlcbllQRWdmZUp4OFlLMUZqaGJqOXYrL2FPbzRoVVpkL093M3pUQnBodnNBYlVhQUZiZ1A0Y1BFakQ3aElWbTB2MnZcbjRXZ1hWYmtVakRTdE02blpMVzhXY1NqVGlWTENHd0x1d1ltTTVENk9IdUMrcC9rdDFZRCtZUVlRM1FLQmdRQ01cbmNlZENod21TckxIUlNuZllZcC9wVlNpd3NDQ0RMMG5udjNvdUVUaDZHVmJQa3gwbUprZU5JdDhnNWtGUXRVUXFcbklJVEpmUVhJVG8rRGlwMzlFTWptUEZMTVkrakVmQlA5VGdxbVluaXhDNGE1c1Bqc1VWSlRWc2tyVmZnQU50NFJcbnVrRXgyK3JFaHQ2NmRjMzBDOE82bUZna1d2dXFVRy9rUHFOb0NnUHdJUUtCZ1FDbXdHSjVRWVdpUkVpTWRTTHRcbmluejRibFlodkE0MEtqTWJyZUx0dkhSWmh3blBtUG1VTTF3MWQvZGJFWUJNRUVLV245RUdUS1QwQUQzMWFZeEdcbjZDRE9rV1oxd3JwQkJoOStjRG1KK0dIajh4ZlAvazd5MFdYalZMZXcvMGJJc3hWUnlrK1I1ZzNTSEsrb1Y1WE1cblo4cDU1SGwvaVlxVG5NZVdvbTRzRE0wVjNRPT1cbi0tLS0tRU5EIFBSSVZBVEUgS0VZLS0tLS1cbiIsCiAgImNsaWVudF9lbWFpbCI6ICJmYWxhYmVsbGEtYnUtdWlAZmFsYWJlbGxhLWNhdGFseXN0LWJ1LWRldi5pYW0uZ3NlcnZpY2VhY2NvdW50LmNvbSIsCiAgImNsaWVudF9pZCI6ICIxMDY1NzY3NTk3NDcwMjE3NzQwOTciLAogICJhdXRoX3VyaSI6ICJodHRwczovL2FjY291bnRzLmdvb2dsZS5jb20vby9vYXV0aDIvYXV0aCIsCiAgInRva2VuX3VyaSI6ICJodHRwczovL29hdXRoMi5nb29nbGVhcGlzLmNvbS90b2tlbiIsCiAgImF1dGhfcHJvdmlkZXJfeDUwOV9jZXJ0X3VybCI6ICJodHRwczovL3d3dy5nb29nbGVhcGlzLmNvbS9vYXV0aDIvdjEvY2VydHMiLAogICJjbGllbnRfeDUwOV9jZXJ0X3VybCI6ICJodHRwczovL3d3dy5nb29nbGVhcGlzLmNvbS9yb2JvdC92MS9tZXRhZGF0YS94NTA5L2ZhbGFiZWxsYS1idS11aSU0MGZhbGFiZWxsYS1jYXRhbHlzdC1idS1kZXYuaWFtLmdzZXJ2aWNlYWNjb3VudC5jb20iCn0K",
                            "private_key_type": "TYPE_GOOGLE_CREDENTIALS_FILE",
                            "public_key": "LS0tLS1CRUdJTiBDRVJUSUZJQ0FURS0tLS0tCk1JSUMrakNDQWVLZ0F3SUJBZ0lJSDY0K2oraVAwVDh3RFFZSktvWklodmNOQVFFRkJRQXdJREVlTUJ3R0ExVUUKQXhNVk1UQTJOVGMyTnpVNU56UTNNREl4TnpjME1EazNNQjRYRFRFNU1EWXlPREE1TVRFMU5Gb1hEVEk1TURZeQpOVEE1TVRFMU5Gb3dJREVlTUJ3R0ExVUVBeE1WTVRBMk5UYzJOelU1TnpRM01ESXhOemMwTURrM01JSUJJakFOCkJna3Foa2lHOXcwQkFRRUZBQU9DQVE4QU1JSUJDZ0tDQVFFQXVDNFJ1TGVMcWZFNGZUcWthOWNtNmVWUndKcFgKYVdZYlk5eWFPZmdvaHgvakhLZkNyNVhuZi9JZ0ZzNEpCdnI5dkNNdEVqdTJIejhRajVHRlpHZFd5NXJWSjBVKwpZUlEyNUJwNmZUY1MwQXdFQ1BGVjBFeTdiVXhoUVRTV2RvK2VXeDg4UFdOL2dvUUVzdVhIa1V6elFYeWxPUXV3CjlWUWp1akRieThVbzRTZVgxS21YM2dNVU4wa2l4b3hJY28xdkh2aWhyMjdqVFNIaE9MMkZQL1lmZ2U2akpXdzEKRnJyT0huZE9TWktpMDlUeDFkWm1OM3pnLzNmRmllWmRIN0VRQ3FYWFU4T2ZNbWRFSURwNmZBZTcwV29NV2ZuYwpPVDRPZTZMbjlnTTJiV0RDNUVkbTFqRzhSOURzMHNleE1lUFJsZ0c1czVQZkZSajEweHViRjZrWCt3SURBUUFCCm96Z3dOakFNQmdOVkhSTUJBZjhFQWpBQU1BNEdBMVVkRHdFQi93UUVBd0lIZ0RBV0JnTlZIU1VCQWY4RUREQUsKQmdnckJnRUZCUWNEQWpBTkJna3Foa2lHOXcwQkFRVUZBQU9DQVFFQWx1eTJNOU5BZVUrQllQZmN6dHBQenNDTwpTanh5NFgwT1VaTGw5Umh3YXQvaVFZS3A0ZG9rMWkzUUpjc3FjTHdQakNvR1hsbVpiTXBUSlQvbTBxWkRmL2RpClhidldISzQrekk3SkcyaXdEQzF4OEN0MG9MY0dIcVZnYlMwZlU4QUs5Y1d1MkFrbmxrLzIzVytWQnc5OEZ3bGEKN0JRODA2TlJwT1BXT2h4NmNOSFRFemlyTVUxNThQS25pYTdFRE5Kb1Fvd0NZMlUzNkUwb2t5OGhFYnYxcG1GSQo3d3o4Nkc3aFRRTXg0M2tmd1JrNVU2NG83cWtRRmQyT0paNXIzMFpGRjhCeTFTZEJmV0R4MnptdGg4a2k5aWhrClIxUkgxd3c0Z3NBOTc4RTNTUG5xeFlIZEszUFFrNEwwenhTc05RdlFtQ1c3VzRQNEdqOUVyYjRJdTNGTDJBPT0KLS0tLS1FTkQgQ0VSVElGSUNBVEUtLS0tLQo=",
                            "public_key_type": "TYPE_X509_PEM_FILE",
                            "service_account_id": "projects/falabella-catalyst-bu-dev/serviceAccounts/falabella-bu-ui@falabella-catalyst-bu-dev.iam.gserviceaccount.com",
                            "valid_after": "2019-06-28T09:11:54Z",
                            "valid_before": "2029-06-25T09:11:54Z"
                        },
                        "meta": {},
                        "tainted": false
                    },
                    "deposed": [],
                    "provider": "provider.google"
                },
                "google_storage_bucket.bucket_db_variants_falabella_search": {
                    "type": "google_storage_bucket",
                    "depends_on": [],
                    "primary": {
                        "id": "falabella-catalyst-bu-dev-db-variant",
                        "attributes": {
                            "bucket_policy_only": "false",
                            "cors.#": "0",
                            "encryption.#": "0",
                            "force_destroy": "false",
                            "id": "falabella-catalyst-bu-dev-db-variant",
                            "labels.%": "0",
                            "lifecycle_rule.#": "0",
                            "location": "US-EAST4",
                            "logging.#": "0",
                            "name": "falabella-catalyst-bu-dev-db-variant",
                            "project": "falabella-catalyst-bu-dev",
                            "requester_pays": "false",
                            "retention_policy.#": "0",
                            "self_link": "https://www.googleapis.com/storage/v1/b/falabella-catalyst-bu-dev-db-variant",
                            "storage_class": "STANDARD",
                            "url": "gs://falabella-catalyst-bu-dev-db-variant",
                            "versioning.#": "0",
                            "website.#": "0"
                        },
                        "meta": {},
                        "tainted": false
                    },
                    "deposed": [],
                    "provider": "provider.google"
                },
                "google_storage_bucket.bucket_falabella_di": {
                    "type": "google_storage_bucket",
                    "depends_on": [],
                    "primary": {
                        "id": "falabella-catalyst-bu-dev-dataflow",
                        "attributes": {
                            "bucket_policy_only": "false",
                            "cors.#": "0",
                            "encryption.#": "0",
                            "force_destroy": "false",
                            "id": "falabella-catalyst-bu-dev-dataflow",
                            "labels.%": "0",
                            "lifecycle_rule.#": "0",
                            "location": "US-EAST1",
                            "logging.#": "0",
                            "name": "falabella-catalyst-bu-dev-dataflow",
                            "project": "falabella-catalyst-bu-dev",
                            "requester_pays": "false",
                            "retention_policy.#": "0",
                            "self_link": "https://www.googleapis.com/storage/v1/b/falabella-catalyst-bu-dev-dataflow",
                            "storage_class": "STANDARD",
                            "url": "gs://falabella-catalyst-bu-dev-dataflow",
                            "versioning.#": "0",
                            "website.#": "0"
                        },
                        "meta": {},
                        "tainted": false
                    },
                    "deposed": [],
                    "provider": "provider.google"
                },
                "google_storage_bucket.bucket_falabella_di_availability": {
                    "type": "google_storage_bucket",
                    "depends_on": [],
                    "primary": {
                        "id": "falabella-catalyst-bu-dev-dataflow-availability",
                        "attributes": {
                            "bucket_policy_only": "false",
                            "cors.#": "0",
                            "encryption.#": "0",
                            "force_destroy": "false",
                            "id": "falabella-catalyst-bu-dev-dataflow-availability",
                            "labels.%": "0",
                            "lifecycle_rule.#": "0",
                            "location": "US-EAST1",
                            "logging.#": "0",
                            "name": "falabella-catalyst-bu-dev-dataflow-availability",
                            "project": "falabella-catalyst-bu-dev",
                            "requester_pays": "false",
                            "retention_policy.#": "0",
                            "self_link": "https://www.googleapis.com/storage/v1/b/falabella-catalyst-bu-dev-dataflow-availability",
                            "storage_class": "STANDARD",
                            "url": "gs://falabella-catalyst-bu-dev-dataflow-availability",
                            "versioning.#": "0",
                            "website.#": "0"
                        },
                        "meta": {},
                        "tainted": false
                    },
                    "deposed": [],
                    "provider": "provider.google"
                },
                "google_storage_bucket.bucket_falabella_di_price": {
                    "type": "google_storage_bucket",
                    "depends_on": [],
                    "primary": {
                        "id": "falabella-catalyst-bu-dev-dataflow-price",
                        "attributes": {
                            "bucket_policy_only": "false",
                            "cors.#": "0",
                            "encryption.#": "0",
                            "force_destroy": "false",
                            "id": "falabella-catalyst-bu-dev-dataflow-price",
                            "labels.%": "0",
                            "lifecycle_rule.#": "0",
                            "location": "US-EAST1",
                            "logging.#": "0",
                            "name": "falabella-catalyst-bu-dev-dataflow-price",
                            "project": "falabella-catalyst-bu-dev",
                            "requester_pays": "false",
                            "retention_policy.#": "0",
                            "self_link": "https://www.googleapis.com/storage/v1/b/falabella-catalyst-bu-dev-dataflow-price",
                            "storage_class": "STANDARD",
                            "url": "gs://falabella-catalyst-bu-dev-dataflow-price",
                            "versioning.#": "0",
                            "website.#": "0"
                        },
                        "meta": {},
                        "tainted": false
                    },
                    "deposed": [],
                    "provider": "provider.google"
                },
                "google_storage_bucket.bucket_falabella_di_price_availability": {
                    "type": "google_storage_bucket",
                    "depends_on": [],
                    "primary": {
                        "id": "falabella-catalyst-bu-dev-dataflow-availability-tmp",
                        "attributes": {
                            "bucket_policy_only": "false",
                            "cors.#": "0",
                            "encryption.#": "0",
                            "force_destroy": "false",
                            "id": "falabella-catalyst-bu-dev-dataflow-availability-tmp",
                            "labels.%": "0",
                            "lifecycle_rule.#": "0",
                            "location": "US-EAST1",
                            "logging.#": "0",
                            "name": "falabella-catalyst-bu-dev-dataflow-availability-tmp",
                            "project": "falabella-catalyst-bu-dev",
                            "requester_pays": "false",
                            "retention_policy.#": "0",
                            "self_link": "https://www.googleapis.com/storage/v1/b/falabella-catalyst-bu-dev-dataflow-availability-tmp",
                            "storage_class": "STANDARD",
                            "url": "gs://falabella-catalyst-bu-dev-dataflow-availability-tmp",
                            "versioning.#": "0",
                            "website.#": "0"
                        },
                        "meta": {},
                        "tainted": false
                    },
                    "deposed": [],
                    "provider": "provider.google"
                },
                "google_storage_bucket.bucket_falabella_di_price_temp": {
                    "type": "google_storage_bucket",
                    "depends_on": [],
                    "primary": {
                        "id": "falabella-catalyst-bu-dev-dataflow-price-tmp",
                        "attributes": {
                            "bucket_policy_only": "false",
                            "cors.#": "0",
                            "encryption.#": "0",
                            "force_destroy": "false",
                            "id": "falabella-catalyst-bu-dev-dataflow-price-tmp",
                            "labels.%": "0",
                            "lifecycle_rule.#": "0",
                            "location": "US-EAST1",
                            "logging.#": "0",
                            "name": "falabella-catalyst-bu-dev-dataflow-price-tmp",
                            "project": "falabella-catalyst-bu-dev",
                            "requester_pays": "false",
                            "retention_policy.#": "0",
                            "self_link": "https://www.googleapis.com/storage/v1/b/falabella-catalyst-bu-dev-dataflow-price-tmp",
                            "storage_class": "STANDARD",
                            "url": "gs://falabella-catalyst-bu-dev-dataflow-price-tmp",
                            "versioning.#": "0",
                            "website.#": "0"
                        },
                        "meta": {},
                        "tainted": false
                    },
                    "deposed": [],
                    "provider": "provider.google"
                },
                "google_storage_bucket.bucket_falabella_di_temp": {
                    "type": "google_storage_bucket",
                    "depends_on": [],
                    "primary": {
                        "id": "falabella-catalyst-bu-dev-dataflow-tmp",
                        "attributes": {
                            "bucket_policy_only": "false",
                            "cors.#": "0",
                            "encryption.#": "0",
                            "force_destroy": "false",
                            "id": "falabella-catalyst-bu-dev-dataflow-tmp",
                            "labels.%": "0",
                            "lifecycle_rule.#": "0",
                            "location": "US-EAST1",
                            "logging.#": "0",
                            "name": "falabella-catalyst-bu-dev-dataflow-tmp",
                            "project": "falabella-catalyst-bu-dev",
                            "requester_pays": "false",
                            "retention_policy.#": "0",
                            "self_link": "https://www.googleapis.com/storage/v1/b/falabella-catalyst-bu-dev-dataflow-tmp",
                            "storage_class": "STANDARD",
                            "url": "gs://falabella-catalyst-bu-dev-dataflow-tmp",
                            "versioning.#": "0",
                            "website.#": "0"
                        },
                        "meta": {},
                        "tainted": false
                    },
                    "deposed": [],
                    "provider": "provider.google"
                },
                "google_storage_bucket_iam_member.iam_ai_team": {
                    "type": "google_storage_bucket_iam_member",
                    "depends_on": [
                        "google_service_account.service_ai_team"
                    ],
                    "primary": {
                        "id": "falabella-catalyst-bu-dev-db-variant/roles/storage.objectViewer/serviceaccount:ai-team-service@falabella-catalyst-bu-dev.iam.gserviceaccount.com",
                        "attributes": {
                            "bucket": "falabella-catalyst-bu-dev-db-variant",
                            "etag": "CAQ=",
                            "id": "falabella-catalyst-bu-dev-db-variant/roles/storage.objectViewer/serviceaccount:ai-team-service@falabella-catalyst-bu-dev.iam.gserviceaccount.com",
                            "member": "serviceAccount:ai-team-service@falabella-catalyst-bu-dev.iam.gserviceaccount.com",
                            "role": "roles/storage.objectViewer"
                        },
                        "meta": {},
                        "tainted": false
                    },
                    "deposed": [],
                    "provider": "provider.google"
                },
                "google_storage_bucket_iam_member.iam_di_backoffice": {
                    "type": "google_storage_bucket_iam_member",
                    "depends_on": [
                        "google_service_account.service_di_backoffice",
                        "google_storage_bucket.bucket_falabella_di"
                    ],
                    "primary": {
                        "id": "falabella-catalyst-bu-dev-dataflow/roles/storage.objectAdmin/serviceAccount:di-backoffice-service@falabella-catalyst-bu-dev.iam.gserviceaccount.com",
                        "attributes": {
                            "bucket": "falabella-catalyst-bu-dev-dataflow",
                            "etag": "CAU=",
                            "id": "falabella-catalyst-bu-dev-dataflow/roles/storage.objectAdmin/serviceAccount:di-backoffice-service@falabella-catalyst-bu-dev.iam.gserviceaccount.com",
                            "member": "serviceAccount:di-backoffice-service@falabella-catalyst-bu-dev.iam.gserviceaccount.com",
                            "role": "roles/storage.objectAdmin"
                        },
                        "meta": {},
                        "tainted": false
                    },
                    "deposed": [],
                    "provider": "provider.google"
                },
                "google_storage_bucket_iam_member.iam_di_backoffice_availability": {
                    "type": "google_storage_bucket_iam_member",
                    "depends_on": [
                        "google_service_account.service_di_backoffice",
                        "google_storage_bucket.bucket_falabella_di_availability"
                    ],
                    "primary": {
                        "id": "falabella-catalyst-bu-dev-dataflow-availability/roles/storage.objectAdmin/serviceAccount:di-backoffice-service@falabella-catalyst-bu-dev.iam.gserviceaccount.com",
                        "attributes": {
                            "bucket": "falabella-catalyst-bu-dev-dataflow-availability",
                            "etag": "CAI=",
                            "id": "falabella-catalyst-bu-dev-dataflow-availability/roles/storage.objectAdmin/serviceAccount:di-backoffice-service@falabella-catalyst-bu-dev.iam.gserviceaccount.com",
                            "member": "serviceAccount:di-backoffice-service@falabella-catalyst-bu-dev.iam.gserviceaccount.com",
                            "role": "roles/storage.objectAdmin"
                        },
                        "meta": {},
                        "tainted": false
                    },
                    "deposed": [],
                    "provider": "provider.google"
                },
                "google_storage_bucket_iam_member.iam_di_backoffice_price": {
                    "type": "google_storage_bucket_iam_member",
                    "depends_on": [
                        "google_service_account.service_di_backoffice",
                        "google_storage_bucket.bucket_falabella_di_price"
                    ],
                    "primary": {
                        "id": "falabella-catalyst-bu-dev-dataflow-price/roles/storage.objectAdmin/serviceAccount:di-backoffice-service@falabella-catalyst-bu-dev.iam.gserviceaccount.com",
                        "attributes": {
                            "bucket": "falabella-catalyst-bu-dev-dataflow-price",
                            "etag": "CAI=",
                            "id": "falabella-catalyst-bu-dev-dataflow-price/roles/storage.objectAdmin/serviceAccount:di-backoffice-service@falabella-catalyst-bu-dev.iam.gserviceaccount.com",
                            "member": "serviceAccount:di-backoffice-service@falabella-catalyst-bu-dev.iam.gserviceaccount.com",
                            "role": "roles/storage.objectAdmin"
                        },
                        "meta": {},
                        "tainted": false
                    },
                    "deposed": [],
                    "provider": "provider.google"
                },
                "google_storage_bucket_iam_member.pubsub_to_pubsub_iam_bucket": {
                    "type": "google_storage_bucket_iam_member",
                    "depends_on": [
                        "google_service_account.pubsub_to_pubsub_dataflow",
                        "google_storage_bucket.bucket_falabella_di_temp"
                    ],
                    "primary": {
                        "id": "falabella-catalyst-bu-dev-dataflow-tmp/roles/storage.objectAdmin/serviceAccount:oms-event-stream-df-service@falabella-catalyst-bu-dev.iam.gserviceaccount.com",
                        "attributes": {
                            "bucket": "falabella-catalyst-bu-dev-dataflow-tmp",
                            "etag": "CAQ=",
                            "id": "falabella-catalyst-bu-dev-dataflow-tmp/roles/storage.objectAdmin/serviceAccount:oms-event-stream-df-service@falabella-catalyst-bu-dev.iam.gserviceaccount.com",
                            "member": "serviceAccount:oms-event-stream-df-service@falabella-catalyst-bu-dev.iam.gserviceaccount.com",
                            "role": "roles/storage.objectAdmin"
                        },
                        "meta": {},
                        "tainted": false
                    },
                    "deposed": [],
                    "provider": "provider.google"
                },
                "google_storage_bucket_object.cloudfunction_pub_service_account_key_bucket_object": {
                    "type": "google_storage_bucket_object",
                    "depends_on": [
                        "google_service_account_key.cloudfunction_pub_service_account_key"
                    ],
                    "primary": {
                        "id": "falabella-catalyst-bu-dev-cloudfunction-pub-sa.key",
                        "attributes": {
                            "bucket": "falabella-catalyst-bu-dev",
                            "cache_control": "",
                            "content": "{\n  \"type\": \"service_account\",\n  \"project_id\": \"falabella-catalyst-bu-dev\",\n  \"private_key_id\": \"6ed685007fee4ed759344954497e5cb48ed4b5ac\",\n  \"private_key\": \"-----BEGIN PRIVATE KEY-----\\nMIIEvQIBADANBgkqhkiG9w0BAQEFAASCBKcwggSjAgEAAoIBAQCbJlSgm2s8go3D\\nOPB3woQ70DkzqKcC4n85MiSxjXCLjVh+eVyxYlx8UBG8He5mARrle5b2/Bp2e1kK\\niUbqKvIcNyFXVuXkFnwhAvHonxYl7YjUZk7BCsaWBiGaEa5uFwohFVRD5r/8rOBr\\nnDYX2q4da1wylP99zQXM2H4tZM332RPmK7KIGAnL1+qWkpzwLpvNvq8S5bTrqd47\\nDLjFSrFpJP1UWFoHOOHGWe8OKwJOAans7exLYEbytWCI2qzlw3qMwwsYOmXKdQ8c\\npAxFKvOhUzhSKl3PrXL45f2yqWRi3bVqsp7nl1BuE1hanW9aDsTN0SooVyxyMoXu\\n2NgwusdrAgMBAAECggEALD4Pducq+svd4hQ8GmKZM7dKgI0w5vUww14lsY38UIdD\\ne3lfMeQzLG3myMaeQ29APL10DMVSRIQjHYqM8tzBQsOD2fSZROQWjJFa63NmLPWi\\nBbOQ9KJ+g6yG63jsTU97n3iGGYDVMZgYvQcEM+Qzr4b8eR4dB0IuS75WqNosk+bc\\nsAqhOKvIu0RDFC2MgQwR9SkwMk5RkVNgfP8dKZFi4sfQbiVyFZngzocdbWpAkI/E\\nYrHbs0nHUnPMU8Ri8C3v1xFEAExs/P7jbpcVpixUjldod726Xpb1D57Kl8MsReJn\\nZBQTvJQnLJ2VO256MnDiMsoLsaOpWeqtODy23x6N2QKBgQDXdFmIPfVxJEAliLhv\\nH9qb8OsdQmlaFsguQgEABkDjbdX1RQKfZvSA1QmjDEREsKxuxHytmAXj+qsck1WL\\nBrBtisN5RNorFK1+lfiGk2fTWnfVaJ/iNyewzBWeCljtmpg3+tixkh3fXchdFqu1\\nCrjgm1PEZolHuLb2SewDMLj2YwKBgQC4WMMyPMB6G1mhMyFdyKYz4qxxRHR+ZaqI\\nrJuq7dZ20v3y1cGEeeYWg7AB3Xtmv+VdbLmQ++t/ZYBTtE55MmjV/tpmAQpBTo7X\\nTiaXTMrnT2l7J/mWgG37rCXv272lQL0H7TYcsYj6ly0Zz/VLXmjLB/lTbt6/0gJP\\nHqfYmR0VWQKBgBWw6wqiYkF/ys18lETryhCFEsahVwXw4Tp2/q7H8mRzPGUzC26M\\n6PTHfe7iX0UjHFkSgxLfCUjIhc2cr7INfFmq7L8axXQs4sKpypmR4ZQPuZzMqbwW\\nnXJZOZvtosJZHBYWtRY7hbJlOLTWgXb6m15RhP9y60NDP3hQPOidUSHNAoGBAIF6\\nnsdXUl2xfheyAPqNJueEi1gXG7d3kvriOYgp+xuEgKeiKYTx1YD0x5fXx4fYurIO\\n3puNxc+6LBMerouDs4yyrxU8H8bU9ZEWLBbS8iTbaxv8bNqfpCBDvnWlIqPCP8Mk\\ngoBO1gYkTqI1pXVlfzczh5RpZ/zU9Zg60OtaR8opAoGAeCw2RhUkgdmyL4MvbvV6\\nfe4WI67dDnm1aAT5Tr+hLop0uW12vl2PHqNP/IRmvxWgBchcB528JRbxWH8OCqpd\\n/UOikgccybefFxV8xVx5c2toovpZqgnIaI60HQufxxrZuJpGiITI3veuKrhMwjEy\\nKZiQTPeA+Tffg1QpiGVfXWs=\\n-----END PRIVATE KEY-----\\n\",\n  \"client_email\": \"cloudfunction-pub@falabella-catalyst-bu-dev.iam.gserviceaccount.com\",\n  \"client_id\": \"100969819390042867156\",\n  \"auth_uri\": \"https://accounts.google.com/o/oauth2/auth\",\n  \"token_uri\": \"https://oauth2.googleapis.com/token\",\n  \"auth_provider_x509_cert_url\": \"https://www.googleapis.com/oauth2/v1/certs\",\n  \"client_x509_cert_url\": \"https://www.googleapis.com/robot/v1/metadata/x509/cloudfunction-pub%40falabella-catalyst-bu-dev.iam.gserviceaccount.com\"\n}\n",
                            "content_disposition": "",
                            "content_encoding": "",
                            "content_language": "",
                            "content_type": "text/plain; charset=utf-8",
                            "crc32c": "3ytwyQ==",
                            "detect_md5hash": "4ZruBv9YrJJ1+K679H+zLg==",
                            "id": "falabella-catalyst-bu-dev-cloudfunction-pub-sa.key",
                            "md5hash": "4ZruBv9YrJJ1+K679H+zLg==",
                            "name": "cloudfunction-pub-sa.key",
                            "output_name": "cloudfunction-pub-sa.key",
                            "self_link": "https://www.googleapis.com/storage/v1/b/falabella-catalyst-bu-dev/o/cloudfunction-pub-sa.key",
                            "storage_class": "STANDARD"
                        },
                        "meta": {},
                        "tainted": false
                    },
                    "deposed": [],
                    "provider": "provider.google"
                },
                "google_storage_bucket_object.deployment_service_account_key_bucket_object": {
                    "type": "google_storage_bucket_object",
                    "depends_on": [
                        "google_service_account_key.deployment_service_account_key"
                    ],
                    "primary": {
                        "id": "falabella-catalyst-bu-dev-app-deployment-sa.key",
                        "attributes": {
                            "bucket": "falabella-catalyst-bu-dev",
                            "cache_control": "",
                            "content": "{\n  \"type\": \"service_account\",\n  \"project_id\": \"falabella-catalyst-bu-dev\",\n  \"private_key_id\": \"6b2df1bd5f4a4e4843bf28ba012b0f3af2f960b9\",\n  \"private_key\": \"-----BEGIN PRIVATE KEY-----\\nMIIEvAIBADANBgkqhkiG9w0BAQEFAASCBKYwggSiAgEAAoIBAQDBaxW3tVBfw8cD\\nKzxGxBiYARf2972Q20a/nJjbenYPj8z8EYceYR80ZyTBFS17BlfypEA5wQEWY+pr\\nOOQrUt5C6SJe88ID2ppj7Qxfa+/eoL+5y2w7cEjFicgsOmCZE32IKXa9Vgxi6hC4\\nGGO/qCGx1W1ynAdAO8uUdLhr1vuXEmNW94ubNf5t+YNnfb0ZOZKGOXtKVWnk5W3q\\n132O3LduVTWPI4HsgBW/O3+tFx6Ra9pG89WtPFYc/QHg3svOKvbHKeTCJWAORWhB\\nDtq/bGs0TdTD6pkgzUbCL6xeEBn1NsRP9F6C4eCPz9psbsShD59tGATRJaoRP1XX\\nZt3377jRAgMBAAECggEAEvU21bpoPFq2IPHJIK6LzCpSec4Vvu/SYwMrjSekEFzQ\\nT+Y8ti+S0J7jeifKcDdSjq5AVU89MHKh2wyVrXsCQ514oiuGP4mnsSLehmPP/D3W\\nGchK8LCBKxhMJ6zSvW5GbMtgbHWiSF4YCwaCkGbsY1ly0G79DvPnClzYAeOHTJ4N\\nbNWr+4w3q+R5zGokaQedZq41KsMsfj62dp4u3uis74gviOTkDX782W8nsCHo4nkm\\nORTeM/cDXpeKA1wPqW+rVBI8Ypfb0oOCgxqyBgy6SW/gqJCkwzlyNo7r44c59EL9\\nyCPey2wxidvAXvsYgodz9U+Dm9p17edrhn8cFh2HmQKBgQDwjy0Y3hsst+y71SlH\\nMzMrh3HWjK3zIwtu/3A1vqchum07lp/Hd8V5XKKLkhyxdf/JDtze1lcI3lEGFKkZ\\n5S77Z3KKeR653N3bjt5dN3vxTtb62koHFjOQqla/OSl0vNhNngImYi5nVrvSP87O\\nxDOW5gS5KD/IOIJrJfDZ+1+egwKBgQDN1UwQx3Vle1k2zkmGHKN8YGdNBoYYwlRd\\nPQ97EZIIue9g5F0lDi96ZckZX1mmfwWBb6IcmlWaLUqjamhMq+iE5KbFhUo9RN0L\\nFd6aay7vthiqrVVe5Cx9Ej0ZXPQi57uG2KY88DNMupztC4lDs+Rd+Vjbtr+FNrCF\\ndDCFQL4rGwKBgGExiAgHHTWpLlYJ3v6seh05QU5tUo7s9t6nCEA+wqpG94Fe7zmZ\\nc8kAG5CGvV8aDPnALo8+TLYBlPz+9f/HcH8VIds+6qIv0de21rMVCtfJgeSis8w/\\nNSBbImdqggxvjHl3wOifPJ52FbbyHu29qhZq4zeoQnT0GAWQs8pu3QhfAoGAOZNc\\nf6ULdaOXRPlXH6iLIpNk0ertP6e8KYiW9/nmO4KnLxcx5tec+EPYiLxfO290fsxX\\nMGELaOEaa7OsESZVGDdNXxr1tUW5/wvTBKbOrkblh3iM1MpGl4WuiZWyxMDFd+bK\\nOWmHMANTOgtsDgAX9SF2dZ8c24p8vhfOKrf9edkCgYB2+N+4Hm/JybhNlFeMQY5x\\nK7tQzbqlemauZbVNiC5hNwO3zWf0TZqjkKdzVwz+yySE1yWxU377tUZijYXTxn39\\nrYbLJbsiesWuIt4dUuRHBiKQISYopug5pwY/GLvYJXVno1dXeahDJTdiORHV2ClW\\nOaJITVQxXmFenZq5Dfqf2Q==\\n-----END PRIVATE KEY-----\\n\",\n  \"client_email\": \"app-deployment@falabella-catalyst-bu-dev.iam.gserviceaccount.com\",\n  \"client_id\": \"110572220002843540255\",\n  \"auth_uri\": \"https://accounts.google.com/o/oauth2/auth\",\n  \"token_uri\": \"https://oauth2.googleapis.com/token\",\n  \"auth_provider_x509_cert_url\": \"https://www.googleapis.com/oauth2/v1/certs\",\n  \"client_x509_cert_url\": \"https://www.googleapis.com/robot/v1/metadata/x509/app-deployment%40falabella-catalyst-bu-dev.iam.gserviceaccount.com\"\n}\n",
                            "content_disposition": "",
                            "content_encoding": "",
                            "content_language": "",
                            "content_type": "text/plain; charset=utf-8",
                            "crc32c": "bIYyaw==",
                            "detect_md5hash": "7x3Hd6ElazJBtlmY/yiHfg==",
                            "id": "falabella-catalyst-bu-dev-app-deployment-sa.key",
                            "md5hash": "7x3Hd6ElazJBtlmY/yiHfg==",
                            "name": "app-deployment-sa.key",
                            "output_name": "app-deployment-sa.key",
                            "self_link": "https://www.googleapis.com/storage/v1/b/falabella-catalyst-bu-dev/o/app-deployment-sa.key",
                            "storage_class": "STANDARD"
                        },
                        "meta": {},
                        "tainted": false
                    },
                    "deposed": [],
                    "provider": "provider.google"
                },
                "google_storage_bucket_object.di_backoffice_account_key_object": {
                    "type": "google_storage_bucket_object",
                    "depends_on": [
                        "google_service_account_key.di_backoffice_account_key"
                    ],
                    "primary": {
                        "id": "falabella-catalyst-bu-dev-data-ingestion-backoffice-sa.key",
                        "attributes": {
                            "bucket": "falabella-catalyst-bu-dev",
                            "cache_control": "",
                            "content": "{\n  \"type\": \"service_account\",\n  \"project_id\": \"falabella-catalyst-bu-dev\",\n  \"private_key_id\": \"388b7b5d3f88abe8889146e1ad795a2a2f49eadd\",\n  \"private_key\": \"-----BEGIN PRIVATE KEY-----\\nMIIEvQIBADANBgkqhkiG9w0BAQEFAASCBKcwggSjAgEAAoIBAQC2NZzMFF7G5ldb\\nZSoGHKZRR7sOvWigT3Tl//l3/kGrA5sBg3UB8cb/ljP/jzOJ4+KGRMFzRUxv1uv0\\nkYgHh8Ds4hBiV2WK7tjyO3bhbIg+1O+j9jJ9H81qAfmbCapDmroHf+NS8auO3/1A\\nogSmgifdDK91c+i4kCgmJRYI2Y/FfglDsxqztbbBqelxbcrzv5v8T65PkXyn0gK/\\nD4z0MOmmMej2+oiEHGKYMs5ccFvKWAN3SBk0407vAaGk1G0PMt/AFIziMVf9OhQW\\nWdV/rLTFOJRsRg+F7Ndr1KthROCPC9j9tPGWUg2eyWJIYE2/bsP7ESTOksA5Ye2x\\nGlf6GBmdAgMBAAECggEAVu+LiV+qvNHIGmZRP6tJu3wzBtxeYCapCtgwCg14/YRx\\n363+FNhr7ySWWLfVilP9j7ycZEhLKQ1tdTo+ogEmjp9p29IBM+G0BxdSKEolU307\\nfYqJGmQjGRIqKsvYvfrECbH+H2QJS9kZN05WU6/EH1bfHHYaMn0tes21DrHnQ/2J\\nf641DZqSRi1rfEP5hui0d/fiwJYSPGURjca8TAZR+TwHruSRDX8yzps44lbhbjdj\\nxwqnxcRE1O+ur/jf7EksbrzvNfZZ4iAV2KHP+00ExsHFWnUvJCOjUjyCzi9ZKKna\\nqSQlyAYzZDaX8PMGFNhwAKi9yx87V+xsloYVym4LjQKBgQDcmLVbA+9TiANMyRDG\\nEeo1QFjfJQ2ppSUgTL5jNg9lI2o2aCxeHY+Xef33YXsFnqDrad2/gak+qSx2munR\\nYrhZuE5mttHWr0NYfDMdfU3dFE5oJp1bObYFZFWLQeFoqCela4DGwRpFnhCX4rCw\\nPJPJHCVBjYrTjyk6RHUFUnBEdwKBgQDTc8F6ZKl/IO2z3tYGY7gD1nI7G6xeK22G\\njoLCao+Zr6cyGIzI1deg5iyXZ0p7x/lke6AmGh73wlhLZ6UiRnevWdqmWr8r9Yk5\\nM5p4Vn38P3qj5iURhUu+IK5logcRGwa5NTmvneX5Hx7Q5sVkez7SavyzPP6alKBD\\nNI8mW+C7iwKBgDGm0ZMV1KVphMygqPzcBWpM/HPlZCjd+fhGLcgo39g023A5jFr2\\nrl464BXxQ/5k0PWL05SKO6zV6SMdBSnS3YmcOVFXLu3ybucYtWyayo7LRkadAmgJ\\nGlYmWjbI8lJbHulVxBt4VVB8HmIBbSGN0PnAMwaJNEkf/PiXdftnrctLAoGBAKqB\\nVuxIq1x1wvcdott4IXQGwgnjoLQ2tJSh6dK3dp/owhtlLHDt7ngx4pcblTYG5JUg\\nEt1mhr4mGmiDZOckh3IANI2b8zeRQFu9vrt2kxSKY2wyMoXURGVFmRse8i/a6SsD\\nPkbcPgsKCyFMVLNXpiqqVqZ5cpxXaHuIsD2wLKFNAoGAPUvX5IzprM7Cqri2pOnY\\n64HOsqoPokQczFloEzwIC89DrCBrRuX1TsCD8y/vv7KrFoQR++h1zS/2846uHcUg\\nFVQc8fs4YbFtj/e8zxrG5b4nYvp2nx1DzU2wYHiRVYsVCnOBS9GHjBs+Mx4LZh+1\\nTQntn6uPgNbmOcgCrFZiO/A=\\n-----END PRIVATE KEY-----\\n\",\n  \"client_email\": \"di-backoffice-service@falabella-catalyst-bu-dev.iam.gserviceaccount.com\",\n  \"client_id\": \"107579563601149429510\",\n  \"auth_uri\": \"https://accounts.google.com/o/oauth2/auth\",\n  \"token_uri\": \"https://oauth2.googleapis.com/token\",\n  \"auth_provider_x509_cert_url\": \"https://www.googleapis.com/oauth2/v1/certs\",\n  \"client_x509_cert_url\": \"https://www.googleapis.com/robot/v1/metadata/x509/di-backoffice-service%40falabella-catalyst-bu-dev.iam.gserviceaccount.com\"\n}\n",
                            "content_disposition": "",
                            "content_encoding": "",
                            "content_language": "",
                            "content_type": "text/plain; charset=utf-8",
                            "crc32c": "jPtAMg==",
                            "detect_md5hash": "u8G18mbvdVUUX9uieeKt9Q==",
                            "id": "falabella-catalyst-bu-dev-data-ingestion-backoffice-sa.key",
                            "md5hash": "u8G18mbvdVUUX9uieeKt9Q==",
                            "name": "data-ingestion-backoffice-sa.key",
                            "output_name": "data-ingestion-backoffice-sa.key",
                            "self_link": "https://www.googleapis.com/storage/v1/b/falabella-catalyst-bu-dev/o/data-ingestion-backoffice-sa.key",
                            "storage_class": "STANDARD"
                        },
                        "meta": {},
                        "tainted": false
                    },
                    "deposed": [],
                    "provider": "provider.google"
                },
                "google_storage_bucket_object.di_pubsub_account_key_bucket_object": {
                    "type": "google_storage_bucket_object",
                    "depends_on": [
                        "google_service_account_key.di_pubsub_account_key"
                    ],
                    "primary": {
                        "id": "falabella-catalyst-bu-dev-di-push-pubsub-user-sa.key",
                        "attributes": {
                            "bucket": "falabella-catalyst-bu-dev",
                            "cache_control": "",
                            "content": "{\n  \"type\": \"service_account\",\n  \"project_id\": \"falabella-catalyst-bu-dev\",\n  \"private_key_id\": \"7723a5339a6efa4d232f25c24f8610618eac7fea\",\n  \"private_key\": \"-----BEGIN PRIVATE KEY-----\\nMIIEvAIBADANBgkqhkiG9w0BAQEFAASCBKYwggSiAgEAAoIBAQDM3RQTl9jv8H1P\\nFAj6aAwFzbdBe7BdsZm7cG9DKxhj528ug2LtxZKY84zPBXqd8O66FNgWZvAJPKXZ\\nlxoPZaIt+DdYfYZVmqk+eEm/96jkNzwbVAeTv9hvMeMf4yc/giNgNdX1N36lKYIE\\nl0CpKsuhaHG019VDUrLBs7dycHkfRG+CqnVK3HwEBxyguQLGbNSDEOiDM9FZkwsP\\noEpBxJlaIkcXolBdqoZX1yAncbviZAP+O0DsoMHXvipubRWn+ABJ7BkC9JLphBve\\nAInQSQ+k0zvhuwhmBHo+TpYe6b+tFMmtoe5GnHtY079m3dTzMMtyTV8sZB1Zz3g1\\nk1hCSd8hAgMBAAECggEACEAXC5BKok8dx3jXwQ3o/grXiIGXYWPs/F7TfEcDXR1N\\nnaKY8gPKRZ1Osb+svSjzfvb774WxwQ16OGscwjtQ7r0CWEP7Nv4FjDMtSoKKK2Fg\\nwFEABR6YHtJJgq0+lWYuT9+bKvGoiLTv5t4Yh+I7VS1u9t4tA+BpZoz6+aw3PzUL\\nJ26l5ss53AC0l2Uy+2PnxPj0WfyCWnrVkneM5IU0fFH83655LAs7uaCODbBTdugD\\nCFsBBb3bMD0g7A0oG2pYfNJlt5wQZmva3iOwdXLYb9yhxeV+rd3jkctnvDb/FM4y\\n2W64Dfo9u/gqPaqGmU3uWETRauZh9GMDVNDlig1W6QKBgQD8ysRqxI8520t7asEu\\nVMhKHTrUKGWeW1xh3HMNHeyXDYuj+Q7sYb8JyjnQWBUbyA3QX8t/qaF3MCPDWiqo\\njIUAggGMbMu55Hwp+6Q7e7cybYukDPZXnIDmhMiR4q5LNg7vObgB/u2j4SP80WxS\\nVfpjRLqYAhTYN/eB06CZULvVZwKBgQDPdpu+V2BmYWMtlX7PJijsFTI5kun4osth\\nXNcKcAHQGiuRsUtWjHdwcUPZdBX3aE5iI/YvPtaX2lUqYCp8T+lXakNogQk6CAui\\niyQe4wZVOeROc8fNn8BZn6Dlr8dCb2XYrZH3drqS1wJg9ZZXoTwhnI0eOo80DR9Q\\nFiQtrv8KNwKBgDlpQ5qL8YtORqJM6HrBPou2f7nXQtzoGt8O1gJQnX7g0Kn40m7U\\n9DIg/2hV2NVqZdjBKNJhkA4lnLmtLKsC3uHypK9jthEN1zUhtXbc7gpB3sjvOLNF\\nE/FGjtazCKqEKHgkP6oUX5wscaPlXBiG9kq9PTNwpZNFgqy1h2/Kah5ZAoGAG1Qb\\ndfpal4Hyp5mOx8jWEStFn3Hr4jXHpr6tERHqGzinTpzVOMRuI2C4OFfjYODbmm/0\\nSQr1B7HaECf00MVSDpLP6F8/EOboaXP8wRjUx7tFiNQVmM+XbfbqIfeCvwyflOhg\\nVwHL1/X8uTsAn/B8VE0kBbxfCtNDsbAI+f+YVwcCgYAs7LXaQv6cazPl/CU2Bcao\\nkasSPLzbtDSfJQ7dc4OqYw/qYF8uUNe7xulYM68KRxhgE1AS+qX8K1Pt3dJeo5A7\\nR58kGTzNV8zYwqhxstHaAK5bs5jN49w6eSbOOVo53tDzuTOqMkzF1rvG8vuimxGX\\nV4hCKGN8CQhTtESIXKl1lg==\\n-----END PRIVATE KEY-----\\n\",\n  \"client_email\": \"di-push-pubsub-user@falabella-catalyst-bu-dev.iam.gserviceaccount.com\",\n  \"client_id\": \"105188762382759524217\",\n  \"auth_uri\": \"https://accounts.google.com/o/oauth2/auth\",\n  \"token_uri\": \"https://oauth2.googleapis.com/token\",\n  \"auth_provider_x509_cert_url\": \"https://www.googleapis.com/oauth2/v1/certs\",\n  \"client_x509_cert_url\": \"https://www.googleapis.com/robot/v1/metadata/x509/di-push-pubsub-user%40falabella-catalyst-bu-dev.iam.gserviceaccount.com\"\n}\n",
                            "content_disposition": "",
                            "content_encoding": "",
                            "content_language": "",
                            "content_type": "text/plain; charset=utf-8",
                            "crc32c": "lJjKMw==",
                            "detect_md5hash": "fEzeUa8VeIUXfojFvYhNnQ==",
                            "id": "falabella-catalyst-bu-dev-di-push-pubsub-user-sa.key",
                            "md5hash": "fEzeUa8VeIUXfojFvYhNnQ==",
                            "name": "di-push-pubsub-user-sa.key",
                            "output_name": "di-push-pubsub-user-sa.key",
                            "self_link": "https://www.googleapis.com/storage/v1/b/falabella-catalyst-bu-dev/o/di-push-pubsub-user-sa.key",
                            "storage_class": "STANDARD"
                        },
                        "meta": {},
                        "tainted": false
                    },
                    "deposed": [],
                    "provider": "provider.google"
                },
                "google_storage_bucket_object.isa_connect_private_key_gs_object": {
                    "type": "google_storage_bucket_object",
                    "depends_on": [
                        "google_service_account_key.isa_connect_account_key"
                    ],
                    "primary": {
                        "id": "falabella-catalyst-bu-dev-isa-connect-service-account-key.json",
                        "attributes": {
                            "bucket": "falabella-catalyst-bu-dev",
                            "cache_control": "",
                            "content": "{\n  \"type\": \"service_account\",\n  \"project_id\": \"falabella-catalyst-bu-dev\",\n  \"private_key_id\": \"72a342018d588e34e9769e4bec1adf788e5c4102\",\n  \"private_key\": \"-----BEGIN PRIVATE KEY-----\\nMIIEvQIBADANBgkqhkiG9w0BAQEFAASCBKcwggSjAgEAAoIBAQDaogAG2E85DeXF\\nZVd9zAfL2+KSJ3kX40PznCvrZYY4nsoZl8zJfPadC2tsuLzIljceGS7PYHcm0cFP\\n4RfTT3nN30dSLlCCkcluuylTC/2avUsdBE2GUXA20EIVi1jPeZosugiWFXmDDkS9\\nOFsjeadQdj0TR/odPE6IoywY+n1Nh4mTbw0+7Rxnzz2zfZR1Jk9jCrhNNl1laz16\\nfskboRV5NU010m6vaX0lIRsWwutYtr6fJoOVuDlQAsoD2jrwDmn1X4C6w9HDZ6j+\\nkOgwOGKzxKf9ptu5Jsbrg+e1fb6rY+/B3y5cTraA6iTiQyBZFFwQvAjbPc/g4SZz\\nWxytKdSRAgMBAAECggEAIc3MfUJytVqdvTCXH38tcWq1FG3//h6IgiESdVoEL7r1\\nepGK+1hT9SIv4OaLYeQ/72prX2sF4T2rSwN9oJF4PsmYCG/ayOVrpLBRimKfOo6s\\nD3d72Rm8ZO08WoJqH+IoYWP+Md5uJEJPhIYzKUAFC57MgK+vT1fkuKGqDs6kExlp\\nk7zk3xexkF2Qltfk5o4bs229tiiHav4MoBtsABTn6fIpWg3T3aGZdKISIF9PVQF0\\nnusEEgKKnqBeTfgdvV766S2HGPjiSqmZy8iTIYaDDYwVbuM2TaMzRRLtNaM2FUOv\\nNeHOZs80lbszfmx52PtZ1sx0G2h3U4M/bCwHqNrkRQKBgQDwrk7nehNpde3yDgAi\\nZNmRJMvsK4OQg0NWpsuhl1/FbNVha1VfZnye4I8I4qEAaV8mpllFy3lXCPyWoghV\\nCupTMYMNeao7m3Itj8qV81SorHv3yY4aqVoi0BSvnEmJ9C0L1t3ycsRuti/wNOQr\\nJjn9dPraXtsmXjjNa026ZJD86wKBgQDojG/j+1sVplZlLZMt1uzPLoUagMk4XleC\\nOMekB7S+dKmbzLuDqhqk9pe2B4fQmhThgYOsRM+hch/4wtkn+S6xU4BHvLEdAF96\\ncA3FHFVTABsC8Zxf7OwfUA3rnC/kkPh569aOVUaWl4XNdUKnwMF9MwcqS6l1ZCy7\\nk18q7t7lcwKBgQC5lF3o5Fs1dSYs/xihbIvJ+8p1ZzQB6QSyOthG1/aTvxBlFqL0\\ndYzf4JzJqB2muJkSry+kvnjoYFiLOZMdJ9Z4oXPAnzBg18JZWUdHCiIcEStha3t0\\nGWMT9sgMhIC7q5hUSbBHcrD+AOLD37SThN0wDtQiLwPh+MLpubRsZYDaUwKBgFRt\\nD/4z9iiRABKxjhp5SfYZzIcHtIX7cke7t3csuQjgL+d5V6aAbjXvtLqIV117YxNP\\nwu8a+EqDtWnJy68Af1wvlYX10lNWHFPGNKmYFL4SbrwN3ZjR2hOwK62bQaP4oc0Z\\nuwZnnT30+sXRyYY/q795dCN93qLY4IilA0sB9/hTAoGAfhz6Y8DX7ZwFTmFUgrDD\\nwzLCKvbRi2RcyTBELX6q7yYMKmWUpaZpzmKw4ZfLqPK/qU/jlX/suMoZ3XWt0YGX\\ngkJAW4Si0Xqur/R3QPgzfZPkbBVFlvSZx1GRH+0nT0fIjtUaTlg/SVYwwgtDTfpC\\n9M+0JcLBhL0P5lhEuO6dWoM=\\n-----END PRIVATE KEY-----\\n\",\n  \"client_email\": \"isa-connect@falabella-catalyst-bu-dev.iam.gserviceaccount.com\",\n  \"client_id\": \"103776526677436647539\",\n  \"auth_uri\": \"https://accounts.google.com/o/oauth2/auth\",\n  \"token_uri\": \"https://oauth2.googleapis.com/token\",\n  \"auth_provider_x509_cert_url\": \"https://www.googleapis.com/oauth2/v1/certs\",\n  \"client_x509_cert_url\": \"https://www.googleapis.com/robot/v1/metadata/x509/isa-connect%40falabella-catalyst-bu-dev.iam.gserviceaccount.com\"\n}\n",
                            "content_disposition": "",
                            "content_encoding": "",
                            "content_language": "",
                            "content_type": "text/plain; charset=utf-8",
                            "crc32c": "imRW5g==",
                            "detect_md5hash": "AQNvuyYtQHDa4KvCI8pKsQ==",
                            "id": "falabella-catalyst-bu-dev-isa-connect-service-account-key.json",
                            "md5hash": "AQNvuyYtQHDa4KvCI8pKsQ==",
                            "name": "isa-connect-service-account-key.json",
                            "output_name": "isa-connect-service-account-key.json",
                            "self_link": "https://www.googleapis.com/storage/v1/b/falabella-catalyst-bu-dev/o/isa-connect-service-account-key.json",
                            "storage_class": "STANDARD"
                        },
                        "meta": {},
                        "tainted": false
                    },
                    "deposed": [],
                    "provider": "provider.google"
                },
                "google_storage_bucket_object.kafka_connect_private_key_gs_object": {
                    "type": "google_storage_bucket_object",
                    "depends_on": [
                        "google_service_account_key.kafka_connect_account_key"
                    ],
                    "primary": {
                        "id": "falabella-catalyst-bu-dev-kafka-connect-service-account-key.json",
                        "attributes": {
                            "bucket": "falabella-catalyst-bu-dev",
                            "cache_control": "",
                            "content": "{\n  \"type\": \"service_account\",\n  \"project_id\": \"falabella-catalyst-bu-dev\",\n  \"private_key_id\": \"4d156d13904d766097d634799484df726c15bcf3\",\n  \"private_key\": \"-----BEGIN PRIVATE KEY-----\\nMIIEvQIBADANBgkqhkiG9w0BAQEFAASCBKcwggSjAgEAAoIBAQCuYIT1/Z4KAtDm\\nL942aImQ5+aM3iQEkjtBGJ++lHob8d+gChjt3j0sM6sDbkXJ7Git0UfZAMubvKuy\\nM0zzbYPZd+6UGkYAOsGAUaaLC4jpGw29AnxAyDVvS1z+rwQdzLNR3SKelFGJtwDa\\nuQTYBvRYK3kFGwOUGgLGNzhaKW0HW2AlsMXVZtlR+cQZQXT/GSauXFfRmYHPViAY\\nPhIBle0jOQIeCUKMjeVf+6CejYUhC+Li49ZBZ12cQsHrSqgyCD6XfhZRUsirpOJX\\nekOyct9xg48swWKIjrcG1tMzTFJxXDH8vZ7RYgtAz7TF3ymHKr18/kl6iq3OKM9q\\nA3PbbE8JAgMBAAECggEAG5Tpww0Zd9o9LQO/oW8vP0E8ZDto4A458CXTHVktPV6o\\nnA8CJXHPJD7h8G97UMv453F1wgXQWYhiHL7k5OYwLPA9nPsmPQ1jeQaxPJzCTE4l\\nV1MIJf5lBqnELQawNH8h6AjTMS54UpD57MlyJ4dmE8zV3hsJRF5JjQ0ZTULwhhvz\\nNz3zRdqR0gEeSGPolw7z0nUS0Ka1GZIDdcIRUR+PQi4J41qt4tKWS+2y33m/sSRp\\neCv9wj1xyq9dh1xkMhUr1eG/VkBm7MQJADb/Dar21uXcgyUGvd3bcIMuTQEJgv8G\\nM3KRzzWf2kV9RFC4UD6HrmxY3C86DZ5QXset5NA1RwKBgQDrcCGPSLdUZjRdlFT0\\n/RyIyNEaZttdg6Vm/EGL5n627BBQdWJ4ll6HUTLYuY+N4lTITDVFP+I1ZNHNlveZ\\nSOh3nLjH+FHJJ8qbz2KkLhP+AusxkBf6go80m/luTEMeX+0wM6cU6qJZ4MdtHrsW\\nI73hT665ZN5vawe6FJemfPtHBwKBgQC9mzNsPi6Kn7W0Dzo+HtFoBWMzj9sSG8+N\\nAzQdvsXayTXa6VpHnQvltPU0gp4kaokF4yx7wPCeqH6PgwFldRtd8oUy4tQ2UJj/\\nhWeV2lYEzcaZKVPgIS54EroXlGh2b+GsLr3GoSZPcEYQQ+Srnzeq1PxfVaMAasi4\\n6WaZd4elbwKBgQCrdOKLxWn1ZeT2zWI9c+MG3jAhqQxSAuA+qrBVYMuhDTMoVQQc\\nS22V4BVGbYRU0KHrqEwXHVnwhnaf4TR5hfX9vb13q6hr9LWBWLs+U2wtzRRY6NX9\\nkn0V1A0HPTSX90X1l3gzLFiFWcQB/KJEkkziu7PDweiXfXuIER0LmvMnmwKBgAu+\\n/aSLBZ8Y3czV1KnchuSG0Op00wGAL49wz124X9F5/ZgeNLWTCRWl7DrgjKN85hgz\\nRqI0BbQOhCin2QJMCvH7AD1yx+rFe3T48r3Z1NJfXRpH8SZFZ/eQUW78hqwvqi9c\\nhe00NoddUTnYuuXW6z/uCeRuDbcM5npuGykOupyJAoGAAJ+PpspVntkli6A+wF14\\nGSc5FF4RR9ip+YQUOzLm1vrAADzerdmWwO4sbI+aJ9CTHttdrAu3c/q5Q6kK3utA\\nVu3olhuNc+PGn1E4GMSXZaekGUUwvV21bgujXs+0Stw76r7iyCSU+1mzkxiIfph8\\njC5I4vAIzJCkPEo6MADe7yM=\\n-----END PRIVATE KEY-----\\n\",\n  \"client_email\": \"kafka-connect@falabella-catalyst-bu-dev.iam.gserviceaccount.com\",\n  \"client_id\": \"114879373734707746328\",\n  \"auth_uri\": \"https://accounts.google.com/o/oauth2/auth\",\n  \"token_uri\": \"https://oauth2.googleapis.com/token\",\n  \"auth_provider_x509_cert_url\": \"https://www.googleapis.com/oauth2/v1/certs\",\n  \"client_x509_cert_url\": \"https://www.googleapis.com/robot/v1/metadata/x509/kafka-connect%40falabella-catalyst-bu-dev.iam.gserviceaccount.com\"\n}\n",
                            "content_disposition": "",
                            "content_encoding": "",
                            "content_language": "",
                            "content_type": "text/plain; charset=utf-8",
                            "crc32c": "r1+pQw==",
                            "detect_md5hash": "kB97w5kEQid9he7rTW+BaA==",
                            "id": "falabella-catalyst-bu-dev-kafka-connect-service-account-key.json",
                            "md5hash": "kB97w5kEQid9he7rTW+BaA==",
                            "name": "kafka-connect-service-account-key.json",
                            "output_name": "kafka-connect-service-account-key.json",
                            "self_link": "https://www.googleapis.com/storage/v1/b/falabella-catalyst-bu-dev/o/kafka-connect-service-account-key.json",
                            "storage_class": "STANDARD"
                        },
                        "meta": {},
                        "tainted": false
                    },
                    "deposed": [],
                    "provider": "provider.google"
                },
                "google_storage_bucket_object.ui_service_account_key_bucket_object": {
                    "type": "google_storage_bucket_object",
                    "depends_on": [
                        "google_service_account_key.ui_service_account_key"
                    ],
                    "primary": {
                        "id": "falabella-catalyst-bu-dev-falabella-bu-ui-sa.key",
                        "attributes": {
                            "bucket": "falabella-catalyst-bu-dev",
                            "cache_control": "",
                            "content": "{\n  \"type\": \"service_account\",\n  \"project_id\": \"falabella-catalyst-bu-dev\",\n  \"private_key_id\": \"8ad190bbf132eb1ee4edd751899697fd91117c24\",\n  \"private_key\": \"-----BEGIN PRIVATE KEY-----\\nMIIEvwIBADANBgkqhkiG9w0BAQEFAASCBKkwggSlAgEAAoIBAQC4LhG4t4up8Th9\\nOqRr1ybp5VHAmldpZhtj3Jo5+CiHH+Mcp8Kvled/8iAWzgkG+v28Iy0SO7YfPxCP\\nkYVkZ1bLmtUnRT5hFDbkGnp9NxLQDAQI8VXQTLttTGFBNJZ2j55bHzw9Y3+ChASy\\n5ceRTPNBfKU5C7D1VCO6MNvLxSjhJ5fUqZfeAxQ3SSLGjEhyjW8e+KGvbuNNIeE4\\nvYU/9h+B7qMlbDUWus4ed05JkqLT1PHV1mY3fOD/d8WJ5l0fsRAKpddTw58yZ0Qg\\nOnp8B7vRagxZ+dw5Pg57ouf2AzZtYMLkR2bWMbxH0OzSx7Ex49GWAbmzk98VGPXT\\nG5sXqRf7AgMBAAECggEABUITcXGUBCsF0NVuwkFnNAA/AD+nxTOMDqLKqGMETS9E\\n3ZmQflDKRiXUcrI5IcDio49hhwa7YVL8lwyxgTdODAwEj9VzPXRFSOfUnWSIHfZp\\n2xOAvqyiITGwCRuGPCZHgBR5NMt1ZXV9aNoUg3pt622yjdlemPJo/rTMYZnkW+Eo\\nF191fBcbmWCpBlWBNB8EEHImKjO6AlEy5HCnhqC1WybkGLGC9dmjLekWWNpUx9d+\\nmGVPlKBXtHvsurJ4UoXVqQGtg8vr5JDu62VGE1AWsf1SSXUzvuvAyarVkkKnVapY\\n+aKqO+SEgZKB8IGuxDgTuYhvcf+NTSXPXBmcsm5LGQKBgQDbSbKqVXOWJpecPFxt\\n9bmp9Hib4PANj+Ve+OmUWCv+sqJGGgpvvDR0YNKifi1eJpkp472ktrPE947yhC+s\\nsJJrTCL1+NeHWDclLGQDUVpxaeEFMUreDR+JMO/sKztGtuTM9OBTbGY5crT7DoNE\\nhCJG5n6vFMQaTFnXNBKbxButNwKBgQDXA7S5U/BFN2EncnGXxKFkpBvIdfwASS4d\\nDE6KhYRZeXmeXfDv/lwRSQgblsMLL7ol0qPGBuKDfpZtI6atj8ypAet68ernfHyK\\nLbA6D/k6P5R7w6O+zjBZCitba4UVkdvJmyrj/tTlvqr+WkeIvck2LlOz8161xkS6\\nejumhVutXQKBgQCQ5xAisjig3XuNh+1j094NyjfweSDnNVDSAxUGK4VW1l+Yhxii\\nYPEgfeJx8YK1Fjhbj9v+/aOo4hUZd/Ow3zTBphvsAbUaAFbgP4cPEjD7hIVm0v2v\\n4WgXVbkUjDStM6nZLW8WcSjTiVLCGwLuwYmM5D6OHuC+p/kt1YD+YQYQ3QKBgQCM\\ncedChwmSrLHRSnfYYp/pVSiwsCCDL0nnv3ouETh6GVbPkx0mJkeNIt8g5kFQtUQq\\nIITJfQXITo+Dip39EMjmPFLMY+jEfBP9TgqmYnixC4a5sPjsUVJTVskrVfgANt4R\\nukEx2+rEht66dc30C8O6mFgkWvuqUG/kPqNoCgPwIQKBgQCmwGJ5QYWiREiMdSLt\\ninz4blYhvA40KjMbreLtvHRZhwnPmPmUM1w1d/dbEYBMEEKWn9EGTKT0AD31aYxG\\n6CDOkWZ1wrpBBh9+cDmJ+GHj8xfP/k7y0WXjVLew/0bIsxVRyk+R5g3SHK+oV5XM\\nZ8p55Hl/iYqTnMeWom4sDM0V3Q==\\n-----END PRIVATE KEY-----\\n\",\n  \"client_email\": \"falabella-bu-ui@falabella-catalyst-bu-dev.iam.gserviceaccount.com\",\n  \"client_id\": \"106576759747021774097\",\n  \"auth_uri\": \"https://accounts.google.com/o/oauth2/auth\",\n  \"token_uri\": \"https://oauth2.googleapis.com/token\",\n  \"auth_provider_x509_cert_url\": \"https://www.googleapis.com/oauth2/v1/certs\",\n  \"client_x509_cert_url\": \"https://www.googleapis.com/robot/v1/metadata/x509/falabella-bu-ui%40falabella-catalyst-bu-dev.iam.gserviceaccount.com\"\n}\n",
                            "content_disposition": "",
                            "content_encoding": "",
                            "content_language": "",
                            "content_type": "text/plain; charset=utf-8",
                            "crc32c": "qZS90Q==",
                            "detect_md5hash": "BMoOVX8ia9uktL0dYSUsOw==",
                            "id": "falabella-catalyst-bu-dev-falabella-bu-ui-sa.key",
                            "md5hash": "BMoOVX8ia9uktL0dYSUsOw==",
                            "name": "falabella-bu-ui-sa.key",
                            "output_name": "falabella-bu-ui-sa.key",
                            "self_link": "https://www.googleapis.com/storage/v1/b/falabella-catalyst-bu-dev/o/falabella-bu-ui-sa.key",
                            "storage_class": "STANDARD"
                        },
                        "meta": {},
                        "tainted": false
                    },
                    "deposed": [],
                    "provider": "provider.google"
                },
                "kubernetes_config_map.auth0-bu-credentials-v2": {
                    "type": "kubernetes_config_map",
                    "depends_on": [],
                    "primary": {
                        "id": "falabella/falabella-config-map-auth0",
                        "attributes": {
                            "binary_data.%": "0",
                            "data.%": "1",
                            "data.auth0credentials.json": "{\n  \"CHILE\": \"Bearer eyJhbGciOiJSUzI1NiIsInR5cCI6IkpXVCIsImtpZCI6Ik5USTVOREE1TWpNMk1ETTNOVFkwUWtFek16ZzRSREJHT1RRNFFVVkJNRVl5UkVSQk9VWkJNdyJ9.eyJodHRwczovL29zbW9zLnNlcnZpY2VzIjp7InRlbmFudF9pZCI6IjVmNjYyNjljLTZkOTYtNDhmYi1hYmUwLWU5MWFlNzY5YzU0YyJ9LCJpc3MiOiJodHRwczovL29zbW9zLmF1dGgwLmNvbS8iLCJzdWIiOiIzRDZMeWRoYVdBTWdRTlpLY3E4YmtOTnhwZEg0Zk15ZEBjbGllbnRzIiwiYXVkIjoiaHR0cHM6Ly9zdGFnaW5nLmZhbGFiZWxsYS5zZXJ2aWNlcyIsImlhdCI6MTU4MjE5MjY3MywiZXhwIjoxNTg0Nzg0NjczLCJhenAiOiIzRDZMeWRoYVdBTWdRTlpLY3E4YmtOTnhwZEg0Zk15ZCIsInNjb3BlIjoicmVhZDpzZWFyY2g6c3lub255bXMiLCJndHkiOiJjbGllbnQtY3JlZGVudGlhbHMifQ.SzYzDbfbwndEF_BziEhMibPwQXiJMqIROaebEOG-MrgtMeQd-qVVVa6qR-tMdLaN_XhVjefPcXjejjNstTUm18jd7AwBhqygBXTVDgeI2qYAUhx5nkqzyIb8cAf5zjr01-F2pUcG58dEhBKSYcJIZvPH16BCE0wJ0pe46tGcLwhHCREgl_Xx9xLo2opRYczeLLIr9PhIjllNliTX6qFe_dEes9CoHZmEJi9-Vn08ocUe11rg7y2e6CrGqPQRDPqM9wI_kd5jVggUSJFUJiKMdqcK5DOeWRMDwZ-BZTvfLaDb8INNBWhVtNMWxzwSo5g-vW5rvxosn_MYhXje8h8cuw\",\n  \n  \"COLOMBIA\": \"Bearer eyJhbGciOiJSUzI1NiIsInR5cCI6IkpXVCIsImtpZCI6Ik5USTVOREE1TWpNMk1ETTNOVFkwUWtFek16ZzRSREJHT1RRNFFVVkJNRVl5UkVSQk9VWkJNdyJ9.eyJodHRwczovL29zbW9zLnNlcnZpY2VzIjp7InRlbmFudF9pZCI6IjcxNjZhZjg3LTQ4MTItNGQxMy04NWM2LTY5OTE3OWM4ZGNmYSJ9LCJpc3MiOiJodHRwczovL29zbW9zLmF1dGgwLmNvbS8iLCJzdWIiOiJLTlJZa2pNNE5UMW9zY21NRDB1VFlsWWhSek9pTWtKNkBjbGllbnRzIiwiYXVkIjoiaHR0cHM6Ly9zdGFnaW5nLmZhbGFiZWxsYS5zZXJ2aWNlcyIsImlhdCI6MTU4MjE5MjcxMCwiZXhwIjoxNTg0Nzg0NzEwLCJhenAiOiJLTlJZa2pNNE5UMW9zY21NRDB1VFlsWWhSek9pTWtKNiIsInNjb3BlIjoiYWNjZXNzOnNlYXJjaCIsImd0eSI6ImNsaWVudC1jcmVkZW50aWFscyJ9.pikqT8rB9bTKOxEmbA34gwJBjKxDZO3OiUNOXRSL6G9QpfRWKDnk2FH8TCxhhAnKo1eZECsZTC_Lm325t8eDTzoncKADinxqVTgk5cSd-M946c9BCL7g2w0xAVlGaun04UQXaG7vjzLe6e6P0BXpQ-ZNlMxyuHgKjG_WI1MRcgqbl-bFXU47NZ9-6ZCjoiSNVi-j565haHynd1s4bD6VrVP1cvNs3muQg6-0g37S2h5lk2oug9rkt4QnLCmHSA27MKzJasrphH0FVAS-5Tm3AzrcAs5dUAuLS8kozAMRLMLY40LiPhsMr6f-89q12et3qjZgD3NRDt_YmBsdYVJVLQ\",\n  \n  \"PERU\": \"Bearer eyJhbGciOiJSUzI1NiIsInR5cCI6IkpXVCIsImtpZCI6Ik5USTVOREE1TWpNMk1ETTNOVFkwUWtFek16ZzRSREJHT1RRNFFVVkJNRVl5UkVSQk9VWkJNdyJ9.eyJodHRwczovL29zbW9zLnNlcnZpY2VzIjp7InRlbmFudF9pZCI6IjFiZDVkMWVkLTAzMjktNDU3NC05MTMyLTZhM2U3NDIxODYwOCJ9LCJpc3MiOiJodHRwczovL29zbW9zLmF1dGgwLmNvbS8iLCJzdWIiOiJjUmk4UVVJemxMUnJINTRWRUZ1NDAxTHAxbmNMcDVSTEBjbGllbnRzIiwiYXVkIjoiaHR0cHM6Ly9zdGFnaW5nLmZhbGFiZWxsYS5zZXJ2aWNlcyIsImlhdCI6MTU4MjE5Mjc1MCwiZXhwIjoxNTg0Nzg0NzUwLCJhenAiOiJjUmk4UVVJemxMUnJINTRWRUZ1NDAxTHAxbmNMcDVSTCIsInNjb3BlIjoiYWRtaW4gcmVhZDpzZWFyY2g6c3lub255bXMiLCJndHkiOiJjbGllbnQtY3JlZGVudGlhbHMifQ.jWnncDlcEJpFF_F7DVbmGgZCLUfMqapIxD_uBtNKa0A0TpCdeHdCL-bCpZDp38tJ8LNOdN5R5r9nnp1Hsf9G_w8NP7_P3_-hraF0M34CFV5e3CntPy4G8XlF9U3HfRsS7XG9UoKrtk-R2gSoyaSb-pM6BEGHfMzv7VewJNZEzYzFiW8NdKIN8-jrZ84ZbyBHyNw81ytMDHKpcyqjddRfCU07B8lPz6kHiz0hCoWgynfUSV42T24_9P6U4JS58AyaYwM4C46OfMOfVM6SFaeFMYAjIEa2e_rrSrIGZ6DSf7AghUjUr-lWe8891SrnA9vSpFhjFTFZlq5CjlhvwqN5KQ\",\n  \n  \"ARGENTINA\": \"Bearer eyJhbGciOiJSUzI1NiIsInR5cCI6IkpXVCIsImtpZCI6Ik5USTVOREE1TWpNMk1ETTNOVFkwUWtFek16ZzRSREJHT1RRNFFVVkJNRVl5UkVSQk9VWkJNdyJ9.eyJodHRwczovL29zbW9zLnNlcnZpY2VzIjp7InRlbmFudF9pZCI6IjNjZWZjNDgyLWE1NjYtNGQ0Yy1hMjEyLTRkNjM0MGRjNWIwMSJ9LCJpc3MiOiJodHRwczovL29zbW9zLmF1dGgwLmNvbS8iLCJzdWIiOiJ2bjM1SmU0VUw3aHdGbWpHbVZ1NUZRVTNQeUdEZjM2bUBjbGllbnRzIiwiYXVkIjoiaHR0cHM6Ly9zdGFnaW5nLmZhbGFiZWxsYS5zZXJ2aWNlcyIsImlhdCI6MTU4MjE5MjgwMiwiZXhwIjoxNTg0Nzg0ODAyLCJhenAiOiJ2bjM1SmU0VUw3aHdGbWpHbVZ1NUZRVTNQeUdEZjM2bSIsInNjb3BlIjoiYWRtaW4gcmVhZDpzZWFyY2g6c3lub255bXMiLCJndHkiOiJjbGllbnQtY3JlZGVudGlhbHMifQ.INeCFhZ759fuDXlG8f_pT6rX_aM05S37hksQ9S4EFDpO3GqDivI89NSaQZ9H5Xd3-vFMVcJMmX_NCLS7pYCppaf6LTZz0xgEb5gB7Q927kW0Z4_SClsB_ryyj0PuWfs7z20dGBaryNRLpbXSAiuipYqH06_xKzLajWkGVJ-pyqegZyx7KilAcWI6PiA-pcNaGdIfsjKdahegMdeoU0VpzRxYhFXYzNSqRKSgIZexHRXoFrRpVSFVHcC26gmxhcl4pArIIeH63DRykKOtfTxTDdzczHDBfjGKwwQm5pF8LG5dHQXpY30EjvNikL-jnSSlES5EAB0XfCtTk2d_LOKmQw\"\n}",
                            "id": "falabella/falabella-config-map-auth0",
                            "metadata.#": "1",
                            "metadata.0.annotations.%": "0",
                            "metadata.0.generate_name": "",
                            "metadata.0.generation": "0",
                            "metadata.0.labels.%": "0",
                            "metadata.0.name": "falabella-config-map-auth0",
                            "metadata.0.namespace": "falabella",
                            "metadata.0.resource_version": "55148651",
                            "metadata.0.self_link": "/api/v1/namespaces/falabella/configmaps/falabella-config-map-auth0",
                            "metadata.0.uid": "b9abb72a-d9ff-11e9-9c46-42010a090009"
                        },
                        "meta": {},
                        "tainted": false
                    },
                    "deposed": [],
                    "provider": "provider.kubernetes.gke_v2"
                },
                "kubernetes_limit_range.default_limit_v2.0": {
                    "type": "kubernetes_limit_range",
                    "depends_on": [],
                    "primary": {
                        "id": "falabella/default-limit",
                        "attributes": {
                            "id": "falabella/default-limit",
                            "metadata.#": "1",
                            "metadata.0.annotations.%": "0",
                            "metadata.0.generate_name": "",
                            "metadata.0.generation": "0",
                            "metadata.0.labels.%": "0",
                            "metadata.0.name": "default-limit",
                            "metadata.0.namespace": "falabella",
                            "metadata.0.resource_version": "44399",
                            "metadata.0.self_link": "/api/v1/namespaces/falabella/limitranges/default-limit",
                            "metadata.0.uid": "b98b4667-d9ff-11e9-9c46-42010a090009",
                            "spec.#": "1",
                            "spec.0.limit.#": "1",
                            "spec.0.limit.0.default.%": "1",
                            "spec.0.limit.0.default.memory": "900M",
                            "spec.0.limit.0.default_request.%": "2",
                            "spec.0.limit.0.default_request.cpu": "300m",
                            "spec.0.limit.0.default_request.memory": "500M",
                            "spec.0.limit.0.max.%": "0",
                            "spec.0.limit.0.max_limit_request_ratio.%": "0",
                            "spec.0.limit.0.min.%": "0",
                            "spec.0.limit.0.type": "Container"
                        },
                        "meta": {},
                        "tainted": false
                    },
                    "deposed": [],
                    "provider": "provider.kubernetes.gke_v2"
                },
                "kubernetes_limit_range.default_limit_v2.1": {
                    "type": "kubernetes_limit_range",
                    "depends_on": [],
                    "primary": {
                        "id": "monitoring/default-limit",
                        "attributes": {
                            "id": "monitoring/default-limit",
                            "metadata.#": "1",
                            "metadata.0.annotations.%": "0",
                            "metadata.0.generate_name": "",
                            "metadata.0.generation": "0",
                            "metadata.0.labels.%": "0",
                            "metadata.0.name": "default-limit",
                            "metadata.0.namespace": "monitoring",
                            "metadata.0.resource_version": "111361537",
                            "metadata.0.self_link": "/api/v1/namespaces/monitoring/limitranges/default-limit",
                            "metadata.0.uid": "4a192ad3-bb86-11ea-9f79-42010a090004",
                            "spec.#": "1",
                            "spec.0.limit.#": "1",
                            "spec.0.limit.0.default.%": "1",
                            "spec.0.limit.0.default.memory": "900M",
                            "spec.0.limit.0.default_request.%": "2",
                            "spec.0.limit.0.default_request.cpu": "300m",
                            "spec.0.limit.0.default_request.memory": "500M",
                            "spec.0.limit.0.max.%": "0",
                            "spec.0.limit.0.max_limit_request_ratio.%": "0",
                            "spec.0.limit.0.min.%": "0",
                            "spec.0.limit.0.type": "Container"
                        },
                        "meta": {},
                        "tainted": false
                    },
                    "deposed": [],
                    "provider": "provider.kubernetes.gke_v2"
                },
                "kubernetes_namespace.namespace_v2.0": {
                    "type": "kubernetes_namespace",
                    "depends_on": [],
                    "primary": {
                        "id": "falabella",
                        "attributes": {
                            "id": "falabella",
                            "metadata.#": "1",
                            "metadata.0.annotations.%": "1",
                            "metadata.0.annotations.name": "falabella",
                            "metadata.0.generate_name": "",
                            "metadata.0.generation": "0",
                            "metadata.0.labels.%": "2",
                            "metadata.0.labels.istio-injection": "enabled",
                            "metadata.0.labels.project": "falabella-dev",
                            "metadata.0.name": "falabella",
                            "metadata.0.resource_version": "7171",
                            "metadata.0.self_link": "/api/v1/namespaces/falabella",
                            "metadata.0.uid": "7413d1c0-d9e5-11e9-803e-42010a09000a"
                        },
                        "meta": {},
                        "tainted": false
                    },
                    "deposed": [],
                    "provider": "provider.kubernetes.gke_v2"
                },
                "kubernetes_namespace.namespace_v2.1": {
                    "type": "kubernetes_namespace",
                    "depends_on": [],
                    "primary": {
                        "id": "monitoring",
                        "attributes": {
                            "id": "monitoring",
                            "metadata.#": "1",
                            "metadata.0.annotations.%": "1",
                            "metadata.0.annotations.name": "monitoring",
                            "metadata.0.generate_name": "",
                            "metadata.0.generation": "0",
                            "metadata.0.labels.%": "2",
                            "metadata.0.labels.istio-injection": "enabled",
                            "metadata.0.labels.project": "falabella-dev",
                            "metadata.0.name": "monitoring",
                            "metadata.0.resource_version": "111358420",
                            "metadata.0.self_link": "/api/v1/namespaces/monitoring",
                            "metadata.0.uid": "dfc0d16e-bb84-11ea-9f36-42010a090008"
                        },
                        "meta": {},
                        "tainted": false
                    },
                    "deposed": [],
                    "provider": "provider.kubernetes.gke_v2"
                },
                "kubernetes_role.pod_exec_jumpbox_v2": {
                    "type": "kubernetes_role",
                    "depends_on": [
                        "module.gke_v2"
                    ],
                    "primary": {
                        "id": "default/pod-exec-jumpbox",
                        "attributes": {
                            "id": "default/pod-exec-jumpbox",
                            "metadata.#": "1",
                            "metadata.0.annotations.%": "0",
                            "metadata.0.generate_name": "",
                            "metadata.0.generation": "0",
                            "metadata.0.labels.%": "0",
                            "metadata.0.name": "pod-exec-jumpbox",
                            "metadata.0.namespace": "default",
                            "metadata.0.resource_version": "20654741",
                            "metadata.0.self_link": "/apis/rbac.authorization.k8s.io/v1/namespaces/default/roles/pod-exec-jumpbox",
                            "metadata.0.uid": "477f7947-0abb-11ea-92d3-42010a090008",
                            "rule.#": "2",
                            "rule.0.api_groups.#": "1",
                            "rule.0.api_groups.0": "",
                            "rule.0.resource_names.#": "0",
                            "rule.0.resources.#": "3",
                            "rule.0.resources.2415764236": "pods/portforward",
                            "rule.0.resources.297052953": "pods/log",
                            "rule.0.resources.3245178296": "pods",
                            "rule.0.verbs.#": "3",
                            "rule.0.verbs.1154021400": "list",
                            "rule.0.verbs.1342917158": "watch",
                            "rule.0.verbs.4248514160": "get",
                            "rule.1.api_groups.#": "1",
                            "rule.1.api_groups.0": "",
                            "rule.1.resource_names.#": "0",
                            "rule.1.resources.#": "2",
                            "rule.1.resources.2415764236": "pods/portforward",
                            "rule.1.resources.882138105": "pods/exec",
                            "rule.1.verbs.#": "1",
                            "rule.1.verbs.2413224187": "create"
                        },
                        "meta": {},
                        "tainted": false
                    },
                    "deposed": [],
                    "provider": "provider.kubernetes.gke_v2"
                },
                "kubernetes_role_binding.pod_exec_jumpbox_users_v2_nonprod": {
                    "type": "kubernetes_role_binding",
                    "depends_on": [
                        "kubernetes_role.pod_exec_jumpbox_v2",
                        "module.gke_v2"
                    ],
                    "primary": {
                        "id": "default/pod-exec-jumpbox-users",
                        "attributes": {
                            "id": "default/pod-exec-jumpbox-users",
                            "metadata.#": "1",
                            "metadata.0.annotations.%": "0",
                            "metadata.0.generation": "0",
                            "metadata.0.labels.%": "0",
                            "metadata.0.name": "pod-exec-jumpbox-users",
                            "metadata.0.namespace": "default",
                            "metadata.0.resource_version": "36164841",
                            "metadata.0.self_link": "/apis/rbac.authorization.k8s.io/v1/namespaces/default/rolebindings/pod-exec-jumpbox-users",
                            "metadata.0.uid": "7c51c2c3-2d33-11ea-92d3-42010a090008",
                            "role_ref.#": "1",
                            "role_ref.0.api_group": "rbac.authorization.k8s.io",
                            "role_ref.0.kind": "Role",
                            "role_ref.0.name": "pod-exec-jumpbox",
                            "subject.#": "3",
                            "subject.0.api_group": "rbac.authorization.k8s.io",
                            "subject.0.kind": "User",
                            "subject.0.name": "ext_pladhar@falabella.cl",
                            "subject.0.namespace": "default",
                            "subject.1.api_group": "rbac.authorization.k8s.io",
                            "subject.1.kind": "User",
                            "subject.1.name": "rpatel@falabella.cl",
                            "subject.1.namespace": "default",
                            "subject.2.api_group": "rbac.authorization.k8s.io",
                            "subject.2.kind": "User",
                            "subject.2.name": "vnete@falabella.cl",
                            "subject.2.namespace": "default"
                        },
                        "meta": {},
                        "tainted": false
                    },
                    "deposed": [],
                    "provider": "provider.kubernetes.gke_v2"
                },
                "kubernetes_secret.auth0-new-bu-credentials-v2": {
                    "type": "kubernetes_secret",
                    "depends_on": [],
                    "primary": {
                        "id": "falabella/falabella-auth0-client-credentials",
                        "attributes": {
                            "data.%": "1",
                            "data.client_credentials.json": "{\n    \"DOMAIN\": \"osmos.auth0.com\",\n    \"CHILE\": {\n            \"CLIENT_ID\": \"3D6LydhaWAMgQNZKcq8bkNNxpdH4fMyd\",\n            \"CLIENT_SECRET\": \"q5VwFTR2dmvdc4fICbyoNbOehER2f5H4mKDQdfGfWiUbszz6S1RJxnfPmw_J7Ga3\",\n            \"AUDIENCE\":  [\"https://staging.falabella.services\"]\n        },\n    \"COLOMBIA\" :{\n            \"CLIENT_ID\": \"KNRYkjM4NT1oscmMD0uTYlYhRzOiMkJ6\",\n            \"CLIENT_SECRET\": \"pnFFC4Sn7seIU_RU-Yd6X90NEqz4pXKmzrCpEEk3nxcOVs6_wTHJ56LyOusUlrC7\",\n            \"AUDIENCE\": [\"https://staging.falabella.services\"]\n    },\n    \"PERU\" :{\n            \"CLIENT_ID\": \"cRi8QUIzlLRrH54VEFu401Lp1ncLp5RL\",\n            \"CLIENT_SECRET\": \"_VYToO3mtyPqkvqiwXFH6-2M1tcRF7UX--6izlS_WQ8P-bfXsg-qCRQmCc1cMhko\",\n            \"AUDIENCE\": [\"https://staging.falabella.services\"]\n    },\n    \"ARGENTINA\" :{\n            \"CLIENT_ID\": \"vn35Je4UL7hwFmjGmVu5FQU3PyGDf36m\",\n            \"CLIENT_SECRET\": \"H7kxRkyD-ATbU6Qru123PlgmVk62lJlbr03MtGYgeuVmhc8vImt5Ifj5_L-9mbci\",\n            \"AUDIENCE\": [\"https://staging.falabella.services\"]\n    }\n    \n}",
                            "id": "falabella/falabella-auth0-client-credentials",
                            "metadata.#": "1",
                            "metadata.0.annotations.%": "0",
                            "metadata.0.generate_name": "",
                            "metadata.0.generation": "0",
                            "metadata.0.labels.%": "0",
                            "metadata.0.name": "falabella-auth0-client-credentials",
                            "metadata.0.namespace": "falabella",
                            "metadata.0.resource_version": "18165306",
                            "metadata.0.self_link": "/api/v1/namespaces/falabella/secrets/falabella-auth0-client-credentials",
                            "metadata.0.uid": "ec72af0d-f188-11e9-9f81-42010a09000b",
                            "type": "Opaque"
                        },
                        "meta": {},
                        "tainted": false
                    },
                    "deposed": [],
                    "provider": "provider.kubernetes.gke_v2"
                },
                "kubernetes_secret.bu_config_service_account_credential_v2": {
                    "type": "kubernetes_secret",
                    "depends_on": [
                        "google_service_account_key.bu_config_service_account_key"
                    ],
                    "primary": {
                        "id": "falabella/bu-configuration-gcp-auth",
                        "attributes": {
                            "data.%": "1",
                            "data.gcp_credentials.json": "{\n  \"type\": \"service_account\",\n  \"project_id\": \"falabella-catalyst-bu-dev\",\n  \"private_key_id\": \"acb014a7e507f644040dc05e2e046afc2108daee\",\n  \"private_key\": \"-----BEGIN PRIVATE KEY-----\\nMIIEvQIBADANBgkqhkiG9w0BAQEFAASCBKcwggSjAgEAAoIBAQChspliEyYjtzZY\\ngM6J02b4g/wT+PRgjkVLpf/6ucCMHlfZkjGvZMI44X+Zw7f0oZGv4d9HzvkTE2bT\\nhR0mncECbjP3B1b1wrbwTLNWm208M/L8F+zSDOVTJ0Kx5qZLuWO8UmJMgBZeey7P\\nzNKPaaW8/ytIsLEcfFEBAGptPgUUCeT1adPRQHR9rqlv12I5EbdgbkGvHyIrEP/p\\nWywH7vN4Ko8WOMwW/Xf8AkWSwYG6lXWlqWgCUMcne2ACzvS0QKNINWoj8fTsmdwm\\nbwBglzakArp5rtkRot1ffCRG2XV5IgbsQegzzjtYMJ/Zdcs/76wYP1Q78jFjcesq\\n3Tnj+zEZAgMBAAECggEAEV7avifVOC9Di/KrbXA7zrz8CKe9Ff3WqSOoOga4Lf1I\\n/fcn9gH+oOZtoya8xW+Rc2nyBvhvtrpF+LljOi2miUSuOa6My5o7NZmhxu8rxxTE\\nGMuXrfGDdcFBF5Qx/27HLXkStQnqDUSRsPJdmNk2PDVT0KtlnWwn9hH1vO5VlJM3\\nFUcciEfrRSsNH/yQ/6Z225w5KKtVqifsPUtKUEkg94s2MRG8tBJFpdsQnNb1NccR\\nbxX/6qKkRCRbFUfrMmDuIsblIpOaN2Wt6apGPJJKUa2zJhPj7O/eThwgi9gIC34a\\n3JraklvkoCBlrwu7fxeJp0GUacqSsGT0n+imDuZX8QKBgQDh0BErcKqyA4lsvHpu\\nH17kRgiS7wDHSKNzgpRzp1h4ZBnjgOhqBP01Ubf3ppoBAxSKIFe9f8bTacSVGMQH\\nd7PM4grTSB3dHWwhwTA/uM4kTpyDRwqPyJ7H4uqCxdvm/EloOC/PiPe0csLfLlnN\\nzqO0NdMZ+VA4ZTk1GLBGF2yMyQKBgQC3UFZCnSgBK63JkIIMKyKkHv+g1kEF2TPX\\neK3DWem56zOjGKHflZAmOceH2sxRybvBL4RTr9kVUw04gzPgFeN0gFYps7CvKjWa\\nT9uOjyPrtsxGipznnD8MnE+AXs2XKLj0ReVfx05SNReCck5q6CFNdKEVDaZQY7vM\\nivyK4Ce50QKBgEl5Ndz4j9HULMbgnMVwF6QW1XtZoNs221geSMdI0BR8HaBUtUqp\\nzOmoaT9/SeTCZ9B5rZLPHJZ1d607na0AWdR0SClu8aichi6FeXmCXDCcE3jziJA4\\nKtHHF57tWhvSQuBSR9wzKMXiAV406qt4bPOZ/9IXuO5goTiRi+mCfaNhAoGAX0Cp\\ncffDf8g4h5JFYRlQ6MMKxYJPS0CvxXj5oZao8mia7lawVkObIaHIYnl4zc7rdtjA\\nA9ROEtyS9BiI7hmxlSnSm9y5JGvkaoiwZ4VNfv//aXBBU8BGqsDWNrgMUE1ivdtL\\n8tbXhbP8wVWwFbEFDQBba1sqXn9UaFaYH3mWauECgYEAqMGSjYQQJAKUjBSToRTO\\nn2qTsqt8wrHRd4jWFQl7bCxE4cb5gXB9NLMdeZDJ4AJH9HkkBStIc/gLgwRLKkDv\\nGG2c0zYoml9/MxzipEzbuVtWeGqrJWpm5Uf3BcroFL3gLVHWy8T26Qw8aOgm7MEp\\n/pEkgjo7ZcNS+1X+AA2Gdyc=\\n-----END PRIVATE KEY-----\\n\",\n  \"client_email\": \"bu-config-service@falabella-catalyst-bu-dev.iam.gserviceaccount.com\",\n  \"client_id\": \"109717160359147997139\",\n  \"auth_uri\": \"https://accounts.google.com/o/oauth2/auth\",\n  \"token_uri\": \"https://oauth2.googleapis.com/token\",\n  \"auth_provider_x509_cert_url\": \"https://www.googleapis.com/oauth2/v1/certs\",\n  \"client_x509_cert_url\": \"https://www.googleapis.com/robot/v1/metadata/x509/bu-config-service%40falabella-catalyst-bu-dev.iam.gserviceaccount.com\"\n}\n",
                            "id": "falabella/bu-configuration-gcp-auth",
                            "metadata.#": "1",
                            "metadata.0.annotations.%": "0",
                            "metadata.0.generate_name": "",
                            "metadata.0.generation": "0",
                            "metadata.0.labels.%": "0",
                            "metadata.0.name": "bu-configuration-gcp-auth",
                            "metadata.0.namespace": "falabella",
                            "metadata.0.resource_version": "21003375",
                            "metadata.0.self_link": "/api/v1/namespaces/falabella/secrets/bu-configuration-gcp-auth",
                            "metadata.0.uid": "b294c75e-0b85-11ea-8797-42010a090004",
                            "type": "Opaque"
                        },
                        "meta": {},
                        "tainted": false
                    },
                    "deposed": [],
                    "provider": "provider.kubernetes.gke_v2"
                },
                "kubernetes_secret.category_warranty_service_account_credential_v2": {
                    "type": "kubernetes_secret",
                    "depends_on": [
                        "google_service_account_key.category_warranty_service_account_key"
                    ],
                    "primary": {
                        "id": "falabella/category-warranty-gcp-auth",
                        "attributes": {
                            "data.%": "1",
                            "data.gcp_credentials.json": "{\n  \"type\": \"service_account\",\n  \"project_id\": \"falabella-catalyst-bu-dev\",\n  \"private_key_id\": \"d04efb19561cff7fa18ee1bf739eabe08fd7a105\",\n  \"private_key\": \"-----BEGIN PRIVATE KEY-----\\nMIIEvgIBADANBgkqhkiG9w0BAQEFAASCBKgwggSkAgEAAoIBAQDEcEENtb2JBnus\\n5PDdLmw82mZu1hCfUZxP1mXNuVFfAtALmqtfu4+H1nRj9JenPjoXlgdZ9OWgIcQw\\nOeFk8+t6+1PzYOLX3h7LJyhAvF9SijYkhyabEmlmnfdqSkLUDUvE15JQVcBmBpmU\\n1wpa7Mu9s4pYra82nSnRrlTuJLNAUe2BAoh++IP0syHC2nfPdgLwT7aViZlhCuMo\\nUQ2UMZGBQ4d04L8YDe1neseY3taR2c24XldrHqG+vfMcC3ZlRpPNx54bV43un52F\\nzDyQVesiSi35aCR5xw8sR9BL8qbOFVTGUmc8+weepbcJvcrVHlb4KipQUzk8JbMX\\nVA5fU+AjAgMBAAECggEABHMYfiOCPhLYBVQQQqpVCFHYJSWTLdCu7j4Ig07x0Wmi\\nZcjkneAFQcnxS/xT3RVzQmqDEx4Rf32UUJVXDi7aRChiP+6PZN1irC5gYosBy8BW\\ntqAbF0MlAQ6N9qnk9qGweC574Xb3yzfWDcGLOgEIIm1pMlYI1H9d3aKJyPUq3EeU\\nnZXw84KIZHGQJOPV+l8clr/U/n1apPuCEKl5hk5D76UXRsG5qvlBJ4T+HpCmEwb5\\noHhGmpbvGzuakpchLhFkz8DcbIhfiJ8xLsatsXL9X17TFvLeWH1CqmzR+N/48U7M\\n/eE0xDa3Y5468YcvlkZzITV9mKfQ1PfI7iEVauvIWQKBgQDyTXAP966K07gJgvN4\\nbp7Ik8EOglXnc3U1ylJjP77OfCmJp2T4KmPvcQJbGVYxqza+HMtgAdfr4Kqnohkz\\n5zP7/ho5WKmxobHvEDFCdDcESnP7JbtObovcPxfdiUePFq8WJcGsy8HeJXJ4BCkw\\npF5ASl7B2XST3vfqTqQbW4Dp+wKBgQDPixR9n8eIWfuY0XPTHASsziDZ23DkI4jo\\nZshl59eELYk7/yX/MtROXOEplAJIWhUyBU1I1IhhKps3yKJekUm2DPP7EVnHx6xF\\nW4DbODLDmfrZy9YAJVbDlDTLaJLPETQCq5Fkk6E3jnocqPQIZE5gB0ZPsVhPhZkQ\\nn6RjGxHx+QKBgHnv2IZgmfkJZSN8QDSKTuQX318C3mJU61Z/lAiYatiVCX5ZvGlb\\nQ+Ga2Jmp3YOvayQvb3XIV7Y/4QHthItnPfUBwoa7hOJ8wgPR/Ug5HfrN0SJBscpd\\nvYrAQa1eSaHLw578r0PbYpv98mZNicEN5tSp2JfrbEyCN/c1TkbqPK0DAoGBAKSM\\nKFrRa2l3rjqjFamy9SHs667OhNrcMZfQpeHlxsFNORkQWhfTPPBEQ2CrsIOcqGFY\\nQsYTe21OUnIP6GwB1Oc5rdbJEt2KOdNjkO49yEG8u14idjD3aar2vkTnTD5P7WSQ\\nkl2jjpZ1p+tBKPneTSVlnyFgAhxKV+kOKU9KDxhBAoGBAMsQB618TuJDzjAfnI8l\\nwYKJ3OzQ4ABIt8fuy9A0gCwdcZAEocAlTl8208URmseoLM4qGujAFvAoKKLe/OjS\\nrJDLYAHCbJZOcZ3by+y08F2XpEoXbstAHIwTrTr3qoQBmM2HuouqrYuQ6Ck91TNt\\n8/zQHZTWWAsvyTVYJWgPATQy\\n-----END PRIVATE KEY-----\\n\",\n  \"client_email\": \"category-warranty@falabella-catalyst-bu-dev.iam.gserviceaccount.com\",\n  \"client_id\": \"112253972611811598789\",\n  \"auth_uri\": \"https://accounts.google.com/o/oauth2/auth\",\n  \"token_uri\": \"https://oauth2.googleapis.com/token\",\n  \"auth_provider_x509_cert_url\": \"https://www.googleapis.com/oauth2/v1/certs\",\n  \"client_x509_cert_url\": \"https://www.googleapis.com/robot/v1/metadata/x509/category-warranty%40falabella-catalyst-bu-dev.iam.gserviceaccount.com\"\n}\n",
                            "id": "falabella/category-warranty-gcp-auth",
                            "metadata.#": "1",
                            "metadata.0.annotations.%": "0",
                            "metadata.0.generate_name": "",
                            "metadata.0.generation": "0",
                            "metadata.0.labels.%": "0",
                            "metadata.0.name": "category-warranty-gcp-auth",
                            "metadata.0.namespace": "falabella",
                            "metadata.0.resource_version": "32989119",
                            "metadata.0.self_link": "/api/v1/namespaces/falabella/secrets/category-warranty-gcp-auth",
                            "metadata.0.uid": "2c888045-263e-11ea-a2a1-42010a090006",
                            "type": "Opaque"
                        },
                        "meta": {},
                        "tainted": false
                    },
                    "deposed": [],
                    "provider": "provider.kubernetes.gke_v2"
                },
                "kubernetes_secret.certificate_v2": {
                    "type": "kubernetes_secret",
                    "depends_on": [],
                    "primary": {
                        "id": "istio-system/istio-ingressgateway-certs",
                        "attributes": {
                            "data.%": "8",
                            "data.fa_ar_tls.crt": "-----BEGIN CERTIFICATE-----\nMIIDGjCCAsCgAwIBAgIUNMTk6F34bVkic0SX2IBOzXmPs0QwCgYIKoZIzj0EAwIw\ngY8xCzAJBgNVBAYTAlVTMRMwEQYDVQQIEwpDYWxpZm9ybmlhMRYwFAYDVQQHEw1T\nYW4gRnJhbmNpc2NvMRkwFwYDVQQKExBDbG91ZEZsYXJlLCBJbmMuMTgwNgYDVQQL\nEy9DbG91ZEZsYXJlIE9yaWdpbiBTU0wgRUNDIENlcnRpZmljYXRlIEF1dGhvcml0\neTAeFw0xOTExMTMwNjM1MDBaFw0zNDExMDkwNjM1MDBaMGIxGTAXBgNVBAoTEENs\nb3VkRmxhcmUsIEluYy4xHTAbBgNVBAsTFENsb3VkRmxhcmUgT3JpZ2luIENBMSYw\nJAYDVQQDEx1DbG91ZEZsYXJlIE9yaWdpbiBDZXJ0aWZpY2F0ZTBZMBMGByqGSM49\nAgEGCCqGSM49AwEHA0IABGe6lu2RO1Kt7frZs7s6wSodWRVzNFiDyMfH+pRB2OuD\nU6ZtabHMsYtGCiXGdX3Oq6vKK3/v5BmGTW9I3W+BFsKjggEkMIIBIDAOBgNVHQ8B\nAf8EBAMCBaAwHQYDVR0lBBYwFAYIKwYBBQUHAwIGCCsGAQUFBwMBMAwGA1UdEwEB\n/wQCMAAwHQYDVR0OBBYEFEpyhgeSVIvqxl1mdbCFc0UuU1DjMB8GA1UdIwQYMBaA\nFIUwXTsqcNTt1ZJnB/3rObQaDjinMEQGCCsGAQUFBwEBBDgwNjA0BggrBgEFBQcw\nAYYoaHR0cDovL29jc3AuY2xvdWRmbGFyZS5jb20vb3JpZ2luX2VjY19jYTAdBgNV\nHREEFjAUghIqLmZhbGFiZWxsYS5jb20uYXIwPAYDVR0fBDUwMzAxoC+gLYYraHR0\ncDovL2NybC5jbG91ZGZsYXJlLmNvbS9vcmlnaW5fZWNjX2NhLmNybDAKBggqhkjO\nPQQDAgNIADBFAiEA7oeluEZE4eGHzuQtMpbsHWq+EqLBKdmHLMzXCnkt+9cCIDf9\nyZkI9Jtm0HfLnJrWGPqc+3dc/R/dUPeBNE+3/Ngv\n-----END CERTIFICATE-----\n-----BEGIN CERTIFICATE-----\nMIICiDCCAi6gAwIBAgIUXZP3MWb8MKwBE1Qbawsp1sfA/Y4wCgYIKoZIzj0EAwIw\ngY8xCzAJBgNVBAYTAlVTMRMwEQYDVQQIEwpDYWxpZm9ybmlhMRYwFAYDVQQHEw1T\nYW4gRnJhbmNpc2NvMRkwFwYDVQQKExBDbG91ZEZsYXJlLCBJbmMuMTgwNgYDVQQL\nEy9DbG91ZEZsYXJlIE9yaWdpbiBTU0wgRUNDIENlcnRpZmljYXRlIEF1dGhvcml0\neTAeFw0xNjAyMjIxODI0MDBaFw0yMTAyMjIwMDI0MDBaMIGPMQswCQYDVQQGEwJV\nUzETMBEGA1UECBMKQ2FsaWZvcm5pYTEWMBQGA1UEBxMNU2FuIEZyYW5jaXNjbzEZ\nMBcGA1UEChMQQ2xvdWRGbGFyZSwgSW5jLjE4MDYGA1UECxMvQ2xvdWRGbGFyZSBP\ncmlnaW4gU1NMIEVDQyBDZXJ0aWZpY2F0ZSBBdXRob3JpdHkwWTATBgcqhkjOPQIB\nBggqhkjOPQMBBwNCAASR+sGALuaGshnUbcxKry+0LEXZ4NY6JUAtSeA6g87K3jaA\nxpIg9G50PokpfWkhbarLfpcZu0UAoYy2su0EhN7wo2YwZDAOBgNVHQ8BAf8EBAMC\nAQYwEgYDVR0TAQH/BAgwBgEB/wIBAjAdBgNVHQ4EFgQUhTBdOypw1O3VkmcH/es5\ntBoOOKcwHwYDVR0jBBgwFoAUhTBdOypw1O3VkmcH/es5tBoOOKcwCgYIKoZIzj0E\nAwIDSAAwRQIgEiIEHQr5UKma50D1WRMJBUSgjg24U8n8E2mfw/8UPz0CIQCr5V/e\nmcifak4CQsr+DH4pn5SJD7JxtCG3YGswW8QZsw==\n-----END CERTIFICATE-----",
                            "data.fa_ar_tls.key": "-----BEGIN PRIVATE KEY-----\nMIGHAgEAMBMGByqGSM49AgEGCCqGSM49AwEHBG0wawIBAQQgfnv0ntQ5Au8TmFQB\njTEERb6O20gnyAcJnbBdtElmvdWhRANCAARnupbtkTtSre362bO7OsEqHVkVczRY\ng8jHx/qUQdjrg1OmbWmxzLGLRgolxnV9zquryit/7+QZhk1vSN1vgRbC\n-----END PRIVATE KEY-----",
                            "data.fa_col_tls.crt": "-----BEGIN CERTIFICATE-----\nMIIDGjCCAsCgAwIBAgIUGr49a7F/aero2dxC2IWQrG3RtTwwCgYIKoZIzj0EAwIw\ngY8xCzAJBgNVBAYTAlVTMRMwEQYDVQQIEwpDYWxpZm9ybmlhMRYwFAYDVQQHEw1T\nYW4gRnJhbmNpc2NvMRkwFwYDVQQKExBDbG91ZEZsYXJlLCBJbmMuMTgwNgYDVQQL\nEy9DbG91ZEZsYXJlIE9yaWdpbiBTU0wgRUNDIENlcnRpZmljYXRlIEF1dGhvcml0\neTAeFw0xOTA2MTkwMzI5MDBaFw0zNDA2MTUwMzI5MDBaMGIxGTAXBgNVBAoTEENs\nb3VkRmxhcmUsIEluYy4xHTAbBgNVBAsTFENsb3VkRmxhcmUgT3JpZ2luIENBMSYw\nJAYDVQQDEx1DbG91ZEZsYXJlIE9yaWdpbiBDZXJ0aWZpY2F0ZTBZMBMGByqGSM49\nAgEGCCqGSM49AwEHA0IABL66UBwJog713F5fcaONo9zaM1CFTONIqC88rm8y7TT+\nQtpFzVhUfIwseiZ/u2XYdkDi7LMnA0BVwMOrUJ28UKCjggEkMIIBIDAOBgNVHQ8B\nAf8EBAMCBaAwHQYDVR0lBBYwFAYIKwYBBQUHAwIGCCsGAQUFBwMBMAwGA1UdEwEB\n/wQCMAAwHQYDVR0OBBYEFATk/SQKtgm53BgW+9TohitTzmdYMB8GA1UdIwQYMBaA\nFIUwXTsqcNTt1ZJnB/3rObQaDjinMEQGCCsGAQUFBwEBBDgwNjA0BggrBgEFBQcw\nAYYoaHR0cDovL29jc3AuY2xvdWRmbGFyZS5jb20vb3JpZ2luX2VjY19jYTAdBgNV\nHREEFjAUghIqLmZhbGFiZWxsYS5jb20uY28wPAYDVR0fBDUwMzAxoC+gLYYraHR0\ncDovL2NybC5jbG91ZGZsYXJlLmNvbS9vcmlnaW5fZWNjX2NhLmNybDAKBggqhkjO\nPQQDAgNIADBFAiEAu+IdTw8x2ImzUVk6p2IfJfUjGtJj1auz1bTvIs6xqmMCIDHm\n6E9GW9cTrXSvT3TRqfVkGoRHM+TVwVq8VEtbqX+Y\n-----END CERTIFICATE-----\n-----BEGIN CERTIFICATE-----\nMIICiDCCAi6gAwIBAgIUXZP3MWb8MKwBE1Qbawsp1sfA/Y4wCgYIKoZIzj0EAwIw\ngY8xCzAJBgNVBAYTAlVTMRMwEQYDVQQIEwpDYWxpZm9ybmlhMRYwFAYDVQQHEw1T\nYW4gRnJhbmNpc2NvMRkwFwYDVQQKExBDbG91ZEZsYXJlLCBJbmMuMTgwNgYDVQQL\nEy9DbG91ZEZsYXJlIE9yaWdpbiBTU0wgRUNDIENlcnRpZmljYXRlIEF1dGhvcml0\neTAeFw0xNjAyMjIxODI0MDBaFw0yMTAyMjIwMDI0MDBaMIGPMQswCQYDVQQGEwJV\nUzETMBEGA1UECBMKQ2FsaWZvcm5pYTEWMBQGA1UEBxMNU2FuIEZyYW5jaXNjbzEZ\nMBcGA1UEChMQQ2xvdWRGbGFyZSwgSW5jLjE4MDYGA1UECxMvQ2xvdWRGbGFyZSBP\ncmlnaW4gU1NMIEVDQyBDZXJ0aWZpY2F0ZSBBdXRob3JpdHkwWTATBgcqhkjOPQIB\nBggqhkjOPQMBBwNCAASR+sGALuaGshnUbcxKry+0LEXZ4NY6JUAtSeA6g87K3jaA\nxpIg9G50PokpfWkhbarLfpcZu0UAoYy2su0EhN7wo2YwZDAOBgNVHQ8BAf8EBAMC\nAQYwEgYDVR0TAQH/BAgwBgEB/wIBAjAdBgNVHQ4EFgQUhTBdOypw1O3VkmcH/es5\ntBoOOKcwHwYDVR0jBBgwFoAUhTBdOypw1O3VkmcH/es5tBoOOKcwCgYIKoZIzj0E\nAwIDSAAwRQIgEiIEHQr5UKma50D1WRMJBUSgjg24U8n8E2mfw/8UPz0CIQCr5V/e\nmcifak4CQsr+DH4pn5SJD7JxtCG3YGswW8QZsw==\n-----END CERTIFICATE-----",
                            "data.fa_col_tls.key": "-----BEGIN PRIVATE KEY-----\nMIGHAgEAMBMGByqGSM49AgEGCCqGSM49AwEHBG0wawIBAQQgG1f5vnYp4QmQSBJK\nX0oY66feE6MorX+x+e5kwOdysf6hRANCAAS+ulAcCaIO9dxeX3GjjaPc2jNQhUzj\nSKgvPK5vMu00/kLaRc1YVHyMLHomf7tl2HZA4uyzJwNAVcDDq1CdvFCg\n-----END PRIVATE KEY-----",
                            "data.fa_pe_tls.crt": "-----BEGIN CERTIFICATE-----\nMIIDGjCCAsCgAwIBAgIUFLvof6IjoxMFC0Z47g1AMF3bw64wCgYIKoZIzj0EAwIw\ngY8xCzAJBgNVBAYTAlVTMRMwEQYDVQQIEwpDYWxpZm9ybmlhMRYwFAYDVQQHEw1T\nYW4gRnJhbmNpc2NvMRkwFwYDVQQKExBDbG91ZEZsYXJlLCBJbmMuMTgwNgYDVQQL\nEy9DbG91ZEZsYXJlIE9yaWdpbiBTU0wgRUNDIENlcnRpZmljYXRlIEF1dGhvcml0\neTAeFw0xOTExMTIwNjUzMDBaFw0zNDExMDgwNjUzMDBaMGIxGTAXBgNVBAoTEENs\nb3VkRmxhcmUsIEluYy4xHTAbBgNVBAsTFENsb3VkRmxhcmUgT3JpZ2luIENBMSYw\nJAYDVQQDEx1DbG91ZEZsYXJlIE9yaWdpbiBDZXJ0aWZpY2F0ZTBZMBMGByqGSM49\nAgEGCCqGSM49AwEHA0IABDoPi1PsAS+yMK+9AYbR4birv5N1dJ8t643DUnVm+vWx\nhCacRMcTUYlaLF1eRpKOOJd/LhcfW7bu9n2ZVc3v07yjggEkMIIBIDAOBgNVHQ8B\nAf8EBAMCBaAwHQYDVR0lBBYwFAYIKwYBBQUHAwIGCCsGAQUFBwMBMAwGA1UdEwEB\n/wQCMAAwHQYDVR0OBBYEFABx2loWBnsbJmBcCYajcJOVjSULMB8GA1UdIwQYMBaA\nFIUwXTsqcNTt1ZJnB/3rObQaDjinMEQGCCsGAQUFBwEBBDgwNjA0BggrBgEFBQcw\nAYYoaHR0cDovL29jc3AuY2xvdWRmbGFyZS5jb20vb3JpZ2luX2VjY19jYTAdBgNV\nHREEFjAUghIqLmZhbGFiZWxsYS5jb20ucGUwPAYDVR0fBDUwMzAxoC+gLYYraHR0\ncDovL2NybC5jbG91ZGZsYXJlLmNvbS9vcmlnaW5fZWNjX2NhLmNybDAKBggqhkjO\nPQQDAgNIADBFAiEAu51q1dPyuGtLSW61DEov4D0mgNII4ylyuddJr/WcEVgCIGCT\nF7cwdqcSlgnIO1LMoqXGQwh7IhTbCaajqxoDtw0P\n-----END CERTIFICATE-----\n-----BEGIN CERTIFICATE-----\nMIICiDCCAi6gAwIBAgIUXZP3MWb8MKwBE1Qbawsp1sfA/Y4wCgYIKoZIzj0EAwIw\ngY8xCzAJBgNVBAYTAlVTMRMwEQYDVQQIEwpDYWxpZm9ybmlhMRYwFAYDVQQHEw1T\nYW4gRnJhbmNpc2NvMRkwFwYDVQQKExBDbG91ZEZsYXJlLCBJbmMuMTgwNgYDVQQL\nEy9DbG91ZEZsYXJlIE9yaWdpbiBTU0wgRUNDIENlcnRpZmljYXRlIEF1dGhvcml0\neTAeFw0xNjAyMjIxODI0MDBaFw0yMTAyMjIwMDI0MDBaMIGPMQswCQYDVQQGEwJV\nUzETMBEGA1UECBMKQ2FsaWZvcm5pYTEWMBQGA1UEBxMNU2FuIEZyYW5jaXNjbzEZ\nMBcGA1UEChMQQ2xvdWRGbGFyZSwgSW5jLjE4MDYGA1UECxMvQ2xvdWRGbGFyZSBP\ncmlnaW4gU1NMIEVDQyBDZXJ0aWZpY2F0ZSBBdXRob3JpdHkwWTATBgcqhkjOPQIB\nBggqhkjOPQMBBwNCAASR+sGALuaGshnUbcxKry+0LEXZ4NY6JUAtSeA6g87K3jaA\nxpIg9G50PokpfWkhbarLfpcZu0UAoYy2su0EhN7wo2YwZDAOBgNVHQ8BAf8EBAMC\nAQYwEgYDVR0TAQH/BAgwBgEB/wIBAjAdBgNVHQ4EFgQUhTBdOypw1O3VkmcH/es5\ntBoOOKcwHwYDVR0jBBgwFoAUhTBdOypw1O3VkmcH/es5tBoOOKcwCgYIKoZIzj0E\nAwIDSAAwRQIgEiIEHQr5UKma50D1WRMJBUSgjg24U8n8E2mfw/8UPz0CIQCr5V/e\nmcifak4CQsr+DH4pn5SJD7JxtCG3YGswW8QZsw==\n-----END CERTIFICATE-----",
                            "data.fa_pe_tls.key": "-----BEGIN PRIVATE KEY-----\nMIGHAgEAMBMGByqGSM49AgEGCCqGSM49AwEHBG0wawIBAQQgbf9qcziCdjMU9HuK\nODAggxE1btVHOrzWwVTfeqqGV1OhRANCAAQ6D4tT7AEvsjCvvQGG0eG4q7+TdXSf\nLeuNw1J1Zvr1sYQmnETHE1GJWixdXkaSjjiXfy4XH1u27vZ9mVXN79O8\n-----END PRIVATE KEY-----",
                            "data.tls.crt": "-----BEGIN CERTIFICATE-----\nMIIDFzCCAr2gAwIBAgIUIqyLgDcWT14D7Td7oc4KDP8CDn4wCgYIKoZIzj0EAwIw\ngY8xCzAJBgNVBAYTAlVTMRMwEQYDVQQIEwpDYWxpZm9ybmlhMRYwFAYDVQQHEw1T\nYW4gRnJhbmNpc2NvMRkwFwYDVQQKExBDbG91ZEZsYXJlLCBJbmMuMTgwNgYDVQQL\nEy9DbG91ZEZsYXJlIE9yaWdpbiBTU0wgRUNDIENlcnRpZmljYXRlIEF1dGhvcml0\neTAeFw0xOTA0MjMwNTUzMDBaFw0zNDA0MTkwNTUzMDBaMGIxGTAXBgNVBAoTEENs\nb3VkRmxhcmUsIEluYy4xHTAbBgNVBAsTFENsb3VkRmxhcmUgT3JpZ2luIENBMSYw\nJAYDVQQDEx1DbG91ZEZsYXJlIE9yaWdpbiBDZXJ0aWZpY2F0ZTBZMBMGByqGSM49\nAgEGCCqGSM49AwEHA0IABCBcMyYCGbBVLMvWwB7nfFDDvRK7t55ynzLT35abJlSd\nHiIPC433tIGZdgFU9DbuvX1VUaL+JHvJCzGQij6Kt4qjggEhMIIBHTAOBgNVHQ8B\nAf8EBAMCBaAwHQYDVR0lBBYwFAYIKwYBBQUHAwIGCCsGAQUFBwMBMAwGA1UdEwEB\n/wQCMAAwHQYDVR0OBBYEFNZre/zrN+PxpUS1mK2gq1p5wkzPMB8GA1UdIwQYMBaA\nFIUwXTsqcNTt1ZJnB/3rObQaDjinMEQGCCsGAQUFBwEBBDgwNjA0BggrBgEFBQcw\nAYYoaHR0cDovL29jc3AuY2xvdWRmbGFyZS5jb20vb3JpZ2luX2VjY19jYTAaBgNV\nHREEEzARgg8qLmZhbGFiZWxsYS5jb20wPAYDVR0fBDUwMzAxoC+gLYYraHR0cDov\nL2NybC5jbG91ZGZsYXJlLmNvbS9vcmlnaW5fZWNjX2NhLmNybDAKBggqhkjOPQQD\nAgNIADBFAiAld8w1emZuP3CyI/CLSwj7QQQgGmDuoDQOERMBYkglxAIhAIhl24HE\nMCdmU+iaa5pG9+zJHEeY27XixAC+G3zPTwgx\n-----END CERTIFICATE-----\n-----BEGIN CERTIFICATE-----\nMIICiDCCAi6gAwIBAgIUXZP3MWb8MKwBE1Qbawsp1sfA/Y4wCgYIKoZIzj0EAwIw\ngY8xCzAJBgNVBAYTAlVTMRMwEQYDVQQIEwpDYWxpZm9ybmlhMRYwFAYDVQQHEw1T\nYW4gRnJhbmNpc2NvMRkwFwYDVQQKExBDbG91ZEZsYXJlLCBJbmMuMTgwNgYDVQQL\nEy9DbG91ZEZsYXJlIE9yaWdpbiBTU0wgRUNDIENlcnRpZmljYXRlIEF1dGhvcml0\neTAeFw0xNjAyMjIxODI0MDBaFw0yMTAyMjIwMDI0MDBaMIGPMQswCQYDVQQGEwJV\nUzETMBEGA1UECBMKQ2FsaWZvcm5pYTEWMBQGA1UEBxMNU2FuIEZyYW5jaXNjbzEZ\nMBcGA1UEChMQQ2xvdWRGbGFyZSwgSW5jLjE4MDYGA1UECxMvQ2xvdWRGbGFyZSBP\ncmlnaW4gU1NMIEVDQyBDZXJ0aWZpY2F0ZSBBdXRob3JpdHkwWTATBgcqhkjOPQIB\nBggqhkjOPQMBBwNCAASR+sGALuaGshnUbcxKry+0LEXZ4NY6JUAtSeA6g87K3jaA\nxpIg9G50PokpfWkhbarLfpcZu0UAoYy2su0EhN7wo2YwZDAOBgNVHQ8BAf8EBAMC\nAQYwEgYDVR0TAQH/BAgwBgEB/wIBAjAdBgNVHQ4EFgQUhTBdOypw1O3VkmcH/es5\ntBoOOKcwHwYDVR0jBBgwFoAUhTBdOypw1O3VkmcH/es5tBoOOKcwCgYIKoZIzj0E\nAwIDSAAwRQIgEiIEHQr5UKma50D1WRMJBUSgjg24U8n8E2mfw/8UPz0CIQCr5V/e\nmcifak4CQsr+DH4pn5SJD7JxtCG3YGswW8QZsw==\n-----END CERTIFICATE-----",
                            "data.tls.key": "-----BEGIN PRIVATE KEY-----\nMIGHAgEAMBMGByqGSM49AgEGCCqGSM49AwEHBG0wawIBAQQgUVaKlr3ZI2bBbxsu\nH2OlHAJfrL5WzbGv8gNnQH9h6+GhRANCAAQgXDMmAhmwVSzL1sAe53xQw70Su7ee\ncp8y09+WmyZUnR4iDwuN97SBmXYBVPQ27r19VVGi/iR7yQsxkIo+ireK\n-----END PRIVATE KEY-----",
                            "id": "istio-system/istio-ingressgateway-certs",
                            "metadata.#": "1",
                            "metadata.0.annotations.%": "0",
                            "metadata.0.generate_name": "",
                            "metadata.0.generation": "0",
                            "metadata.0.labels.%": "0",
                            "metadata.0.name": "istio-ingressgateway-certs",
                            "metadata.0.namespace": "istio-system",
                            "metadata.0.resource_version": "18483593",
                            "metadata.0.self_link": "/api/v1/namespaces/istio-system/secrets/istio-ingressgateway-certs",
                            "metadata.0.uid": "b826b231-d9ff-11e9-9c46-42010a090009",
                            "type": "kubernetes.io/tls"
                        },
                        "meta": {},
                        "tainted": false
                    },
                    "deposed": [],
                    "provider": "provider.kubernetes.gke_v2"
                },
                "kubernetes_secret.cloudfunction_pub_service_account_credential_v2": {
                    "type": "kubernetes_secret",
                    "depends_on": [
                        "google_service_account_key.cloudfunction_pub_service_account_key"
                    ],
                    "primary": {
                        "id": "falabella/cloudfunction-pub-gcp-auth",
                        "attributes": {
                            "data.%": "1",
                            "data.gcp_credentials.json": "{\n  \"type\": \"service_account\",\n  \"project_id\": \"falabella-catalyst-bu-dev\",\n  \"private_key_id\": \"6ed685007fee4ed759344954497e5cb48ed4b5ac\",\n  \"private_key\": \"-----BEGIN PRIVATE KEY-----\\nMIIEvQIBADANBgkqhkiG9w0BAQEFAASCBKcwggSjAgEAAoIBAQCbJlSgm2s8go3D\\nOPB3woQ70DkzqKcC4n85MiSxjXCLjVh+eVyxYlx8UBG8He5mARrle5b2/Bp2e1kK\\niUbqKvIcNyFXVuXkFnwhAvHonxYl7YjUZk7BCsaWBiGaEa5uFwohFVRD5r/8rOBr\\nnDYX2q4da1wylP99zQXM2H4tZM332RPmK7KIGAnL1+qWkpzwLpvNvq8S5bTrqd47\\nDLjFSrFpJP1UWFoHOOHGWe8OKwJOAans7exLYEbytWCI2qzlw3qMwwsYOmXKdQ8c\\npAxFKvOhUzhSKl3PrXL45f2yqWRi3bVqsp7nl1BuE1hanW9aDsTN0SooVyxyMoXu\\n2NgwusdrAgMBAAECggEALD4Pducq+svd4hQ8GmKZM7dKgI0w5vUww14lsY38UIdD\\ne3lfMeQzLG3myMaeQ29APL10DMVSRIQjHYqM8tzBQsOD2fSZROQWjJFa63NmLPWi\\nBbOQ9KJ+g6yG63jsTU97n3iGGYDVMZgYvQcEM+Qzr4b8eR4dB0IuS75WqNosk+bc\\nsAqhOKvIu0RDFC2MgQwR9SkwMk5RkVNgfP8dKZFi4sfQbiVyFZngzocdbWpAkI/E\\nYrHbs0nHUnPMU8Ri8C3v1xFEAExs/P7jbpcVpixUjldod726Xpb1D57Kl8MsReJn\\nZBQTvJQnLJ2VO256MnDiMsoLsaOpWeqtODy23x6N2QKBgQDXdFmIPfVxJEAliLhv\\nH9qb8OsdQmlaFsguQgEABkDjbdX1RQKfZvSA1QmjDEREsKxuxHytmAXj+qsck1WL\\nBrBtisN5RNorFK1+lfiGk2fTWnfVaJ/iNyewzBWeCljtmpg3+tixkh3fXchdFqu1\\nCrjgm1PEZolHuLb2SewDMLj2YwKBgQC4WMMyPMB6G1mhMyFdyKYz4qxxRHR+ZaqI\\nrJuq7dZ20v3y1cGEeeYWg7AB3Xtmv+VdbLmQ++t/ZYBTtE55MmjV/tpmAQpBTo7X\\nTiaXTMrnT2l7J/mWgG37rCXv272lQL0H7TYcsYj6ly0Zz/VLXmjLB/lTbt6/0gJP\\nHqfYmR0VWQKBgBWw6wqiYkF/ys18lETryhCFEsahVwXw4Tp2/q7H8mRzPGUzC26M\\n6PTHfe7iX0UjHFkSgxLfCUjIhc2cr7INfFmq7L8axXQs4sKpypmR4ZQPuZzMqbwW\\nnXJZOZvtosJZHBYWtRY7hbJlOLTWgXb6m15RhP9y60NDP3hQPOidUSHNAoGBAIF6\\nnsdXUl2xfheyAPqNJueEi1gXG7d3kvriOYgp+xuEgKeiKYTx1YD0x5fXx4fYurIO\\n3puNxc+6LBMerouDs4yyrxU8H8bU9ZEWLBbS8iTbaxv8bNqfpCBDvnWlIqPCP8Mk\\ngoBO1gYkTqI1pXVlfzczh5RpZ/zU9Zg60OtaR8opAoGAeCw2RhUkgdmyL4MvbvV6\\nfe4WI67dDnm1aAT5Tr+hLop0uW12vl2PHqNP/IRmvxWgBchcB528JRbxWH8OCqpd\\n/UOikgccybefFxV8xVx5c2toovpZqgnIaI60HQufxxrZuJpGiITI3veuKrhMwjEy\\nKZiQTPeA+Tffg1QpiGVfXWs=\\n-----END PRIVATE KEY-----\\n\",\n  \"client_email\": \"cloudfunction-pub@falabella-catalyst-bu-dev.iam.gserviceaccount.com\",\n  \"client_id\": \"100969819390042867156\",\n  \"auth_uri\": \"https://accounts.google.com/o/oauth2/auth\",\n  \"token_uri\": \"https://oauth2.googleapis.com/token\",\n  \"auth_provider_x509_cert_url\": \"https://www.googleapis.com/oauth2/v1/certs\",\n  \"client_x509_cert_url\": \"https://www.googleapis.com/robot/v1/metadata/x509/cloudfunction-pub%40falabella-catalyst-bu-dev.iam.gserviceaccount.com\"\n}\n",
                            "id": "falabella/cloudfunction-pub-gcp-auth",
                            "metadata.#": "1",
                            "metadata.0.annotations.%": "0",
                            "metadata.0.generate_name": "",
                            "metadata.0.generation": "0",
                            "metadata.0.labels.%": "0",
                            "metadata.0.name": "cloudfunction-pub-gcp-auth",
                            "metadata.0.namespace": "falabella",
                            "metadata.0.resource_version": "134023588",
                            "metadata.0.self_link": "/api/v1/namespaces/falabella/secrets/cloudfunction-pub-gcp-auth",
                            "metadata.0.uid": "bae3e930-e874-11ea-ad10-42010a09000b",
                            "type": "Opaque"
                        },
                        "meta": {},
                        "tainted": false
                    },
                    "deposed": [],
                    "provider": "provider.kubernetes.gke_v2"
                },
                "kubernetes_secret.di_service_account_credential_v2": {
                    "type": "kubernetes_secret",
                    "depends_on": [
                        "google_service_account_key.di_service_account_key"
                    ],
                    "primary": {
                        "id": "falabella/falabella-data-ingestion-gcp-auth",
                        "attributes": {
                            "data.%": "1",
                            "data.gcp_credentials.json": "{\n  \"type\": \"service_account\",\n  \"project_id\": \"falabella-catalyst-bu-dev\",\n  \"private_key_id\": \"7f7ecc7b1fb2c951208d4b4f4f97b001b715417e\",\n  \"private_key\": \"-----BEGIN PRIVATE KEY-----\\nMIIEvQIBADANBgkqhkiG9w0BAQEFAASCBKcwggSjAgEAAoIBAQCTi9Dv6xLbnafT\\ngS6ry5sasfaiCg35bexsk8pm4nvPuqbbbKBNmVpFPjPBxVk4+eFHgiOE+es8+RR0\\nR53cq0WPf8hdT/uOL6pQojkh5HW4mQdD5rKHDvjYF9PG3kdaVYtb6J17Xk+LqJpO\\nS1rGuNUBm9R6u5uJuO3pjBMsqw6uvQS5tfQeKlKLI807W8qaqV0T72utw1YXairS\\nCnlz1lX95ztBBfqARuH3iVCrrexgsxQRhLEaL583YSnSDik/iI7ijlDYFfHsnkXX\\nEizrDVfdyYjBzeFF2otESUSyJE0sr4XxlwnLuW6sOvzUjHFkuzDJoqAp97cdG7l+\\nRuPKpuCTAgMBAAECggEAAdEDV1N5YyBw6/7XpcAhyTWEAqEFZLA7QbzyDXaKrVcw\\nGFx2fsNoDpks8Zzt3nCJGvnEWS3rJ6WDYHPEmEO4Mq474muKfnN3cSWwzAowKX/M\\nzJkJp/WsZPCqJ/UdmMRGgnD921fLupLupLnIb3uKt8naLFFPTBCYRpCgaHjfUJG4\\ntCKEmh2B0jwfdvG8eR17PWJb4MLo6itVC3SZybyRceCSPPq+Ht8QGCLfMw/uPzf5\\nvxNkv+YlOh7/7LTo7Uc0TqfahWDp5BahkuMBMzw3naUh5e8PN6wTj6zmioGUc0AL\\nMAhszVFzYU1b7wIwRjRinKnqrAbksAXBclyH16BpQQKBgQDJirGRwtnPMUbNeHBu\\nivP392vVHr9rGW38PX4y0h69PEsw1zsxW+nc18yvCHp6/Q9C1EGLGa7x5ze5MClJ\\n7quXuXbzC3WOa72c7ZiMvMa/zoLYNHeSnu0ZzZ5k0QOq1c5P4zpPuJZ7bNcCOPlk\\nm4l9HVFuA1l3PYsN+TjUChMlUwKBgQC7ahGHiwgw8AMQPTlHzU29d2LggHy/3lYe\\nXC7PRs5v194bKR+8GNRwClScyxXWPXEP40Qn3aJSluYAWiIeqUrhGbReacIzRlSh\\nczT1MPIwdJJL80DlIfFV1RLFalEj9Au/axSzmVKjr7Ao0LwMm7feLKbdB4DHfRCM\\nLTnIavyvwQKBgEeakwPqamAGbdVKWQetLoiGyzTou7FdU4oufsung2xQI5ayoUEk\\nGq5vrTTymjFf/zALIU4+Tb18HHwa9FBkD2rUZcJr69QxyygZ8fzuhN5YjHwsB997\\nv1lPiFrhN6BWXfpcDLeOKUionqsXeuOXrv1YkTm4zuxiXSkVxm7vNWYpAoGBAIF+\\nmZwhKci+ni9DTmfZaKTIcA6VWR0t4C1cHo/j6dIHwxTbRm0ubuL3kF1CSdVdYNjM\\nfJRbJMSSNVv662ZqLS36F9HAm4nYR7PCqc3dQwrOESPfcXChEmLvNegoPOZtwwxB\\nTe2GvD4Tr9GT4MuJcPNXwPgqLgYo2R0yRqG/otdBAoGAOLTrDfmEv85SF1mPxJtz\\ndzNLf57fSjIyImzx5r4M9Nr05ItEMzO5Jow0EjnUFgUBGawOeG0KM3uw4mXdzDYT\\nr9RY+to/vF3z8sHQBjG8S546P6cp6vMLDxNqd9pIesyo7EpaNeqjo7jdwry6uouo\\nDTXpn3IrQbA1vcQlzP4hNPo=\\n-----END PRIVATE KEY-----\\n\",\n  \"client_email\": \"data-ingestion-service@falabella-catalyst-bu-dev.iam.gserviceaccount.com\",\n  \"client_id\": \"100844128538506408866\",\n  \"auth_uri\": \"https://accounts.google.com/o/oauth2/auth\",\n  \"token_uri\": \"https://oauth2.googleapis.com/token\",\n  \"auth_provider_x509_cert_url\": \"https://www.googleapis.com/oauth2/v1/certs\",\n  \"client_x509_cert_url\": \"https://www.googleapis.com/robot/v1/metadata/x509/data-ingestion-service%40falabella-catalyst-bu-dev.iam.gserviceaccount.com\"\n}\n",
                            "id": "falabella/falabella-data-ingestion-gcp-auth",
                            "metadata.#": "1",
                            "metadata.0.annotations.%": "0",
                            "metadata.0.generate_name": "",
                            "metadata.0.generation": "0",
                            "metadata.0.labels.%": "0",
                            "metadata.0.name": "falabella-data-ingestion-gcp-auth",
                            "metadata.0.namespace": "falabella",
                            "metadata.0.resource_version": "44379",
                            "metadata.0.self_link": "/api/v1/namespaces/falabella/secrets/falabella-data-ingestion-gcp-auth",
                            "metadata.0.uid": "b823aa68-d9ff-11e9-9c46-42010a090009",
                            "type": "Opaque"
                        },
                        "meta": {},
                        "tainted": false
                    },
                    "deposed": [],
                    "provider": "provider.kubernetes.gke_v2"
                },
                "kubernetes_secret.falabella_content_service_account_credential_v2": {
                    "type": "kubernetes_secret",
                    "depends_on": [
                        "google_service_account_key.falabella_content_service_account_key"
                    ],
                    "primary": {
                        "id": "falabella/falabella-content-gcp-auth",
                        "attributes": {
                            "data.%": "1",
                            "data.gcp_credentials.json": "{\n  \"type\": \"service_account\",\n  \"project_id\": \"falabella-catalyst-bu-dev\",\n  \"private_key_id\": \"d71643c2e8d579b8dd58bd069f3696c38143f316\",\n  \"private_key\": \"-----BEGIN PRIVATE KEY-----\\nMIIEvAIBADANBgkqhkiG9w0BAQEFAASCBKYwggSiAgEAAoIBAQDV9DXzxLENxpqW\\nqjxs8sF159XtMY+j3qnWJS9BKDtg2R1E4TSt0hQ8Z0THtiSz6f1GeC8P6wm7oWJy\\nt9sy57z3adOxBlkvWjxNdoJvDRTfrpo+aZE7Ni/aubvddDF4RGiMEBzBi6IWf/rj\\n0k08l/vScsxUY4F0kGvMdosa5QjnvbSNrHzLpr26AFUh1Uj0pOKkEXcAye/10FfB\\nYguBvjC35J8RUx89K2m5Vfbz9jQSEjCfOynxyXwtFMa2EiA2rFw+LRzSQdt5U69C\\nS4I5Q2siz9m4jt0xWRilBvtdmXeZ1j+RG4KO03ujSIhjfmn3V7eZnPWkp8gObQOM\\nkp3ruOZdAgMBAAECggEACWhEuVxtYttClPvUuX9IrC1pUwB8yJoufQeNsZok1uVi\\nUP2W95/sUFtDuK/vTV2Ci6dBUybvkAlbSbXVpJdwZVozmuMaJ50agtcXtULNvL0R\\ns/X9KFhBrTwWliOOVkj/EM4s5CyxJTdI2dy3aoHjP8BY8B/07fdjVK45/7t7fgGd\\nKxAKFbyRLgjp8rL69kXlrs55UfaN60hBnCg6Aq6AunPjSGdRWu7GiuZAawjybCIx\\nxvhHAAnxCn3FNJl+mpIcehFs/urSy+SJ6UQjpK2T2JZg9tlaHk7k4fjTUjBZPjZj\\ngT28aUduSK9xRSj8CobJauWQ3HVmaBYUguJXQvDjEQKBgQD0W3FBGGWp3evmU2L+\\n5JUF7/UktoaqLA8GQ/VtFdtFNnw8C6ZSSrk0rCtoKe0rE2572j7ePcF2oBMqM0fg\\nd/jbMuqYlV5pozbQbpQm+IgFYGHyTGSsEX1V3/yb4a7pv3ULHZsPleLAOoAX/Gmg\\nE7eMNkAPERiH+pZHwOFYcBWvMQKBgQDgJexjrQllqFJ5bXYw/MJYf7Xv1NAFQL+L\\nLzcT66jPzmCZi0gQBXBZ542pBfwVRQjq7NNQQgC+mIU7jbT9on18L6987g0z5UoZ\\nmsmZUujpPEpdBsj3fXNIY73/D8wxEandOI6kf9nBANmAFMruC8vxZ1jspRyk0OB1\\n1loCmS+W7QKBgDTvHjCgzV0n8vNZOwfGkrXPjoZed/ujQbn0vNTduDtdGzqSt3v6\\nLfbIGTseYf9D3Vo9JANW03MUKDKrGzX4J1Osyv801FgEAFrUqYlrq2OmxnELtX9E\\n5qbUt88464A9dmhrCG0u5gkIYzlO976ypr9b/TKGXI8QbL+se+SBm2DxAoGAHLuf\\nxtM6niZqlBg9C2CLRS7x0pGULOg05ZGi3NHbrO/GoEgjb7JSyaOOHDmhK9TSpNLA\\n78vWLph8k7rBlbXLoiy2sSwO0zU0P34BE792DdflrHEfN+KD8aafh1+uDCg4fxwt\\n5NZiwoPqXanMraEjfomB86vitRn1fAWDOkwKtq0CgYBhMWZV3kFSQpRxUfj6+vh3\\n8yCVw9KRnN23xzFTW7p0lFbjerp7B0fZhtOhE+RQ4FvCQctBb3giDB8abIveRrUi\\nnxUKaGjHaantUekVjGuwVPwh/ulwury6nXvjm6LbUkbK5oNga9Bj9GQiGqULb/Sf\\nhvdP7RHOcDZ4cOJg9xdQ5A==\\n-----END PRIVATE KEY-----\\n\",\n  \"client_email\": \"falabella-content-service@falabella-catalyst-bu-dev.iam.gserviceaccount.com\",\n  \"client_id\": \"105019336951106171609\",\n  \"auth_uri\": \"https://accounts.google.com/o/oauth2/auth\",\n  \"token_uri\": \"https://oauth2.googleapis.com/token\",\n  \"auth_provider_x509_cert_url\": \"https://www.googleapis.com/oauth2/v1/certs\",\n  \"client_x509_cert_url\": \"https://www.googleapis.com/robot/v1/metadata/x509/falabella-content-service%40falabella-catalyst-bu-dev.iam.gserviceaccount.com\"\n}\n",
                            "id": "falabella/falabella-content-gcp-auth",
                            "metadata.#": "1",
                            "metadata.0.annotations.%": "0",
                            "metadata.0.generate_name": "",
                            "metadata.0.generation": "0",
                            "metadata.0.labels.%": "0",
                            "metadata.0.name": "falabella-content-gcp-auth",
                            "metadata.0.namespace": "falabella",
                            "metadata.0.resource_version": "44380",
                            "metadata.0.self_link": "/api/v1/namespaces/falabella/secrets/falabella-content-gcp-auth",
                            "metadata.0.uid": "b8244d47-d9ff-11e9-9c46-42010a090009",
                            "type": "Opaque"
                        },
                        "meta": {},
                        "tainted": false
                    },
                    "deposed": [],
                    "provider": "provider.kubernetes.gke_v2"
                },
                "kubernetes_secret.product_search_service_account_credential_v2": {
                    "type": "kubernetes_secret",
                    "depends_on": [
                        "google_service_account_key.product_search_service_account_key"
                    ],
                    "primary": {
                        "id": "falabella/falabella-product-search-gcp-auth",
                        "attributes": {
                            "data.%": "1",
                            "data.gcp_credentials.json": "{\n  \"type\": \"service_account\",\n  \"project_id\": \"falabella-catalyst-bu-dev\",\n  \"private_key_id\": \"b2ab57ce25d3a94ef44a5120371f30785873c505\",\n  \"private_key\": \"-----BEGIN PRIVATE KEY-----\\nMIIEvAIBADANBgkqhkiG9w0BAQEFAASCBKYwggSiAgEAAoIBAQC+vbH6jszcx46K\\naaJroLYP5JYKYbs1u0rndsp2svlvkim7ZBRve/lPvuOeisv8GeJzbXI5vVIRtdYx\\nd+oXn/QMYJgETbJeeePjt2eP/NtjxeWm2c0vzKX959GA79AUhg8fdoLfzSCXS2X+\\nNr8EAEjigG6GPZqYj7oGSNZpmDMESyGp8HfmM5e8rQVqH4cOVVhrIeM5Y7T6m/TH\\ndriOxp8YAaK8l7n8LnNv6XcpfXIZHoKqxAa9d06TCLXgEQI2DXT2qy1PGkecl9BR\\nsDva+o/jmfNFr9vryrlfBwqP2MLr1Es5phOf4KxQoFbhF+JgF1bK+GrwuLQgkvcW\\n6+yOBed1AgMBAAECggEABe+SU9lQz8gYC/+okc/hCpKTBsSu1ke7V4OvXk1IjOvQ\\nB6hgKG4DvrMSk1L/cRt/HBd6WAinvqxZe5WfP9f2+NGiuXOPivghGuuQuf7k9vBo\\nKq6Zf5TPT50AvJH5+EGJw/FktkFEc+DhTi12+VFm80GK7vuIzZmfcOWgYo3dfJMq\\nOKJewIo5NM2msd93zxdvRQlAeGyPBTdjax8PfqkoohDQhxeb8hR/ceRjrtjZ0vue\\nPrHmeQgiXpw1+JXWWZmC0vwXoXRwsEmHt3DTN24qo+P86ga7/PzTiEhyR5sxRA2t\\nOMMw/0Q0VdD7UNI6UVik4XhHIi2HDqjYVF7aqHZ5YQKBgQDkgTI293TbbuXlhwLg\\nQo/ZJVjgsast4oq1erffAaukRzxjOo4pYFgG1blQxiflGYPepQLflftgmg+lo14D\\no2+jO//t/Q6ajfhZVSdh+9feeq2nKkpXzW9MGFcEtchsJgOzDojyiF/w0XzTW9WM\\nSUol4MIsi1zchJ+z6PkRpk+u0QKBgQDVsTxajNd+u4BEqWojTig8n+gTU/CUbW7e\\ndYrem2VAU3HD0Zm4kDvnoGwTp91Hu1Pxni517Vq93gnff3AJgD6/JxEX1pY7ruK+\\nWUoSIr5Ec1M/vc1R8fIszrE1GpXIpvGieAGbivTzujglN14vOyUG+gHzhzqs2IbA\\nO+vShKi/ZQKBgACwuzwbR0kabqtg2wteaBzZ1gjnwIKk+pJNypxr3t7iMDaEiMVr\\nOxjaMHMkBh7VEubrTLTsORQzovR3J+OO7NlrZvyLFS42W5e5gCL1pdNQP5IPuKXH\\nQxzRvgGPowlgnAZAdv10mAWcPGpPDrgbyJOQuEV2LlOkOu9KNuZswDThAoGAKpjR\\n9xrsOg8WWpmK1s7VpoAZuwCYjH3kA+RaclV3sYLwwqAdjHTz/BA2exSTP6FP8nId\\nwNQ3qnGAdlTo+HvgBiq7dY0JFYyfFmKmKUdTtkFm7uXe797S76ukF3ndMcpVkJVr\\nfJ4Ohicw2fpXhAK+Ns3PZcQnJh1jfx5yu9xF5yECgYAPbfOygfAAnDGleyg6I7NA\\n5aSMqK9lNRxkYIAL5buSNFHU1FSW33FCm3I03OrBst3GxxQPpASAu+qdBIyT5kAw\\nrCqJQHYzSVXI9TdZ2uFgCgZkx64R6qoUCV0UVl6dPFfGhi5wpycoJubswNtmNMe0\\nvQq/o+pVS3SedVe107yBqQ==\\n-----END PRIVATE KEY-----\\n\",\n  \"client_email\": \"product-search-service@falabella-catalyst-bu-dev.iam.gserviceaccount.com\",\n  \"client_id\": \"105799257188818297583\",\n  \"auth_uri\": \"https://accounts.google.com/o/oauth2/auth\",\n  \"token_uri\": \"https://oauth2.googleapis.com/token\",\n  \"auth_provider_x509_cert_url\": \"https://www.googleapis.com/oauth2/v1/certs\",\n  \"client_x509_cert_url\": \"https://www.googleapis.com/robot/v1/metadata/x509/product-search-service%40falabella-catalyst-bu-dev.iam.gserviceaccount.com\"\n}\n",
                            "id": "falabella/falabella-product-search-gcp-auth",
                            "metadata.#": "1",
                            "metadata.0.annotations.%": "0",
                            "metadata.0.generate_name": "",
                            "metadata.0.generation": "0",
                            "metadata.0.labels.%": "0",
                            "metadata.0.name": "falabella-product-search-gcp-auth",
                            "metadata.0.namespace": "falabella",
                            "metadata.0.resource_version": "44383",
                            "metadata.0.self_link": "/api/v1/namespaces/falabella/secrets/falabella-product-search-gcp-auth",
                            "metadata.0.uid": "b82579c4-d9ff-11e9-9c46-42010a090009",
                            "type": "Opaque"
                        },
                        "meta": {},
                        "tainted": false
                    },
                    "deposed": [],
                    "provider": "provider.kubernetes.gke_v2"
                },
                "kubernetes_secret.prometheus_proxy_kubernetes_secret": {
                    "type": "kubernetes_secret",
                    "depends_on": [
                        "local.namespace",
                        "local.prometheus_proxy",
                        "module.gke_v2"
                    ],
                    "primary": {
                        "id": "monitoring/prometheus-proxy-auth",
                        "attributes": {
                            "data.%": "1",
                            "data.htpasswd": "prometheus-proxy:$apr1$8OQTHNuY$a5B9jZ5uXM1J0N84SHfSm1",
                            "id": "monitoring/prometheus-proxy-auth",
                            "metadata.#": "1",
                            "metadata.0.annotations.%": "0",
                            "metadata.0.generate_name": "",
                            "metadata.0.generation": "0",
                            "metadata.0.labels.%": "0",
                            "metadata.0.name": "prometheus-proxy-auth",
                            "metadata.0.namespace": "monitoring",
                            "metadata.0.resource_version": "111361536",
                            "metadata.0.self_link": "/api/v1/namespaces/monitoring/secrets/prometheus-proxy-auth",
                            "metadata.0.uid": "4a187963-bb86-11ea-9f79-42010a090004",
                            "type": "Opaque"
                        },
                        "meta": {},
                        "tainted": false
                    },
                    "deposed": [],
                    "provider": "provider.kubernetes.gke_v2"
                },
                "kubernetes_secret.site_config_service_account_credential_v2": {
                    "type": "kubernetes_secret",
                    "depends_on": [
                        "google_service_account_key.site_config_service_account_key"
                    ],
                    "primary": {
                        "id": "falabella/site-configuration-gcp-auth",
                        "attributes": {
                            "data.%": "1",
                            "data.gcp_credentials.json": "{\n  \"type\": \"service_account\",\n  \"project_id\": \"falabella-catalyst-bu-dev\",\n  \"private_key_id\": \"3eea7ed712cdf47f6e1f121c2281f20adb2b8195\",\n  \"private_key\": \"-----BEGIN PRIVATE KEY-----\\nMIIEvQIBADANBgkqhkiG9w0BAQEFAASCBKcwggSjAgEAAoIBAQC3YdRZ1fBy0OLY\\n1Q6saZvMCxEuGmOkqcWB5T7aVDATdg+8uylZmsSJXLcEtlnMQ6jWnotsYIn8exhd\\nhboDhAJF0fZtbN/tE2he/kE3tKWYNYWfij1VGtjHVLhzyB22FoVGXmkY3z9vImKu\\nvuj6aSH+CtXiSON7HHEM7kWXIuVvs6x577Nc9YriW5Cbbr57bnsy6PFAxZSACSIL\\ntIEdpCVOnOOjfm0LQkl2QwnYdR8f139KlzZMzQ95afzozhgSpSidlWOQoUo9v6Fq\\nI7oB9gllzssYyZ5xKgLadg0IqkfbZGpMEMun4GD/sbWbrB1ye1BwF7oV/RcIIX1N\\nm+piuzslAgMBAAECggEAGUcL6AIxwwcrbcDDOrLSqJKR9gKUikW4lYojBXdQqoNo\\nnJbz690F4E/+Y6Y7Gd6YWaprBNpdytwGOhtNI7Trl0eKKf/gR06YjBeMp9Vnyg5T\\n8pox5WxDm15V5T0daKm8Cedzodu2uRFKpv8RIDX5Bd/lJuxDJwd+8c2vnACnEvlm\\nYvwUaaCOPVBpf5zdWC9n+nkWdCFI5kXiErsnwCoxowe70cy635WPiV+xy+YYVBv+\\n8pstjbEXufxwMVVqnGLbYALAjzwlvB1sM2GkgWUoXchR5r/c2JoOzh/2V2YHjRvs\\nYjUPfq281qzNYn+AMSrcNPZzSOWYX/1swZF1eTcfdQKBgQDqqKlsrfduojVmz6aB\\nMDCEBUe9TAX/hgMY9vHn9BDYW8R1YQGXXqTOwOURYxlR7v3haENf0cDkaSY8sm3I\\ngN6ffXp6Yi8C86p/f/k6z4SR24l3b3QxeDJoDZK2hAp4DQv3kQNA0CI9Cd3QS2rj\\nIny7a6c7wSogTMhMAu7o10GzawKBgQDID1dkBavd1YpRDbJQ7lilcbTJcdA00Wbg\\nguolJSzQxc4eqSup65b6Gd4Vc2MulZCsBtyTYQFNgH/EPjCXKG2lDU2+SW7ScUxp\\nbXZhho+ut30sA5a/bwS2vw5Xrd11bksHtiqFqgkjPXfQItwgAUJlEt+Xj8V8Yz2N\\nBf8JAc7/rwKBgH5/V33ntifkt4bpz6d609yHgCnSjrU1h/vwO23AC0inB5wDJDl2\\nYr+2CoY59s9NV30omJFR4HsBGATGZxocJmax3NGWliMwOawrz63dami6gTtqUKfO\\nVNX04y8StRYManQVrzxENwDSjcmYrlEtKTJbkTZMJiptWdhoCGRqjddrAoGACkAu\\n/CMGQWGVqr2G63qq9B81YjUAtBQer1ZF5Q1YlIHuI8gLQrOdkscMiBDXfiWPuiDH\\n4I1R4cS5xzZgiv45UAG0gBGHKiVAAw7mx+x7JDqmoUC10q0/kpWLiJaSCFhUY9rD\\npwGlYjbeEr4WhVVLL56d8kgdmFgFaVprTOzYzGUCgYEAoRme8XmGWXcVlrrCFulf\\no2nd6VYgwLEooh0zLSv5ivdFzk6XQR2KyZgqWni+lno11/wSldZdk+fuxQLZ3ZGU\\nZEh8NZhNg7v9aPREbTsU2xHnQpEf8e5cKxFv7zizs8/XhxMgNTaLkgajRk9sxAl7\\nv87vH7KC4TtN0FJCGmAJjUE=\\n-----END PRIVATE KEY-----\\n\",\n  \"client_email\": \"site-configuration-service@falabella-catalyst-bu-dev.iam.gserviceaccount.com\",\n  \"client_id\": \"111858715917939759683\",\n  \"auth_uri\": \"https://accounts.google.com/o/oauth2/auth\",\n  \"token_uri\": \"https://oauth2.googleapis.com/token\",\n  \"auth_provider_x509_cert_url\": \"https://www.googleapis.com/oauth2/v1/certs\",\n  \"client_x509_cert_url\": \"https://www.googleapis.com/robot/v1/metadata/x509/site-configuration-service%40falabella-catalyst-bu-dev.iam.gserviceaccount.com\"\n}\n",
                            "id": "falabella/site-configuration-gcp-auth",
                            "metadata.#": "1",
                            "metadata.0.annotations.%": "0",
                            "metadata.0.generate_name": "",
                            "metadata.0.generation": "0",
                            "metadata.0.labels.%": "0",
                            "metadata.0.name": "site-configuration-gcp-auth",
                            "metadata.0.namespace": "falabella",
                            "metadata.0.resource_version": "44385",
                            "metadata.0.self_link": "/api/v1/namespaces/falabella/secrets/site-configuration-gcp-auth",
                            "metadata.0.uid": "b827c208-d9ff-11e9-9c46-42010a090009",
                            "type": "Opaque"
                        },
                        "meta": {},
                        "tainted": false
                    },
                    "deposed": [],
                    "provider": "provider.kubernetes.gke_v2"
                },
                "kubernetes_secret.size_group_service_account_credential_v2": {
                    "type": "kubernetes_secret",
                    "depends_on": [
                        "google_service_account_key.size_group_service_account_key"
                    ],
                    "primary": {
                        "id": "falabella/size-group-gcp-auth",
                        "attributes": {
                            "data.%": "1",
                            "data.gcp_credentials.json": "{\n  \"type\": \"service_account\",\n  \"project_id\": \"falabella-catalyst-bu-dev\",\n  \"private_key_id\": \"cd30df5a016028fbe270a0c45917fb0e518b6885\",\n  \"private_key\": \"-----BEGIN PRIVATE KEY-----\\nMIIEvAIBADANBgkqhkiG9w0BAQEFAASCBKYwggSiAgEAAoIBAQC9ZYMXFASKaNhQ\\najXnGHzbyP395FyOuc4PhOWLSCMIF0wqALWC5/MRH//cqANgB2qzTbYo7K8jkHuX\\nkaHmtK2+ezRycUXxN0VwMeb1BjSPL8qmTp3p7PU1yy0DzmB6Ll8YzK6DMiCez3Q5\\nJWVevEfqTK9SLWA4vZPPxrG+mYPJeUamfCff6WukoCQPqKluJ73OzyVWZX+qYjPA\\nxdogkLAQ0a42KGWr8J8P6YHE6GvDNd8zau/nhYz+Qvuq5VeaMu1qa+XS5JnNamKE\\n01/nlxsKMr+mfy3NDjr0L5OIvAylUwWhke3mz4BW25logegbcHXQVXRSvLhz1jFy\\n4MlqPkTvAgMBAAECggEASjhmM1yOXPkyT+0XW40unOi6lEzx8qKgvFctpzPpOon6\\nuHkXqImiKONb3sperDqr10FMceQyzCKaNG8HPcQvVDau+mwmZx1sUkfUBNBeN4CY\\njyy+2IWaIG8TIGs3Rpo2fR71AofZ3bJZju13OLVbD1fm2rLagtHUA3gPfqxlR0XY\\nIYFfAKaRSzjetO0Nt5lWKoM9GPW0D2vObsB1HG9YT5155mPPFox4JSZGueAbbpMg\\nfoC8PSyQXmL1wiPrduXqpQBsyimJ0xqD4AuYkQrPHagGWSfMq2Qi/ys94hK1YW/U\\nuCjtHCjS1jf9IaRV9Fvxen93uf/2wlvrkX+Tudty8QKBgQD3sD6E5Oud1BlZJBo7\\ncXUe9E+BwvOiH9HlSyivOzU8FMfRgEzXZYQ2x64qJFSwdSYqLXG3kUcJPA/SqFUz\\nUdCCIjSht2yNAwO6Q4wgdm4SJhJaGVHGMPs0MBZnSpGT2zIOoYVQ1nlkQhfAUHQm\\n4nc979I8NgeIVRK45N/L0EOCvwKBgQDDwIOOZYR156uZiUznhNfsM2Sf+wXiGGht\\nLMPKGpsnwrSWOU/Z6GQTxz5HcWF+18wBLn2bI68hns+DznBypF09hn6Wmb+rVpiG\\n2Nhb6zuu3JHKjJe/rxXCPSGCq9EOMlX48vHui51gBEo03zPIAPXFYGfsxna7Taus\\nX580Gfw50QKBgEQDdWdwpPJ152/+5eUkxpB1bc+oBNaj/jMEbGuRypBw9F2m6XLM\\nQX35Xu3bhBXgVVaHnA5YKjVy9LVX2+13rdXOJr2xbHFcPo3LNpNDcf4xziBHi5js\\nok42VjCO3WLIcfpqh/0mp7bMH1GDxiFXVn7/d69o9rCNC9MRphKFYcRpAoGAf8/o\\nVgaU2YM9uQ88BoLnlRLtZcO6UKkNLhOndwOuQOTRkrCzIZ2qEnvqfy1Zsj9mtXLM\\nkopXJEWUSwR0yXXmZ3C0oNKcolv1VT6q7kGGg6MDElSAFKlWNLBDfBWBd5qIJfdC\\n3jWMuQ+0ABeosLNnxcsvsBrZlWyeZfs9cQByfrECgYAeA1XPeFApDnoTWLAGUPlo\\nqQ2ZEQ8PdLY8hJe6ciezC3ZUYvFU99QtIEPobrTGlCTfNihFKrBOjoCbi0nZriHK\\nCCfB4G5huD3he2rqwAgmFSt9o0vAIUfB0ACI/fgup4tk0qYp/3p58yB/Orm4zIiJ\\n8kOO83CQ8maUlZENtxk9gA==\\n-----END PRIVATE KEY-----\\n\",\n  \"client_email\": \"size-group@falabella-catalyst-bu-dev.iam.gserviceaccount.com\",\n  \"client_id\": \"117969273495638940632\",\n  \"auth_uri\": \"https://accounts.google.com/o/oauth2/auth\",\n  \"token_uri\": \"https://oauth2.googleapis.com/token\",\n  \"auth_provider_x509_cert_url\": \"https://www.googleapis.com/oauth2/v1/certs\",\n  \"client_x509_cert_url\": \"https://www.googleapis.com/robot/v1/metadata/x509/size-group%40falabella-catalyst-bu-dev.iam.gserviceaccount.com\"\n}\n",
                            "id": "falabella/size-group-gcp-auth",
                            "metadata.#": "1",
                            "metadata.0.annotations.%": "0",
                            "metadata.0.generate_name": "",
                            "metadata.0.generation": "0",
                            "metadata.0.labels.%": "0",
                            "metadata.0.name": "size-group-gcp-auth",
                            "metadata.0.namespace": "falabella",
                            "metadata.0.resource_version": "17795988",
                            "metadata.0.self_link": "/api/v1/namespaces/falabella/secrets/size-group-gcp-auth",
                            "metadata.0.uid": "b5202887-0466-11ea-b65d-42010a090009",
                            "type": "Opaque"
                        },
                        "meta": {},
                        "tainted": false
                    },
                    "deposed": [],
                    "provider": "provider.kubernetes.gke_v2"
                },
                "kubernetes_secret.ui_service_account_credential_v2": {
                    "type": "kubernetes_secret",
                    "depends_on": [
                        "google_service_account_key.ui_service_account_key"
                    ],
                    "primary": {
                        "id": "falabella/falabella-b2c-ui-gcp-auth",
                        "attributes": {
                            "data.%": "1",
                            "data.gcp_credentials.json": "{\n  \"type\": \"service_account\",\n  \"project_id\": \"falabella-catalyst-bu-dev\",\n  \"private_key_id\": \"8ad190bbf132eb1ee4edd751899697fd91117c24\",\n  \"private_key\": \"-----BEGIN PRIVATE KEY-----\\nMIIEvwIBADANBgkqhkiG9w0BAQEFAASCBKkwggSlAgEAAoIBAQC4LhG4t4up8Th9\\nOqRr1ybp5VHAmldpZhtj3Jo5+CiHH+Mcp8Kvled/8iAWzgkG+v28Iy0SO7YfPxCP\\nkYVkZ1bLmtUnRT5hFDbkGnp9NxLQDAQI8VXQTLttTGFBNJZ2j55bHzw9Y3+ChASy\\n5ceRTPNBfKU5C7D1VCO6MNvLxSjhJ5fUqZfeAxQ3SSLGjEhyjW8e+KGvbuNNIeE4\\nvYU/9h+B7qMlbDUWus4ed05JkqLT1PHV1mY3fOD/d8WJ5l0fsRAKpddTw58yZ0Qg\\nOnp8B7vRagxZ+dw5Pg57ouf2AzZtYMLkR2bWMbxH0OzSx7Ex49GWAbmzk98VGPXT\\nG5sXqRf7AgMBAAECggEABUITcXGUBCsF0NVuwkFnNAA/AD+nxTOMDqLKqGMETS9E\\n3ZmQflDKRiXUcrI5IcDio49hhwa7YVL8lwyxgTdODAwEj9VzPXRFSOfUnWSIHfZp\\n2xOAvqyiITGwCRuGPCZHgBR5NMt1ZXV9aNoUg3pt622yjdlemPJo/rTMYZnkW+Eo\\nF191fBcbmWCpBlWBNB8EEHImKjO6AlEy5HCnhqC1WybkGLGC9dmjLekWWNpUx9d+\\nmGVPlKBXtHvsurJ4UoXVqQGtg8vr5JDu62VGE1AWsf1SSXUzvuvAyarVkkKnVapY\\n+aKqO+SEgZKB8IGuxDgTuYhvcf+NTSXPXBmcsm5LGQKBgQDbSbKqVXOWJpecPFxt\\n9bmp9Hib4PANj+Ve+OmUWCv+sqJGGgpvvDR0YNKifi1eJpkp472ktrPE947yhC+s\\nsJJrTCL1+NeHWDclLGQDUVpxaeEFMUreDR+JMO/sKztGtuTM9OBTbGY5crT7DoNE\\nhCJG5n6vFMQaTFnXNBKbxButNwKBgQDXA7S5U/BFN2EncnGXxKFkpBvIdfwASS4d\\nDE6KhYRZeXmeXfDv/lwRSQgblsMLL7ol0qPGBuKDfpZtI6atj8ypAet68ernfHyK\\nLbA6D/k6P5R7w6O+zjBZCitba4UVkdvJmyrj/tTlvqr+WkeIvck2LlOz8161xkS6\\nejumhVutXQKBgQCQ5xAisjig3XuNh+1j094NyjfweSDnNVDSAxUGK4VW1l+Yhxii\\nYPEgfeJx8YK1Fjhbj9v+/aOo4hUZd/Ow3zTBphvsAbUaAFbgP4cPEjD7hIVm0v2v\\n4WgXVbkUjDStM6nZLW8WcSjTiVLCGwLuwYmM5D6OHuC+p/kt1YD+YQYQ3QKBgQCM\\ncedChwmSrLHRSnfYYp/pVSiwsCCDL0nnv3ouETh6GVbPkx0mJkeNIt8g5kFQtUQq\\nIITJfQXITo+Dip39EMjmPFLMY+jEfBP9TgqmYnixC4a5sPjsUVJTVskrVfgANt4R\\nukEx2+rEht66dc30C8O6mFgkWvuqUG/kPqNoCgPwIQKBgQCmwGJ5QYWiREiMdSLt\\ninz4blYhvA40KjMbreLtvHRZhwnPmPmUM1w1d/dbEYBMEEKWn9EGTKT0AD31aYxG\\n6CDOkWZ1wrpBBh9+cDmJ+GHj8xfP/k7y0WXjVLew/0bIsxVRyk+R5g3SHK+oV5XM\\nZ8p55Hl/iYqTnMeWom4sDM0V3Q==\\n-----END PRIVATE KEY-----\\n\",\n  \"client_email\": \"falabella-bu-ui@falabella-catalyst-bu-dev.iam.gserviceaccount.com\",\n  \"client_id\": \"106576759747021774097\",\n  \"auth_uri\": \"https://accounts.google.com/o/oauth2/auth\",\n  \"token_uri\": \"https://oauth2.googleapis.com/token\",\n  \"auth_provider_x509_cert_url\": \"https://www.googleapis.com/oauth2/v1/certs\",\n  \"client_x509_cert_url\": \"https://www.googleapis.com/robot/v1/metadata/x509/falabella-bu-ui%40falabella-catalyst-bu-dev.iam.gserviceaccount.com\"\n}\n",
                            "id": "falabella/falabella-b2c-ui-gcp-auth",
                            "metadata.#": "1",
                            "metadata.0.annotations.%": "0",
                            "metadata.0.generate_name": "",
                            "metadata.0.generation": "0",
                            "metadata.0.labels.%": "0",
                            "metadata.0.name": "falabella-b2c-ui-gcp-auth",
                            "metadata.0.namespace": "falabella",
                            "metadata.0.resource_version": "44394",
                            "metadata.0.self_link": "/api/v1/namespaces/falabella/secrets/falabella-b2c-ui-gcp-auth",
                            "metadata.0.uid": "b92df99b-d9ff-11e9-9c46-42010a090009",
                            "type": "Opaque"
                        },
                        "meta": {},
                        "tainted": false
                    },
                    "deposed": [],
                    "provider": "provider.kubernetes.gke_v2"
                }
            },
            "depends_on": []
        },
        {
            "path": [
                "root",
                "gke_v2"
            ],
            "outputs": {
                "gke_cluster_client_certificate": {
                    "sensitive": false,
                    "type": "string",
                    "value": ""
                },
                "gke_cluster_client_key": {
                    "sensitive": false,
                    "type": "string",
                    "value": ""
                },
                "gke_cluster_cluster_ca_certificate": {
                    "sensitive": false,
                    "type": "string",
                    "value": "LS0tLS1CRUdJTiBDRVJUSUZJQ0FURS0tLS0tCk1JSURDekNDQWZPZ0F3SUJBZ0lRUlJySmI5Mi96WnN2aDY0QkF4ZzlBREFOQmdrcWhraUc5dzBCQVFzRkFEQXYKTVMwd0t3WURWUVFERXlRME1EWmlNRFZrTmkxaU16TXlMVFJtTUdFdE9XWmhNUzFpWVdFeE16UTVOekl5WkdRdwpIaGNOTVRrd09URTRNRFUxTXpNeVdoY05NalF3T1RFMk1EWTFNek15V2pBdk1TMHdLd1lEVlFRREV5UTBNRFppCk1EVmtOaTFpTXpNeUxUUm1NR0V0T1daaE1TMWlZV0V4TXpRNU56SXlaR1F3Z2dFaU1BMEdDU3FHU0liM0RRRUIKQVFVQUE0SUJEd0F3Z2dFS0FvSUJBUUNoekQ5OGw0dVRsVHBzeStDeEpLSnhaclRFdDgvVEQvRm1hNzVkVGNORgpEWTVkMXVUZGFqYTNiZnFONHVTRXhjUVZWNXpKYk1qRzNERHRFUDFtVzlQUDdER2F3M0VRaW0wRDY4akp1bE5jCm9hSzhaaU42M3RvWlBaa0E2dElDdkREWmhJOEZVaGtzaVhzVmFYQ3lwVURVd1l5aSthZU1JbFhNOU00WnpoY1MKcWsyWFdmcnBkZkxxVEpuaEtOWUMzY0lKU1RRdXpTa3JjUTFOaldXcG92NzhnWm9Yb3pGQ3krRXdNbk5iSm9zRwo4VWlIbFUvWkoyZXh4NEs0aEVlL3hEeURsWDlnc2xUc1NpeUhXVEJNVmd1MUQyNjk3WlBJZldiTENHeWJ6MmFRCmE4UTZhRHJ6K1QxWVpBdzZPT1MzN0RGRWJkMkxLbnBmZDczREM4K2tTZEdCQWdNQkFBR2pJekFoTUE0R0ExVWQKRHdFQi93UUVBd0lDQkRBUEJnTlZIUk1CQWY4RUJUQURBUUgvTUEwR0NTcUdTSWIzRFFFQkN3VUFBNElCQVFBRQpMUDd1TGxZNjUzVm0wL3VRaW4xeFJqYTVSZFpLSXk3NjhCNWJCWUNESHVrWkE0Y2RkeCtXT0g0VFBoY0poejJoCmlmeVA5blgzNjRJT3V2WE1Cd00xd3pIY1hBcGlqdEZYSTlQQ0ZIUWt2MjhZT2VZWnNpdDJLZ0pOS3JNRG1IQlMKbDc2dDFHVSs2TTdENk9nc3E4N3hHc0x1Ni9ra0RwMzlZNkdwOGYxZXVOU29XMG9FbTZ4WWs1eVkyeDZyS00veQpLQUFQWW1UN1g0YkQ3N1g3eW9Db2lDeFFLcXl0NXdFY2xHWVFZRjlkRWdCTk1WVFFiTnJHMnd3ZWFuSnZTUjNRCkJReWVhdk8rMXBXS2RpUW41S2c3L3pRZmUzR1pCYVVEMW11UUVzV1NoMFhINkp0aktHRnJGWjdySndMM1ZKdEgKbVdSb212U2lIRTJOVUtpeHlZdEkKLS0tLS1FTkQgQ0VSVElGSUNBVEUtLS0tLQo="
                },
                "gke_cluster_endpoint": {
                    "sensitive": false,
                    "type": "string",
                    "value": "35.245.243.185"
                },
                "gke_cluster_nodepool_name": {
                    "sensitive": false,
                    "type": "string",
                    "value": "fa-dev-cluster-v2-node-pool"
                },
                "google_client_config_access_token": {
                    "sensitive": false,
                    "type": "string",
                    "value": "ya29.c.KqMB4wdG88cGu5FW8QBObAhvZ-nCYPD9wK3Is18E-7RyrguZ0SA-GouVAnJxwerr-VvebRUSGcz16kZChBAcg02mkhWTl6r9CHRM3QIrk3UhoSP01QcHhTvZXeF4yXbnn4Dt7Tq2hl4fDJHM5r1ZUAY107pn73ubBV0TEtiEiCE_SdqPx9XBkpT_ekrhL2LduELXGA1j1j3lAzPuMC4dqiW4y8-2NA"
                }
            },
            "resources": {
                "data.google_client_config.default": {
                    "type": "google_client_config",
                    "depends_on": [],
                    "primary": {
                        "id": "2020-11-03 04:48:56.313547962 +0000 UTC",
                        "attributes": {
                            "access_token": "ya29.c.KqMB4wdG88cGu5FW8QBObAhvZ-nCYPD9wK3Is18E-7RyrguZ0SA-GouVAnJxwerr-VvebRUSGcz16kZChBAcg02mkhWTl6r9CHRM3QIrk3UhoSP01QcHhTvZXeF4yXbnn4Dt7Tq2hl4fDJHM5r1ZUAY107pn73ubBV0TEtiEiCE_SdqPx9XBkpT_ekrhL2LduELXGA1j1j3lAzPuMC4dqiW4y8-2NA",
                            "id": "2020-11-03 04:48:56.313547962 +0000 UTC",
                            "project": "falabella-catalyst-bu-dev",
                            "region": "us-east4",
                            "zone": ""
                        },
                        "meta": {},
                        "tainted": false
                    },
                    "deposed": [],
                    "provider": "provider.google"
                },
                "data.google_project.project": {
                    "type": "google_project",
                    "depends_on": [],
                    "primary": {
                        "id": "falabella-catalyst-bu-dev",
                        "attributes": {
                            "app_engine.#": "0",
                            "folder_id": "529230597783",
                            "id": "falabella-catalyst-bu-dev",
                            "labels.%": "11",
                            "labels.bs-cap": "srch",
                            "labels.bs-dom": "drmb",
                            "labels.bu": "fal",
                            "labels.cc-id": "98006261",
                            "labels.cc-name": "browse",
                            "labels.cc-tech": "ktewari",
                            "labels.country": "corp",
                            "labels.env": "dev",
                            "labels.ind": "corp",
                            "labels.ppm-id": "0",
                            "labels.test": "123",
                            "name": "falabella-catalyst-bu-dev",
                            "number": "413656206637",
                            "org_id": "",
                            "project_id": "falabella-catalyst-bu-dev"
                        },
                        "meta": {},
                        "tainted": false
                    },
                    "deposed": [],
                    "provider": "provider.google"
                },
                "google_container_cluster.gke_cluster": {
                    "type": "google_container_cluster",
                    "depends_on": [
                        "google_project_iam_member.container_service_account"
                    ],
                    "primary": {
                        "id": "fa-dev-cluster-v2",
                        "attributes": {
                            "additional_zones.#": "3",
                            "additional_zones.1009634651": "us-east4-a",
                            "additional_zones.236695513": "us-east4-c",
                            "additional_zones.385916568": "us-east4-b",
                            "addons_config.#": "1",
                            "addons_config.0.cloudrun_config.#": "0",
                            "addons_config.0.horizontal_pod_autoscaling.#": "0",
                            "addons_config.0.http_load_balancing.#": "1",
                            "addons_config.0.http_load_balancing.0.disabled": "true",
                            "addons_config.0.istio_config.#": "1",
                            "addons_config.0.istio_config.0.auth": "",
                            "addons_config.0.istio_config.0.disabled": "true",
                            "addons_config.0.kubernetes_dashboard.#": "1",
                            "addons_config.0.kubernetes_dashboard.0.disabled": "false",
                            "addons_config.0.network_policy_config.#": "1",
                            "addons_config.0.network_policy_config.0.disabled": "true",
                            "authenticator_groups_config.#": "0",
                            "cluster_autoscaling.#": "1",
                            "cluster_autoscaling.0.enabled": "false",
                            "cluster_autoscaling.0.resource_limits.#": "0",
                            "cluster_ipv4_cidr": "10.7.0.0/16",
                            "database_encryption.#": "1",
                            "database_encryption.0.key_name": "",
                            "database_encryption.0.state": "DECRYPTED",
                            "default_max_pods_per_node": "110",
                            "description": "",
                            "enable_binary_authorization": "false",
                            "enable_intranode_visibility": "false",
                            "enable_kubernetes_alpha": "false",
                            "enable_legacy_abac": "false",
                            "enable_shielded_nodes": "false",
                            "enable_tpu": "false",
                            "endpoint": "35.245.243.185",
                            "id": "fa-dev-cluster-v2",
                            "initial_node_count": "1",
                            "instance_group_urls.#": "3",
                            "instance_group_urls.0": "https://www.googleapis.com/compute/beta/projects/falabella-catalyst-bu-dev/zones/us-east4-b/instanceGroups/gke-fa-dev-cluster-v-fa-dev-cluster-v-07ea053b-grp",
                            "instance_group_urls.1": "https://www.googleapis.com/compute/beta/projects/falabella-catalyst-bu-dev/zones/us-east4-a/instanceGroups/gke-fa-dev-cluster-v-fa-dev-cluster-v-17b7e862-grp",
                            "instance_group_urls.2": "https://www.googleapis.com/compute/beta/projects/falabella-catalyst-bu-dev/zones/us-east4-c/instanceGroups/gke-fa-dev-cluster-v-fa-dev-cluster-v-85690055-grp",
                            "ip_allocation_policy.#": "1",
                            "ip_allocation_policy.0.cluster_ipv4_cidr_block": "10.7.0.0/16",
                            "ip_allocation_policy.0.cluster_secondary_range_name": "cluster-pod-ip-range-v2",
                            "ip_allocation_policy.0.create_subnetwork": "false",
                            "ip_allocation_policy.0.node_ipv4_cidr_block": "10.6.0.0/16",
                            "ip_allocation_policy.0.services_ipv4_cidr_block": "10.8.0.0/20",
                            "ip_allocation_policy.0.services_secondary_range_name": "service-ip-range-v2",
                            "ip_allocation_policy.0.subnetwork_name": "",
                            "ip_allocation_policy.0.use_ip_aliases": "true",
                            "location": "us-east4",
                            "logging_service": "logging.googleapis.com/kubernetes",
                            "maintenance_policy.#": "1",
                            "maintenance_policy.0.daily_maintenance_window.#": "1",
                            "maintenance_policy.0.daily_maintenance_window.0.duration": "PT4H0M0S",
                            "maintenance_policy.0.daily_maintenance_window.0.start_time": "03:00",
                            "maintenance_policy.0.recurring_window.#": "0",
                            "master_auth.#": "1",
                            "master_auth.0.client_certificate": "",
                            "master_auth.0.client_certificate_config.#": "1",
                            "master_auth.0.client_certificate_config.0.issue_client_certificate": "false",
                            "master_auth.0.client_key": "",
                            "master_auth.0.cluster_ca_certificate": "LS0tLS1CRUdJTiBDRVJUSUZJQ0FURS0tLS0tCk1JSURDekNDQWZPZ0F3SUJBZ0lRUlJySmI5Mi96WnN2aDY0QkF4ZzlBREFOQmdrcWhraUc5dzBCQVFzRkFEQXYKTVMwd0t3WURWUVFERXlRME1EWmlNRFZrTmkxaU16TXlMVFJtTUdFdE9XWmhNUzFpWVdFeE16UTVOekl5WkdRdwpIaGNOTVRrd09URTRNRFUxTXpNeVdoY05NalF3T1RFMk1EWTFNek15V2pBdk1TMHdLd1lEVlFRREV5UTBNRFppCk1EVmtOaTFpTXpNeUxUUm1NR0V0T1daaE1TMWlZV0V4TXpRNU56SXlaR1F3Z2dFaU1BMEdDU3FHU0liM0RRRUIKQVFVQUE0SUJEd0F3Z2dFS0FvSUJBUUNoekQ5OGw0dVRsVHBzeStDeEpLSnhaclRFdDgvVEQvRm1hNzVkVGNORgpEWTVkMXVUZGFqYTNiZnFONHVTRXhjUVZWNXpKYk1qRzNERHRFUDFtVzlQUDdER2F3M0VRaW0wRDY4akp1bE5jCm9hSzhaaU42M3RvWlBaa0E2dElDdkREWmhJOEZVaGtzaVhzVmFYQ3lwVURVd1l5aSthZU1JbFhNOU00WnpoY1MKcWsyWFdmcnBkZkxxVEpuaEtOWUMzY0lKU1RRdXpTa3JjUTFOaldXcG92NzhnWm9Yb3pGQ3krRXdNbk5iSm9zRwo4VWlIbFUvWkoyZXh4NEs0aEVlL3hEeURsWDlnc2xUc1NpeUhXVEJNVmd1MUQyNjk3WlBJZldiTENHeWJ6MmFRCmE4UTZhRHJ6K1QxWVpBdzZPT1MzN0RGRWJkMkxLbnBmZDczREM4K2tTZEdCQWdNQkFBR2pJekFoTUE0R0ExVWQKRHdFQi93UUVBd0lDQkRBUEJnTlZIUk1CQWY4RUJUQURBUUgvTUEwR0NTcUdTSWIzRFFFQkN3VUFBNElCQVFBRQpMUDd1TGxZNjUzVm0wL3VRaW4xeFJqYTVSZFpLSXk3NjhCNWJCWUNESHVrWkE0Y2RkeCtXT0g0VFBoY0poejJoCmlmeVA5blgzNjRJT3V2WE1Cd00xd3pIY1hBcGlqdEZYSTlQQ0ZIUWt2MjhZT2VZWnNpdDJLZ0pOS3JNRG1IQlMKbDc2dDFHVSs2TTdENk9nc3E4N3hHc0x1Ni9ra0RwMzlZNkdwOGYxZXVOU29XMG9FbTZ4WWs1eVkyeDZyS00veQpLQUFQWW1UN1g0YkQ3N1g3eW9Db2lDeFFLcXl0NXdFY2xHWVFZRjlkRWdCTk1WVFFiTnJHMnd3ZWFuSnZTUjNRCkJReWVhdk8rMXBXS2RpUW41S2c3L3pRZmUzR1pCYVVEMW11UUVzV1NoMFhINkp0aktHRnJGWjdySndMM1ZKdEgKbVdSb212U2lIRTJOVUtpeHlZdEkKLS0tLS1FTkQgQ0VSVElGSUNBVEUtLS0tLQo=",
                            "master_auth.0.password": "",
                            "master_auth.0.username": "",
                            "master_authorized_networks_config.#": "1",
                            "master_authorized_networks_config.0.cidr_blocks.#": "1",
                            "master_authorized_networks_config.0.cidr_blocks.2463153203.cidr_block": "0.0.0.0/0",
                            "master_authorized_networks_config.0.cidr_blocks.2463153203.display_name": "Disabled",
                            "master_version": "1.15.12-gke.20",
                            "min_master_version": "1.13.7-gke.8",
                            "monitoring_service": "monitoring.googleapis.com/kubernetes",
                            "name": "fa-dev-cluster-v2",
                            "network": "projects/falabella-catalyst-bu-dev/global/networks/falabella-dev-network",
                            "network_policy.#": "1",
                            "network_policy.0.enabled": "false",
                            "network_policy.0.provider": "PROVIDER_UNSPECIFIED",
                            "node_config.#": "1",
                            "node_config.0.disk_size_gb": "100",
                            "node_config.0.disk_type": "pd-standard",
                            "node_config.0.guest_accelerator.#": "0",
                            "node_config.0.image_type": "COS",
                            "node_config.0.labels.%": "2",
                            "node_config.0.labels.environment": "dev",
                            "node_config.0.labels.project": "falabella-dev",
                            "node_config.0.local_ssd_count": "0",
                            "node_config.0.machine_type": "n1-standard-2",
                            "node_config.0.metadata.%": "1",
                            "node_config.0.metadata.disable-legacy-endpoints": "true",
                            "node_config.0.min_cpu_platform": "",
                            "node_config.0.oauth_scopes.#": "13",
                            "node_config.0.oauth_scopes.1277378754": "https://www.googleapis.com/auth/monitoring",
                            "node_config.0.oauth_scopes.1369483056": "https://www.googleapis.com/auth/cloud_debugger",
                            "node_config.0.oauth_scopes.1632638332": "https://www.googleapis.com/auth/devstorage.read_only",
                            "node_config.0.oauth_scopes.172152165": "https://www.googleapis.com/auth/logging.write",
                            "node_config.0.oauth_scopes.1733087937": "https://www.googleapis.com/auth/cloud-platform",
                            "node_config.0.oauth_scopes.2224709590": "https://www.googleapis.com/auth/taskqueue",
                            "node_config.0.oauth_scopes.299962681": "https://www.googleapis.com/auth/compute",
                            "node_config.0.oauth_scopes.316356861": "https://www.googleapis.com/auth/service.management.readonly",
                            "node_config.0.oauth_scopes.3663490875": "https://www.googleapis.com/auth/servicecontrol",
                            "node_config.0.oauth_scopes.3859019814": "https://www.googleapis.com/auth/trace.append",
                            "node_config.0.oauth_scopes.4002673104": "https://www.googleapis.com/auth/pubsub",
                            "node_config.0.oauth_scopes.4177124133": "https://www.googleapis.com/auth/monitoring.write",
                            "node_config.0.oauth_scopes.4205865871": "https://www.googleapis.com/auth/sqlservice.admin",
                            "node_config.0.preemptible": "true",
                            "node_config.0.sandbox_config.#": "0",
                            "node_config.0.service_account": "default",
                            "node_config.0.shielded_instance_config.#": "1",
                            "node_config.0.shielded_instance_config.0.enable_integrity_monitoring": "true",
                            "node_config.0.shielded_instance_config.0.enable_secure_boot": "false",
                            "node_config.0.tags.#": "1",
                            "node_config.0.tags.0": "dev",
                            "node_config.0.taint.#": "0",
                            "node_config.0.workload_metadata_config.#": "0",
                            "node_locations.#": "3",
                            "node_locations.1009634651": "us-east4-a",
                            "node_locations.236695513": "us-east4-c",
                            "node_locations.385916568": "us-east4-b",
                            "node_pool.#": "1",
                            "node_pool.0.autoscaling.#": "1",
                            "node_pool.0.autoscaling.0.max_node_count": "5",
                            "node_pool.0.autoscaling.0.min_node_count": "1",
                            "node_pool.0.initial_node_count": "1",
                            "node_pool.0.instance_group_urls.#": "3",
                            "node_pool.0.instance_group_urls.0": "https://www.googleapis.com/compute/v1/projects/falabella-catalyst-bu-dev/zones/us-east4-b/instanceGroupManagers/gke-fa-dev-cluster-v-fa-dev-cluster-v-07ea053b-grp",
                            "node_pool.0.instance_group_urls.1": "https://www.googleapis.com/compute/v1/projects/falabella-catalyst-bu-dev/zones/us-east4-a/instanceGroupManagers/gke-fa-dev-cluster-v-fa-dev-cluster-v-17b7e862-grp",
                            "node_pool.0.instance_group_urls.2": "https://www.googleapis.com/compute/v1/projects/falabella-catalyst-bu-dev/zones/us-east4-c/instanceGroupManagers/gke-fa-dev-cluster-v-fa-dev-cluster-v-85690055-grp",
                            "node_pool.0.management.#": "1",
                            "node_pool.0.management.0.auto_repair": "true",
                            "node_pool.0.management.0.auto_upgrade": "false",
                            "node_pool.0.max_pods_per_node": "110",
                            "node_pool.0.name": "fa-dev-cluster-v2-node-pool",
                            "node_pool.0.name_prefix": "",
                            "node_pool.0.node_config.#": "1",
                            "node_pool.0.node_config.0.disk_size_gb": "100",
                            "node_pool.0.node_config.0.disk_type": "pd-standard",
                            "node_pool.0.node_config.0.guest_accelerator.#": "0",
                            "node_pool.0.node_config.0.image_type": "COS",
                            "node_pool.0.node_config.0.labels.%": "2",
                            "node_pool.0.node_config.0.labels.environment": "dev",
                            "node_pool.0.node_config.0.labels.project": "falabella-dev",
                            "node_pool.0.node_config.0.local_ssd_count": "0",
                            "node_pool.0.node_config.0.machine_type": "n1-standard-2",
                            "node_pool.0.node_config.0.metadata.%": "1",
                            "node_pool.0.node_config.0.metadata.disable-legacy-endpoints": "true",
                            "node_pool.0.node_config.0.min_cpu_platform": "",
                            "node_pool.0.node_config.0.oauth_scopes.#": "13",
                            "node_pool.0.node_config.0.oauth_scopes.1277378754": "https://www.googleapis.com/auth/monitoring",
                            "node_pool.0.node_config.0.oauth_scopes.1369483056": "https://www.googleapis.com/auth/cloud_debugger",
                            "node_pool.0.node_config.0.oauth_scopes.1632638332": "https://www.googleapis.com/auth/devstorage.read_only",
                            "node_pool.0.node_config.0.oauth_scopes.172152165": "https://www.googleapis.com/auth/logging.write",
                            "node_pool.0.node_config.0.oauth_scopes.1733087937": "https://www.googleapis.com/auth/cloud-platform",
                            "node_pool.0.node_config.0.oauth_scopes.2224709590": "https://www.googleapis.com/auth/taskqueue",
                            "node_pool.0.node_config.0.oauth_scopes.299962681": "https://www.googleapis.com/auth/compute",
                            "node_pool.0.node_config.0.oauth_scopes.316356861": "https://www.googleapis.com/auth/service.management.readonly",
                            "node_pool.0.node_config.0.oauth_scopes.3663490875": "https://www.googleapis.com/auth/servicecontrol",
                            "node_pool.0.node_config.0.oauth_scopes.3859019814": "https://www.googleapis.com/auth/trace.append",
                            "node_pool.0.node_config.0.oauth_scopes.4002673104": "https://www.googleapis.com/auth/pubsub",
                            "node_pool.0.node_config.0.oauth_scopes.4177124133": "https://www.googleapis.com/auth/monitoring.write",
                            "node_pool.0.node_config.0.oauth_scopes.4205865871": "https://www.googleapis.com/auth/sqlservice.admin",
                            "node_pool.0.node_config.0.preemptible": "true",
                            "node_pool.0.node_config.0.sandbox_config.#": "0",
                            "node_pool.0.node_config.0.service_account": "default",
                            "node_pool.0.node_config.0.shielded_instance_config.#": "1",
                            "node_pool.0.node_config.0.shielded_instance_config.0.enable_integrity_monitoring": "true",
                            "node_pool.0.node_config.0.shielded_instance_config.0.enable_secure_boot": "false",
                            "node_pool.0.node_config.0.tags.#": "1",
                            "node_pool.0.node_config.0.tags.0": "dev",
                            "node_pool.0.node_config.0.taint.#": "0",
                            "node_pool.0.node_config.0.workload_metadata_config.#": "0",
                            "node_pool.0.node_count": "2",
                            "node_pool.0.node_locations.#": "3",
                            "node_pool.0.node_locations.1009634651": "us-east4-a",
                            "node_pool.0.node_locations.236695513": "us-east4-c",
                            "node_pool.0.node_locations.385916568": "us-east4-b",
                            "node_pool.0.version": "1.14.10-gke.36",
                            "node_version": "1.14.10-gke.36",
                            "pod_security_policy_config.#": "0",
                            "private_cluster_config.#": "1",
                            "private_cluster_config.0.enable_private_endpoint": "false",
                            "private_cluster_config.0.enable_private_nodes": "true",
                            "private_cluster_config.0.master_ipv4_cidr_block": "10.9.0.0/28",
                            "private_cluster_config.0.private_endpoint": "10.9.0.2",
                            "private_cluster_config.0.public_endpoint": "35.245.243.185",
                            "project": "falabella-catalyst-bu-dev",
                            "region": "us-east4",
                            "release_channel.#": "1",
                            "release_channel.0.channel": "UNSPECIFIED",
                            "remove_default_node_pool": "true",
                            "resource_labels.%": "2",
                            "resource_labels.environment": "dev",
                            "resource_labels.project": "falabella-dev",
                            "resource_usage_export_config.#": "0",
                            "services_ipv4_cidr": "10.8.0.0/20",
                            "subnetwork": "projects/falabella-catalyst-bu-dev/regions/us-east4/subnetworks/falabella-dev-subnetwork-v2",
                            "tpu_ipv4_cidr_block": "",
                            "vertical_pod_autoscaling.#": "0",
                            "workload_identity_config.#": "0"
                        },
                        "meta": {
                            "e2bfb730-ecaa-11e6-8f88-34363bc7c4c0": {
                                "create": 1800000000000,
                                "delete": 1800000000000,
                                "update": 3600000000000
                            },
                            "schema_version": "1"
                        },
                        "tainted": false
                    },
                    "deposed": [],
                    "provider": "provider.google-beta"
                },
                "google_container_node_pool.gke_cluster-nodepool": {
                    "type": "google_container_node_pool",
                    "depends_on": [
                        "google_container_cluster.gke_cluster"
                    ],
                    "primary": {
                        "id": "us-east4/fa-dev-cluster-v2/fa-dev-cluster-v2-node-pool",
                        "attributes": {
                            "autoscaling.#": "1",
                            "autoscaling.0.max_node_count": "5",
                            "autoscaling.0.min_node_count": "1",
                            "cluster": "fa-dev-cluster-v2",
                            "id": "us-east4/fa-dev-cluster-v2/fa-dev-cluster-v2-node-pool",
                            "initial_node_count": "1",
                            "instance_group_urls.#": "3",
                            "instance_group_urls.0": "https://www.googleapis.com/compute/v1/projects/falabella-catalyst-bu-dev/zones/us-east4-b/instanceGroupManagers/gke-fa-dev-cluster-v-fa-dev-cluster-v-07ea053b-grp",
                            "instance_group_urls.1": "https://www.googleapis.com/compute/v1/projects/falabella-catalyst-bu-dev/zones/us-east4-a/instanceGroupManagers/gke-fa-dev-cluster-v-fa-dev-cluster-v-17b7e862-grp",
                            "instance_group_urls.2": "https://www.googleapis.com/compute/v1/projects/falabella-catalyst-bu-dev/zones/us-east4-c/instanceGroupManagers/gke-fa-dev-cluster-v-fa-dev-cluster-v-85690055-grp",
                            "location": "us-east4",
                            "management.#": "1",
                            "management.0.auto_repair": "true",
                            "management.0.auto_upgrade": "false",
                            "max_pods_per_node": "110",
                            "name": "fa-dev-cluster-v2-node-pool",
                            "name_prefix": "",
                            "node_config.#": "1",
                            "node_config.0.disk_size_gb": "100",
                            "node_config.0.disk_type": "pd-standard",
                            "node_config.0.guest_accelerator.#": "0",
                            "node_config.0.image_type": "COS",
                            "node_config.0.labels.%": "2",
                            "node_config.0.labels.environment": "dev",
                            "node_config.0.labels.project": "falabella-dev",
                            "node_config.0.local_ssd_count": "0",
                            "node_config.0.machine_type": "n1-standard-2",
                            "node_config.0.metadata.%": "1",
                            "node_config.0.metadata.disable-legacy-endpoints": "true",
                            "node_config.0.min_cpu_platform": "",
                            "node_config.0.oauth_scopes.#": "13",
                            "node_config.0.oauth_scopes.1277378754": "https://www.googleapis.com/auth/monitoring",
                            "node_config.0.oauth_scopes.1369483056": "https://www.googleapis.com/auth/cloud_debugger",
                            "node_config.0.oauth_scopes.1632638332": "https://www.googleapis.com/auth/devstorage.read_only",
                            "node_config.0.oauth_scopes.172152165": "https://www.googleapis.com/auth/logging.write",
                            "node_config.0.oauth_scopes.1733087937": "https://www.googleapis.com/auth/cloud-platform",
                            "node_config.0.oauth_scopes.2224709590": "https://www.googleapis.com/auth/taskqueue",
                            "node_config.0.oauth_scopes.299962681": "https://www.googleapis.com/auth/compute",
                            "node_config.0.oauth_scopes.316356861": "https://www.googleapis.com/auth/service.management.readonly",
                            "node_config.0.oauth_scopes.3663490875": "https://www.googleapis.com/auth/servicecontrol",
                            "node_config.0.oauth_scopes.3859019814": "https://www.googleapis.com/auth/trace.append",
                            "node_config.0.oauth_scopes.4002673104": "https://www.googleapis.com/auth/pubsub",
                            "node_config.0.oauth_scopes.4177124133": "https://www.googleapis.com/auth/monitoring.write",
                            "node_config.0.oauth_scopes.4205865871": "https://www.googleapis.com/auth/sqlservice.admin",
                            "node_config.0.preemptible": "true",
                            "node_config.0.sandbox_config.#": "0",
                            "node_config.0.service_account": "default",
                            "node_config.0.shielded_instance_config.#": "1",
                            "node_config.0.shielded_instance_config.0.enable_integrity_monitoring": "true",
                            "node_config.0.shielded_instance_config.0.enable_secure_boot": "false",
                            "node_config.0.tags.#": "1",
                            "node_config.0.tags.0": "dev",
                            "node_config.0.taint.#": "0",
                            "node_config.0.workload_metadata_config.#": "0",
                            "node_count": "2",
                            "node_locations.#": "3",
                            "node_locations.1009634651": "us-east4-a",
                            "node_locations.236695513": "us-east4-c",
                            "node_locations.385916568": "us-east4-b",
                            "project": "falabella-catalyst-bu-dev",
                            "region": "us-east4",
                            "version": "1.14.10-gke.36"
                        },
                        "meta": {
                            "e2bfb730-ecaa-11e6-8f88-34363bc7c4c0": {
                                "create": 1800000000000,
                                "delete": 600000000000,
                                "update": 600000000000
                            },
                            "schema_version": "1"
                        },
                        "tainted": false
                    },
                    "deposed": [],
                    "provider": "provider.google-beta"
                },
                "google_project_iam_member.container_service_account": {
                    "type": "google_project_iam_member",
                    "depends_on": [
                        "data.google_project.project"
                    ],
                    "primary": {
                        "id": "falabella-catalyst-bu-dev/roles/cloudkms.cryptoKeyEncrypterDecrypter/serviceAccount:service-413656206637@container-engine-robot.iam.gserviceaccount.com",
                        "attributes": {
                            "etag": "BwWyzbwUdOs=",
                            "id": "falabella-catalyst-bu-dev/roles/cloudkms.cryptoKeyEncrypterDecrypter/serviceAccount:service-413656206637@container-engine-robot.iam.gserviceaccount.com",
                            "member": "serviceAccount:service-413656206637@container-engine-robot.iam.gserviceaccount.com",
                            "project": "falabella-catalyst-bu-dev",
                            "role": "roles/cloudkms.cryptoKeyEncrypterDecrypter"
                        },
                        "meta": {},
                        "tainted": false
                    },
                    "deposed": [],
                    "provider": "provider.google"
                }
            },
            "depends_on": []
        },
        {
            "path": [
                "root",
                "istio_gateway_faar_v2"
            ],
            "outputs": {},
            "resources": {
                "helm_release.istio_gateway": {
                    "type": "helm_release",
                    "depends_on": [],
                    "primary": {
                        "id": "falabella-com-ar-gateway",
                        "attributes": {
                            "chart": "/builds/catalyst/bu/falabella/b2c/deployment/infrastructure/.terraform/modules/3728d8c0ab30a6e006b8572e43669e5f/addons/istio-gateway/chart",
                            "disable_webhooks": "false",
                            "force_update": "false",
                            "id": "falabella-com-ar-gateway",
                            "metadata.#": "1",
                            "metadata.0.chart": "istio-gateway",
                            "metadata.0.name": "falabella-com-ar-gateway",
                            "metadata.0.namespace": "falabella",
                            "metadata.0.revision": "4",
                            "metadata.0.values": "gateway:\n  name: falabella-com-ar-gateway\ningress:\n  hosts:\n  - beta.falabella.com.ar\n  - dev.falabella.com.ar\n  - staging.falabella.com.ar\n  tls:\n    privateKey: /etc/istio/ingressgateway-certs/fa_ar_tls.key\n    serverCertificate: /etc/istio/ingressgateway-certs/fa_ar_tls.crt\n",
                            "metadata.0.version": "0.1.0",
                            "name": "falabella-com-ar-gateway",
                            "namespace": "falabella",
                            "recreate_pods": "false",
                            "reuse": "false",
                            "reuse_values": "false",
                            "status": "DEPLOYED",
                            "timeout": "300",
                            "values.#": "1",
                            "values.0": "gateway:\n  name: falabella-com-ar-gateway\n\ningress:\n  tls:\n      serverCertificate: /etc/istio/ingressgateway-certs/fa_ar_tls.crt\n      privateKey: /etc/istio/ingressgateway-certs/fa_ar_tls.key\n\n  hosts:\n    - beta.falabella.com.ar\n    - dev.falabella.com.ar\n    - staging.falabella.com.ar\n",
                            "verify": "false",
                            "version": "0.1.0",
                            "wait": "true"
                        },
                        "meta": {},
                        "tainted": false
                    },
                    "deposed": [],
                    "provider": "provider.helm.gke_v2"
                }
            },
            "depends_on": []
        },
        {
            "path": [
                "root",
                "istio_gateway_facl_v2"
            ],
            "outputs": {},
            "resources": {
                "helm_release.istio_gateway": {
                    "type": "helm_release",
                    "depends_on": [],
                    "primary": {
                        "id": "falabella-com-gateway",
                        "attributes": {
                            "chart": "/builds/catalyst/bu/falabella/b2c/deployment/infrastructure/.terraform/modules/1161c707d45862201c2408b41741f469/addons/istio-gateway/chart",
                            "disable_webhooks": "false",
                            "force_update": "false",
                            "id": "falabella-com-gateway",
                            "metadata.#": "1",
                            "metadata.0.chart": "istio-gateway",
                            "metadata.0.name": "falabella-com-gateway",
                            "metadata.0.namespace": "falabella",
                            "metadata.0.revision": "5",
                            "metadata.0.values": "gateway:\n  name: falabella-com-gateway\ningress:\n  hosts:\n  - beta.falabella.com\n  - dev.falabella.com\n  - staging.falabella.com\n  tls:\n    privateKey: /etc/istio/ingressgateway-certs/tls.key\n    serverCertificate: /etc/istio/ingressgateway-certs/tls.crt\n",
                            "metadata.0.version": "0.1.0",
                            "name": "falabella-com-gateway",
                            "namespace": "falabella",
                            "recreate_pods": "false",
                            "reuse": "false",
                            "reuse_values": "false",
                            "status": "DEPLOYED",
                            "timeout": "300",
                            "values.#": "1",
                            "values.0": "gateway:\n  name: falabella-com-gateway\n\ningress:\n  tls:\n      serverCertificate: /etc/istio/ingressgateway-certs/tls.crt\n      privateKey: /etc/istio/ingressgateway-certs/tls.key\n\n  hosts:\n    - beta.falabella.com\n    - dev.falabella.com\n    - staging.falabella.com\n",
                            "verify": "false",
                            "version": "0.1.0",
                            "wait": "true"
                        },
                        "meta": {},
                        "tainted": false
                    },
                    "deposed": [],
                    "provider": "provider.helm.gke_v2"
                }
            },
            "depends_on": []
        },
        {
            "path": [
                "root",
                "istio_gateway_faco_v2"
            ],
            "outputs": {},
            "resources": {
                "helm_release.istio_gateway": {
                    "type": "helm_release",
                    "depends_on": [],
                    "primary": {
                        "id": "falabella-com-co-gateway",
                        "attributes": {
                            "chart": "/builds/catalyst/bu/falabella/b2c/deployment/infrastructure/.terraform/modules/4bf8e613edfe219609702cf96f8e29be/addons/istio-gateway/chart",
                            "disable_webhooks": "false",
                            "force_update": "false",
                            "id": "falabella-com-co-gateway",
                            "metadata.#": "1",
                            "metadata.0.chart": "istio-gateway",
                            "metadata.0.name": "falabella-com-co-gateway",
                            "metadata.0.namespace": "falabella",
                            "metadata.0.revision": "5",
                            "metadata.0.values": "gateway:\n  name: falabella-com-co-gateway\ningress:\n  hosts:\n  - beta.falabella.com.co\n  - dev.falabella.com.co\n  - staging.falabella.com.co\n  tls:\n    privateKey: /etc/istio/ingressgateway-certs/fa_col_tls.key\n    serverCertificate: /etc/istio/ingressgateway-certs/fa_col_tls.crt\n",
                            "metadata.0.version": "0.1.0",
                            "name": "falabella-com-co-gateway",
                            "namespace": "falabella",
                            "recreate_pods": "false",
                            "reuse": "false",
                            "reuse_values": "false",
                            "status": "DEPLOYED",
                            "timeout": "300",
                            "values.#": "1",
                            "values.0": "gateway:\n  name: falabella-com-co-gateway\n\ningress:\n  tls:\n      serverCertificate: /etc/istio/ingressgateway-certs/fa_col_tls.crt\n      privateKey: /etc/istio/ingressgateway-certs/fa_col_tls.key\n\n  hosts:\n    - beta.falabella.com.co\n    - dev.falabella.com.co\n    - staging.falabella.com.co\n",
                            "verify": "false",
                            "version": "0.1.0",
                            "wait": "true"
                        },
                        "meta": {},
                        "tainted": false
                    },
                    "deposed": [],
                    "provider": "provider.helm.gke_v2"
                }
            },
            "depends_on": []
        },
        {
            "path": [
                "root",
                "istio_gateway_fape_v2"
            ],
            "outputs": {},
            "resources": {
                "helm_release.istio_gateway": {
                    "type": "helm_release",
                    "depends_on": [],
                    "primary": {
                        "id": "falabella-com-pe-gateway",
                        "attributes": {
                            "chart": "/builds/catalyst/bu/falabella/b2c/deployment/infrastructure/.terraform/modules/ce25bf12e5d23e2b77d84b242a51f098/addons/istio-gateway/chart",
                            "disable_webhooks": "false",
                            "force_update": "false",
                            "id": "falabella-com-pe-gateway",
                            "metadata.#": "1",
                            "metadata.0.chart": "istio-gateway",
                            "metadata.0.name": "falabella-com-pe-gateway",
                            "metadata.0.namespace": "falabella",
                            "metadata.0.revision": "4",
                            "metadata.0.values": "gateway:\n  name: falabella-com-pe-gateway\ningress:\n  hosts:\n  - beta.falabella.com.pe\n  - dev.falabella.com.pe\n  - staging.falabella.com.pe\n  tls:\n    privateKey: /etc/istio/ingressgateway-certs/fa_pe_tls.key\n    serverCertificate: /etc/istio/ingressgateway-certs/fa_pe_tls.crt\n",
                            "metadata.0.version": "0.1.0",
                            "name": "falabella-com-pe-gateway",
                            "namespace": "falabella",
                            "recreate_pods": "false",
                            "reuse": "false",
                            "reuse_values": "false",
                            "status": "DEPLOYED",
                            "timeout": "300",
                            "values.#": "1",
                            "values.0": "gateway:\n  name: falabella-com-pe-gateway\n\ningress:\n  tls:\n      serverCertificate: /etc/istio/ingressgateway-certs/fa_pe_tls.crt\n      privateKey: /etc/istio/ingressgateway-certs/fa_pe_tls.key\n\n  hosts:\n    - beta.falabella.com.pe\n    - dev.falabella.com.pe\n    - staging.falabella.com.pe",
                            "verify": "false",
                            "version": "0.1.0",
                            "wait": "true"
                        },
                        "meta": {},
                        "tainted": false
                    },
                    "deposed": [],
                    "provider": "provider.helm.gke_v2"
                }
            },
            "depends_on": []
        },
        {
            "path": [
                "root",
                "istio_telemetry_proxy"
            ],
            "outputs": {},
            "resources": {
                "helm_release.istio_gateway": {
                    "type": "helm_release",
                    "depends_on": [],
                    "primary": {
                        "id": "istio-telemetry-proxy",
                        "attributes": {
                            "chart": "/builds/catalyst/bu/falabella/b2c/deployment/infrastructure/.terraform/modules/625f94d6e475904660492b2bedae4ca6/addons/istio-telemetry-proxy/chart",
                            "disable_webhooks": "false",
                            "force_update": "false",
                            "id": "istio-telemetry-proxy",
                            "metadata.#": "1",
                            "metadata.0.chart": "istio-telemetry-proxy",
                            "metadata.0.name": "istio-telemetry-proxy",
                            "metadata.0.namespace": "monitoring",
                            "metadata.0.revision": "1",
                            "metadata.0.values": "gateways:\n- falabella-com-gateway.falabella.svc.cluster.local\ningress:\n  hosts:\n  - dev.falabella.com\n  uriPrefix: /prometheus\nprometheus:\n  secretName: prometheus-proxy-auth\n",
                            "metadata.0.version": "0.1.0",
                            "name": "istio-telemetry-proxy",
                            "namespace": "monitoring",
                            "recreate_pods": "false",
                            "reuse": "false",
                            "reuse_values": "false",
                            "set.#": "1",
                            "set.1173130510.name": "prometheus.secretName",
                            "set.1173130510.value": "prometheus-proxy-auth",
                            "status": "DEPLOYED",
                            "timeout": "300",
                            "values.#": "1",
                            "values.0": "gateways:\n  - falabella-com-gateway.falabella.svc.cluster.local\n\ningress:\n  uriPrefix: /prometheus\n  hosts:\n    - dev.falabella.com\n\nprometheus:\n  secretName: prometheus-proxy-auth\n",
                            "verify": "false",
                            "version": "0.1.0",
                            "wait": "true"
                        },
                        "meta": {},
                        "tainted": false
                    },
                    "deposed": [],
                    "provider": "provider.helm.gke_v2"
                }
            },
            "depends_on": []
        },
        {
            "path": [
                "root",
                "istio_v2"
            ],
            "outputs": {},
            "resources": {
                "helm_release.istio": {
                    "type": "helm_release",
                    "depends_on": [
                        "helm_release.istio-init",
                        "kubernetes_namespace.istio"
                    ],
                    "primary": {
                        "id": "istio",
                        "attributes": {
                            "chart": "/builds/catalyst/bu/falabella/b2c/deployment/infrastructure/.terraform/modules/2803c99fe0f874dc45fb0052002c619d/addons/istio/1.2.10/install/kubernetes/helm/istio",
                            "disable_webhooks": "false",
                            "force_update": "false",
                            "id": "istio",
                            "metadata.#": "1",
                            "metadata.0.chart": "istio",
                            "metadata.0.name": "istio",
                            "metadata.0.namespace": "istio-system",
                            "metadata.0.revision": "1",
                            "metadata.0.values": "gateways:\n  istio-ingressgateway:\n    autoscaleMax: 10\n    autoscaleMin: 1\n    loadBalancerIP: 35.245.8.13\nglobal:\n  proxy:\n    accessLogEncoding: JSON\n    accessLogFile: /dev/stdout\n",
                            "metadata.0.version": "1.2.10",
                            "name": "istio",
                            "namespace": "istio-system",
                            "recreate_pods": "false",
                            "reuse": "false",
                            "reuse_values": "false",
                            "set.#": "1",
                            "set.1400286306.name": "gateways.istio-ingressgateway.loadBalancerIP",
                            "set.1400286306.value": "35.245.8.13",
                            "status": "DEPLOYED",
                            "timeout": "300",
                            "values.#": "1",
                            "values.0": "global:\n  proxy:\n    accessLogFile: \"/dev/stdout\"\n    accessLogEncoding: \"JSON\"\n\ngateways:\n  istio-ingressgateway:\n    autoscaleMin: 1\n    autoscaleMax: 10",
                            "verify": "false",
                            "version": "1.2.10",
                            "wait": "true"
                        },
                        "meta": {},
                        "tainted": false
                    },
                    "deposed": [],
                    "provider": "provider.helm.gke_v2"
                },
                "helm_release.istio-init": {
                    "type": "helm_release",
                    "depends_on": [
                        "kubernetes_namespace.istio"
                    ],
                    "primary": {
                        "id": "istio-init",
                        "attributes": {
                            "chart": "/builds/catalyst/bu/falabella/b2c/deployment/infrastructure/.terraform/modules/2803c99fe0f874dc45fb0052002c619d/addons/istio/1.2.10/install/kubernetes/helm/istio-init",
                            "disable_webhooks": "false",
                            "force_update": "true",
                            "id": "istio-init",
                            "metadata.#": "1",
                            "metadata.0.chart": "istio-init",
                            "metadata.0.name": "istio-init",
                            "metadata.0.namespace": "istio-system",
                            "metadata.0.revision": "1",
                            "metadata.0.values": "{}\n",
                            "metadata.0.version": "1.2.10",
                            "name": "istio-init",
                            "namespace": "istio-system",
                            "recreate_pods": "false",
                            "reuse": "false",
                            "reuse_values": "false",
                            "status": "DEPLOYED",
                            "timeout": "300",
                            "verify": "false",
                            "version": "1.2.10",
                            "wait": "true"
                        },
                        "meta": {},
                        "tainted": false
                    },
                    "deposed": [],
                    "provider": "provider.helm.gke_v2"
                },
                "kubernetes_namespace.istio": {
                    "type": "kubernetes_namespace",
                    "depends_on": [],
                    "primary": {
                        "id": "istio-system",
                        "attributes": {
                            "id": "istio-system",
                            "metadata.#": "1",
                            "metadata.0.annotations.%": "1",
                            "metadata.0.annotations.name": "istio-system",
                            "metadata.0.generate_name": "",
                            "metadata.0.generation": "0",
                            "metadata.0.labels.%": "0",
                            "metadata.0.name": "istio-system",
                            "metadata.0.resource_version": "31328",
                            "metadata.0.self_link": "/api/v1/namespaces/istio-system",
                            "metadata.0.uid": "d4f1202f-d9f6-11e9-9c46-42010a090009"
                        },
                        "meta": {},
                        "tainted": false
                    },
                    "deposed": [],
                    "provider": "provider.kubernetes.gke_v2"
                }
            },
            "depends_on": []
        },
        {
            "path": [
                "root",
                "pubsub_falabella_availability"
            ],
            "outputs": {
                "id": {
                    "sensitive": false,
                    "type": "string",
                    "value": "projects/falabella-catalyst-bu-dev/topics/falabella-availability"
                },
                "subscription_names": {
                    "sensitive": false,
                    "type": "list",
                    "value": [
                        "falabella-availability-di"
                    ]
                },
                "subscription_paths": {
                    "sensitive": false,
                    "type": "list",
                    "value": [
                        "projects/falabella-catalyst-bu-dev/subscriptions/falabella-availability-di"
                    ]
                },
                "topic": {
                    "sensitive": false,
                    "type": "string",
                    "value": "falabella-availability"
                },
                "uri": {
                    "sensitive": false,
                    "type": "string",
                    "value": "pubsub.googleapis.com/projects/falabella-catalyst-bu-dev/topics/falabella-availability"
                }
            },
            "resources": {
                "google_pubsub_subscription.push_subscriptions": {
                    "type": "google_pubsub_subscription",
                    "depends_on": [
                        "google_pubsub_topic.topic"
                    ],
                    "primary": {
                        "id": "projects/falabella-catalyst-bu-dev/subscriptions/falabella-availability-di",
                        "attributes": {
                            "ack_deadline_seconds": "600",
                            "expiration_policy.#": "1",
                            "expiration_policy.0.ttl": "2678400s",
                            "id": "projects/falabella-catalyst-bu-dev/subscriptions/falabella-availability-di",
                            "labels.%": "0",
                            "message_retention_duration": "259200s",
                            "name": "falabella-availability-di",
                            "path": "projects/falabella-catalyst-bu-dev/subscriptions/falabella-availability-di",
                            "project": "falabella-catalyst-bu-dev",
                            "push_config.#": "1",
                            "push_config.0.attributes.%": "0",
                            "push_config.0.oidc_token.#": "1",
                            "push_config.0.oidc_token.0.audience": "",
                            "push_config.0.oidc_token.0.service_account_email": "di-push-pubsub-user@falabella-catalyst-bu-dev.iam.gserviceaccount.com",
                            "push_config.0.push_endpoint": "https://dev.falabella.com/fa-data-ingestion/pubsub-message",
                            "retain_acked_messages": "true",
                            "topic": "projects/falabella-catalyst-bu-dev/topics/falabella-availability"
                        },
                        "meta": {
                            "e2bfb730-ecaa-11e6-8f88-34363bc7c4c0": {
                                "create": 240000000000,
                                "delete": 240000000000,
                                "update": 240000000000
                            }
                        },
                        "tainted": false
                    },
                    "deposed": [],
                    "provider": "provider.google"
                },
                "google_pubsub_topic.topic": {
                    "type": "google_pubsub_topic",
                    "depends_on": [],
                    "primary": {
                        "id": "projects/falabella-catalyst-bu-dev/topics/falabella-availability",
                        "attributes": {
                            "id": "projects/falabella-catalyst-bu-dev/topics/falabella-availability",
                            "kms_key_name": "",
                            "labels.%": "0",
                            "message_storage_policy.#": "0",
                            "name": "falabella-availability",
                            "project": "falabella-catalyst-bu-dev"
                        },
                        "meta": {
                            "e2bfb730-ecaa-11e6-8f88-34363bc7c4c0": {
                                "create": 240000000000,
                                "delete": 240000000000
                            }
                        },
                        "tainted": false
                    },
                    "deposed": [],
                    "provider": "provider.google"
                }
            },
            "depends_on": []
        },
        {
            "path": [
                "root",
                "pubsub_falabella_catalog"
            ],
            "outputs": {
                "id": {
                    "sensitive": false,
                    "type": "string",
                    "value": "projects/falabella-catalyst-bu-dev/topics/falabella-catalog"
                },
                "subscription_names": {
                    "sensitive": false,
                    "type": "list",
                    "value": [
                        "falabella-catalog-di"
                    ]
                },
                "subscription_paths": {
                    "sensitive": false,
                    "type": "list",
                    "value": [
                        "projects/falabella-catalyst-bu-dev/subscriptions/falabella-catalog-di"
                    ]
                },
                "topic": {
                    "sensitive": false,
                    "type": "string",
                    "value": "falabella-catalog"
                },
                "uri": {
                    "sensitive": false,
                    "type": "string",
                    "value": "pubsub.googleapis.com/projects/falabella-catalyst-bu-dev/topics/falabella-catalog"
                }
            },
            "resources": {
                "google_pubsub_subscription.push_subscriptions": {
                    "type": "google_pubsub_subscription",
                    "depends_on": [
                        "google_pubsub_topic.topic"
                    ],
                    "primary": {
                        "id": "projects/falabella-catalyst-bu-dev/subscriptions/falabella-catalog-di",
                        "attributes": {
                            "ack_deadline_seconds": "30",
                            "expiration_policy.#": "1",
                            "expiration_policy.0.ttl": "2678400s",
                            "id": "projects/falabella-catalyst-bu-dev/subscriptions/falabella-catalog-di",
                            "labels.%": "0",
                            "message_retention_duration": "259200s",
                            "name": "falabella-catalog-di",
                            "path": "projects/falabella-catalyst-bu-dev/subscriptions/falabella-catalog-di",
                            "project": "falabella-catalyst-bu-dev",
                            "push_config.#": "1",
                            "push_config.0.attributes.%": "0",
                            "push_config.0.oidc_token.#": "1",
                            "push_config.0.oidc_token.0.audience": "",
                            "push_config.0.oidc_token.0.service_account_email": "di-push-pubsub-user@falabella-catalyst-bu-dev.iam.gserviceaccount.com",
                            "push_config.0.push_endpoint": "https://dev.falabella.com/fa-data-ingestion/pubsub-message",
                            "retain_acked_messages": "true",
                            "topic": "projects/falabella-catalyst-bu-dev/topics/falabella-catalog"
                        },
                        "meta": {
                            "e2bfb730-ecaa-11e6-8f88-34363bc7c4c0": {
                                "create": 240000000000,
                                "delete": 240000000000,
                                "update": 240000000000
                            }
                        },
                        "tainted": false
                    },
                    "deposed": [],
                    "provider": "provider.google"
                },
                "google_pubsub_topic.topic": {
                    "type": "google_pubsub_topic",
                    "depends_on": [],
                    "primary": {
                        "id": "projects/falabella-catalyst-bu-dev/topics/falabella-catalog",
                        "attributes": {
                            "id": "projects/falabella-catalyst-bu-dev/topics/falabella-catalog",
                            "kms_key_name": "",
                            "labels.%": "0",
                            "message_storage_policy.#": "0",
                            "name": "falabella-catalog",
                            "project": "falabella-catalyst-bu-dev"
                        },
                        "meta": {
                            "e2bfb730-ecaa-11e6-8f88-34363bc7c4c0": {
                                "create": 240000000000,
                                "delete": 240000000000
                            }
                        },
                        "tainted": false
                    },
                    "deposed": [],
                    "provider": "provider.google"
                }
            },
            "depends_on": []
        },
        {
            "path": [
                "root",
                "pubsub_falabella_price"
            ],
            "outputs": {
                "id": {
                    "sensitive": false,
                    "type": "string",
                    "value": "projects/falabella-catalyst-bu-dev/topics/falabella-price"
                },
                "subscription_names": {
                    "sensitive": false,
                    "type": "list",
                    "value": [
                        "falabella-price-di",
                        "falabella-price-linio"
                    ]
                },
                "subscription_paths": {
                    "sensitive": false,
                    "type": "list",
                    "value": [
                        "projects/falabella-catalyst-bu-dev/subscriptions/falabella-price-di",
                        "projects/falabella-catalyst-bu-dev/subscriptions/falabella-price-linio"
                    ]
                },
                "topic": {
                    "sensitive": false,
                    "type": "string",
                    "value": "falabella-price"
                },
                "uri": {
                    "sensitive": false,
                    "type": "string",
                    "value": "pubsub.googleapis.com/projects/falabella-catalyst-bu-dev/topics/falabella-price"
                }
            },
            "resources": {
                "google_pubsub_subscription.push_subscriptions.0": {
                    "type": "google_pubsub_subscription",
                    "depends_on": [
                        "google_pubsub_topic.topic"
                    ],
                    "primary": {
                        "id": "projects/falabella-catalyst-bu-dev/subscriptions/falabella-price-di",
                        "attributes": {
                            "ack_deadline_seconds": "600",
                            "expiration_policy.#": "1",
                            "expiration_policy.0.ttl": "2678400s",
                            "id": "projects/falabella-catalyst-bu-dev/subscriptions/falabella-price-di",
                            "labels.%": "0",
                            "message_retention_duration": "259200s",
                            "name": "falabella-price-di",
                            "path": "projects/falabella-catalyst-bu-dev/subscriptions/falabella-price-di",
                            "project": "falabella-catalyst-bu-dev",
                            "push_config.#": "1",
                            "push_config.0.attributes.%": "0",
                            "push_config.0.oidc_token.#": "1",
                            "push_config.0.oidc_token.0.audience": "",
                            "push_config.0.oidc_token.0.service_account_email": "di-push-pubsub-user@falabella-catalyst-bu-dev.iam.gserviceaccount.com",
                            "push_config.0.push_endpoint": "https://dev.falabella.com/fa-data-ingestion/pubsub-message",
                            "retain_acked_messages": "true",
                            "topic": "projects/falabella-catalyst-bu-dev/topics/falabella-price"
                        },
                        "meta": {
                            "e2bfb730-ecaa-11e6-8f88-34363bc7c4c0": {
                                "create": 240000000000,
                                "delete": 240000000000,
                                "update": 240000000000
                            }
                        },
                        "tainted": false
                    },
                    "deposed": [],
                    "provider": "provider.google"
                },
                "google_pubsub_subscription.push_subscriptions.1": {
                    "type": "google_pubsub_subscription",
                    "depends_on": [
                        "google_pubsub_topic.topic"
                    ],
                    "primary": {
                        "id": "projects/falabella-catalyst-bu-dev/subscriptions/falabella-price-linio",
                        "attributes": {
                            "ack_deadline_seconds": "600",
                            "expiration_policy.#": "1",
                            "expiration_policy.0.ttl": "2678400s",
                            "id": "projects/falabella-catalyst-bu-dev/subscriptions/falabella-price-linio",
                            "labels.%": "0",
                            "message_retention_duration": "259200s",
                            "name": "falabella-price-linio",
                            "path": "projects/falabella-catalyst-bu-dev/subscriptions/falabella-price-linio",
                            "project": "falabella-catalyst-bu-dev",
                            "push_config.#": "1",
                            "push_config.0.attributes.%": "0",
                            "push_config.0.oidc_token.#": "1",
                            "push_config.0.oidc_token.0.audience": "",
                            "push_config.0.oidc_token.0.service_account_email": "di-push-pubsub-user@falabella-catalyst-bu-dev.iam.gserviceaccount.com",
                            "push_config.0.push_endpoint": "https://thorfunctionstest.azurewebsites.net/webhooks/prices/falabella?code=JsBw2zwKAxHJ2N8IKA8masJrtFOaD7HzYvg1gOaj1eXq7CZcUW3IYQ==",
                            "retain_acked_messages": "true",
                            "topic": "projects/falabella-catalyst-bu-dev/topics/falabella-price"
                        },
                        "meta": {
                            "e2bfb730-ecaa-11e6-8f88-34363bc7c4c0": {
                                "create": 240000000000,
                                "delete": 240000000000,
                                "update": 240000000000
                            }
                        },
                        "tainted": false
                    },
                    "deposed": [],
                    "provider": "provider.google"
                },
                "google_pubsub_topic.topic": {
                    "type": "google_pubsub_topic",
                    "depends_on": [],
                    "primary": {
                        "id": "projects/falabella-catalyst-bu-dev/topics/falabella-price",
                        "attributes": {
                            "id": "projects/falabella-catalyst-bu-dev/topics/falabella-price",
                            "kms_key_name": "",
                            "labels.%": "0",
                            "message_storage_policy.#": "0",
                            "name": "falabella-price",
                            "project": "falabella-catalyst-bu-dev"
                        },
                        "meta": {
                            "e2bfb730-ecaa-11e6-8f88-34363bc7c4c0": {
                                "create": 240000000000,
                                "delete": 240000000000
                            }
                        },
                        "tainted": false
                    },
                    "deposed": [],
                    "provider": "provider.google"
                }
            },
            "depends_on": []
        },
        {
            "path": [
                "root",
                "pubsub_falabella_seller_order_created"
            ],
            "outputs": {
                "id": {
                    "sensitive": false,
                    "type": "string",
                    "value": "projects/falabella-catalyst-bu-dev/topics/falabella-seller-order-created"
                },
                "subscription_names": {
                    "sensitive": false,
                    "type": "list",
                    "value": [
                        "falabella-seller-order-created-pull"
                    ]
                },
                "subscription_paths": {
                    "sensitive": false,
                    "type": "list",
                    "value": [
                        "projects/falabella-catalyst-bu-dev/subscriptions/falabella-seller-order-created-pull"
                    ]
                },
                "topic": {
                    "sensitive": false,
                    "type": "string",
                    "value": "falabella-seller-order-created"
                },
                "uri": {
                    "sensitive": false,
                    "type": "string",
                    "value": "pubsub.googleapis.com/projects/falabella-catalyst-bu-dev/topics/falabella-seller-order-created"
                }
            },
            "resources": {
                "google_pubsub_subscription.pull_subscriptions": {
                    "type": "google_pubsub_subscription",
                    "depends_on": [
                        "google_pubsub_topic.topic"
                    ],
                    "primary": {
                        "id": "projects/falabella-catalyst-bu-dev/subscriptions/falabella-seller-order-created-pull",
                        "attributes": {
                            "ack_deadline_seconds": "600",
                            "expiration_policy.#": "1",
                            "expiration_policy.0.ttl": "2678400s",
                            "id": "projects/falabella-catalyst-bu-dev/subscriptions/falabella-seller-order-created-pull",
                            "labels.%": "0",
                            "message_retention_duration": "259200s",
                            "name": "falabella-seller-order-created-pull",
                            "path": "projects/falabella-catalyst-bu-dev/subscriptions/falabella-seller-order-created-pull",
                            "project": "falabella-catalyst-bu-dev",
                            "push_config.#": "0",
                            "retain_acked_messages": "true",
                            "topic": "projects/falabella-catalyst-bu-dev/topics/falabella-seller-order-created"
                        },
                        "meta": {
                            "e2bfb730-ecaa-11e6-8f88-34363bc7c4c0": {
                                "create": 240000000000,
                                "delete": 240000000000,
                                "update": 240000000000
                            }
                        },
                        "tainted": false
                    },
                    "deposed": [],
                    "provider": "provider.google"
                },
                "google_pubsub_topic.topic": {
                    "type": "google_pubsub_topic",
                    "depends_on": [],
                    "primary": {
                        "id": "projects/falabella-catalyst-bu-dev/topics/falabella-seller-order-created",
                        "attributes": {
                            "id": "projects/falabella-catalyst-bu-dev/topics/falabella-seller-order-created",
                            "kms_key_name": "",
                            "labels.%": "0",
                            "message_storage_policy.#": "0",
                            "name": "falabella-seller-order-created",
                            "project": "falabella-catalyst-bu-dev"
                        },
                        "meta": {
                            "e2bfb730-ecaa-11e6-8f88-34363bc7c4c0": {
                                "create": 240000000000,
                                "delete": 240000000000,
                                "update": 240000000000
                            }
                        },
                        "tainted": false
                    },
                    "deposed": [],
                    "provider": "provider.google"
                }
            },
            "depends_on": []
        },
        {
            "path": [
                "root",
                "tiller_v2"
            ],
            "outputs": {},
            "resources": {
                "kubernetes_cluster_role_binding.tiller": {
                    "type": "kubernetes_cluster_role_binding",
                    "depends_on": [
                        "kubernetes_service_account.tiller"
                    ],
                    "primary": {
                        "id": "tiller",
                        "attributes": {
                            "id": "tiller",
                            "metadata.#": "1",
                            "metadata.0.annotations.%": "0",
                            "metadata.0.generation": "0",
                            "metadata.0.labels.%": "0",
                            "metadata.0.name": "tiller",
                            "metadata.0.resource_version": "7192",
                            "metadata.0.self_link": "/apis/rbac.authorization.k8s.io/v1/clusterrolebindings/tiller",
                            "metadata.0.uid": "747dac91-d9e5-11e9-803e-42010a09000a",
                            "role_ref.#": "1",
                            "role_ref.0.api_group": "rbac.authorization.k8s.io",
                            "role_ref.0.kind": "ClusterRole",
                            "role_ref.0.name": "cluster-admin",
                            "subject.#": "1",
                            "subject.0.api_group": "",
                            "subject.0.kind": "ServiceAccount",
                            "subject.0.name": "tiller",
                            "subject.0.namespace": "kube-system"
                        },
                        "meta": {},
                        "tainted": false
                    },
                    "deposed": [],
                    "provider": "provider.kubernetes.gke_v2"
                },
                "kubernetes_deployment.tiller_with_rbac": {
                    "type": "kubernetes_deployment",
                    "depends_on": [
                        "kubernetes_service_account.tiller"
                    ],
                    "primary": {
                        "id": "kube-system/tiller-deploy",
                        "attributes": {
                            "id": "kube-system/tiller-deploy",
                            "metadata.#": "1",
                            "metadata.0.annotations.%": "0",
                            "metadata.0.generate_name": "",
                            "metadata.0.generation": "3",
                            "metadata.0.labels.%": "2",
                            "metadata.0.labels.app": "helm",
                            "metadata.0.labels.name": "tiller",
                            "metadata.0.name": "tiller-deploy",
                            "metadata.0.namespace": "kube-system",
                            "metadata.0.resource_version": "161543479",
                            "metadata.0.self_link": "/apis/apps/v1/namespaces/kube-system/deployments/tiller-deploy",
                            "metadata.0.uid": "748065e8-d9e5-11e9-803e-42010a09000a",
                            "spec.#": "1",
                            "spec.0.min_ready_seconds": "0",
                            "spec.0.paused": "false",
                            "spec.0.progress_deadline_seconds": "600",
                            "spec.0.replicas": "1",
                            "spec.0.revision_history_limit": "10",
                            "spec.0.selector.#": "1",
                            "spec.0.selector.0.match_expressions.#": "0",
                            "spec.0.selector.0.match_labels.%": "2",
                            "spec.0.selector.0.match_labels.app": "helm",
                            "spec.0.selector.0.match_labels.name": "tiller",
                            "spec.0.strategy.#": "1",
                            "spec.0.strategy.0.rolling_update.#": "1",
                            "spec.0.strategy.0.rolling_update.0.max_surge": "25%",
                            "spec.0.strategy.0.rolling_update.0.max_unavailable": "25%",
                            "spec.0.strategy.0.type": "RollingUpdate",
                            "spec.0.template.#": "1",
                            "spec.0.template.0.metadata.#": "1",
                            "spec.0.template.0.metadata.0.annotations.%": "0",
                            "spec.0.template.0.metadata.0.generate_name": "",
                            "spec.0.template.0.metadata.0.generation": "0",
                            "spec.0.template.0.metadata.0.labels.%": "2",
                            "spec.0.template.0.metadata.0.labels.app": "helm",
                            "spec.0.template.0.metadata.0.labels.name": "tiller",
                            "spec.0.template.0.metadata.0.name": "",
                            "spec.0.template.0.metadata.0.namespace": "default",
                            "spec.0.template.0.metadata.0.resource_version": "",
                            "spec.0.template.0.metadata.0.self_link": "",
                            "spec.0.template.0.metadata.0.uid": "",
                            "spec.0.template.0.spec.#": "1",
                            "spec.0.template.0.spec.0.active_deadline_seconds": "0",
                            "spec.0.template.0.spec.0.affinity.#": "0",
                            "spec.0.template.0.spec.0.container.#": "1",
                            "spec.0.template.0.spec.0.container.0.args.#": "0",
                            "spec.0.template.0.spec.0.container.0.command.#": "0",
                            "spec.0.template.0.spec.0.container.0.env.#": "2",
                            "spec.0.template.0.spec.0.container.0.env.0.name": "TILLER_NAMESPACE",
                            "spec.0.template.0.spec.0.container.0.env.0.value": "kube-system",
                            "spec.0.template.0.spec.0.container.0.env.0.value_from.#": "0",
                            "spec.0.template.0.spec.0.container.0.env.1.name": "TILLER_HISTORY_MAX",
                            "spec.0.template.0.spec.0.container.0.env.1.value": "0",
                            "spec.0.template.0.spec.0.container.0.env.1.value_from.#": "0",
                            "spec.0.template.0.spec.0.container.0.env_from.#": "0",
                            "spec.0.template.0.spec.0.container.0.image": "gcr.io/kubernetes-helm/tiller:v2.12.3",
                            "spec.0.template.0.spec.0.container.0.image_pull_policy": "IfNotPresent",
                            "spec.0.template.0.spec.0.container.0.lifecycle.#": "0",
                            "spec.0.template.0.spec.0.container.0.liveness_probe.#": "1",
                            "spec.0.template.0.spec.0.container.0.liveness_probe.0.exec.#": "0",
                            "spec.0.template.0.spec.0.container.0.liveness_probe.0.failure_threshold": "3",
                            "spec.0.template.0.spec.0.container.0.liveness_probe.0.http_get.#": "1",
                            "spec.0.template.0.spec.0.container.0.liveness_probe.0.http_get.0.host": "",
                            "spec.0.template.0.spec.0.container.0.liveness_probe.0.http_get.0.http_header.#": "0",
                            "spec.0.template.0.spec.0.container.0.liveness_probe.0.http_get.0.path": "/liveness",
                            "spec.0.template.0.spec.0.container.0.liveness_probe.0.http_get.0.port": "44135",
                            "spec.0.template.0.spec.0.container.0.liveness_probe.0.http_get.0.scheme": "HTTP",
                            "spec.0.template.0.spec.0.container.0.liveness_probe.0.initial_delay_seconds": "1",
                            "spec.0.template.0.spec.0.container.0.liveness_probe.0.period_seconds": "10",
                            "spec.0.template.0.spec.0.container.0.liveness_probe.0.success_threshold": "1",
                            "spec.0.template.0.spec.0.container.0.liveness_probe.0.tcp_socket.#": "0",
                            "spec.0.template.0.spec.0.container.0.liveness_probe.0.timeout_seconds": "1",
                            "spec.0.template.0.spec.0.container.0.name": "tiller",
                            "spec.0.template.0.spec.0.container.0.port.#": "2",
                            "spec.0.template.0.spec.0.container.0.port.0.container_port": "44134",
                            "spec.0.template.0.spec.0.container.0.port.0.host_ip": "",
                            "spec.0.template.0.spec.0.container.0.port.0.host_port": "0",
                            "spec.0.template.0.spec.0.container.0.port.0.name": "tiller",
                            "spec.0.template.0.spec.0.container.0.port.0.protocol": "TCP",
                            "spec.0.template.0.spec.0.container.0.port.1.container_port": "44135",
                            "spec.0.template.0.spec.0.container.0.port.1.host_ip": "",
                            "spec.0.template.0.spec.0.container.0.port.1.host_port": "0",
                            "spec.0.template.0.spec.0.container.0.port.1.name": "http",
                            "spec.0.template.0.spec.0.container.0.port.1.protocol": "TCP",
                            "spec.0.template.0.spec.0.container.0.readiness_probe.#": "1",
                            "spec.0.template.0.spec.0.container.0.readiness_probe.0.exec.#": "0",
                            "spec.0.template.0.spec.0.container.0.readiness_probe.0.failure_threshold": "3",
                            "spec.0.template.0.spec.0.container.0.readiness_probe.0.http_get.#": "1",
                            "spec.0.template.0.spec.0.container.0.readiness_probe.0.http_get.0.host": "",
                            "spec.0.template.0.spec.0.container.0.readiness_probe.0.http_get.0.http_header.#": "0",
                            "spec.0.template.0.spec.0.container.0.readiness_probe.0.http_get.0.path": "/readiness",
                            "spec.0.template.0.spec.0.container.0.readiness_probe.0.http_get.0.port": "44135",
                            "spec.0.template.0.spec.0.container.0.readiness_probe.0.http_get.0.scheme": "HTTP",
                            "spec.0.template.0.spec.0.container.0.readiness_probe.0.initial_delay_seconds": "1",
                            "spec.0.template.0.spec.0.container.0.readiness_probe.0.period_seconds": "10",
                            "spec.0.template.0.spec.0.container.0.readiness_probe.0.success_threshold": "1",
                            "spec.0.template.0.spec.0.container.0.readiness_probe.0.tcp_socket.#": "0",
                            "spec.0.template.0.spec.0.container.0.readiness_probe.0.timeout_seconds": "1",
                            "spec.0.template.0.spec.0.container.0.resources.#": "1",
                            "spec.0.template.0.spec.0.container.0.security_context.#": "0",
                            "spec.0.template.0.spec.0.container.0.stdin": "false",
                            "spec.0.template.0.spec.0.container.0.stdin_once": "false",
                            "spec.0.template.0.spec.0.container.0.termination_message_path": "/dev/termination-log",
                            "spec.0.template.0.spec.0.container.0.tty": "false",
                            "spec.0.template.0.spec.0.container.0.volume_mount.#": "1",
                            "spec.0.template.0.spec.0.container.0.volume_mount.0.mount_path": "/var/run/secrets/kubernetes.io/serviceaccount",
                            "spec.0.template.0.spec.0.container.0.volume_mount.0.name": "tiller-token-p5blv",
                            "spec.0.template.0.spec.0.container.0.volume_mount.0.read_only": "true",
                            "spec.0.template.0.spec.0.container.0.volume_mount.0.sub_path": "",
                            "spec.0.template.0.spec.0.container.0.working_dir": "",
                            "spec.0.template.0.spec.0.dns_config.#": "0",
                            "spec.0.template.0.spec.0.dns_policy": "ClusterFirst",
                            "spec.0.template.0.spec.0.host_aliases.#": "0",
                            "spec.0.template.0.spec.0.host_ipc": "false",
                            "spec.0.template.0.spec.0.host_network": "false",
                            "spec.0.template.0.spec.0.host_pid": "false",
                            "spec.0.template.0.spec.0.hostname": "",
                            "spec.0.template.0.spec.0.image_pull_secrets.#": "0",
                            "spec.0.template.0.spec.0.init_container.#": "0",
                            "spec.0.template.0.spec.0.node_name": "",
                            "spec.0.template.0.spec.0.node_selector.%": "0",
                            "spec.0.template.0.spec.0.restart_policy": "Always",
                            "spec.0.template.0.spec.0.security_context.#": "0",
                            "spec.0.template.0.spec.0.service_account_name": "tiller",
                            "spec.0.template.0.spec.0.subdomain": "",
                            "spec.0.template.0.spec.0.termination_grace_period_seconds": "30",
                            "spec.0.template.0.spec.0.volume.#": "1",
                            "spec.0.template.0.spec.0.volume.0.aws_elastic_block_store.#": "0",
                            "spec.0.template.0.spec.0.volume.0.azure_disk.#": "0",
                            "spec.0.template.0.spec.0.volume.0.azure_file.#": "0",
                            "spec.0.template.0.spec.0.volume.0.ceph_fs.#": "0",
                            "spec.0.template.0.spec.0.volume.0.cinder.#": "0",
                            "spec.0.template.0.spec.0.volume.0.config_map.#": "0",
                            "spec.0.template.0.spec.0.volume.0.downward_api.#": "0",
                            "spec.0.template.0.spec.0.volume.0.empty_dir.#": "0",
                            "spec.0.template.0.spec.0.volume.0.fc.#": "0",
                            "spec.0.template.0.spec.0.volume.0.flex_volume.#": "0",
                            "spec.0.template.0.spec.0.volume.0.flocker.#": "0",
                            "spec.0.template.0.spec.0.volume.0.gce_persistent_disk.#": "0",
                            "spec.0.template.0.spec.0.volume.0.git_repo.#": "0",
                            "spec.0.template.0.spec.0.volume.0.glusterfs.#": "0",
                            "spec.0.template.0.spec.0.volume.0.host_path.#": "0",
                            "spec.0.template.0.spec.0.volume.0.iscsi.#": "0",
                            "spec.0.template.0.spec.0.volume.0.local.#": "0",
                            "spec.0.template.0.spec.0.volume.0.name": "tiller-token-p5blv",
                            "spec.0.template.0.spec.0.volume.0.nfs.#": "0",
                            "spec.0.template.0.spec.0.volume.0.persistent_volume_claim.#": "0",
                            "spec.0.template.0.spec.0.volume.0.photon_persistent_disk.#": "0",
                            "spec.0.template.0.spec.0.volume.0.quobyte.#": "0",
                            "spec.0.template.0.spec.0.volume.0.rbd.#": "0",
                            "spec.0.template.0.spec.0.volume.0.secret.#": "1",
                            "spec.0.template.0.spec.0.volume.0.secret.0.default_mode": "0644",
                            "spec.0.template.0.spec.0.volume.0.secret.0.items.#": "0",
                            "spec.0.template.0.spec.0.volume.0.secret.0.optional": "false",
                            "spec.0.template.0.spec.0.volume.0.secret.0.secret_name": "tiller-token-p5blv",
                            "spec.0.template.0.spec.0.volume.0.vsphere_volume.#": "0"
                        },
                        "meta": {
                            "e2bfb730-ecaa-11e6-8f88-34363bc7c4c0": {
                                "create": 600000000000,
                                "delete": 600000000000,
                                "update": 600000000000
                            }
                        },
                        "tainted": false
                    },
                    "deposed": [],
                    "provider": "provider.kubernetes.gke_v2"
                },
                "kubernetes_service_account.tiller": {
                    "type": "kubernetes_service_account",
                    "depends_on": [],
                    "primary": {
                        "id": "kube-system/tiller",
                        "attributes": {
                            "automount_service_account_token": "false",
                            "default_secret_name": "tiller-token-p5blv",
                            "id": "kube-system/tiller",
                            "image_pull_secret.#": "0",
                            "metadata.#": "1",
                            "metadata.0.annotations.%": "0",
                            "metadata.0.generate_name": "",
                            "metadata.0.generation": "0",
                            "metadata.0.labels.%": "0",
                            "metadata.0.name": "tiller",
                            "metadata.0.namespace": "kube-system",
                            "metadata.0.resource_version": "7178",
                            "metadata.0.self_link": "/api/v1/namespaces/kube-system/serviceaccounts/tiller",
                            "metadata.0.uid": "7415efb7-d9e5-11e9-803e-42010a09000a",
                            "secret.#": "0"
                        },
                        "meta": {},
                        "tainted": false
                    },
                    "deposed": [],
                    "provider": "provider.kubernetes.gke_v2"
                }
            },
            "depends_on": []
        }
    ]
}